cd tests && go test -run TestRunCustomsgExample -count=1 -v -timeout 600m
=== RUN   TestRunCustomsgExample
=== PAUSE TestRunCustomsgExample
=== CONT  TestRunCustomsgExample
2025/07/22 12:45:21 Region au-syd VPC count: 6
2025/07/22 12:45:21 --- new best region is au-syd
2025/07/22 12:45:25 Region ca-tor VPC count: 9
2025/07/22 12:45:29 Region br-sao VPC count: 6
2025/07/22 12:45:34 Region eu-de VPC count: 9
2025/07/22 12:45:38 Region eu-es VPC count: 10
2025/07/22 12:45:43 Region eu-gb VPC count: 7
2025/07/22 12:45:47 Region us-east VPC count: 18
2025/07/22 12:45:50 Region us-south VPC count: 27
2025/07/22 12:45:56 Region jp-osa VPC count: 4
2025/07/22 12:45:56 --- new best region is jp-osa
2025/07/22 12:45:59 Region jp-tok VPC count: 7
2025/07/22 12:45:59 Best region was found!: jp-osa
TestRunCustomsgExample 2025-07-22T12:45:59+05:30 tests.go:75: TEMP CREATED:  /var/folders/vh/syq93zks0k38v_dhpnypz4hm0000gn/T/terraform-base-ocp-customsg-fs51954832040
TestRunCustomsgExample 2025-07-22T12:45:59+05:30 tests.go:582: START: Init / Apply / Consistency Check
TestRunCustomsgExample 2025-07-22T12:45:59+05:30 tests.go:661: START: Init / Apply
TestRunCustomsgExample 2025-07-22T12:45:59+05:30 retry.go:91: terraform [init -upgrade=true]
TestRunCustomsgExample 2025-07-22T12:45:59+05:30 logger.go:67: Running command terraform with args [init -upgrade=true]
TestRunCustomsgExample 2025-07-22T12:45:59+05:30 logger.go:67: [0m[1mInitializing the backend...[0m
TestRunCustomsgExample 2025-07-22T12:45:59+05:30 logger.go:67: [0m[1mUpgrading modules...[0m
TestRunCustomsgExample 2025-07-22T12:46:00+05:30 logger.go:67: Downloading registry.terraform.io/terraform-ibm-modules/security-group/ibm 2.7.0 for custom_sg...
TestRunCustomsgExample 2025-07-22T12:46:03+05:30 logger.go:67: - custom_sg in .terraform/modules/custom_sg
TestRunCustomsgExample 2025-07-22T12:46:03+05:30 logger.go:67: - ocp_base in ../..
TestRunCustomsgExample 2025-07-22T12:46:03+05:30 logger.go:67: Downloading registry.terraform.io/terraform-ibm-modules/security-group/ibm 2.7.0 for ocp_base.attach_sg_to_api_vpe...
TestRunCustomsgExample 2025-07-22T12:46:03+05:30 logger.go:67: - ocp_base.attach_sg_to_api_vpe in .terraform/modules/ocp_base.attach_sg_to_api_vpe
TestRunCustomsgExample 2025-07-22T12:46:03+05:30 logger.go:67: Downloading registry.terraform.io/terraform-ibm-modules/security-group/ibm 2.7.0 for ocp_base.attach_sg_to_lb...
TestRunCustomsgExample 2025-07-22T12:46:03+05:30 logger.go:67: - ocp_base.attach_sg_to_lb in .terraform/modules/ocp_base.attach_sg_to_lb
TestRunCustomsgExample 2025-07-22T12:46:03+05:30 logger.go:67: Downloading registry.terraform.io/terraform-ibm-modules/security-group/ibm 2.7.0 for ocp_base.attach_sg_to_master_vpe...
TestRunCustomsgExample 2025-07-22T12:46:03+05:30 logger.go:67: - ocp_base.attach_sg_to_master_vpe in .terraform/modules/ocp_base.attach_sg_to_master_vpe
TestRunCustomsgExample 2025-07-22T12:46:03+05:30 logger.go:67: Downloading registry.terraform.io/terraform-ibm-modules/security-group/ibm 2.7.0 for ocp_base.attach_sg_to_registry_vpe...
TestRunCustomsgExample 2025-07-22T12:46:03+05:30 logger.go:67: - ocp_base.attach_sg_to_registry_vpe in .terraform/modules/ocp_base.attach_sg_to_registry_vpe
TestRunCustomsgExample 2025-07-22T12:46:03+05:30 logger.go:67: Downloading registry.terraform.io/terraform-ibm-modules/cbr/ibm 1.32.4 for ocp_base.cbr_rule...
TestRunCustomsgExample 2025-07-22T12:46:06+05:30 logger.go:67: - ocp_base.cbr_rule in .terraform/modules/ocp_base.cbr_rule/modules/cbr-rule-module
TestRunCustomsgExample 2025-07-22T12:46:06+05:30 logger.go:67: Downloading registry.terraform.io/terraform-ibm-modules/cos/ibm 8.21.25 for ocp_base.cos_instance...
TestRunCustomsgExample 2025-07-22T12:46:09+05:30 logger.go:67: - ocp_base.cos_instance in .terraform/modules/ocp_base.cos_instance
TestRunCustomsgExample 2025-07-22T12:46:09+05:30 logger.go:67: Downloading registry.terraform.io/terraform-ibm-modules/cbr/ibm 1.31.0 for ocp_base.cos_instance.bucket_cbr_rule...
TestRunCustomsgExample 2025-07-22T12:46:12+05:30 logger.go:67: - ocp_base.cos_instance.bucket_cbr_rule in .terraform/modules/ocp_base.cos_instance.bucket_cbr_rule/modules/cbr-rule-module
TestRunCustomsgExample 2025-07-22T12:46:12+05:30 logger.go:67: Downloading registry.terraform.io/terraform-ibm-modules/cbr/ibm 1.31.0 for ocp_base.cos_instance.instance_cbr_rule...
TestRunCustomsgExample 2025-07-22T12:46:12+05:30 logger.go:67: - ocp_base.cos_instance.instance_cbr_rule in .terraform/modules/ocp_base.cos_instance.instance_cbr_rule/modules/cbr-rule-module
TestRunCustomsgExample 2025-07-22T12:46:12+05:30 logger.go:67: Downloading registry.terraform.io/terraform-ibm-modules/common-utilities/ibm 1.2.0 for ocp_base.existing_secrets_manager_instance_parser...
TestRunCustomsgExample 2025-07-22T12:46:15+05:30 logger.go:67: - ocp_base.existing_secrets_manager_instance_parser in .terraform/modules/ocp_base.existing_secrets_manager_instance_parser/modules/crn-parser
TestRunCustomsgExample 2025-07-22T12:46:15+05:30 logger.go:67: Downloading registry.terraform.io/terraform-ibm-modules/resource-group/ibm 1.2.1 for resource_group...
TestRunCustomsgExample 2025-07-22T12:46:17+05:30 logger.go:67: - resource_group in .terraform/modules/resource_group
TestRunCustomsgExample 2025-07-22T12:46:17+05:30 logger.go:67: [0m[1mInitializing provider plugins...[0m
TestRunCustomsgExample 2025-07-22T12:46:17+05:30 logger.go:67: - Finding ibm-cloud/ibm versions matching ">= 1.59.0, >= 1.70.0, >= 1.76.0, >= 1.78.2, >= 1.79.0, < 2.0.0"...
TestRunCustomsgExample 2025-07-22T12:46:17+05:30 logger.go:67: - Finding hashicorp/time versions matching ">= 0.9.1, < 1.0.0"...
TestRunCustomsgExample 2025-07-22T12:46:18+05:30 logger.go:67: - Finding hashicorp/null versions matching ">= 3.2.1, < 4.0.0"...
TestRunCustomsgExample 2025-07-22T12:46:18+05:30 logger.go:67: - Finding hashicorp/kubernetes versions matching ">= 2.16.1, < 3.0.0"...
TestRunCustomsgExample 2025-07-22T12:46:18+05:30 logger.go:67: - Finding hashicorp/random versions matching ">= 3.5.1, < 4.0.0"...
TestRunCustomsgExample 2025-07-22T12:46:20+05:30 logger.go:67: - Installing ibm-cloud/ibm v1.80.4...
TestRunCustomsgExample 2025-07-22T12:46:23+05:30 logger.go:67: - Installed ibm-cloud/ibm v1.80.4 (self-signed, key ID [0m[1mAAD3B791C49CC253[0m[0m)
TestRunCustomsgExample 2025-07-22T12:46:23+05:30 logger.go:67: - Installing hashicorp/time v0.13.1...
TestRunCustomsgExample 2025-07-22T12:46:24+05:30 logger.go:67: - Installed hashicorp/time v0.13.1 (signed by HashiCorp)
TestRunCustomsgExample 2025-07-22T12:46:24+05:30 logger.go:67: - Installing hashicorp/null v3.2.4...
TestRunCustomsgExample 2025-07-22T12:46:24+05:30 logger.go:67: - Installed hashicorp/null v3.2.4 (signed by HashiCorp)
TestRunCustomsgExample 2025-07-22T12:46:24+05:30 logger.go:67: - Installing hashicorp/kubernetes v2.38.0...
TestRunCustomsgExample 2025-07-22T12:46:26+05:30 logger.go:67: - Installed hashicorp/kubernetes v2.38.0 (signed by HashiCorp)
TestRunCustomsgExample 2025-07-22T12:46:26+05:30 logger.go:67: - Installing hashicorp/random v3.7.2...
TestRunCustomsgExample 2025-07-22T12:46:26+05:30 logger.go:67: - Installed hashicorp/random v3.7.2 (signed by HashiCorp)
TestRunCustomsgExample 2025-07-22T12:46:26+05:30 logger.go:67: Partner and community providers are signed by their developers.
TestRunCustomsgExample 2025-07-22T12:46:26+05:30 logger.go:67: If you'd like to know more about provider signing, you can read about it here:
TestRunCustomsgExample 2025-07-22T12:46:26+05:30 logger.go:67: https://www.terraform.io/docs/cli/plugins/signing.html
TestRunCustomsgExample 2025-07-22T12:46:26+05:30 logger.go:67: Terraform has created a lock file [1m.terraform.lock.hcl[0m to record the provider
TestRunCustomsgExample 2025-07-22T12:46:26+05:30 logger.go:67: selections it made above. Include this file in your version control repository
TestRunCustomsgExample 2025-07-22T12:46:26+05:30 logger.go:67: so that Terraform can guarantee to make the same selections by default when
TestRunCustomsgExample 2025-07-22T12:46:26+05:30 logger.go:67: you run "terraform init" in the future.[0m
TestRunCustomsgExample 2025-07-22T12:46:26+05:30 logger.go:67: 
TestRunCustomsgExample 2025-07-22T12:46:26+05:30 logger.go:67: [0m[1m[32mTerraform has been successfully initialized![0m[32m[0m
TestRunCustomsgExample 2025-07-22T12:46:26+05:30 logger.go:67: [0m[32m
TestRunCustomsgExample 2025-07-22T12:46:26+05:30 logger.go:67: You may now begin working with Terraform. Try running "terraform plan" to see
TestRunCustomsgExample 2025-07-22T12:46:26+05:30 logger.go:67: any changes that are required for your infrastructure. All Terraform commands
TestRunCustomsgExample 2025-07-22T12:46:26+05:30 logger.go:67: should now work.
TestRunCustomsgExample 2025-07-22T12:46:26+05:30 logger.go:67: 
TestRunCustomsgExample 2025-07-22T12:46:26+05:30 logger.go:67: If you ever set or change modules or backend configuration for Terraform,
TestRunCustomsgExample 2025-07-22T12:46:26+05:30 logger.go:67: rerun this command to reinitialize your working directory. If you forget, other
TestRunCustomsgExample 2025-07-22T12:46:26+05:30 logger.go:67: commands will detect it and remind you to do so if necessary.[0m
TestRunCustomsgExample 2025-07-22T12:46:26+05:30 retry.go:91: terraform [apply -input=false -auto-approve -var ocp_version=4.17 -var access_tags=["geretain-dev:permanent-test-tag-1", "geretain-dev-1:permanent-test-tag-4"] -var ocp_entitlement=cloud_pak -var prefix=base-ocp-customsg-fs5 -var region=jp-osa -var resource_group=geretain-test-base-ocp-vpc -var resource_tags=[] -lock=false]
TestRunCustomsgExample 2025-07-22T12:46:26+05:30 logger.go:67: Running command terraform with args [apply -input=false -auto-approve -var ocp_version=4.17 -var access_tags=["geretain-dev:permanent-test-tag-1", "geretain-dev-1:permanent-test-tag-4"] -var ocp_entitlement=cloud_pak -var prefix=base-ocp-customsg-fs5 -var region=jp-osa -var resource_group=geretain-test-base-ocp-vpc -var resource_tags=[] -lock=false]
TestRunCustomsgExample 2025-07-22T12:46:31+05:30 logger.go:67: [0m[1mmodule.resource_group.data.ibm_resource_group.existing_resource_group[0]: Reading...[0m[0m
TestRunCustomsgExample 2025-07-22T12:46:31+05:30 logger.go:67: [0m[1mmodule.ocp_base.data.ibm_iam_account_settings.iam_account_settings: Reading...[0m[0m
TestRunCustomsgExample 2025-07-22T12:46:31+05:30 logger.go:67: [0m[1mmodule.ocp_base.data.ibm_iam_auth_token.reset_api_key_tokendata: Reading...[0m[0m
TestRunCustomsgExample 2025-07-22T12:46:31+05:30 logger.go:67: [0m[1mmodule.ocp_base.data.ibm_iam_auth_token.reset_api_key_tokendata: Read complete after 0s [id=2025-07-22 07:16:31.227899 +0000 UTC][0m
TestRunCustomsgExample 2025-07-22T12:46:32+05:30 logger.go:67: [0m[1mmodule.resource_group.data.ibm_resource_group.existing_resource_group[0]: Read complete after 1s [id=ed293fd4909f4bc69b1e85324b8c39db][0m
TestRunCustomsgExample 2025-07-22T12:46:32+05:30 logger.go:67: [0m[1mmodule.ocp_base.data.ibm_container_cluster_versions.cluster_versions: Reading...[0m[0m
TestRunCustomsgExample 2025-07-22T12:46:32+05:30 logger.go:67: [0m[1mmodule.ocp_base.data.ibm_iam_account_settings.iam_account_settings: Read complete after 1s [id=abac0df06b644a9cabc6e44f55b3880e][0m
TestRunCustomsgExample 2025-07-22T12:46:33+05:30 logger.go:67: [0m[1mmodule.ocp_base.data.ibm_container_cluster_versions.cluster_versions: Read complete after 1s [id=2025-07-22 07:16:33.28042 +0000 UTC][0m
TestRunCustomsgExample 2025-07-22T12:46:34+05:30 logger.go:67: 
TestRunCustomsgExample 2025-07-22T12:46:34+05:30 logger.go:67: Terraform used the selected providers to generate the following execution
TestRunCustomsgExample 2025-07-22T12:46:34+05:30 logger.go:67: plan. Resource actions are indicated with the following symbols:
TestRunCustomsgExample 2025-07-22T12:46:34+05:30 logger.go:67:   [32m+[0m create[0m
TestRunCustomsgExample 2025-07-22T12:46:34+05:30 logger.go:67:  [36m<=[0m read (data resources)[0m
TestRunCustomsgExample 2025-07-22T12:46:34+05:30 logger.go:67: 
TestRunCustomsgExample 2025-07-22T12:46:34+05:30 logger.go:67: Terraform will perform the following actions:
TestRunCustomsgExample 2025-07-22T12:46:34+05:30 logger.go:67: 
TestRunCustomsgExample 2025-07-22T12:46:34+05:30 logger.go:67: [1m  # ibm_is_public_gateway.gateway[0m will be created
TestRunCustomsgExample 2025-07-22T12:46:34+05:30 logger.go:67: [0m  [32m+[0m[0m resource "ibm_is_public_gateway" "gateway" {
TestRunCustomsgExample 2025-07-22T12:46:34+05:30 logger.go:67:       [32m+[0m[0m access_tags             = (known after apply)
TestRunCustomsgExample 2025-07-22T12:46:34+05:30 logger.go:67:       [32m+[0m[0m crn                     = (known after apply)
TestRunCustomsgExample 2025-07-22T12:46:34+05:30 logger.go:67:       [32m+[0m[0m floating_ip             = (known after apply)
TestRunCustomsgExample 2025-07-22T12:46:34+05:30 logger.go:67:       [32m+[0m[0m id                      = (known after apply)
TestRunCustomsgExample 2025-07-22T12:46:34+05:30 logger.go:67:       [32m+[0m[0m name                    = "base-ocp-customsg-fs5-gateway-1"
TestRunCustomsgExample 2025-07-22T12:46:34+05:30 logger.go:67:       [32m+[0m[0m resource_controller_url = (known after apply)
TestRunCustomsgExample 2025-07-22T12:46:34+05:30 logger.go:67:       [32m+[0m[0m resource_crn            = (known after apply)
TestRunCustomsgExample 2025-07-22T12:46:34+05:30 logger.go:67:       [32m+[0m[0m resource_group          = "ed293fd4909f4bc69b1e85324b8c39db"
TestRunCustomsgExample 2025-07-22T12:46:34+05:30 logger.go:67:       [32m+[0m[0m resource_group_name     = (known after apply)
TestRunCustomsgExample 2025-07-22T12:46:34+05:30 logger.go:67:       [32m+[0m[0m resource_name           = (known after apply)
TestRunCustomsgExample 2025-07-22T12:46:34+05:30 logger.go:67:       [32m+[0m[0m resource_status         = (known after apply)
TestRunCustomsgExample 2025-07-22T12:46:34+05:30 logger.go:67:       [32m+[0m[0m status                  = (known after apply)
TestRunCustomsgExample 2025-07-22T12:46:34+05:30 logger.go:67:       [32m+[0m[0m tags                    = (known after apply)
TestRunCustomsgExample 2025-07-22T12:46:34+05:30 logger.go:67:       [32m+[0m[0m vpc                     = (known after apply)
TestRunCustomsgExample 2025-07-22T12:46:34+05:30 logger.go:67:       [32m+[0m[0m zone                    = "jp-osa-1"
TestRunCustomsgExample 2025-07-22T12:46:34+05:30 logger.go:67:     }
TestRunCustomsgExample 2025-07-22T12:46:34+05:30 logger.go:67: 
TestRunCustomsgExample 2025-07-22T12:46:34+05:30 logger.go:67: [1m  # ibm_is_subnet.subnet_zone_1[0m will be created
TestRunCustomsgExample 2025-07-22T12:46:34+05:30 logger.go:67: [0m  [32m+[0m[0m resource "ibm_is_subnet" "subnet_zone_1" {
TestRunCustomsgExample 2025-07-22T12:46:34+05:30 logger.go:67:       [32m+[0m[0m access_tags                  = (known after apply)
TestRunCustomsgExample 2025-07-22T12:46:34+05:30 logger.go:67:       [32m+[0m[0m available_ipv4_address_count = (known after apply)
TestRunCustomsgExample 2025-07-22T12:46:34+05:30 logger.go:67:       [32m+[0m[0m crn                          = (known after apply)
TestRunCustomsgExample 2025-07-22T12:46:34+05:30 logger.go:67:       [32m+[0m[0m id                           = (known after apply)
TestRunCustomsgExample 2025-07-22T12:46:34+05:30 logger.go:67:       [32m+[0m[0m ip_version                   = "ipv4"
TestRunCustomsgExample 2025-07-22T12:46:34+05:30 logger.go:67:       [32m+[0m[0m ipv4_cidr_block              = (known after apply)
TestRunCustomsgExample 2025-07-22T12:46:34+05:30 logger.go:67:       [32m+[0m[0m name                         = "base-ocp-customsg-fs5-subnet-1"
TestRunCustomsgExample 2025-07-22T12:46:34+05:30 logger.go:67:       [32m+[0m[0m network_acl                  = (known after apply)
TestRunCustomsgExample 2025-07-22T12:46:34+05:30 logger.go:67:       [32m+[0m[0m public_gateway               = (known after apply)
TestRunCustomsgExample 2025-07-22T12:46:34+05:30 logger.go:67:       [32m+[0m[0m resource_controller_url      = (known after apply)
TestRunCustomsgExample 2025-07-22T12:46:34+05:30 logger.go:67:       [32m+[0m[0m resource_crn                 = (known after apply)
TestRunCustomsgExample 2025-07-22T12:46:34+05:30 logger.go:67:       [32m+[0m[0m resource_group               = "ed293fd4909f4bc69b1e85324b8c39db"
TestRunCustomsgExample 2025-07-22T12:46:34+05:30 logger.go:67:       [32m+[0m[0m resource_group_name          = (known after apply)
TestRunCustomsgExample 2025-07-22T12:46:34+05:30 logger.go:67:       [32m+[0m[0m resource_name                = (known after apply)
TestRunCustomsgExample 2025-07-22T12:46:34+05:30 logger.go:67:       [32m+[0m[0m resource_status              = (known after apply)
TestRunCustomsgExample 2025-07-22T12:46:34+05:30 logger.go:67:       [32m+[0m[0m routing_table                = (known after apply)
TestRunCustomsgExample 2025-07-22T12:46:34+05:30 logger.go:67:       [32m+[0m[0m routing_table_crn            = (known after apply)
TestRunCustomsgExample 2025-07-22T12:46:34+05:30 logger.go:67:       [32m+[0m[0m status                       = (known after apply)
TestRunCustomsgExample 2025-07-22T12:46:34+05:30 logger.go:67:       [32m+[0m[0m tags                         = (known after apply)
TestRunCustomsgExample 2025-07-22T12:46:34+05:30 logger.go:67:       [32m+[0m[0m total_ipv4_address_count     = 256
TestRunCustomsgExample 2025-07-22T12:46:34+05:30 logger.go:67:       [32m+[0m[0m vpc                          = (known after apply)
TestRunCustomsgExample 2025-07-22T12:46:34+05:30 logger.go:67:       [32m+[0m[0m zone                         = "jp-osa-1"
TestRunCustomsgExample 2025-07-22T12:46:34+05:30 logger.go:67:     }
TestRunCustomsgExample 2025-07-22T12:46:34+05:30 logger.go:67: 
TestRunCustomsgExample 2025-07-22T12:46:34+05:30 logger.go:67: [1m  # ibm_is_vpc.vpc[0m will be created
TestRunCustomsgExample 2025-07-22T12:46:34+05:30 logger.go:67: [0m  [32m+[0m[0m resource "ibm_is_vpc" "vpc" {
TestRunCustomsgExample 2025-07-22T12:46:34+05:30 logger.go:67:       [32m+[0m[0m access_tags                 = (known after apply)
TestRunCustomsgExample 2025-07-22T12:46:34+05:30 logger.go:67:       [32m+[0m[0m address_prefix_management   = "auto"
TestRunCustomsgExample 2025-07-22T12:46:34+05:30 logger.go:67:       [32m+[0m[0m classic_access              = false
TestRunCustomsgExample 2025-07-22T12:46:34+05:30 logger.go:67:       [32m+[0m[0m crn                         = (known after apply)
TestRunCustomsgExample 2025-07-22T12:46:34+05:30 logger.go:67:       [32m+[0m[0m cse_source_addresses        = (known after apply)
TestRunCustomsgExample 2025-07-22T12:46:34+05:30 logger.go:67:       [32m+[0m[0m default_address_prefixes    = (known after apply)
TestRunCustomsgExample 2025-07-22T12:46:34+05:30 logger.go:67:       [32m+[0m[0m default_network_acl         = (known after apply)
TestRunCustomsgExample 2025-07-22T12:46:34+05:30 logger.go:67:       [32m+[0m[0m default_network_acl_crn     = (known after apply)
TestRunCustomsgExample 2025-07-22T12:46:34+05:30 logger.go:67:       [32m+[0m[0m default_network_acl_name    = (known after apply)
TestRunCustomsgExample 2025-07-22T12:46:34+05:30 logger.go:67:       [32m+[0m[0m default_routing_table       = (known after apply)
TestRunCustomsgExample 2025-07-22T12:46:34+05:30 logger.go:67:       [32m+[0m[0m default_routing_table_crn   = (known after apply)
TestRunCustomsgExample 2025-07-22T12:46:34+05:30 logger.go:67:       [32m+[0m[0m default_routing_table_name  = (known after apply)
TestRunCustomsgExample 2025-07-22T12:46:34+05:30 logger.go:67:       [32m+[0m[0m default_security_group      = (known after apply)
TestRunCustomsgExample 2025-07-22T12:46:34+05:30 logger.go:67:       [32m+[0m[0m default_security_group_crn  = (known after apply)
TestRunCustomsgExample 2025-07-22T12:46:34+05:30 logger.go:67:       [32m+[0m[0m default_security_group_name = (known after apply)
TestRunCustomsgExample 2025-07-22T12:46:34+05:30 logger.go:67:       [32m+[0m[0m health_reasons              = (known after apply)
TestRunCustomsgExample 2025-07-22T12:46:34+05:30 logger.go:67:       [32m+[0m[0m health_state                = (known after apply)
TestRunCustomsgExample 2025-07-22T12:46:34+05:30 logger.go:67:       [32m+[0m[0m id                          = (known after apply)
TestRunCustomsgExample 2025-07-22T12:46:34+05:30 logger.go:67:       [32m+[0m[0m name                        = "base-ocp-customsg-fs5-vpc"
TestRunCustomsgExample 2025-07-22T12:46:34+05:30 logger.go:67:       [32m+[0m[0m no_sg_acl_rules             = false
TestRunCustomsgExample 2025-07-22T12:46:34+05:30 logger.go:67:       [32m+[0m[0m resource_controller_url     = (known after apply)
TestRunCustomsgExample 2025-07-22T12:46:34+05:30 logger.go:67:       [32m+[0m[0m resource_crn                = (known after apply)
TestRunCustomsgExample 2025-07-22T12:46:34+05:30 logger.go:67:       [32m+[0m[0m resource_group              = "ed293fd4909f4bc69b1e85324b8c39db"
TestRunCustomsgExample 2025-07-22T12:46:34+05:30 logger.go:67:       [32m+[0m[0m resource_group_name         = (known after apply)
TestRunCustomsgExample 2025-07-22T12:46:34+05:30 logger.go:67:       [32m+[0m[0m resource_name               = (known after apply)
TestRunCustomsgExample 2025-07-22T12:46:34+05:30 logger.go:67:       [32m+[0m[0m resource_status             = (known after apply)
TestRunCustomsgExample 2025-07-22T12:46:34+05:30 logger.go:67:       [32m+[0m[0m security_group              = (known after apply)
TestRunCustomsgExample 2025-07-22T12:46:34+05:30 logger.go:67:       [32m+[0m[0m status                      = (known after apply)
TestRunCustomsgExample 2025-07-22T12:46:34+05:30 logger.go:67:       [32m+[0m[0m subnets                     = (known after apply)
TestRunCustomsgExample 2025-07-22T12:46:34+05:30 logger.go:67:       [32m+[0m[0m tags                        = (known after apply)
TestRunCustomsgExample 2025-07-22T12:46:34+05:30 logger.go:67: 
TestRunCustomsgExample 2025-07-22T12:46:34+05:30 logger.go:67:       [32m+[0m[0m dns (known after apply)
TestRunCustomsgExample 2025-07-22T12:46:34+05:30 logger.go:67:     }
TestRunCustomsgExample 2025-07-22T12:46:34+05:30 logger.go:67: 
TestRunCustomsgExample 2025-07-22T12:46:34+05:30 logger.go:67: [1m  # module.custom_sg["custom-cluster-sg"].ibm_is_security_group.sg[0][0m will be created
TestRunCustomsgExample 2025-07-22T12:46:34+05:30 logger.go:67: [0m  [32m+[0m[0m resource "ibm_is_security_group" "sg" {
TestRunCustomsgExample 2025-07-22T12:46:34+05:30 logger.go:67:       [32m+[0m[0m access_tags             = (known after apply)
TestRunCustomsgExample 2025-07-22T12:46:34+05:30 logger.go:67:       [32m+[0m[0m crn                     = (known after apply)
TestRunCustomsgExample 2025-07-22T12:46:34+05:30 logger.go:67:       [32m+[0m[0m id                      = (known after apply)
TestRunCustomsgExample 2025-07-22T12:46:34+05:30 logger.go:67:       [32m+[0m[0m name                    = "custom-cluster-sg"
TestRunCustomsgExample 2025-07-22T12:46:34+05:30 logger.go:67:       [32m+[0m[0m resource_controller_url = (known after apply)
TestRunCustomsgExample 2025-07-22T12:46:34+05:30 logger.go:67:       [32m+[0m[0m resource_crn            = (known after apply)
TestRunCustomsgExample 2025-07-22T12:46:34+05:30 logger.go:67:       [32m+[0m[0m resource_group          = "ed293fd4909f4bc69b1e85324b8c39db"
TestRunCustomsgExample 2025-07-22T12:46:34+05:30 logger.go:67:       [32m+[0m[0m resource_group_name     = (known after apply)
TestRunCustomsgExample 2025-07-22T12:46:34+05:30 logger.go:67:       [32m+[0m[0m resource_name           = (known after apply)
TestRunCustomsgExample 2025-07-22T12:46:34+05:30 logger.go:67:       [32m+[0m[0m rules                   = (known after apply)
TestRunCustomsgExample 2025-07-22T12:46:34+05:30 logger.go:67:       [32m+[0m[0m tags                    = (known after apply)
TestRunCustomsgExample 2025-07-22T12:46:34+05:30 logger.go:67:       [32m+[0m[0m vpc                     = (known after apply)
TestRunCustomsgExample 2025-07-22T12:46:34+05:30 logger.go:67:     }
TestRunCustomsgExample 2025-07-22T12:46:34+05:30 logger.go:67: 
TestRunCustomsgExample 2025-07-22T12:46:34+05:30 logger.go:67: [1m  # module.custom_sg["custom-kube-api-vpe-sg"].ibm_is_security_group.sg[0][0m will be created
TestRunCustomsgExample 2025-07-22T12:46:34+05:30 logger.go:67: [0m  [32m+[0m[0m resource "ibm_is_security_group" "sg" {
TestRunCustomsgExample 2025-07-22T12:46:34+05:30 logger.go:67:       [32m+[0m[0m access_tags             = (known after apply)
TestRunCustomsgExample 2025-07-22T12:46:34+05:30 logger.go:67:       [32m+[0m[0m crn                     = (known after apply)
TestRunCustomsgExample 2025-07-22T12:46:34+05:30 logger.go:67:       [32m+[0m[0m id                      = (known after apply)
TestRunCustomsgExample 2025-07-22T12:46:34+05:30 logger.go:67:       [32m+[0m[0m name                    = "custom-kube-api-vpe-sg"
TestRunCustomsgExample 2025-07-22T12:46:34+05:30 logger.go:67:       [32m+[0m[0m resource_controller_url = (known after apply)
TestRunCustomsgExample 2025-07-22T12:46:34+05:30 logger.go:67:       [32m+[0m[0m resource_crn            = (known after apply)
TestRunCustomsgExample 2025-07-22T12:46:34+05:30 logger.go:67:       [32m+[0m[0m resource_group          = "ed293fd4909f4bc69b1e85324b8c39db"
TestRunCustomsgExample 2025-07-22T12:46:34+05:30 logger.go:67:       [32m+[0m[0m resource_group_name     = (known after apply)
TestRunCustomsgExample 2025-07-22T12:46:34+05:30 logger.go:67:       [32m+[0m[0m resource_name           = (known after apply)
TestRunCustomsgExample 2025-07-22T12:46:34+05:30 logger.go:67:       [32m+[0m[0m rules                   = (known after apply)
TestRunCustomsgExample 2025-07-22T12:46:34+05:30 logger.go:67:       [32m+[0m[0m tags                    = (known after apply)
TestRunCustomsgExample 2025-07-22T12:46:34+05:30 logger.go:67:       [32m+[0m[0m vpc                     = (known after apply)
TestRunCustomsgExample 2025-07-22T12:46:34+05:30 logger.go:67:     }
TestRunCustomsgExample 2025-07-22T12:46:34+05:30 logger.go:67: 
TestRunCustomsgExample 2025-07-22T12:46:34+05:30 logger.go:67: [1m  # module.custom_sg["custom-lb-sg"].ibm_is_security_group.sg[0][0m will be created
TestRunCustomsgExample 2025-07-22T12:46:34+05:30 logger.go:67: [0m  [32m+[0m[0m resource "ibm_is_security_group" "sg" {
TestRunCustomsgExample 2025-07-22T12:46:34+05:30 logger.go:67:       [32m+[0m[0m access_tags             = (known after apply)
TestRunCustomsgExample 2025-07-22T12:46:34+05:30 logger.go:67:       [32m+[0m[0m crn                     = (known after apply)
TestRunCustomsgExample 2025-07-22T12:46:34+05:30 logger.go:67:       [32m+[0m[0m id                      = (known after apply)
TestRunCustomsgExample 2025-07-22T12:46:34+05:30 logger.go:67:       [32m+[0m[0m name                    = "custom-lb-sg"
TestRunCustomsgExample 2025-07-22T12:46:34+05:30 logger.go:67:       [32m+[0m[0m resource_controller_url = (known after apply)
TestRunCustomsgExample 2025-07-22T12:46:34+05:30 logger.go:67:       [32m+[0m[0m resource_crn            = (known after apply)
TestRunCustomsgExample 2025-07-22T12:46:34+05:30 logger.go:67:       [32m+[0m[0m resource_group          = "ed293fd4909f4bc69b1e85324b8c39db"
TestRunCustomsgExample 2025-07-22T12:46:34+05:30 logger.go:67:       [32m+[0m[0m resource_group_name     = (known after apply)
TestRunCustomsgExample 2025-07-22T12:46:34+05:30 logger.go:67:       [32m+[0m[0m resource_name           = (known after apply)
TestRunCustomsgExample 2025-07-22T12:46:34+05:30 logger.go:67:       [32m+[0m[0m rules                   = (known after apply)
TestRunCustomsgExample 2025-07-22T12:46:34+05:30 logger.go:67:       [32m+[0m[0m tags                    = (known after apply)
TestRunCustomsgExample 2025-07-22T12:46:34+05:30 logger.go:67:       [32m+[0m[0m vpc                     = (known after apply)
TestRunCustomsgExample 2025-07-22T12:46:34+05:30 logger.go:67:     }
TestRunCustomsgExample 2025-07-22T12:46:34+05:30 logger.go:67: 
TestRunCustomsgExample 2025-07-22T12:46:34+05:30 logger.go:67: [1m  # module.custom_sg["custom-master-vpe-sg"].ibm_is_security_group.sg[0][0m will be created
TestRunCustomsgExample 2025-07-22T12:46:34+05:30 logger.go:67: [0m  [32m+[0m[0m resource "ibm_is_security_group" "sg" {
TestRunCustomsgExample 2025-07-22T12:46:34+05:30 logger.go:67:       [32m+[0m[0m access_tags             = (known after apply)
TestRunCustomsgExample 2025-07-22T12:46:34+05:30 logger.go:67:       [32m+[0m[0m crn                     = (known after apply)
TestRunCustomsgExample 2025-07-22T12:46:34+05:30 logger.go:67:       [32m+[0m[0m id                      = (known after apply)
TestRunCustomsgExample 2025-07-22T12:46:34+05:30 logger.go:67:       [32m+[0m[0m name                    = "custom-master-vpe-sg"
TestRunCustomsgExample 2025-07-22T12:46:34+05:30 logger.go:67:       [32m+[0m[0m resource_controller_url = (known after apply)
TestRunCustomsgExample 2025-07-22T12:46:34+05:30 logger.go:67:       [32m+[0m[0m resource_crn            = (known after apply)
TestRunCustomsgExample 2025-07-22T12:46:34+05:30 logger.go:67:       [32m+[0m[0m resource_group          = "ed293fd4909f4bc69b1e85324b8c39db"
TestRunCustomsgExample 2025-07-22T12:46:34+05:30 logger.go:67:       [32m+[0m[0m resource_group_name     = (known after apply)
TestRunCustomsgExample 2025-07-22T12:46:34+05:30 logger.go:67:       [32m+[0m[0m resource_name           = (known after apply)
TestRunCustomsgExample 2025-07-22T12:46:34+05:30 logger.go:67:       [32m+[0m[0m rules                   = (known after apply)
TestRunCustomsgExample 2025-07-22T12:46:34+05:30 logger.go:67:       [32m+[0m[0m tags                    = (known after apply)
TestRunCustomsgExample 2025-07-22T12:46:34+05:30 logger.go:67:       [32m+[0m[0m vpc                     = (known after apply)
TestRunCustomsgExample 2025-07-22T12:46:34+05:30 logger.go:67:     }
TestRunCustomsgExample 2025-07-22T12:46:34+05:30 logger.go:67: 
TestRunCustomsgExample 2025-07-22T12:46:34+05:30 logger.go:67: [1m  # module.custom_sg["custom-registry-vpe-sg"].ibm_is_security_group.sg[0][0m will be created
TestRunCustomsgExample 2025-07-22T12:46:34+05:30 logger.go:67: [0m  [32m+[0m[0m resource "ibm_is_security_group" "sg" {
TestRunCustomsgExample 2025-07-22T12:46:34+05:30 logger.go:67:       [32m+[0m[0m access_tags             = (known after apply)
TestRunCustomsgExample 2025-07-22T12:46:34+05:30 logger.go:67:       [32m+[0m[0m crn                     = (known after apply)
TestRunCustomsgExample 2025-07-22T12:46:34+05:30 logger.go:67:       [32m+[0m[0m id                      = (known after apply)
TestRunCustomsgExample 2025-07-22T12:46:34+05:30 logger.go:67:       [32m+[0m[0m name                    = "custom-registry-vpe-sg"
TestRunCustomsgExample 2025-07-22T12:46:34+05:30 logger.go:67:       [32m+[0m[0m resource_controller_url = (known after apply)
TestRunCustomsgExample 2025-07-22T12:46:34+05:30 logger.go:67:       [32m+[0m[0m resource_crn            = (known after apply)
TestRunCustomsgExample 2025-07-22T12:46:34+05:30 logger.go:67:       [32m+[0m[0m resource_group          = "ed293fd4909f4bc69b1e85324b8c39db"
TestRunCustomsgExample 2025-07-22T12:46:34+05:30 logger.go:67:       [32m+[0m[0m resource_group_name     = (known after apply)
TestRunCustomsgExample 2025-07-22T12:46:34+05:30 logger.go:67:       [32m+[0m[0m resource_name           = (known after apply)
TestRunCustomsgExample 2025-07-22T12:46:34+05:30 logger.go:67:       [32m+[0m[0m rules                   = (known after apply)
TestRunCustomsgExample 2025-07-22T12:46:34+05:30 logger.go:67:       [32m+[0m[0m tags                    = (known after apply)
TestRunCustomsgExample 2025-07-22T12:46:34+05:30 logger.go:67:       [32m+[0m[0m vpc                     = (known after apply)
TestRunCustomsgExample 2025-07-22T12:46:34+05:30 logger.go:67:     }
TestRunCustomsgExample 2025-07-22T12:46:34+05:30 logger.go:67: 
TestRunCustomsgExample 2025-07-22T12:46:34+05:30 logger.go:67: [1m  # module.custom_sg["custom-worker-pool-sg"].ibm_is_security_group.sg[0][0m will be created
TestRunCustomsgExample 2025-07-22T12:46:34+05:30 logger.go:67: [0m  [32m+[0m[0m resource "ibm_is_security_group" "sg" {
TestRunCustomsgExample 2025-07-22T12:46:34+05:30 logger.go:67:       [32m+[0m[0m access_tags             = (known after apply)
TestRunCustomsgExample 2025-07-22T12:46:34+05:30 logger.go:67:       [32m+[0m[0m crn                     = (known after apply)
TestRunCustomsgExample 2025-07-22T12:46:34+05:30 logger.go:67:       [32m+[0m[0m id                      = (known after apply)
TestRunCustomsgExample 2025-07-22T12:46:34+05:30 logger.go:67:       [32m+[0m[0m name                    = "custom-worker-pool-sg"
TestRunCustomsgExample 2025-07-22T12:46:34+05:30 logger.go:67:       [32m+[0m[0m resource_controller_url = (known after apply)
TestRunCustomsgExample 2025-07-22T12:46:34+05:30 logger.go:67:       [32m+[0m[0m resource_crn            = (known after apply)
TestRunCustomsgExample 2025-07-22T12:46:34+05:30 logger.go:67:       [32m+[0m[0m resource_group          = "ed293fd4909f4bc69b1e85324b8c39db"
TestRunCustomsgExample 2025-07-22T12:46:34+05:30 logger.go:67:       [32m+[0m[0m resource_group_name     = (known after apply)
TestRunCustomsgExample 2025-07-22T12:46:34+05:30 logger.go:67:       [32m+[0m[0m resource_name           = (known after apply)
TestRunCustomsgExample 2025-07-22T12:46:34+05:30 logger.go:67:       [32m+[0m[0m rules                   = (known after apply)
TestRunCustomsgExample 2025-07-22T12:46:34+05:30 logger.go:67:       [32m+[0m[0m tags                    = (known after apply)
TestRunCustomsgExample 2025-07-22T12:46:34+05:30 logger.go:67:       [32m+[0m[0m vpc                     = (known after apply)
TestRunCustomsgExample 2025-07-22T12:46:34+05:30 logger.go:67:     }
TestRunCustomsgExample 2025-07-22T12:46:34+05:30 logger.go:67: 
TestRunCustomsgExample 2025-07-22T12:46:34+05:30 logger.go:67: [1m  # module.ocp_base.data.ibm_container_addons.existing_addons[0m will be read during apply
TestRunCustomsgExample 2025-07-22T12:46:34+05:30 logger.go:67:   # (config refers to values not yet known)
TestRunCustomsgExample 2025-07-22T12:46:34+05:30 logger.go:67: [0m [36m<=[0m[0m data "ibm_container_addons" "existing_addons" {
TestRunCustomsgExample 2025-07-22T12:46:34+05:30 logger.go:67:       [32m+[0m[0m addons            = (known after apply)
TestRunCustomsgExample 2025-07-22T12:46:34+05:30 logger.go:67:       [32m+[0m[0m cluster           = (known after apply)
TestRunCustomsgExample 2025-07-22T12:46:34+05:30 logger.go:67:       [32m+[0m[0m id                = (known after apply)
TestRunCustomsgExample 2025-07-22T12:46:34+05:30 logger.go:67:       [32m+[0m[0m resource_group_id = (known after apply)
TestRunCustomsgExample 2025-07-22T12:46:34+05:30 logger.go:67:     }
TestRunCustomsgExample 2025-07-22T12:46:34+05:30 logger.go:67: 
TestRunCustomsgExample 2025-07-22T12:46:34+05:30 logger.go:67: [1m  # module.ocp_base.data.ibm_container_cluster_config.cluster_config[0][0m will be read during apply
TestRunCustomsgExample 2025-07-22T12:46:34+05:30 logger.go:67:   # (config refers to values not yet known)
TestRunCustomsgExample 2025-07-22T12:46:34+05:30 logger.go:67: [0m [36m<=[0m[0m data "ibm_container_cluster_config" "cluster_config" {
TestRunCustomsgExample 2025-07-22T12:46:34+05:30 logger.go:67:       [32m+[0m[0m admin                   = true
TestRunCustomsgExample 2025-07-22T12:46:34+05:30 logger.go:67:       [32m+[0m[0m admin_certificate       = (sensitive value)
TestRunCustomsgExample 2025-07-22T12:46:34+05:30 logger.go:67:       [32m+[0m[0m admin_key               = (sensitive value)
TestRunCustomsgExample 2025-07-22T12:46:34+05:30 logger.go:67:       [32m+[0m[0m ca_certificate          = (sensitive value)
TestRunCustomsgExample 2025-07-22T12:46:34+05:30 logger.go:67:       [32m+[0m[0m calico_config_file_path = (known after apply)
TestRunCustomsgExample 2025-07-22T12:46:34+05:30 logger.go:67:       [32m+[0m[0m cluster_name_id         = (known after apply)
TestRunCustomsgExample 2025-07-22T12:46:34+05:30 logger.go:67:       [32m+[0m[0m config_dir              = "../../kubeconfig"
TestRunCustomsgExample 2025-07-22T12:46:34+05:30 logger.go:67:       [32m+[0m[0m config_file_path        = (known after apply)
TestRunCustomsgExample 2025-07-22T12:46:34+05:30 logger.go:67:       [32m+[0m[0m host                    = (known after apply)
TestRunCustomsgExample 2025-07-22T12:46:34+05:30 logger.go:67:       [32m+[0m[0m id                      = (known after apply)
TestRunCustomsgExample 2025-07-22T12:46:34+05:30 logger.go:67:       [32m+[0m[0m resource_group_id       = "ed293fd4909f4bc69b1e85324b8c39db"
TestRunCustomsgExample 2025-07-22T12:46:34+05:30 logger.go:67:       [32m+[0m[0m token                   = (sensitive value)
TestRunCustomsgExample 2025-07-22T12:46:34+05:30 logger.go:67:     }
TestRunCustomsgExample 2025-07-22T12:46:34+05:30 logger.go:67: 
TestRunCustomsgExample 2025-07-22T12:46:34+05:30 logger.go:67: [1m  # module.ocp_base.data.ibm_container_vpc_worker_pool.all_pools["custom-sg"][0m will be read during apply
TestRunCustomsgExample 2025-07-22T12:46:34+05:30 logger.go:67:   # (config refers to values not yet known)
TestRunCustomsgExample 2025-07-22T12:46:34+05:30 logger.go:67: [0m [36m<=[0m[0m data "ibm_container_vpc_worker_pool" "all_pools" {
TestRunCustomsgExample 2025-07-22T12:46:34+05:30 logger.go:67:       [32m+[0m[0m autoscale_enabled = (known after apply)
TestRunCustomsgExample 2025-07-22T12:46:34+05:30 logger.go:67:       [32m+[0m[0m cluster           = (known after apply)
TestRunCustomsgExample 2025-07-22T12:46:34+05:30 logger.go:67:       [32m+[0m[0m crk               = (known after apply)
TestRunCustomsgExample 2025-07-22T12:46:34+05:30 logger.go:67:       [32m+[0m[0m flavor            = (known after apply)
TestRunCustomsgExample 2025-07-22T12:46:34+05:30 logger.go:67:       [32m+[0m[0m host_pool_id      = (known after apply)
TestRunCustomsgExample 2025-07-22T12:46:34+05:30 logger.go:67:       [32m+[0m[0m id                = (known after apply)
TestRunCustomsgExample 2025-07-22T12:46:34+05:30 logger.go:67:       [32m+[0m[0m isolation         = (known after apply)
TestRunCustomsgExample 2025-07-22T12:46:34+05:30 logger.go:67:       [32m+[0m[0m kms_account_id    = (known after apply)
TestRunCustomsgExample 2025-07-22T12:46:34+05:30 logger.go:67:       [32m+[0m[0m kms_instance_id   = (known after apply)
TestRunCustomsgExample 2025-07-22T12:46:34+05:30 logger.go:67:       [32m+[0m[0m labels            = (known after apply)
TestRunCustomsgExample 2025-07-22T12:46:34+05:30 logger.go:67:       [32m+[0m[0m operating_system  = (known after apply)
TestRunCustomsgExample 2025-07-22T12:46:34+05:30 logger.go:67:       [32m+[0m[0m resource_group_id = (known after apply)
TestRunCustomsgExample 2025-07-22T12:46:34+05:30 logger.go:67:       [32m+[0m[0m secondary_storage = (known after apply)
TestRunCustomsgExample 2025-07-22T12:46:34+05:30 logger.go:67:       [32m+[0m[0m vpc_id            = (known after apply)
TestRunCustomsgExample 2025-07-22T12:46:34+05:30 logger.go:67:       [32m+[0m[0m worker_count      = (known after apply)
TestRunCustomsgExample 2025-07-22T12:46:34+05:30 logger.go:67:       [32m+[0m[0m worker_pool_name  = "custom-sg"
TestRunCustomsgExample 2025-07-22T12:46:34+05:30 logger.go:67:       [32m+[0m[0m zones             = (known after apply)
TestRunCustomsgExample 2025-07-22T12:46:34+05:30 logger.go:67:     }
TestRunCustomsgExample 2025-07-22T12:46:34+05:30 logger.go:67: 
TestRunCustomsgExample 2025-07-22T12:46:34+05:30 logger.go:67: [1m  # module.ocp_base.data.ibm_container_vpc_worker_pool.all_pools["default"][0m will be read during apply
TestRunCustomsgExample 2025-07-22T12:46:34+05:30 logger.go:67:   # (config refers to values not yet known)
TestRunCustomsgExample 2025-07-22T12:46:34+05:30 logger.go:67: [0m [36m<=[0m[0m data "ibm_container_vpc_worker_pool" "all_pools" {
TestRunCustomsgExample 2025-07-22T12:46:34+05:30 logger.go:67:       [32m+[0m[0m autoscale_enabled = (known after apply)
TestRunCustomsgExample 2025-07-22T12:46:34+05:30 logger.go:67:       [32m+[0m[0m cluster           = (known after apply)
TestRunCustomsgExample 2025-07-22T12:46:34+05:30 logger.go:67:       [32m+[0m[0m crk               = (known after apply)
TestRunCustomsgExample 2025-07-22T12:46:34+05:30 logger.go:67:       [32m+[0m[0m flavor            = (known after apply)
TestRunCustomsgExample 2025-07-22T12:46:34+05:30 logger.go:67:       [32m+[0m[0m host_pool_id      = (known after apply)
TestRunCustomsgExample 2025-07-22T12:46:34+05:30 logger.go:67:       [32m+[0m[0m id                = (known after apply)
TestRunCustomsgExample 2025-07-22T12:46:34+05:30 logger.go:67:       [32m+[0m[0m isolation         = (known after apply)
TestRunCustomsgExample 2025-07-22T12:46:34+05:30 logger.go:67:       [32m+[0m[0m kms_account_id    = (known after apply)
TestRunCustomsgExample 2025-07-22T12:46:34+05:30 logger.go:67:       [32m+[0m[0m kms_instance_id   = (known after apply)
TestRunCustomsgExample 2025-07-22T12:46:34+05:30 logger.go:67:       [32m+[0m[0m labels            = (known after apply)
TestRunCustomsgExample 2025-07-22T12:46:34+05:30 logger.go:67:       [32m+[0m[0m operating_system  = (known after apply)
TestRunCustomsgExample 2025-07-22T12:46:34+05:30 logger.go:67:       [32m+[0m[0m resource_group_id = (known after apply)
TestRunCustomsgExample 2025-07-22T12:46:34+05:30 logger.go:67:       [32m+[0m[0m secondary_storage = (known after apply)
TestRunCustomsgExample 2025-07-22T12:46:34+05:30 logger.go:67:       [32m+[0m[0m vpc_id            = (known after apply)
TestRunCustomsgExample 2025-07-22T12:46:34+05:30 logger.go:67:       [32m+[0m[0m worker_count      = (known after apply)
TestRunCustomsgExample 2025-07-22T12:46:34+05:30 logger.go:67:       [32m+[0m[0m worker_pool_name  = "default"
TestRunCustomsgExample 2025-07-22T12:46:34+05:30 logger.go:67:       [32m+[0m[0m zones             = (known after apply)
TestRunCustomsgExample 2025-07-22T12:46:34+05:30 logger.go:67:     }
TestRunCustomsgExample 2025-07-22T12:46:34+05:30 logger.go:67: 
TestRunCustomsgExample 2025-07-22T12:46:34+05:30 logger.go:67: [1m  # module.ocp_base.data.ibm_is_lbs.all_lbs[0][0m will be read during apply
TestRunCustomsgExample 2025-07-22T12:46:34+05:30 logger.go:67:   # (depends on a resource or a module with changes pending)
TestRunCustomsgExample 2025-07-22T12:46:34+05:30 logger.go:67: [0m [36m<=[0m[0m data "ibm_is_lbs" "all_lbs" {
TestRunCustomsgExample 2025-07-22T12:46:34+05:30 logger.go:67:       [32m+[0m[0m id             = (known after apply)
TestRunCustomsgExample 2025-07-22T12:46:34+05:30 logger.go:67:       [32m+[0m[0m load_balancers = (known after apply)
TestRunCustomsgExample 2025-07-22T12:46:34+05:30 logger.go:67:     }
TestRunCustomsgExample 2025-07-22T12:46:34+05:30 logger.go:67: 
TestRunCustomsgExample 2025-07-22T12:46:34+05:30 logger.go:67: [1m  # module.ocp_base.data.ibm_is_virtual_endpoint_gateway.api_vpe[0][0m will be read during apply
TestRunCustomsgExample 2025-07-22T12:46:34+05:30 logger.go:67:   # (config refers to values not yet known)
TestRunCustomsgExample 2025-07-22T12:46:34+05:30 logger.go:67: [0m [36m<=[0m[0m data "ibm_is_virtual_endpoint_gateway" "api_vpe" {
TestRunCustomsgExample 2025-07-22T12:46:34+05:30 logger.go:67:       [32m+[0m[0m access_tags                  = (known after apply)
TestRunCustomsgExample 2025-07-22T12:46:34+05:30 logger.go:67:       [32m+[0m[0m allow_dns_resolution_binding = (known after apply)
TestRunCustomsgExample 2025-07-22T12:46:34+05:30 logger.go:67:       [32m+[0m[0m created_at                   = (known after apply)
TestRunCustomsgExample 2025-07-22T12:46:34+05:30 logger.go:67:       [32m+[0m[0m crn                          = (known after apply)
TestRunCustomsgExample 2025-07-22T12:46:34+05:30 logger.go:67:       [32m+[0m[0m health_state                 = (known after apply)
TestRunCustomsgExample 2025-07-22T12:46:34+05:30 logger.go:67:       [32m+[0m[0m id                           = (known after apply)
TestRunCustomsgExample 2025-07-22T12:46:34+05:30 logger.go:67:       [32m+[0m[0m ips                          = (known after apply)
TestRunCustomsgExample 2025-07-22T12:46:34+05:30 logger.go:67:       [32m+[0m[0m lifecycle_reasons            = (known after apply)
TestRunCustomsgExample 2025-07-22T12:46:34+05:30 logger.go:67:       [32m+[0m[0m lifecycle_state              = (known after apply)
TestRunCustomsgExample 2025-07-22T12:46:34+05:30 logger.go:67:       [32m+[0m[0m name                         = (known after apply)
TestRunCustomsgExample 2025-07-22T12:46:34+05:30 logger.go:67:       [32m+[0m[0m resource_group               = (known after apply)
TestRunCustomsgExample 2025-07-22T12:46:34+05:30 logger.go:67:       [32m+[0m[0m resource_type                = (known after apply)
TestRunCustomsgExample 2025-07-22T12:46:34+05:30 logger.go:67:       [32m+[0m[0m security_groups              = (known after apply)
TestRunCustomsgExample 2025-07-22T12:46:34+05:30 logger.go:67:       [32m+[0m[0m service_endpoints            = (known after apply)
TestRunCustomsgExample 2025-07-22T12:46:34+05:30 logger.go:67:       [32m+[0m[0m tags                         = (known after apply)
TestRunCustomsgExample 2025-07-22T12:46:34+05:30 logger.go:67:       [32m+[0m[0m target                       = (known after apply)
TestRunCustomsgExample 2025-07-22T12:46:34+05:30 logger.go:67:       [32m+[0m[0m vpc                          = (known after apply)
TestRunCustomsgExample 2025-07-22T12:46:34+05:30 logger.go:67:     }
TestRunCustomsgExample 2025-07-22T12:46:34+05:30 logger.go:67: 
TestRunCustomsgExample 2025-07-22T12:46:34+05:30 logger.go:67: [1m  # module.ocp_base.data.ibm_is_virtual_endpoint_gateway.master_vpe[0][0m will be read during apply
TestRunCustomsgExample 2025-07-22T12:46:34+05:30 logger.go:67:   # (config refers to values not yet known)
TestRunCustomsgExample 2025-07-22T12:46:34+05:30 logger.go:67: [0m [36m<=[0m[0m data "ibm_is_virtual_endpoint_gateway" "master_vpe" {
TestRunCustomsgExample 2025-07-22T12:46:34+05:30 logger.go:67:       [32m+[0m[0m access_tags                  = (known after apply)
TestRunCustomsgExample 2025-07-22T12:46:34+05:30 logger.go:67:       [32m+[0m[0m allow_dns_resolution_binding = (known after apply)
TestRunCustomsgExample 2025-07-22T12:46:34+05:30 logger.go:67:       [32m+[0m[0m created_at                   = (known after apply)
TestRunCustomsgExample 2025-07-22T12:46:34+05:30 logger.go:67:       [32m+[0m[0m crn                          = (known after apply)
TestRunCustomsgExample 2025-07-22T12:46:34+05:30 logger.go:67:       [32m+[0m[0m health_state                 = (known after apply)
TestRunCustomsgExample 2025-07-22T12:46:34+05:30 logger.go:67:       [32m+[0m[0m id                           = (known after apply)
TestRunCustomsgExample 2025-07-22T12:46:34+05:30 logger.go:67:       [32m+[0m[0m ips                          = (known after apply)
TestRunCustomsgExample 2025-07-22T12:46:34+05:30 logger.go:67:       [32m+[0m[0m lifecycle_reasons            = (known after apply)
TestRunCustomsgExample 2025-07-22T12:46:34+05:30 logger.go:67:       [32m+[0m[0m lifecycle_state              = (known after apply)
TestRunCustomsgExample 2025-07-22T12:46:34+05:30 logger.go:67:       [32m+[0m[0m name                         = (known after apply)
TestRunCustomsgExample 2025-07-22T12:46:34+05:30 logger.go:67:       [32m+[0m[0m resource_group               = (known after apply)
TestRunCustomsgExample 2025-07-22T12:46:34+05:30 logger.go:67:       [32m+[0m[0m resource_type                = (known after apply)
TestRunCustomsgExample 2025-07-22T12:46:34+05:30 logger.go:67:       [32m+[0m[0m security_groups              = (known after apply)
TestRunCustomsgExample 2025-07-22T12:46:34+05:30 logger.go:67:       [32m+[0m[0m service_endpoints            = (known after apply)
TestRunCustomsgExample 2025-07-22T12:46:34+05:30 logger.go:67:       [32m+[0m[0m tags                         = (known after apply)
TestRunCustomsgExample 2025-07-22T12:46:34+05:30 logger.go:67:       [32m+[0m[0m target                       = (known after apply)
TestRunCustomsgExample 2025-07-22T12:46:34+05:30 logger.go:67:       [32m+[0m[0m vpc                          = (known after apply)
TestRunCustomsgExample 2025-07-22T12:46:34+05:30 logger.go:67:     }
TestRunCustomsgExample 2025-07-22T12:46:34+05:30 logger.go:67: 
TestRunCustomsgExample 2025-07-22T12:46:34+05:30 logger.go:67: [1m  # module.ocp_base.data.ibm_is_virtual_endpoint_gateway.registry_vpe[0][0m will be read during apply
TestRunCustomsgExample 2025-07-22T12:46:34+05:30 logger.go:67:   # (config refers to values not yet known)
TestRunCustomsgExample 2025-07-22T12:46:34+05:30 logger.go:67: [0m [36m<=[0m[0m data "ibm_is_virtual_endpoint_gateway" "registry_vpe" {
TestRunCustomsgExample 2025-07-22T12:46:34+05:30 logger.go:67:       [32m+[0m[0m access_tags                  = (known after apply)
TestRunCustomsgExample 2025-07-22T12:46:34+05:30 logger.go:67:       [32m+[0m[0m allow_dns_resolution_binding = (known after apply)
TestRunCustomsgExample 2025-07-22T12:46:34+05:30 logger.go:67:       [32m+[0m[0m created_at                   = (known after apply)
TestRunCustomsgExample 2025-07-22T12:46:34+05:30 logger.go:67:       [32m+[0m[0m crn                          = (known after apply)
TestRunCustomsgExample 2025-07-22T12:46:34+05:30 logger.go:67:       [32m+[0m[0m health_state                 = (known after apply)
TestRunCustomsgExample 2025-07-22T12:46:34+05:30 logger.go:67:       [32m+[0m[0m id                           = (known after apply)
TestRunCustomsgExample 2025-07-22T12:46:34+05:30 logger.go:67:       [32m+[0m[0m ips                          = (known after apply)
TestRunCustomsgExample 2025-07-22T12:46:34+05:30 logger.go:67:       [32m+[0m[0m lifecycle_reasons            = (known after apply)
TestRunCustomsgExample 2025-07-22T12:46:34+05:30 logger.go:67:       [32m+[0m[0m lifecycle_state              = (known after apply)
TestRunCustomsgExample 2025-07-22T12:46:34+05:30 logger.go:67:       [32m+[0m[0m name                         = (known after apply)
TestRunCustomsgExample 2025-07-22T12:46:34+05:30 logger.go:67:       [32m+[0m[0m resource_group               = (known after apply)
TestRunCustomsgExample 2025-07-22T12:46:34+05:30 logger.go:67:       [32m+[0m[0m resource_type                = (known after apply)
TestRunCustomsgExample 2025-07-22T12:46:34+05:30 logger.go:67:       [32m+[0m[0m security_groups              = (known after apply)
TestRunCustomsgExample 2025-07-22T12:46:34+05:30 logger.go:67:       [32m+[0m[0m service_endpoints            = (known after apply)
TestRunCustomsgExample 2025-07-22T12:46:34+05:30 logger.go:67:       [32m+[0m[0m tags                         = (known after apply)
TestRunCustomsgExample 2025-07-22T12:46:34+05:30 logger.go:67:       [32m+[0m[0m target                       = (known after apply)
TestRunCustomsgExample 2025-07-22T12:46:34+05:30 logger.go:67:       [32m+[0m[0m vpc                          = (known after apply)
TestRunCustomsgExample 2025-07-22T12:46:34+05:30 logger.go:67:     }
TestRunCustomsgExample 2025-07-22T12:46:34+05:30 logger.go:67: 
TestRunCustomsgExample 2025-07-22T12:46:34+05:30 logger.go:67: [1m  # module.ocp_base.ibm_container_addons.addons[0m will be created
TestRunCustomsgExample 2025-07-22T12:46:34+05:30 logger.go:67: [0m  [32m+[0m[0m resource "ibm_container_addons" "addons" {
TestRunCustomsgExample 2025-07-22T12:46:34+05:30 logger.go:67:       [32m+[0m[0m cluster           = (known after apply)
TestRunCustomsgExample 2025-07-22T12:46:34+05:30 logger.go:67:       [32m+[0m[0m id                = (known after apply)
TestRunCustomsgExample 2025-07-22T12:46:34+05:30 logger.go:67:       [32m+[0m[0m manage_all_addons = false
TestRunCustomsgExample 2025-07-22T12:46:34+05:30 logger.go:67:       [32m+[0m[0m managed_addons    = (known after apply)
TestRunCustomsgExample 2025-07-22T12:46:34+05:30 logger.go:67:       [32m+[0m[0m resource_group_id = "ed293fd4909f4bc69b1e85324b8c39db"
TestRunCustomsgExample 2025-07-22T12:46:34+05:30 logger.go:67: 
TestRunCustomsgExample 2025-07-22T12:46:34+05:30 logger.go:67:       [32m+[0m[0m addons (known after apply)
TestRunCustomsgExample 2025-07-22T12:46:34+05:30 logger.go:67: 
TestRunCustomsgExample 2025-07-22T12:46:34+05:30 logger.go:67:       [32m+[0m[0m timeouts {
TestRunCustomsgExample 2025-07-22T12:46:34+05:30 logger.go:67:           [32m+[0m[0m create = "1h"
TestRunCustomsgExample 2025-07-22T12:46:34+05:30 logger.go:67:         }
TestRunCustomsgExample 2025-07-22T12:46:34+05:30 logger.go:67:     }
TestRunCustomsgExample 2025-07-22T12:46:34+05:30 logger.go:67: 
TestRunCustomsgExample 2025-07-22T12:46:34+05:30 logger.go:67: [1m  # module.ocp_base.ibm_container_vpc_cluster.cluster[0][0m will be created
TestRunCustomsgExample 2025-07-22T12:46:34+05:30 logger.go:67: [0m  [32m+[0m[0m resource "ibm_container_vpc_cluster" "cluster" {
TestRunCustomsgExample 2025-07-22T12:46:34+05:30 logger.go:67:       [32m+[0m[0m albs                                = (known after apply)
TestRunCustomsgExample 2025-07-22T12:46:34+05:30 logger.go:67:       [32m+[0m[0m cos_instance_crn                    = (known after apply)
TestRunCustomsgExample 2025-07-22T12:46:34+05:30 logger.go:67:       [32m+[0m[0m crn                                 = (known after apply)
TestRunCustomsgExample 2025-07-22T12:46:34+05:30 logger.go:67:       [32m+[0m[0m disable_outbound_traffic_protection = false
TestRunCustomsgExample 2025-07-22T12:46:34+05:30 logger.go:67:       [32m+[0m[0m disable_public_service_endpoint     = false
TestRunCustomsgExample 2025-07-22T12:46:34+05:30 logger.go:67:       [32m+[0m[0m entitlement                         = "cloud_pak"
TestRunCustomsgExample 2025-07-22T12:46:34+05:30 logger.go:67:       [32m+[0m[0m flavor                              = "bx2.4x16"
TestRunCustomsgExample 2025-07-22T12:46:34+05:30 logger.go:67:       [32m+[0m[0m force_delete_storage                = true
TestRunCustomsgExample 2025-07-22T12:46:34+05:30 logger.go:67:       [32m+[0m[0m id                                  = (known after apply)
TestRunCustomsgExample 2025-07-22T12:46:34+05:30 logger.go:67:       [32m+[0m[0m image_security_enforcement          = false
TestRunCustomsgExample 2025-07-22T12:46:34+05:30 logger.go:67:       [32m+[0m[0m ingress_hostname                    = (known after apply)
TestRunCustomsgExample 2025-07-22T12:46:34+05:30 logger.go:67:       [32m+[0m[0m ingress_secret                      = (sensitive value)
TestRunCustomsgExample 2025-07-22T12:46:34+05:30 logger.go:67:       [32m+[0m[0m kube_version                        = "4.17_openshift"
TestRunCustomsgExample 2025-07-22T12:46:34+05:30 logger.go:67:       [32m+[0m[0m master_status                       = (known after apply)
TestRunCustomsgExample 2025-07-22T12:46:34+05:30 logger.go:67:       [32m+[0m[0m master_url                          = (known after apply)
TestRunCustomsgExample 2025-07-22T12:46:34+05:30 logger.go:67:       [32m+[0m[0m name                                = "base-ocp-customsg-fs5"
TestRunCustomsgExample 2025-07-22T12:46:34+05:30 logger.go:67:       [32m+[0m[0m operating_system                    = "REDHAT_8_64"
TestRunCustomsgExample 2025-07-22T12:46:34+05:30 logger.go:67:       [32m+[0m[0m pod_subnet                          = (known after apply)
TestRunCustomsgExample 2025-07-22T12:46:34+05:30 logger.go:67:       [32m+[0m[0m private_service_endpoint_url        = (known after apply)
TestRunCustomsgExample 2025-07-22T12:46:34+05:30 logger.go:67:       [32m+[0m[0m public_service_endpoint_url         = (known after apply)
TestRunCustomsgExample 2025-07-22T12:46:34+05:30 logger.go:67:       [32m+[0m[0m resource_controller_url             = (known after apply)
TestRunCustomsgExample 2025-07-22T12:46:34+05:30 logger.go:67:       [32m+[0m[0m resource_crn                        = (known after apply)
TestRunCustomsgExample 2025-07-22T12:46:34+05:30 logger.go:67:       [32m+[0m[0m resource_group_id                   = "ed293fd4909f4bc69b1e85324b8c39db"
TestRunCustomsgExample 2025-07-22T12:46:34+05:30 logger.go:67:       [32m+[0m[0m resource_group_name                 = (known after apply)
TestRunCustomsgExample 2025-07-22T12:46:34+05:30 logger.go:67:       [32m+[0m[0m resource_name                       = (known after apply)
TestRunCustomsgExample 2025-07-22T12:46:34+05:30 logger.go:67:       [32m+[0m[0m resource_status                     = (known after apply)
TestRunCustomsgExample 2025-07-22T12:46:34+05:30 logger.go:67:       [32m+[0m[0m secondary_storage                   = (known after apply)
TestRunCustomsgExample 2025-07-22T12:46:34+05:30 logger.go:67:       [32m+[0m[0m security_groups                     = (known after apply)
TestRunCustomsgExample 2025-07-22T12:46:34+05:30 logger.go:67:       [32m+[0m[0m service_subnet                      = (known after apply)
TestRunCustomsgExample 2025-07-22T12:46:34+05:30 logger.go:67:       [32m+[0m[0m state                               = (known after apply)
TestRunCustomsgExample 2025-07-22T12:46:34+05:30 logger.go:67:       [32m+[0m[0m tags                                = (known after apply)
TestRunCustomsgExample 2025-07-22T12:46:34+05:30 logger.go:67:       [32m+[0m[0m update_all_workers                  = false
TestRunCustomsgExample 2025-07-22T12:46:34+05:30 logger.go:67:       [32m+[0m[0m vpc_id                              = (known after apply)
TestRunCustomsgExample 2025-07-22T12:46:34+05:30 logger.go:67:       [32m+[0m[0m vpe_service_endpoint_url            = (known after apply)
TestRunCustomsgExample 2025-07-22T12:46:34+05:30 logger.go:67:       [32m+[0m[0m wait_for_worker_update              = true
TestRunCustomsgExample 2025-07-22T12:46:34+05:30 logger.go:67:       [32m+[0m[0m wait_till                           = "IngressReady"
TestRunCustomsgExample 2025-07-22T12:46:34+05:30 logger.go:67:       [32m+[0m[0m worker_count                        = 2
TestRunCustomsgExample 2025-07-22T12:46:34+05:30 logger.go:67:       [32m+[0m[0m worker_labels                       = (known after apply)
TestRunCustomsgExample 2025-07-22T12:46:34+05:30 logger.go:67: 
TestRunCustomsgExample 2025-07-22T12:46:34+05:30 logger.go:67:       [32m+[0m[0m timeouts {
TestRunCustomsgExample 2025-07-22T12:46:34+05:30 logger.go:67:           [32m+[0m[0m create = "3h"
TestRunCustomsgExample 2025-07-22T12:46:34+05:30 logger.go:67:           [32m+[0m[0m delete = "2h"
TestRunCustomsgExample 2025-07-22T12:46:34+05:30 logger.go:67:           [32m+[0m[0m update = "3h"
TestRunCustomsgExample 2025-07-22T12:46:34+05:30 logger.go:67:         }
TestRunCustomsgExample 2025-07-22T12:46:34+05:30 logger.go:67: 
TestRunCustomsgExample 2025-07-22T12:46:34+05:30 logger.go:67:       [32m+[0m[0m zones {
TestRunCustomsgExample 2025-07-22T12:46:34+05:30 logger.go:67:           [32m+[0m[0m name      = "jp-osa-1"
TestRunCustomsgExample 2025-07-22T12:46:34+05:30 logger.go:67:           [32m+[0m[0m subnet_id = (known after apply)
TestRunCustomsgExample 2025-07-22T12:46:34+05:30 logger.go:67:         }
TestRunCustomsgExample 2025-07-22T12:46:34+05:30 logger.go:67:     }
TestRunCustomsgExample 2025-07-22T12:46:34+05:30 logger.go:67: 
TestRunCustomsgExample 2025-07-22T12:46:34+05:30 logger.go:67: [1m  # module.ocp_base.ibm_container_vpc_worker_pool.pool["custom-sg"][0m will be created
TestRunCustomsgExample 2025-07-22T12:46:34+05:30 logger.go:67: [0m  [32m+[0m[0m resource "ibm_container_vpc_worker_pool" "pool" {
TestRunCustomsgExample 2025-07-22T12:46:34+05:30 logger.go:67:       [32m+[0m[0m autoscale_enabled       = (known after apply)
TestRunCustomsgExample 2025-07-22T12:46:34+05:30 logger.go:67:       [32m+[0m[0m cluster                 = (known after apply)
TestRunCustomsgExample 2025-07-22T12:46:34+05:30 logger.go:67:       [32m+[0m[0m entitlement             = "cloud_pak"
TestRunCustomsgExample 2025-07-22T12:46:34+05:30 logger.go:67:       [32m+[0m[0m flavor                  = "bx2.4x16"
TestRunCustomsgExample 2025-07-22T12:46:34+05:30 logger.go:67:       [32m+[0m[0m id                      = (known after apply)
TestRunCustomsgExample 2025-07-22T12:46:34+05:30 logger.go:67:       [32m+[0m[0m labels                  = (known after apply)
TestRunCustomsgExample 2025-07-22T12:46:34+05:30 logger.go:67:       [32m+[0m[0m operating_system        = "REDHAT_8_64"
TestRunCustomsgExample 2025-07-22T12:46:34+05:30 logger.go:67:       [32m+[0m[0m resource_controller_url = (known after apply)
TestRunCustomsgExample 2025-07-22T12:46:34+05:30 logger.go:67:       [32m+[0m[0m resource_group_id       = "ed293fd4909f4bc69b1e85324b8c39db"
TestRunCustomsgExample 2025-07-22T12:46:34+05:30 logger.go:67:       [32m+[0m[0m security_groups         = (known after apply)
TestRunCustomsgExample 2025-07-22T12:46:34+05:30 logger.go:67:       [32m+[0m[0m vpc_id                  = (known after apply)
TestRunCustomsgExample 2025-07-22T12:46:34+05:30 logger.go:67:       [32m+[0m[0m worker_count            = 2
TestRunCustomsgExample 2025-07-22T12:46:34+05:30 logger.go:67:       [32m+[0m[0m worker_pool_id          = (known after apply)
TestRunCustomsgExample 2025-07-22T12:46:34+05:30 logger.go:67:       [32m+[0m[0m worker_pool_name        = "custom-sg"
TestRunCustomsgExample 2025-07-22T12:46:34+05:30 logger.go:67: 
TestRunCustomsgExample 2025-07-22T12:46:34+05:30 logger.go:67:       [32m+[0m[0m taints (known after apply)
TestRunCustomsgExample 2025-07-22T12:46:34+05:30 logger.go:67: 
TestRunCustomsgExample 2025-07-22T12:46:34+05:30 logger.go:67:       [32m+[0m[0m timeouts {
TestRunCustomsgExample 2025-07-22T12:46:34+05:30 logger.go:67:           [32m+[0m[0m create = "2h"
TestRunCustomsgExample 2025-07-22T12:46:34+05:30 logger.go:67:           [32m+[0m[0m delete = "2h"
TestRunCustomsgExample 2025-07-22T12:46:34+05:30 logger.go:67:         }
TestRunCustomsgExample 2025-07-22T12:46:34+05:30 logger.go:67: 
TestRunCustomsgExample 2025-07-22T12:46:34+05:30 logger.go:67:       [32m+[0m[0m zones {
TestRunCustomsgExample 2025-07-22T12:46:34+05:30 logger.go:67:           [32m+[0m[0m name      = "jp-osa-1"
TestRunCustomsgExample 2025-07-22T12:46:34+05:30 logger.go:67:           [32m+[0m[0m subnet_id = (known after apply)
TestRunCustomsgExample 2025-07-22T12:46:34+05:30 logger.go:67:         }
TestRunCustomsgExample 2025-07-22T12:46:34+05:30 logger.go:67:     }
TestRunCustomsgExample 2025-07-22T12:46:34+05:30 logger.go:67: 
TestRunCustomsgExample 2025-07-22T12:46:34+05:30 logger.go:67: [1m  # module.ocp_base.ibm_container_vpc_worker_pool.pool["default"][0m will be created
TestRunCustomsgExample 2025-07-22T12:46:34+05:30 logger.go:67: [0m  [32m+[0m[0m resource "ibm_container_vpc_worker_pool" "pool" {
TestRunCustomsgExample 2025-07-22T12:46:34+05:30 logger.go:67:       [32m+[0m[0m autoscale_enabled       = (known after apply)
TestRunCustomsgExample 2025-07-22T12:46:34+05:30 logger.go:67:       [32m+[0m[0m cluster                 = (known after apply)
TestRunCustomsgExample 2025-07-22T12:46:34+05:30 logger.go:67:       [32m+[0m[0m entitlement             = "cloud_pak"
TestRunCustomsgExample 2025-07-22T12:46:34+05:30 logger.go:67:       [32m+[0m[0m flavor                  = "bx2.4x16"
TestRunCustomsgExample 2025-07-22T12:46:34+05:30 logger.go:67:       [32m+[0m[0m id                      = (known after apply)
TestRunCustomsgExample 2025-07-22T12:46:34+05:30 logger.go:67:       [32m+[0m[0m import_on_create        = true
TestRunCustomsgExample 2025-07-22T12:46:34+05:30 logger.go:67:       [32m+[0m[0m labels                  = (known after apply)
TestRunCustomsgExample 2025-07-22T12:46:34+05:30 logger.go:67:       [32m+[0m[0m operating_system        = "REDHAT_8_64"
TestRunCustomsgExample 2025-07-22T12:46:34+05:30 logger.go:67:       [32m+[0m[0m orphan_on_delete        = true
TestRunCustomsgExample 2025-07-22T12:46:34+05:30 logger.go:67:       [32m+[0m[0m resource_controller_url = (known after apply)
TestRunCustomsgExample 2025-07-22T12:46:34+05:30 logger.go:67:       [32m+[0m[0m resource_group_id       = "ed293fd4909f4bc69b1e85324b8c39db"
TestRunCustomsgExample 2025-07-22T12:46:34+05:30 logger.go:67:       [32m+[0m[0m vpc_id                  = (known after apply)
TestRunCustomsgExample 2025-07-22T12:46:34+05:30 logger.go:67:       [32m+[0m[0m worker_count            = 2
TestRunCustomsgExample 2025-07-22T12:46:34+05:30 logger.go:67:       [32m+[0m[0m worker_pool_id          = (known after apply)
TestRunCustomsgExample 2025-07-22T12:46:34+05:30 logger.go:67:       [32m+[0m[0m worker_pool_name        = "default"
TestRunCustomsgExample 2025-07-22T12:46:34+05:30 logger.go:67: 
TestRunCustomsgExample 2025-07-22T12:46:34+05:30 logger.go:67:       [32m+[0m[0m taints (known after apply)
TestRunCustomsgExample 2025-07-22T12:46:34+05:30 logger.go:67: 
TestRunCustomsgExample 2025-07-22T12:46:34+05:30 logger.go:67:       [32m+[0m[0m timeouts {
TestRunCustomsgExample 2025-07-22T12:46:34+05:30 logger.go:67:           [32m+[0m[0m create = "2h"
TestRunCustomsgExample 2025-07-22T12:46:34+05:30 logger.go:67:           [32m+[0m[0m delete = "2h"
TestRunCustomsgExample 2025-07-22T12:46:34+05:30 logger.go:67:         }
TestRunCustomsgExample 2025-07-22T12:46:34+05:30 logger.go:67: 
TestRunCustomsgExample 2025-07-22T12:46:34+05:30 logger.go:67:       [32m+[0m[0m zones {
TestRunCustomsgExample 2025-07-22T12:46:34+05:30 logger.go:67:           [32m+[0m[0m name      = "jp-osa-1"
TestRunCustomsgExample 2025-07-22T12:46:34+05:30 logger.go:67:           [32m+[0m[0m subnet_id = (known after apply)
TestRunCustomsgExample 2025-07-22T12:46:34+05:30 logger.go:67:         }
TestRunCustomsgExample 2025-07-22T12:46:34+05:30 logger.go:67:     }
TestRunCustomsgExample 2025-07-22T12:46:34+05:30 logger.go:67: 
TestRunCustomsgExample 2025-07-22T12:46:34+05:30 logger.go:67: [1m  # module.ocp_base.ibm_resource_tag.cluster_access_tag[0][0m will be created
TestRunCustomsgExample 2025-07-22T12:46:34+05:30 logger.go:67: [0m  [32m+[0m[0m resource "ibm_resource_tag" "cluster_access_tag" {
TestRunCustomsgExample 2025-07-22T12:46:34+05:30 logger.go:67:       [32m+[0m[0m account_id  = (known after apply)
TestRunCustomsgExample 2025-07-22T12:46:34+05:30 logger.go:67:       [32m+[0m[0m id          = (known after apply)
TestRunCustomsgExample 2025-07-22T12:46:34+05:30 logger.go:67:       [32m+[0m[0m replace     = false
TestRunCustomsgExample 2025-07-22T12:46:34+05:30 logger.go:67:       [32m+[0m[0m resource_id = (known after apply)
TestRunCustomsgExample 2025-07-22T12:46:34+05:30 logger.go:67:       [32m+[0m[0m tag_type    = "access"
TestRunCustomsgExample 2025-07-22T12:46:34+05:30 logger.go:67:       [32m+[0m[0m tags        = [
TestRunCustomsgExample 2025-07-22T12:46:34+05:30 logger.go:67:           [32m+[0m[0m "geretain-dev-1:permanent-test-tag-4",
TestRunCustomsgExample 2025-07-22T12:46:34+05:30 logger.go:67:           [32m+[0m[0m "geretain-dev:permanent-test-tag-1",
TestRunCustomsgExample 2025-07-22T12:46:34+05:30 logger.go:67:         ]
TestRunCustomsgExample 2025-07-22T12:46:34+05:30 logger.go:67:     }
TestRunCustomsgExample 2025-07-22T12:46:34+05:30 logger.go:67: 
TestRunCustomsgExample 2025-07-22T12:46:34+05:30 logger.go:67: [1m  # module.ocp_base.ibm_resource_tag.cos_access_tag[0][0m will be created
TestRunCustomsgExample 2025-07-22T12:46:34+05:30 logger.go:67: [0m  [32m+[0m[0m resource "ibm_resource_tag" "cos_access_tag" {
TestRunCustomsgExample 2025-07-22T12:46:34+05:30 logger.go:67:       [32m+[0m[0m account_id  = (known after apply)
TestRunCustomsgExample 2025-07-22T12:46:34+05:30 logger.go:67:       [32m+[0m[0m id          = (known after apply)
TestRunCustomsgExample 2025-07-22T12:46:34+05:30 logger.go:67:       [32m+[0m[0m replace     = false
TestRunCustomsgExample 2025-07-22T12:46:34+05:30 logger.go:67:       [32m+[0m[0m resource_id = (known after apply)
TestRunCustomsgExample 2025-07-22T12:46:34+05:30 logger.go:67:       [32m+[0m[0m tag_type    = "access"
TestRunCustomsgExample 2025-07-22T12:46:34+05:30 logger.go:67:       [32m+[0m[0m tags        = [
TestRunCustomsgExample 2025-07-22T12:46:34+05:30 logger.go:67:           [32m+[0m[0m "geretain-dev-1:permanent-test-tag-4",
TestRunCustomsgExample 2025-07-22T12:46:34+05:30 logger.go:67:           [32m+[0m[0m "geretain-dev:permanent-test-tag-1",
TestRunCustomsgExample 2025-07-22T12:46:34+05:30 logger.go:67:         ]
TestRunCustomsgExample 2025-07-22T12:46:34+05:30 logger.go:67:     }
TestRunCustomsgExample 2025-07-22T12:46:34+05:30 logger.go:67: 
TestRunCustomsgExample 2025-07-22T12:46:34+05:30 logger.go:67: [1m  # module.ocp_base.null_resource.confirm_network_healthy[0][0m will be created
TestRunCustomsgExample 2025-07-22T12:46:34+05:30 logger.go:67: [0m  [32m+[0m[0m resource "null_resource" "confirm_network_healthy" {
TestRunCustomsgExample 2025-07-22T12:46:34+05:30 logger.go:67:       [32m+[0m[0m id = (known after apply)
TestRunCustomsgExample 2025-07-22T12:46:34+05:30 logger.go:67:     }
TestRunCustomsgExample 2025-07-22T12:46:34+05:30 logger.go:67: 
TestRunCustomsgExample 2025-07-22T12:46:34+05:30 logger.go:67: [1m  # module.ocp_base.null_resource.reset_api_key[0m will be created
TestRunCustomsgExample 2025-07-22T12:46:34+05:30 logger.go:67: [0m  [32m+[0m[0m resource "null_resource" "reset_api_key" {
TestRunCustomsgExample 2025-07-22T12:46:34+05:30 logger.go:67:       [32m+[0m[0m id = (known after apply)
TestRunCustomsgExample 2025-07-22T12:46:34+05:30 logger.go:67:     }
TestRunCustomsgExample 2025-07-22T12:46:34+05:30 logger.go:67: 
TestRunCustomsgExample 2025-07-22T12:46:34+05:30 logger.go:67: [1m  # module.ocp_base.module.attach_sg_to_api_vpe[0].ibm_is_security_group_target.sg_target[0][0m will be created
TestRunCustomsgExample 2025-07-22T12:46:34+05:30 logger.go:67: [0m  [32m+[0m[0m resource "ibm_is_security_group_target" "sg_target" {
TestRunCustomsgExample 2025-07-22T12:46:34+05:30 logger.go:67:       [32m+[0m[0m crn            = (known after apply)
TestRunCustomsgExample 2025-07-22T12:46:34+05:30 logger.go:67:       [32m+[0m[0m id             = (known after apply)
TestRunCustomsgExample 2025-07-22T12:46:34+05:30 logger.go:67:       [32m+[0m[0m name           = (known after apply)
TestRunCustomsgExample 2025-07-22T12:46:34+05:30 logger.go:67:       [32m+[0m[0m resource_type  = (known after apply)
TestRunCustomsgExample 2025-07-22T12:46:34+05:30 logger.go:67:       [32m+[0m[0m security_group = (known after apply)
TestRunCustomsgExample 2025-07-22T12:46:34+05:30 logger.go:67:       [32m+[0m[0m target         = (known after apply)
TestRunCustomsgExample 2025-07-22T12:46:34+05:30 logger.go:67:     }
TestRunCustomsgExample 2025-07-22T12:46:34+05:30 logger.go:67: 
TestRunCustomsgExample 2025-07-22T12:46:34+05:30 logger.go:67: [1m  # module.ocp_base.module.attach_sg_to_lb[0].ibm_is_security_group_target.sg_target[0][0m will be created
TestRunCustomsgExample 2025-07-22T12:46:34+05:30 logger.go:67: [0m  [32m+[0m[0m resource "ibm_is_security_group_target" "sg_target" {
TestRunCustomsgExample 2025-07-22T12:46:34+05:30 logger.go:67:       [32m+[0m[0m crn            = (known after apply)
TestRunCustomsgExample 2025-07-22T12:46:34+05:30 logger.go:67:       [32m+[0m[0m id             = (known after apply)
TestRunCustomsgExample 2025-07-22T12:46:34+05:30 logger.go:67:       [32m+[0m[0m name           = (known after apply)
TestRunCustomsgExample 2025-07-22T12:46:34+05:30 logger.go:67:       [32m+[0m[0m resource_type  = (known after apply)
TestRunCustomsgExample 2025-07-22T12:46:34+05:30 logger.go:67:       [32m+[0m[0m security_group = (known after apply)
TestRunCustomsgExample 2025-07-22T12:46:34+05:30 logger.go:67:       [32m+[0m[0m target         = (known after apply)
TestRunCustomsgExample 2025-07-22T12:46:34+05:30 logger.go:67:     }
TestRunCustomsgExample 2025-07-22T12:46:34+05:30 logger.go:67: 
TestRunCustomsgExample 2025-07-22T12:46:34+05:30 logger.go:67: [1m  # module.ocp_base.module.attach_sg_to_master_vpe[0].ibm_is_security_group_target.sg_target[0][0m will be created
TestRunCustomsgExample 2025-07-22T12:46:34+05:30 logger.go:67: [0m  [32m+[0m[0m resource "ibm_is_security_group_target" "sg_target" {
TestRunCustomsgExample 2025-07-22T12:46:34+05:30 logger.go:67:       [32m+[0m[0m crn            = (known after apply)
TestRunCustomsgExample 2025-07-22T12:46:34+05:30 logger.go:67:       [32m+[0m[0m id             = (known after apply)
TestRunCustomsgExample 2025-07-22T12:46:34+05:30 logger.go:67:       [32m+[0m[0m name           = (known after apply)
TestRunCustomsgExample 2025-07-22T12:46:34+05:30 logger.go:67:       [32m+[0m[0m resource_type  = (known after apply)
TestRunCustomsgExample 2025-07-22T12:46:34+05:30 logger.go:67:       [32m+[0m[0m security_group = (known after apply)
TestRunCustomsgExample 2025-07-22T12:46:34+05:30 logger.go:67:       [32m+[0m[0m target         = (known after apply)
TestRunCustomsgExample 2025-07-22T12:46:34+05:30 logger.go:67:     }
TestRunCustomsgExample 2025-07-22T12:46:34+05:30 logger.go:67: 
TestRunCustomsgExample 2025-07-22T12:46:34+05:30 logger.go:67: [1m  # module.ocp_base.module.attach_sg_to_registry_vpe[0].ibm_is_security_group_target.sg_target[0][0m will be created
TestRunCustomsgExample 2025-07-22T12:46:34+05:30 logger.go:67: [0m  [32m+[0m[0m resource "ibm_is_security_group_target" "sg_target" {
TestRunCustomsgExample 2025-07-22T12:46:34+05:30 logger.go:67:       [32m+[0m[0m crn            = (known after apply)
TestRunCustomsgExample 2025-07-22T12:46:34+05:30 logger.go:67:       [32m+[0m[0m id             = (known after apply)
TestRunCustomsgExample 2025-07-22T12:46:34+05:30 logger.go:67:       [32m+[0m[0m name           = (known after apply)
TestRunCustomsgExample 2025-07-22T12:46:34+05:30 logger.go:67:       [32m+[0m[0m resource_type  = (known after apply)
TestRunCustomsgExample 2025-07-22T12:46:34+05:30 logger.go:67:       [32m+[0m[0m security_group = (known after apply)
TestRunCustomsgExample 2025-07-22T12:46:34+05:30 logger.go:67:       [32m+[0m[0m target         = (known after apply)
TestRunCustomsgExample 2025-07-22T12:46:34+05:30 logger.go:67:     }
TestRunCustomsgExample 2025-07-22T12:46:34+05:30 logger.go:67: 
TestRunCustomsgExample 2025-07-22T12:46:34+05:30 logger.go:67: [1m  # module.ocp_base.module.cos_instance[0].ibm_resource_instance.cos_instance[0][0m will be created
TestRunCustomsgExample 2025-07-22T12:46:34+05:30 logger.go:67: [0m  [32m+[0m[0m resource "ibm_resource_instance" "cos_instance" {
TestRunCustomsgExample 2025-07-22T12:46:34+05:30 logger.go:67:       [32m+[0m[0m account_id              = (known after apply)
TestRunCustomsgExample 2025-07-22T12:46:34+05:30 logger.go:67:       [32m+[0m[0m allow_cleanup           = (known after apply)
TestRunCustomsgExample 2025-07-22T12:46:34+05:30 logger.go:67:       [32m+[0m[0m created_at              = (known after apply)
TestRunCustomsgExample 2025-07-22T12:46:34+05:30 logger.go:67:       [32m+[0m[0m created_by              = (known after apply)
TestRunCustomsgExample 2025-07-22T12:46:34+05:30 logger.go:67:       [32m+[0m[0m crn                     = (known after apply)
TestRunCustomsgExample 2025-07-22T12:46:34+05:30 logger.go:67:       [32m+[0m[0m dashboard_url           = (known after apply)
TestRunCustomsgExample 2025-07-22T12:46:34+05:30 logger.go:67:       [32m+[0m[0m deleted_at              = (known after apply)
TestRunCustomsgExample 2025-07-22T12:46:34+05:30 logger.go:67:       [32m+[0m[0m deleted_by              = (known after apply)
TestRunCustomsgExample 2025-07-22T12:46:34+05:30 logger.go:67:       [32m+[0m[0m extensions              = (known after apply)
TestRunCustomsgExample 2025-07-22T12:46:34+05:30 logger.go:67:       [32m+[0m[0m guid                    = (known after apply)
TestRunCustomsgExample 2025-07-22T12:46:34+05:30 logger.go:67:       [32m+[0m[0m id                      = (known after apply)
TestRunCustomsgExample 2025-07-22T12:46:34+05:30 logger.go:67:       [32m+[0m[0m last_operation          = (known after apply)
TestRunCustomsgExample 2025-07-22T12:46:34+05:30 logger.go:67:       [32m+[0m[0m location                = "global"
TestRunCustomsgExample 2025-07-22T12:46:34+05:30 logger.go:67:       [32m+[0m[0m locked                  = (known after apply)
TestRunCustomsgExample 2025-07-22T12:46:34+05:30 logger.go:67:       [32m+[0m[0m name                    = "base-ocp-customsg-fs5_cos"
TestRunCustomsgExample 2025-07-22T12:46:34+05:30 logger.go:67:       [32m+[0m[0m onetime_credentials     = (known after apply)
TestRunCustomsgExample 2025-07-22T12:46:34+05:30 logger.go:67:       [32m+[0m[0m plan                    = "standard"
TestRunCustomsgExample 2025-07-22T12:46:34+05:30 logger.go:67:       [32m+[0m[0m plan_history            = (known after apply)
TestRunCustomsgExample 2025-07-22T12:46:34+05:30 logger.go:67:       [32m+[0m[0m resource_aliases_url    = (known after apply)
TestRunCustomsgExample 2025-07-22T12:46:34+05:30 logger.go:67:       [32m+[0m[0m resource_bindings_url   = (known after apply)
TestRunCustomsgExample 2025-07-22T12:46:34+05:30 logger.go:67:       [32m+[0m[0m resource_controller_url = (known after apply)
TestRunCustomsgExample 2025-07-22T12:46:34+05:30 logger.go:67:       [32m+[0m[0m resource_crn            = (known after apply)
TestRunCustomsgExample 2025-07-22T12:46:34+05:30 logger.go:67:       [32m+[0m[0m resource_group_crn      = (known after apply)
TestRunCustomsgExample 2025-07-22T12:46:34+05:30 logger.go:67:       [32m+[0m[0m resource_group_id       = "ed293fd4909f4bc69b1e85324b8c39db"
TestRunCustomsgExample 2025-07-22T12:46:34+05:30 logger.go:67:       [32m+[0m[0m resource_group_name     = (known after apply)
TestRunCustomsgExample 2025-07-22T12:46:34+05:30 logger.go:67:       [32m+[0m[0m resource_id             = (known after apply)
TestRunCustomsgExample 2025-07-22T12:46:34+05:30 logger.go:67:       [32m+[0m[0m resource_keys_url       = (known after apply)
TestRunCustomsgExample 2025-07-22T12:46:34+05:30 logger.go:67:       [32m+[0m[0m resource_name           = (known after apply)
TestRunCustomsgExample 2025-07-22T12:46:34+05:30 logger.go:67:       [32m+[0m[0m resource_plan_id        = (known after apply)
TestRunCustomsgExample 2025-07-22T12:46:34+05:30 logger.go:67:       [32m+[0m[0m resource_status         = (known after apply)
TestRunCustomsgExample 2025-07-22T12:46:34+05:30 logger.go:67:       [32m+[0m[0m restored_at             = (known after apply)
TestRunCustomsgExample 2025-07-22T12:46:34+05:30 logger.go:67:       [32m+[0m[0m restored_by             = (known after apply)
TestRunCustomsgExample 2025-07-22T12:46:34+05:30 logger.go:67:       [32m+[0m[0m scheduled_reclaim_at    = (known after apply)
TestRunCustomsgExample 2025-07-22T12:46:34+05:30 logger.go:67:       [32m+[0m[0m scheduled_reclaim_by    = (known after apply)
TestRunCustomsgExample 2025-07-22T12:46:34+05:30 logger.go:67:       [32m+[0m[0m service                 = "cloud-object-storage"
TestRunCustomsgExample 2025-07-22T12:46:34+05:30 logger.go:67:       [32m+[0m[0m service_endpoints       = (known after apply)
TestRunCustomsgExample 2025-07-22T12:46:34+05:30 logger.go:67:       [32m+[0m[0m state                   = (known after apply)
TestRunCustomsgExample 2025-07-22T12:46:34+05:30 logger.go:67:       [32m+[0m[0m status                  = (known after apply)
TestRunCustomsgExample 2025-07-22T12:46:34+05:30 logger.go:67:       [32m+[0m[0m sub_type                = (known after apply)
TestRunCustomsgExample 2025-07-22T12:46:34+05:30 logger.go:67:       [32m+[0m[0m tags                    = (known after apply)
TestRunCustomsgExample 2025-07-22T12:46:34+05:30 logger.go:67:       [32m+[0m[0m target_crn              = (known after apply)
TestRunCustomsgExample 2025-07-22T12:46:34+05:30 logger.go:67:       [32m+[0m[0m type                    = (known after apply)
TestRunCustomsgExample 2025-07-22T12:46:34+05:30 logger.go:67:       [32m+[0m[0m update_at               = (known after apply)
TestRunCustomsgExample 2025-07-22T12:46:34+05:30 logger.go:67:       [32m+[0m[0m update_by               = (known after apply)
TestRunCustomsgExample 2025-07-22T12:46:34+05:30 logger.go:67:     }
TestRunCustomsgExample 2025-07-22T12:46:34+05:30 logger.go:67: 
TestRunCustomsgExample 2025-07-22T12:46:34+05:30 logger.go:67: [1mPlan:[0m 22 to add, 0 to change, 0 to destroy.
TestRunCustomsgExample 2025-07-22T12:46:34+05:30 logger.go:67: [0m
TestRunCustomsgExample 2025-07-22T12:46:34+05:30 logger.go:67: Changes to Outputs:
TestRunCustomsgExample 2025-07-22T12:46:34+05:30 logger.go:67:   [32m+[0m[0m cluster_name = "base-ocp-customsg-fs5"
TestRunCustomsgExample 2025-07-22T12:46:35+05:30 logger.go:67: [0m[1mmodule.ocp_base.null_resource.reset_api_key: Creating...[0m[0m
TestRunCustomsgExample 2025-07-22T12:46:35+05:30 logger.go:67: [0m[1mmodule.ocp_base.module.cos_instance[0].ibm_resource_instance.cos_instance[0]: Creating...[0m[0m
TestRunCustomsgExample 2025-07-22T12:46:35+05:30 logger.go:67: [0m[1mmodule.ocp_base.null_resource.reset_api_key: Provisioning with 'local-exec'...[0m[0m
TestRunCustomsgExample 2025-07-22T12:46:35+05:30 logger.go:67: [0m[1mmodule.ocp_base.null_resource.reset_api_key (local-exec):[0m [0mExecuting: ["/bin/bash" "-c" "../../scripts/reset_iks_api_key.sh jp-osa ed293fd4909f4bc69b1e85324b8c39db false default"]
TestRunCustomsgExample 2025-07-22T12:46:37+05:30 logger.go:67: [0m[1mmodule.ocp_base.null_resource.reset_api_key (local-exec):[0m [0mFound key named containers-kubernetes-key which covers clusters in jp-osa and resource group ID ed293fd4909f4bc69b1e85324b8c39db
TestRunCustomsgExample 2025-07-22T12:46:37+05:30 logger.go:67: [0m[1mibm_is_vpc.vpc: Creating...[0m[0m
TestRunCustomsgExample 2025-07-22T12:46:38+05:30 logger.go:67: [0m[1mmodule.ocp_base.null_resource.reset_api_key (local-exec):[0m [0mFound key named containers-kubernetes-key which covers clusters in jp-osa and resource group ID ed293fd4909f4bc69b1e85324b8c39db
TestRunCustomsgExample 2025-07-22T12:46:39+05:30 logger.go:67: [0m[1mmodule.ocp_base.null_resource.reset_api_key (local-exec):[0m [0mFound key named containers-kubernetes-key which covers clusters in jp-osa and resource group ID ed293fd4909f4bc69b1e85324b8c39db
TestRunCustomsgExample 2025-07-22T12:46:39+05:30 logger.go:67: [0m[1mmodule.ocp_base.null_resource.reset_api_key: Creation complete after 3s [id=3053990436515595810][0m
TestRunCustomsgExample 2025-07-22T12:46:45+05:30 logger.go:67: [0m[1mmodule.ocp_base.module.cos_instance[0].ibm_resource_instance.cos_instance[0]: Still creating... [10s elapsed][0m[0m
TestRunCustomsgExample 2025-07-22T12:46:47+05:30 logger.go:67: [0m[1mibm_is_vpc.vpc: Still creating... [10s elapsed][0m[0m
TestRunCustomsgExample 2025-07-22T12:46:52+05:30 logger.go:67: [0m[1mmodule.ocp_base.module.cos_instance[0].ibm_resource_instance.cos_instance[0]: Creation complete after 17s [id=crn:v1:bluemix:public:cloud-object-storage:global:a/abac0df06b644a9cabc6e44f55b3880e:f6a5c310-bcff-4d3e-92b6-fb05dc9a0f32::][0m
TestRunCustomsgExample 2025-07-22T12:46:52+05:30 logger.go:67: [0m[1mmodule.ocp_base.ibm_resource_tag.cos_access_tag[0]: Creating...[0m[0m
TestRunCustomsgExample 2025-07-22T12:46:57+05:30 logger.go:67: [0m[1mibm_is_vpc.vpc: Still creating... [20s elapsed][0m[0m
TestRunCustomsgExample 2025-07-22T12:47:02+05:30 logger.go:67: [0m[1mmodule.ocp_base.ibm_resource_tag.cos_access_tag[0]: Still creating... [10s elapsed][0m[0m
TestRunCustomsgExample 2025-07-22T12:47:04+05:30 logger.go:67: [0m[1mibm_is_vpc.vpc: Creation complete after 26s [id=r034-f81dad4a-280a-4ff0-823a-ba484b1fc3ea][0m
TestRunCustomsgExample 2025-07-22T12:47:04+05:30 logger.go:67: [0m[1mmodule.custom_sg["custom-cluster-sg"].ibm_is_security_group.sg[0]: Creating...[0m[0m
TestRunCustomsgExample 2025-07-22T12:47:04+05:30 logger.go:67: [0m[1mibm_is_public_gateway.gateway: Creating...[0m[0m
TestRunCustomsgExample 2025-07-22T12:47:04+05:30 logger.go:67: [0m[1mmodule.custom_sg["custom-lb-sg"].ibm_is_security_group.sg[0]: Creating...[0m[0m
TestRunCustomsgExample 2025-07-22T12:47:04+05:30 logger.go:67: [0m[1mmodule.custom_sg["custom-master-vpe-sg"].ibm_is_security_group.sg[0]: Creating...[0m[0m
TestRunCustomsgExample 2025-07-22T12:47:04+05:30 logger.go:67: [0m[1mmodule.custom_sg["custom-kube-api-vpe-sg"].ibm_is_security_group.sg[0]: Creating...[0m[0m
TestRunCustomsgExample 2025-07-22T12:47:04+05:30 logger.go:67: [0m[1mmodule.custom_sg["custom-registry-vpe-sg"].ibm_is_security_group.sg[0]: Creating...[0m[0m
TestRunCustomsgExample 2025-07-22T12:47:04+05:30 logger.go:67: [0m[1mmodule.custom_sg["custom-worker-pool-sg"].ibm_is_security_group.sg[0]: Creating...[0m[0m
TestRunCustomsgExample 2025-07-22T12:47:06+05:30 logger.go:67: [0m[1mmodule.custom_sg["custom-registry-vpe-sg"].ibm_is_security_group.sg[0]: Creation complete after 2s [id=r034-2b19a406-cbc4-4c1c-ae92-162291bdbdd7][0m
TestRunCustomsgExample 2025-07-22T12:47:06+05:30 logger.go:67: [0m[1mmodule.custom_sg["custom-master-vpe-sg"].ibm_is_security_group.sg[0]: Creation complete after 2s [id=r034-ab38f26e-b232-4e0c-82eb-077af0167d87][0m
TestRunCustomsgExample 2025-07-22T12:47:07+05:30 logger.go:67: [0m[1mmodule.custom_sg["custom-kube-api-vpe-sg"].ibm_is_security_group.sg[0]: Creation complete after 2s [id=r034-1eb1b040-5158-4dd7-ab9d-225267b43c89][0m
TestRunCustomsgExample 2025-07-22T12:47:07+05:30 logger.go:67: [0m[1mmodule.custom_sg["custom-cluster-sg"].ibm_is_security_group.sg[0]: Creation complete after 2s [id=r034-28b9e2d6-5176-4a66-aff7-89599c340129][0m
TestRunCustomsgExample 2025-07-22T12:47:07+05:30 logger.go:67: [0m[1mmodule.custom_sg["custom-lb-sg"].ibm_is_security_group.sg[0]: Creation complete after 3s [id=r034-294c73e6-6184-4aef-a812-0bd9df0cd1d7][0m
TestRunCustomsgExample 2025-07-22T12:47:10+05:30 logger.go:67: [0m[1mmodule.custom_sg["custom-worker-pool-sg"].ibm_is_security_group.sg[0]: Creation complete after 6s [id=r034-7ca77c7f-9294-461e-a18c-7ad1a0e00c1d][0m
TestRunCustomsgExample 2025-07-22T12:47:12+05:30 logger.go:67: [0m[1mmodule.ocp_base.ibm_resource_tag.cos_access_tag[0]: Still creating... [20s elapsed][0m[0m
TestRunCustomsgExample 2025-07-22T12:47:14+05:30 logger.go:67: [0m[1mibm_is_public_gateway.gateway: Still creating... [10s elapsed][0m[0m
TestRunCustomsgExample 2025-07-22T12:47:19+05:30 logger.go:67: [0m[1mibm_is_public_gateway.gateway: Creation complete after 15s [id=r034-aba80141-639c-4cf6-b5eb-c17c1a0fda2c][0m
TestRunCustomsgExample 2025-07-22T12:47:20+05:30 logger.go:67: [0m[1mibm_is_subnet.subnet_zone_1: Creating...[0m[0m
TestRunCustomsgExample 2025-07-22T12:47:22+05:30 logger.go:67: [0m[1mmodule.ocp_base.ibm_resource_tag.cos_access_tag[0]: Still creating... [30s elapsed][0m[0m
TestRunCustomsgExample 2025-07-22T12:47:24+05:30 logger.go:67: [0m[1mmodule.ocp_base.ibm_resource_tag.cos_access_tag[0]: Creation complete after 31s [id=crn:v1:bluemix:public:cloud-object-storage:global:a/abac0df06b644a9cabc6e44f55b3880e:f6a5c310-bcff-4d3e-92b6-fb05dc9a0f32::][0m
TestRunCustomsgExample 2025-07-22T12:47:30+05:30 logger.go:67: [0m[1mibm_is_subnet.subnet_zone_1: Still creating... [10s elapsed][0m[0m
TestRunCustomsgExample 2025-07-22T12:47:32+05:30 logger.go:67: [0m[1mibm_is_subnet.subnet_zone_1: Creation complete after 13s [id=02n7-df761470-ad53-4366-8ff9-10a64c8a391a][0m
TestRunCustomsgExample 2025-07-22T12:47:32+05:30 logger.go:67: [0m[1mmodule.ocp_base.ibm_container_vpc_cluster.cluster[0]: Creating...[0m[0m
TestRunCustomsgExample 2025-07-22T12:47:42+05:30 logger.go:67: [0m[1mmodule.ocp_base.ibm_container_vpc_cluster.cluster[0]: Still creating... [10s elapsed][0m[0m
TestRunCustomsgExample 2025-07-22T12:47:52+05:30 logger.go:67: [0m[1mmodule.ocp_base.ibm_container_vpc_cluster.cluster[0]: Still creating... [20s elapsed][0m[0m
TestRunCustomsgExample 2025-07-22T12:48:02+05:30 logger.go:67: [0m[1mmodule.ocp_base.ibm_container_vpc_cluster.cluster[0]: Still creating... [30s elapsed][0m[0m
TestRunCustomsgExample 2025-07-22T12:48:12+05:30 logger.go:67: [0m[1mmodule.ocp_base.ibm_container_vpc_cluster.cluster[0]: Still creating... [40s elapsed][0m[0m
TestRunCustomsgExample 2025-07-22T12:48:22+05:30 logger.go:67: [0m[1mmodule.ocp_base.ibm_container_vpc_cluster.cluster[0]: Still creating... [50s elapsed][0m[0m
TestRunCustomsgExample 2025-07-22T12:48:32+05:30 logger.go:67: [0m[1mmodule.ocp_base.ibm_container_vpc_cluster.cluster[0]: Still creating... [1m0s elapsed][0m[0m
TestRunCustomsgExample 2025-07-22T12:48:42+05:30 logger.go:67: [0m[1mmodule.ocp_base.ibm_container_vpc_cluster.cluster[0]: Still creating... [1m10s elapsed][0m[0m
TestRunCustomsgExample 2025-07-22T12:48:52+05:30 logger.go:67: [0m[1mmodule.ocp_base.ibm_container_vpc_cluster.cluster[0]: Still creating... [1m20s elapsed][0m[0m
TestRunCustomsgExample 2025-07-22T12:49:02+05:30 logger.go:67: [0m[1mmodule.ocp_base.ibm_container_vpc_cluster.cluster[0]: Still creating... [1m30s elapsed][0m[0m
TestRunCustomsgExample 2025-07-22T12:49:12+05:30 logger.go:67: [0m[1mmodule.ocp_base.ibm_container_vpc_cluster.cluster[0]: Still creating... [1m40s elapsed][0m[0m
TestRunCustomsgExample 2025-07-22T12:49:22+05:30 logger.go:67: [0m[1mmodule.ocp_base.ibm_container_vpc_cluster.cluster[0]: Still creating... [1m50s elapsed][0m[0m
TestRunCustomsgExample 2025-07-22T12:49:32+05:30 logger.go:67: [0m[1mmodule.ocp_base.ibm_container_vpc_cluster.cluster[0]: Still creating... [2m0s elapsed][0m[0m
TestRunCustomsgExample 2025-07-22T12:49:42+05:30 logger.go:67: [0m[1mmodule.ocp_base.ibm_container_vpc_cluster.cluster[0]: Still creating... [2m10s elapsed][0m[0m
TestRunCustomsgExample 2025-07-22T12:49:52+05:30 logger.go:67: [0m[1mmodule.ocp_base.ibm_container_vpc_cluster.cluster[0]: Still creating... [2m20s elapsed][0m[0m
TestRunCustomsgExample 2025-07-22T12:50:02+05:30 logger.go:67: [0m[1mmodule.ocp_base.ibm_container_vpc_cluster.cluster[0]: Still creating... [2m30s elapsed][0m[0m
TestRunCustomsgExample 2025-07-22T12:50:12+05:30 logger.go:67: [0m[1mmodule.ocp_base.ibm_container_vpc_cluster.cluster[0]: Still creating... [2m40s elapsed][0m[0m
TestRunCustomsgExample 2025-07-22T12:50:22+05:30 logger.go:67: [0m[1mmodule.ocp_base.ibm_container_vpc_cluster.cluster[0]: Still creating... [2m50s elapsed][0m[0m
TestRunCustomsgExample 2025-07-22T12:50:32+05:30 logger.go:67: [0m[1mmodule.ocp_base.ibm_container_vpc_cluster.cluster[0]: Still creating... [3m0s elapsed][0m[0m
TestRunCustomsgExample 2025-07-22T12:50:42+05:30 logger.go:67: [0m[1mmodule.ocp_base.ibm_container_vpc_cluster.cluster[0]: Still creating... [3m10s elapsed][0m[0m
TestRunCustomsgExample 2025-07-22T12:50:52+05:30 logger.go:67: [0m[1mmodule.ocp_base.ibm_container_vpc_cluster.cluster[0]: Still creating... [3m20s elapsed][0m[0m
TestRunCustomsgExample 2025-07-22T12:51:02+05:30 logger.go:67: [0m[1mmodule.ocp_base.ibm_container_vpc_cluster.cluster[0]: Still creating... [3m30s elapsed][0m[0m
TestRunCustomsgExample 2025-07-22T12:51:12+05:30 logger.go:67: [0m[1mmodule.ocp_base.ibm_container_vpc_cluster.cluster[0]: Still creating... [3m40s elapsed][0m[0m
TestRunCustomsgExample 2025-07-22T12:51:22+05:30 logger.go:67: [0m[1mmodule.ocp_base.ibm_container_vpc_cluster.cluster[0]: Still creating... [3m50s elapsed][0m[0m
TestRunCustomsgExample 2025-07-22T12:51:32+05:30 logger.go:67: [0m[1mmodule.ocp_base.ibm_container_vpc_cluster.cluster[0]: Still creating... [4m0s elapsed][0m[0m
TestRunCustomsgExample 2025-07-22T12:51:42+05:30 logger.go:67: [0m[1mmodule.ocp_base.ibm_container_vpc_cluster.cluster[0]: Still creating... [4m10s elapsed][0m[0m
TestRunCustomsgExample 2025-07-22T12:51:52+05:30 logger.go:67: [0m[1mmodule.ocp_base.ibm_container_vpc_cluster.cluster[0]: Still creating... [4m20s elapsed][0m[0m
TestRunCustomsgExample 2025-07-22T12:52:02+05:30 logger.go:67: [0m[1mmodule.ocp_base.ibm_container_vpc_cluster.cluster[0]: Still creating... [4m30s elapsed][0m[0m
TestRunCustomsgExample 2025-07-22T12:52:12+05:30 logger.go:67: [0m[1mmodule.ocp_base.ibm_container_vpc_cluster.cluster[0]: Still creating... [4m40s elapsed][0m[0m
TestRunCustomsgExample 2025-07-22T12:52:22+05:30 logger.go:67: [0m[1mmodule.ocp_base.ibm_container_vpc_cluster.cluster[0]: Still creating... [4m50s elapsed][0m[0m
TestRunCustomsgExample 2025-07-22T12:52:32+05:30 logger.go:67: [0m[1mmodule.ocp_base.ibm_container_vpc_cluster.cluster[0]: Still creating... [5m0s elapsed][0m[0m
TestRunCustomsgExample 2025-07-22T12:52:42+05:30 logger.go:67: [0m[1mmodule.ocp_base.ibm_container_vpc_cluster.cluster[0]: Still creating... [5m10s elapsed][0m[0m
TestRunCustomsgExample 2025-07-22T12:52:52+05:30 logger.go:67: [0m[1mmodule.ocp_base.ibm_container_vpc_cluster.cluster[0]: Still creating... [5m20s elapsed][0m[0m
TestRunCustomsgExample 2025-07-22T12:53:02+05:30 logger.go:67: [0m[1mmodule.ocp_base.ibm_container_vpc_cluster.cluster[0]: Still creating... [5m30s elapsed][0m[0m
TestRunCustomsgExample 2025-07-22T12:53:12+05:30 logger.go:67: [0m[1mmodule.ocp_base.ibm_container_vpc_cluster.cluster[0]: Still creating... [5m40s elapsed][0m[0m
TestRunCustomsgExample 2025-07-22T12:53:22+05:30 logger.go:67: [0m[1mmodule.ocp_base.ibm_container_vpc_cluster.cluster[0]: Still creating... [5m50s elapsed][0m[0m
TestRunCustomsgExample 2025-07-22T12:53:32+05:30 logger.go:67: [0m[1mmodule.ocp_base.ibm_container_vpc_cluster.cluster[0]: Still creating... [6m0s elapsed][0m[0m
TestRunCustomsgExample 2025-07-22T12:53:42+05:30 logger.go:67: [0m[1mmodule.ocp_base.ibm_container_vpc_cluster.cluster[0]: Still creating... [6m10s elapsed][0m[0m
TestRunCustomsgExample 2025-07-22T12:53:52+05:30 logger.go:67: [0m[1mmodule.ocp_base.ibm_container_vpc_cluster.cluster[0]: Still creating... [6m20s elapsed][0m[0m
TestRunCustomsgExample 2025-07-22T12:54:02+05:30 logger.go:67: [0m[1mmodule.ocp_base.ibm_container_vpc_cluster.cluster[0]: Still creating... [6m30s elapsed][0m[0m
TestRunCustomsgExample 2025-07-22T12:54:12+05:30 logger.go:67: [0m[1mmodule.ocp_base.ibm_container_vpc_cluster.cluster[0]: Still creating... [6m40s elapsed][0m[0m
TestRunCustomsgExample 2025-07-22T12:54:23+05:30 logger.go:67: [0m[1mmodule.ocp_base.ibm_container_vpc_cluster.cluster[0]: Still creating... [6m50s elapsed][0m[0m
TestRunCustomsgExample 2025-07-22T12:54:33+05:30 logger.go:67: [0m[1mmodule.ocp_base.ibm_container_vpc_cluster.cluster[0]: Still creating... [7m0s elapsed][0m[0m
TestRunCustomsgExample 2025-07-22T12:54:43+05:30 logger.go:67: [0m[1mmodule.ocp_base.ibm_container_vpc_cluster.cluster[0]: Still creating... [7m10s elapsed][0m[0m
TestRunCustomsgExample 2025-07-22T12:54:53+05:30 logger.go:67: [0m[1mmodule.ocp_base.ibm_container_vpc_cluster.cluster[0]: Still creating... [7m20s elapsed][0m[0m
TestRunCustomsgExample 2025-07-22T12:55:03+05:30 logger.go:67: [0m[1mmodule.ocp_base.ibm_container_vpc_cluster.cluster[0]: Still creating... [7m30s elapsed][0m[0m
TestRunCustomsgExample 2025-07-22T12:55:13+05:30 logger.go:67: [0m[1mmodule.ocp_base.ibm_container_vpc_cluster.cluster[0]: Still creating... [7m40s elapsed][0m[0m
TestRunCustomsgExample 2025-07-22T12:55:23+05:30 logger.go:67: [0m[1mmodule.ocp_base.ibm_container_vpc_cluster.cluster[0]: Still creating... [7m50s elapsed][0m[0m
TestRunCustomsgExample 2025-07-22T12:55:33+05:30 logger.go:67: [0m[1mmodule.ocp_base.ibm_container_vpc_cluster.cluster[0]: Still creating... [8m0s elapsed][0m[0m
TestRunCustomsgExample 2025-07-22T12:55:43+05:30 logger.go:67: [0m[1mmodule.ocp_base.ibm_container_vpc_cluster.cluster[0]: Still creating... [8m10s elapsed][0m[0m
TestRunCustomsgExample 2025-07-22T12:55:53+05:30 logger.go:67: [0m[1mmodule.ocp_base.ibm_container_vpc_cluster.cluster[0]: Still creating... [8m20s elapsed][0m[0m
TestRunCustomsgExample 2025-07-22T12:56:03+05:30 logger.go:67: [0m[1mmodule.ocp_base.ibm_container_vpc_cluster.cluster[0]: Still creating... [8m30s elapsed][0m[0m
TestRunCustomsgExample 2025-07-22T12:56:13+05:30 logger.go:67: [0m[1mmodule.ocp_base.ibm_container_vpc_cluster.cluster[0]: Still creating... [8m40s elapsed][0m[0m
TestRunCustomsgExample 2025-07-22T12:56:23+05:30 logger.go:67: [0m[1mmodule.ocp_base.ibm_container_vpc_cluster.cluster[0]: Still creating... [8m50s elapsed][0m[0m
TestRunCustomsgExample 2025-07-22T12:56:33+05:30 logger.go:67: [0m[1mmodule.ocp_base.ibm_container_vpc_cluster.cluster[0]: Still creating... [9m0s elapsed][0m[0m
TestRunCustomsgExample 2025-07-22T12:56:43+05:30 logger.go:67: [0m[1mmodule.ocp_base.ibm_container_vpc_cluster.cluster[0]: Still creating... [9m10s elapsed][0m[0m
TestRunCustomsgExample 2025-07-22T12:56:53+05:30 logger.go:67: [0m[1mmodule.ocp_base.ibm_container_vpc_cluster.cluster[0]: Still creating... [9m20s elapsed][0m[0m
TestRunCustomsgExample 2025-07-22T12:57:03+05:30 logger.go:67: [0m[1mmodule.ocp_base.ibm_container_vpc_cluster.cluster[0]: Still creating... [9m30s elapsed][0m[0m
TestRunCustomsgExample 2025-07-22T12:57:13+05:30 logger.go:67: [0m[1mmodule.ocp_base.ibm_container_vpc_cluster.cluster[0]: Still creating... [9m40s elapsed][0m[0m
TestRunCustomsgExample 2025-07-22T12:57:23+05:30 logger.go:67: [0m[1mmodule.ocp_base.ibm_container_vpc_cluster.cluster[0]: Still creating... [9m50s elapsed][0m[0m
TestRunCustomsgExample 2025-07-22T12:57:33+05:30 logger.go:67: [0m[1mmodule.ocp_base.ibm_container_vpc_cluster.cluster[0]: Still creating... [10m0s elapsed][0m[0m
TestRunCustomsgExample 2025-07-22T12:57:43+05:30 logger.go:67: [0m[1mmodule.ocp_base.ibm_container_vpc_cluster.cluster[0]: Still creating... [10m10s elapsed][0m[0m
TestRunCustomsgExample 2025-07-22T12:57:53+05:30 logger.go:67: [0m[1mmodule.ocp_base.ibm_container_vpc_cluster.cluster[0]: Still creating... [10m20s elapsed][0m[0m
TestRunCustomsgExample 2025-07-22T12:58:03+05:30 logger.go:67: [0m[1mmodule.ocp_base.ibm_container_vpc_cluster.cluster[0]: Still creating... [10m30s elapsed][0m[0m
TestRunCustomsgExample 2025-07-22T12:58:13+05:30 logger.go:67: [0m[1mmodule.ocp_base.ibm_container_vpc_cluster.cluster[0]: Still creating... [10m40s elapsed][0m[0m
TestRunCustomsgExample 2025-07-22T12:58:23+05:30 logger.go:67: [0m[1mmodule.ocp_base.ibm_container_vpc_cluster.cluster[0]: Still creating... [10m50s elapsed][0m[0m
TestRunCustomsgExample 2025-07-22T12:58:33+05:30 logger.go:67: [0m[1mmodule.ocp_base.ibm_container_vpc_cluster.cluster[0]: Still creating... [11m0s elapsed][0m[0m
TestRunCustomsgExample 2025-07-22T12:58:43+05:30 logger.go:67: [0m[1mmodule.ocp_base.ibm_container_vpc_cluster.cluster[0]: Still creating... [11m10s elapsed][0m[0m
TestRunCustomsgExample 2025-07-22T12:58:53+05:30 logger.go:67: [0m[1mmodule.ocp_base.ibm_container_vpc_cluster.cluster[0]: Still creating... [11m20s elapsed][0m[0m
TestRunCustomsgExample 2025-07-22T12:59:03+05:30 logger.go:67: [0m[1mmodule.ocp_base.ibm_container_vpc_cluster.cluster[0]: Still creating... [11m30s elapsed][0m[0m
TestRunCustomsgExample 2025-07-22T12:59:13+05:30 logger.go:67: [0m[1mmodule.ocp_base.ibm_container_vpc_cluster.cluster[0]: Still creating... [11m40s elapsed][0m[0m
TestRunCustomsgExample 2025-07-22T12:59:23+05:30 logger.go:67: [0m[1mmodule.ocp_base.ibm_container_vpc_cluster.cluster[0]: Still creating... [11m50s elapsed][0m[0m
TestRunCustomsgExample 2025-07-22T12:59:33+05:30 logger.go:67: [0m[1mmodule.ocp_base.ibm_container_vpc_cluster.cluster[0]: Still creating... [12m0s elapsed][0m[0m
TestRunCustomsgExample 2025-07-22T12:59:43+05:30 logger.go:67: [0m[1mmodule.ocp_base.ibm_container_vpc_cluster.cluster[0]: Still creating... [12m10s elapsed][0m[0m
TestRunCustomsgExample 2025-07-22T12:59:53+05:30 logger.go:67: [0m[1mmodule.ocp_base.ibm_container_vpc_cluster.cluster[0]: Still creating... [12m20s elapsed][0m[0m
TestRunCustomsgExample 2025-07-22T13:00:03+05:30 logger.go:67: [0m[1mmodule.ocp_base.ibm_container_vpc_cluster.cluster[0]: Still creating... [12m30s elapsed][0m[0m
TestRunCustomsgExample 2025-07-22T13:00:13+05:30 logger.go:67: [0m[1mmodule.ocp_base.ibm_container_vpc_cluster.cluster[0]: Still creating... [12m40s elapsed][0m[0m
TestRunCustomsgExample 2025-07-22T13:00:23+05:30 logger.go:67: [0m[1mmodule.ocp_base.ibm_container_vpc_cluster.cluster[0]: Still creating... [12m50s elapsed][0m[0m
TestRunCustomsgExample 2025-07-22T13:00:33+05:30 logger.go:67: [0m[1mmodule.ocp_base.ibm_container_vpc_cluster.cluster[0]: Still creating... [13m0s elapsed][0m[0m
TestRunCustomsgExample 2025-07-22T13:00:43+05:30 logger.go:67: [0m[1mmodule.ocp_base.ibm_container_vpc_cluster.cluster[0]: Still creating... [13m10s elapsed][0m[0m
TestRunCustomsgExample 2025-07-22T13:00:53+05:30 logger.go:67: [0m[1mmodule.ocp_base.ibm_container_vpc_cluster.cluster[0]: Still creating... [13m20s elapsed][0m[0m
TestRunCustomsgExample 2025-07-22T13:01:03+05:30 logger.go:67: [0m[1mmodule.ocp_base.ibm_container_vpc_cluster.cluster[0]: Still creating... [13m30s elapsed][0m[0m
TestRunCustomsgExample 2025-07-22T13:01:13+05:30 logger.go:67: [0m[1mmodule.ocp_base.ibm_container_vpc_cluster.cluster[0]: Still creating... [13m40s elapsed][0m[0m
TestRunCustomsgExample 2025-07-22T13:01:23+05:30 logger.go:67: [0m[1mmodule.ocp_base.ibm_container_vpc_cluster.cluster[0]: Still creating... [13m50s elapsed][0m[0m
TestRunCustomsgExample 2025-07-22T13:01:33+05:30 logger.go:67: [0m[1mmodule.ocp_base.ibm_container_vpc_cluster.cluster[0]: Still creating... [14m0s elapsed][0m[0m
TestRunCustomsgExample 2025-07-22T13:01:43+05:30 logger.go:67: [0m[1mmodule.ocp_base.ibm_container_vpc_cluster.cluster[0]: Still creating... [14m10s elapsed][0m[0m
TestRunCustomsgExample 2025-07-22T13:01:53+05:30 logger.go:67: [0m[1mmodule.ocp_base.ibm_container_vpc_cluster.cluster[0]: Still creating... [14m20s elapsed][0m[0m
TestRunCustomsgExample 2025-07-22T13:02:03+05:30 logger.go:67: [0m[1mmodule.ocp_base.ibm_container_vpc_cluster.cluster[0]: Still creating... [14m30s elapsed][0m[0m
TestRunCustomsgExample 2025-07-22T13:02:13+05:30 logger.go:67: [0m[1mmodule.ocp_base.ibm_container_vpc_cluster.cluster[0]: Still creating... [14m40s elapsed][0m[0m
TestRunCustomsgExample 2025-07-22T13:02:23+05:30 logger.go:67: [0m[1mmodule.ocp_base.ibm_container_vpc_cluster.cluster[0]: Still creating... [14m50s elapsed][0m[0m
TestRunCustomsgExample 2025-07-22T13:02:33+05:30 logger.go:67: [0m[1mmodule.ocp_base.ibm_container_vpc_cluster.cluster[0]: Still creating... [15m0s elapsed][0m[0m
TestRunCustomsgExample 2025-07-22T13:02:43+05:30 logger.go:67: [0m[1mmodule.ocp_base.ibm_container_vpc_cluster.cluster[0]: Still creating... [15m10s elapsed][0m[0m
TestRunCustomsgExample 2025-07-22T13:02:53+05:30 logger.go:67: [0m[1mmodule.ocp_base.ibm_container_vpc_cluster.cluster[0]: Still creating... [15m20s elapsed][0m[0m
TestRunCustomsgExample 2025-07-22T13:03:03+05:30 logger.go:67: [0m[1mmodule.ocp_base.ibm_container_vpc_cluster.cluster[0]: Still creating... [15m30s elapsed][0m[0m
TestRunCustomsgExample 2025-07-22T13:03:13+05:30 logger.go:67: [0m[1mmodule.ocp_base.ibm_container_vpc_cluster.cluster[0]: Still creating... [15m40s elapsed][0m[0m
TestRunCustomsgExample 2025-07-22T13:03:23+05:30 logger.go:67: [0m[1mmodule.ocp_base.ibm_container_vpc_cluster.cluster[0]: Still creating... [15m50s elapsed][0m[0m
TestRunCustomsgExample 2025-07-22T13:03:33+05:30 logger.go:67: [0m[1mmodule.ocp_base.ibm_container_vpc_cluster.cluster[0]: Still creating... [16m0s elapsed][0m[0m
TestRunCustomsgExample 2025-07-22T13:03:43+05:30 logger.go:67: [0m[1mmodule.ocp_base.ibm_container_vpc_cluster.cluster[0]: Still creating... [16m10s elapsed][0m[0m
TestRunCustomsgExample 2025-07-22T13:03:53+05:30 logger.go:67: [0m[1mmodule.ocp_base.ibm_container_vpc_cluster.cluster[0]: Still creating... [16m20s elapsed][0m[0m
TestRunCustomsgExample 2025-07-22T13:04:03+05:30 logger.go:67: [0m[1mmodule.ocp_base.ibm_container_vpc_cluster.cluster[0]: Still creating... [16m30s elapsed][0m[0m
TestRunCustomsgExample 2025-07-22T13:04:13+05:30 logger.go:67: [0m[1mmodule.ocp_base.ibm_container_vpc_cluster.cluster[0]: Still creating... [16m40s elapsed][0m[0m
TestRunCustomsgExample 2025-07-22T13:04:23+05:30 logger.go:67: [0m[1mmodule.ocp_base.ibm_container_vpc_cluster.cluster[0]: Still creating... [16m50s elapsed][0m[0m
TestRunCustomsgExample 2025-07-22T13:04:33+05:30 logger.go:67: [0m[1mmodule.ocp_base.ibm_container_vpc_cluster.cluster[0]: Still creating... [17m0s elapsed][0m[0m
TestRunCustomsgExample 2025-07-22T13:04:43+05:30 logger.go:67: [0m[1mmodule.ocp_base.ibm_container_vpc_cluster.cluster[0]: Still creating... [17m10s elapsed][0m[0m
TestRunCustomsgExample 2025-07-22T13:04:53+05:30 logger.go:67: [0m[1mmodule.ocp_base.ibm_container_vpc_cluster.cluster[0]: Still creating... [17m20s elapsed][0m[0m
TestRunCustomsgExample 2025-07-22T13:05:03+05:30 logger.go:67: [0m[1mmodule.ocp_base.ibm_container_vpc_cluster.cluster[0]: Still creating... [17m30s elapsed][0m[0m
TestRunCustomsgExample 2025-07-22T13:05:13+05:30 logger.go:67: [0m[1mmodule.ocp_base.ibm_container_vpc_cluster.cluster[0]: Still creating... [17m40s elapsed][0m[0m
TestRunCustomsgExample 2025-07-22T13:05:23+05:30 logger.go:67: [0m[1mmodule.ocp_base.ibm_container_vpc_cluster.cluster[0]: Still creating... [17m50s elapsed][0m[0m
TestRunCustomsgExample 2025-07-22T13:05:33+05:30 logger.go:67: [0m[1mmodule.ocp_base.ibm_container_vpc_cluster.cluster[0]: Still creating... [18m0s elapsed][0m[0m
TestRunCustomsgExample 2025-07-22T13:05:43+05:30 logger.go:67: [0m[1mmodule.ocp_base.ibm_container_vpc_cluster.cluster[0]: Still creating... [18m10s elapsed][0m[0m
TestRunCustomsgExample 2025-07-22T13:05:53+05:30 logger.go:67: [0m[1mmodule.ocp_base.ibm_container_vpc_cluster.cluster[0]: Still creating... [18m20s elapsed][0m[0m
TestRunCustomsgExample 2025-07-22T13:06:03+05:30 logger.go:67: [0m[1mmodule.ocp_base.ibm_container_vpc_cluster.cluster[0]: Still creating... [18m30s elapsed][0m[0m
TestRunCustomsgExample 2025-07-22T13:06:13+05:30 logger.go:67: [0m[1mmodule.ocp_base.ibm_container_vpc_cluster.cluster[0]: Still creating... [18m40s elapsed][0m[0m
TestRunCustomsgExample 2025-07-22T13:06:23+05:30 logger.go:67: [0m[1mmodule.ocp_base.ibm_container_vpc_cluster.cluster[0]: Still creating... [18m50s elapsed][0m[0m
TestRunCustomsgExample 2025-07-22T13:06:33+05:30 logger.go:67: [0m[1mmodule.ocp_base.ibm_container_vpc_cluster.cluster[0]: Still creating... [19m0s elapsed][0m[0m
TestRunCustomsgExample 2025-07-22T13:06:43+05:30 logger.go:67: [0m[1mmodule.ocp_base.ibm_container_vpc_cluster.cluster[0]: Still creating... [19m10s elapsed][0m[0m
TestRunCustomsgExample 2025-07-22T13:06:53+05:30 logger.go:67: [0m[1mmodule.ocp_base.ibm_container_vpc_cluster.cluster[0]: Still creating... [19m20s elapsed][0m[0m
TestRunCustomsgExample 2025-07-22T13:07:03+05:30 logger.go:67: [0m[1mmodule.ocp_base.ibm_container_vpc_cluster.cluster[0]: Still creating... [19m30s elapsed][0m[0m
TestRunCustomsgExample 2025-07-22T13:07:13+05:30 logger.go:67: [0m[1mmodule.ocp_base.ibm_container_vpc_cluster.cluster[0]: Still creating... [19m40s elapsed][0m[0m
TestRunCustomsgExample 2025-07-22T13:07:23+05:30 logger.go:67: [0m[1mmodule.ocp_base.ibm_container_vpc_cluster.cluster[0]: Still creating... [19m50s elapsed][0m[0m
TestRunCustomsgExample 2025-07-22T13:07:33+05:30 logger.go:67: [0m[1mmodule.ocp_base.ibm_container_vpc_cluster.cluster[0]: Still creating... [20m0s elapsed][0m[0m
TestRunCustomsgExample 2025-07-22T13:07:43+05:30 logger.go:67: [0m[1mmodule.ocp_base.ibm_container_vpc_cluster.cluster[0]: Still creating... [20m10s elapsed][0m[0m
TestRunCustomsgExample 2025-07-22T13:07:53+05:30 logger.go:67: [0m[1mmodule.ocp_base.ibm_container_vpc_cluster.cluster[0]: Still creating... [20m20s elapsed][0m[0m
TestRunCustomsgExample 2025-07-22T13:08:03+05:30 logger.go:67: [0m[1mmodule.ocp_base.ibm_container_vpc_cluster.cluster[0]: Still creating... [20m30s elapsed][0m[0m
TestRunCustomsgExample 2025-07-22T13:08:13+05:30 logger.go:67: [0m[1mmodule.ocp_base.ibm_container_vpc_cluster.cluster[0]: Still creating... [20m40s elapsed][0m[0m
TestRunCustomsgExample 2025-07-22T13:08:23+05:30 logger.go:67: [0m[1mmodule.ocp_base.ibm_container_vpc_cluster.cluster[0]: Still creating... [20m50s elapsed][0m[0m
TestRunCustomsgExample 2025-07-22T13:08:33+05:30 logger.go:67: [0m[1mmodule.ocp_base.ibm_container_vpc_cluster.cluster[0]: Still creating... [21m0s elapsed][0m[0m
TestRunCustomsgExample 2025-07-22T13:08:43+05:30 logger.go:67: [0m[1mmodule.ocp_base.ibm_container_vpc_cluster.cluster[0]: Still creating... [21m10s elapsed][0m[0m
TestRunCustomsgExample 2025-07-22T13:08:53+05:30 logger.go:67: [0m[1mmodule.ocp_base.ibm_container_vpc_cluster.cluster[0]: Still creating... [21m20s elapsed][0m[0m
TestRunCustomsgExample 2025-07-22T13:09:03+05:30 logger.go:67: [0m[1mmodule.ocp_base.ibm_container_vpc_cluster.cluster[0]: Still creating... [21m30s elapsed][0m[0m
TestRunCustomsgExample 2025-07-22T13:09:13+05:30 logger.go:67: [0m[1mmodule.ocp_base.ibm_container_vpc_cluster.cluster[0]: Still creating... [21m40s elapsed][0m[0m
TestRunCustomsgExample 2025-07-22T13:09:23+05:30 logger.go:67: [0m[1mmodule.ocp_base.ibm_container_vpc_cluster.cluster[0]: Still creating... [21m50s elapsed][0m[0m
TestRunCustomsgExample 2025-07-22T13:09:33+05:30 logger.go:67: [0m[1mmodule.ocp_base.ibm_container_vpc_cluster.cluster[0]: Still creating... [22m0s elapsed][0m[0m
TestRunCustomsgExample 2025-07-22T13:09:43+05:30 logger.go:67: [0m[1mmodule.ocp_base.ibm_container_vpc_cluster.cluster[0]: Still creating... [22m10s elapsed][0m[0m
TestRunCustomsgExample 2025-07-22T13:09:53+05:30 logger.go:67: [0m[1mmodule.ocp_base.ibm_container_vpc_cluster.cluster[0]: Still creating... [22m20s elapsed][0m[0m
TestRunCustomsgExample 2025-07-22T13:10:03+05:30 logger.go:67: [0m[1mmodule.ocp_base.ibm_container_vpc_cluster.cluster[0]: Still creating... [22m30s elapsed][0m[0m
TestRunCustomsgExample 2025-07-22T13:10:13+05:30 logger.go:67: [0m[1mmodule.ocp_base.ibm_container_vpc_cluster.cluster[0]: Still creating... [22m40s elapsed][0m[0m
TestRunCustomsgExample 2025-07-22T13:10:23+05:30 logger.go:67: [0m[1mmodule.ocp_base.ibm_container_vpc_cluster.cluster[0]: Still creating... [22m50s elapsed][0m[0m
TestRunCustomsgExample 2025-07-22T13:10:33+05:30 logger.go:67: [0m[1mmodule.ocp_base.ibm_container_vpc_cluster.cluster[0]: Still creating... [23m0s elapsed][0m[0m
TestRunCustomsgExample 2025-07-22T13:10:43+05:30 logger.go:67: [0m[1mmodule.ocp_base.ibm_container_vpc_cluster.cluster[0]: Still creating... [23m10s elapsed][0m[0m
TestRunCustomsgExample 2025-07-22T13:10:53+05:30 logger.go:67: [0m[1mmodule.ocp_base.ibm_container_vpc_cluster.cluster[0]: Still creating... [23m20s elapsed][0m[0m
TestRunCustomsgExample 2025-07-22T13:11:03+05:30 logger.go:67: [0m[1mmodule.ocp_base.ibm_container_vpc_cluster.cluster[0]: Still creating... [23m30s elapsed][0m[0m
TestRunCustomsgExample 2025-07-22T13:11:13+05:30 logger.go:67: [0m[1mmodule.ocp_base.ibm_container_vpc_cluster.cluster[0]: Still creating... [23m40s elapsed][0m[0m
TestRunCustomsgExample 2025-07-22T13:11:23+05:30 logger.go:67: [0m[1mmodule.ocp_base.ibm_container_vpc_cluster.cluster[0]: Still creating... [23m50s elapsed][0m[0m
TestRunCustomsgExample 2025-07-22T13:11:33+05:30 logger.go:67: [0m[1mmodule.ocp_base.ibm_container_vpc_cluster.cluster[0]: Still creating... [24m0s elapsed][0m[0m
TestRunCustomsgExample 2025-07-22T13:11:43+05:30 logger.go:67: [0m[1mmodule.ocp_base.ibm_container_vpc_cluster.cluster[0]: Still creating... [24m10s elapsed][0m[0m
TestRunCustomsgExample 2025-07-22T13:11:53+05:30 logger.go:67: [0m[1mmodule.ocp_base.ibm_container_vpc_cluster.cluster[0]: Still creating... [24m20s elapsed][0m[0m
TestRunCustomsgExample 2025-07-22T13:12:03+05:30 logger.go:67: [0m[1mmodule.ocp_base.ibm_container_vpc_cluster.cluster[0]: Still creating... [24m30s elapsed][0m[0m
TestRunCustomsgExample 2025-07-22T13:12:13+05:30 logger.go:67: [0m[1mmodule.ocp_base.ibm_container_vpc_cluster.cluster[0]: Still creating... [24m40s elapsed][0m[0m
TestRunCustomsgExample 2025-07-22T13:12:23+05:30 logger.go:67: [0m[1mmodule.ocp_base.ibm_container_vpc_cluster.cluster[0]: Still creating... [24m50s elapsed][0m[0m
TestRunCustomsgExample 2025-07-22T13:12:33+05:30 logger.go:67: [0m[1mmodule.ocp_base.ibm_container_vpc_cluster.cluster[0]: Still creating... [25m0s elapsed][0m[0m
TestRunCustomsgExample 2025-07-22T13:12:43+05:30 logger.go:67: [0m[1mmodule.ocp_base.ibm_container_vpc_cluster.cluster[0]: Still creating... [25m10s elapsed][0m[0m
TestRunCustomsgExample 2025-07-22T13:12:53+05:30 logger.go:67: [0m[1mmodule.ocp_base.ibm_container_vpc_cluster.cluster[0]: Still creating... [25m20s elapsed][0m[0m
TestRunCustomsgExample 2025-07-22T13:13:03+05:30 logger.go:67: [0m[1mmodule.ocp_base.ibm_container_vpc_cluster.cluster[0]: Still creating... [25m30s elapsed][0m[0m
TestRunCustomsgExample 2025-07-22T13:13:13+05:30 logger.go:67: [0m[1mmodule.ocp_base.ibm_container_vpc_cluster.cluster[0]: Still creating... [25m40s elapsed][0m[0m
TestRunCustomsgExample 2025-07-22T13:13:23+05:30 logger.go:67: [0m[1mmodule.ocp_base.ibm_container_vpc_cluster.cluster[0]: Still creating... [25m50s elapsed][0m[0m
TestRunCustomsgExample 2025-07-22T13:13:33+05:30 logger.go:67: [0m[1mmodule.ocp_base.ibm_container_vpc_cluster.cluster[0]: Still creating... [26m0s elapsed][0m[0m
TestRunCustomsgExample 2025-07-22T13:13:43+05:30 logger.go:67: [0m[1mmodule.ocp_base.ibm_container_vpc_cluster.cluster[0]: Still creating... [26m10s elapsed][0m[0m
TestRunCustomsgExample 2025-07-22T13:13:53+05:30 logger.go:67: [0m[1mmodule.ocp_base.ibm_container_vpc_cluster.cluster[0]: Still creating... [26m20s elapsed][0m[0m
TestRunCustomsgExample 2025-07-22T13:14:03+05:30 logger.go:67: [0m[1mmodule.ocp_base.ibm_container_vpc_cluster.cluster[0]: Still creating... [26m30s elapsed][0m[0m
TestRunCustomsgExample 2025-07-22T13:14:13+05:30 logger.go:67: [0m[1mmodule.ocp_base.ibm_container_vpc_cluster.cluster[0]: Still creating... [26m40s elapsed][0m[0m
TestRunCustomsgExample 2025-07-22T13:14:23+05:30 logger.go:67: [0m[1mmodule.ocp_base.ibm_container_vpc_cluster.cluster[0]: Still creating... [26m50s elapsed][0m[0m
TestRunCustomsgExample 2025-07-22T13:14:33+05:30 logger.go:67: [0m[1mmodule.ocp_base.ibm_container_vpc_cluster.cluster[0]: Still creating... [27m0s elapsed][0m[0m
TestRunCustomsgExample 2025-07-22T13:14:43+05:30 logger.go:67: [0m[1mmodule.ocp_base.ibm_container_vpc_cluster.cluster[0]: Still creating... [27m10s elapsed][0m[0m
TestRunCustomsgExample 2025-07-22T13:14:53+05:30 logger.go:67: [0m[1mmodule.ocp_base.ibm_container_vpc_cluster.cluster[0]: Still creating... [27m20s elapsed][0m[0m
TestRunCustomsgExample 2025-07-22T13:15:03+05:30 logger.go:67: [0m[1mmodule.ocp_base.ibm_container_vpc_cluster.cluster[0]: Still creating... [27m30s elapsed][0m[0m
TestRunCustomsgExample 2025-07-22T13:15:13+05:30 logger.go:67: [0m[1mmodule.ocp_base.ibm_container_vpc_cluster.cluster[0]: Still creating... [27m40s elapsed][0m[0m
TestRunCustomsgExample 2025-07-22T13:15:23+05:30 logger.go:67: [0m[1mmodule.ocp_base.ibm_container_vpc_cluster.cluster[0]: Still creating... [27m50s elapsed][0m[0m
TestRunCustomsgExample 2025-07-22T13:15:33+05:30 logger.go:67: [0m[1mmodule.ocp_base.ibm_container_vpc_cluster.cluster[0]: Still creating... [28m0s elapsed][0m[0m
TestRunCustomsgExample 2025-07-22T13:15:43+05:30 logger.go:67: [0m[1mmodule.ocp_base.ibm_container_vpc_cluster.cluster[0]: Still creating... [28m10s elapsed][0m[0m
TestRunCustomsgExample 2025-07-22T13:15:53+05:30 logger.go:67: [0m[1mmodule.ocp_base.ibm_container_vpc_cluster.cluster[0]: Still creating... [28m20s elapsed][0m[0m
TestRunCustomsgExample 2025-07-22T13:16:03+05:30 logger.go:67: [0m[1mmodule.ocp_base.ibm_container_vpc_cluster.cluster[0]: Still creating... [28m30s elapsed][0m[0m
TestRunCustomsgExample 2025-07-22T13:16:13+05:30 logger.go:67: [0m[1mmodule.ocp_base.ibm_container_vpc_cluster.cluster[0]: Still creating... [28m40s elapsed][0m[0m
TestRunCustomsgExample 2025-07-22T13:16:23+05:30 logger.go:67: [0m[1mmodule.ocp_base.ibm_container_vpc_cluster.cluster[0]: Still creating... [28m50s elapsed][0m[0m
TestRunCustomsgExample 2025-07-22T13:16:33+05:30 logger.go:67: [0m[1mmodule.ocp_base.ibm_container_vpc_cluster.cluster[0]: Still creating... [29m0s elapsed][0m[0m
TestRunCustomsgExample 2025-07-22T13:16:43+05:30 logger.go:67: [0m[1mmodule.ocp_base.ibm_container_vpc_cluster.cluster[0]: Still creating... [29m10s elapsed][0m[0m
TestRunCustomsgExample 2025-07-22T13:16:53+05:30 logger.go:67: [0m[1mmodule.ocp_base.ibm_container_vpc_cluster.cluster[0]: Still creating... [29m20s elapsed][0m[0m
TestRunCustomsgExample 2025-07-22T13:17:03+05:30 logger.go:67: [0m[1mmodule.ocp_base.ibm_container_vpc_cluster.cluster[0]: Still creating... [29m30s elapsed][0m[0m
TestRunCustomsgExample 2025-07-22T13:17:13+05:30 logger.go:67: [0m[1mmodule.ocp_base.ibm_container_vpc_cluster.cluster[0]: Still creating... [29m40s elapsed][0m[0m
TestRunCustomsgExample 2025-07-22T13:17:23+05:30 logger.go:67: [0m[1mmodule.ocp_base.ibm_container_vpc_cluster.cluster[0]: Still creating... [29m50s elapsed][0m[0m
TestRunCustomsgExample 2025-07-22T13:17:33+05:30 logger.go:67: [0m[1mmodule.ocp_base.ibm_container_vpc_cluster.cluster[0]: Still creating... [30m0s elapsed][0m[0m
TestRunCustomsgExample 2025-07-22T13:17:43+05:30 logger.go:67: [0m[1mmodule.ocp_base.ibm_container_vpc_cluster.cluster[0]: Still creating... [30m10s elapsed][0m[0m
TestRunCustomsgExample 2025-07-22T13:17:53+05:30 logger.go:67: [0m[1mmodule.ocp_base.ibm_container_vpc_cluster.cluster[0]: Still creating... [30m20s elapsed][0m[0m
TestRunCustomsgExample 2025-07-22T13:18:03+05:30 logger.go:67: [0m[1mmodule.ocp_base.ibm_container_vpc_cluster.cluster[0]: Still creating... [30m30s elapsed][0m[0m
TestRunCustomsgExample 2025-07-22T13:18:13+05:30 logger.go:67: [0m[1mmodule.ocp_base.ibm_container_vpc_cluster.cluster[0]: Still creating... [30m40s elapsed][0m[0m
TestRunCustomsgExample 2025-07-22T13:18:23+05:30 logger.go:67: [0m[1mmodule.ocp_base.ibm_container_vpc_cluster.cluster[0]: Still creating... [30m50s elapsed][0m[0m
TestRunCustomsgExample 2025-07-22T13:18:33+05:30 logger.go:67: [0m[1mmodule.ocp_base.ibm_container_vpc_cluster.cluster[0]: Still creating... [31m0s elapsed][0m[0m
TestRunCustomsgExample 2025-07-22T13:18:43+05:30 logger.go:67: [0m[1mmodule.ocp_base.ibm_container_vpc_cluster.cluster[0]: Still creating... [31m10s elapsed][0m[0m
TestRunCustomsgExample 2025-07-22T13:18:53+05:30 logger.go:67: [0m[1mmodule.ocp_base.ibm_container_vpc_cluster.cluster[0]: Still creating... [31m20s elapsed][0m[0m
TestRunCustomsgExample 2025-07-22T13:19:03+05:30 logger.go:67: [0m[1mmodule.ocp_base.ibm_container_vpc_cluster.cluster[0]: Still creating... [31m30s elapsed][0m[0m
TestRunCustomsgExample 2025-07-22T13:19:13+05:30 logger.go:67: [0m[1mmodule.ocp_base.ibm_container_vpc_cluster.cluster[0]: Still creating... [31m40s elapsed][0m[0m
TestRunCustomsgExample 2025-07-22T13:19:23+05:30 logger.go:67: [0m[1mmodule.ocp_base.ibm_container_vpc_cluster.cluster[0]: Still creating... [31m50s elapsed][0m[0m
TestRunCustomsgExample 2025-07-22T13:19:33+05:30 logger.go:67: [0m[1mmodule.ocp_base.ibm_container_vpc_cluster.cluster[0]: Still creating... [32m0s elapsed][0m[0m
TestRunCustomsgExample 2025-07-22T13:19:43+05:30 logger.go:67: [0m[1mmodule.ocp_base.ibm_container_vpc_cluster.cluster[0]: Still creating... [32m10s elapsed][0m[0m
TestRunCustomsgExample 2025-07-22T13:19:53+05:30 logger.go:67: [0m[1mmodule.ocp_base.ibm_container_vpc_cluster.cluster[0]: Still creating... [32m20s elapsed][0m[0m
TestRunCustomsgExample 2025-07-22T13:20:03+05:30 logger.go:67: [0m[1mmodule.ocp_base.ibm_container_vpc_cluster.cluster[0]: Still creating... [32m30s elapsed][0m[0m
TestRunCustomsgExample 2025-07-22T13:20:13+05:30 logger.go:67: [0m[1mmodule.ocp_base.ibm_container_vpc_cluster.cluster[0]: Still creating... [32m40s elapsed][0m[0m
TestRunCustomsgExample 2025-07-22T13:20:23+05:30 logger.go:67: [0m[1mmodule.ocp_base.ibm_container_vpc_cluster.cluster[0]: Still creating... [32m50s elapsed][0m[0m
TestRunCustomsgExample 2025-07-22T13:20:33+05:30 logger.go:67: [0m[1mmodule.ocp_base.ibm_container_vpc_cluster.cluster[0]: Still creating... [33m0s elapsed][0m[0m
TestRunCustomsgExample 2025-07-22T13:20:43+05:30 logger.go:67: [0m[1mmodule.ocp_base.ibm_container_vpc_cluster.cluster[0]: Still creating... [33m10s elapsed][0m[0m
TestRunCustomsgExample 2025-07-22T13:20:53+05:30 logger.go:67: [0m[1mmodule.ocp_base.ibm_container_vpc_cluster.cluster[0]: Still creating... [33m20s elapsed][0m[0m
TestRunCustomsgExample 2025-07-22T13:21:03+05:30 logger.go:67: [0m[1mmodule.ocp_base.ibm_container_vpc_cluster.cluster[0]: Still creating... [33m30s elapsed][0m[0m
TestRunCustomsgExample 2025-07-22T13:21:13+05:30 logger.go:67: [0m[1mmodule.ocp_base.ibm_container_vpc_cluster.cluster[0]: Still creating... [33m40s elapsed][0m[0m
TestRunCustomsgExample 2025-07-22T13:21:23+05:30 logger.go:67: [0m[1mmodule.ocp_base.ibm_container_vpc_cluster.cluster[0]: Still creating... [33m50s elapsed][0m[0m
TestRunCustomsgExample 2025-07-22T13:21:33+05:30 logger.go:67: [0m[1mmodule.ocp_base.ibm_container_vpc_cluster.cluster[0]: Still creating... [34m0s elapsed][0m[0m
TestRunCustomsgExample 2025-07-22T13:21:43+05:30 logger.go:67: [0m[1mmodule.ocp_base.ibm_container_vpc_cluster.cluster[0]: Still creating... [34m10s elapsed][0m[0m
TestRunCustomsgExample 2025-07-22T13:21:53+05:30 logger.go:67: [0m[1mmodule.ocp_base.ibm_container_vpc_cluster.cluster[0]: Still creating... [34m20s elapsed][0m[0m
TestRunCustomsgExample 2025-07-22T13:22:03+05:30 logger.go:67: [0m[1mmodule.ocp_base.ibm_container_vpc_cluster.cluster[0]: Still creating... [34m30s elapsed][0m[0m
TestRunCustomsgExample 2025-07-22T13:22:13+05:30 logger.go:67: [0m[1mmodule.ocp_base.ibm_container_vpc_cluster.cluster[0]: Still creating... [34m40s elapsed][0m[0m
TestRunCustomsgExample 2025-07-22T13:22:23+05:30 logger.go:67: [0m[1mmodule.ocp_base.ibm_container_vpc_cluster.cluster[0]: Still creating... [34m50s elapsed][0m[0m
TestRunCustomsgExample 2025-07-22T13:22:33+05:30 logger.go:67: [0m[1mmodule.ocp_base.ibm_container_vpc_cluster.cluster[0]: Still creating... [35m0s elapsed][0m[0m
TestRunCustomsgExample 2025-07-22T13:22:43+05:30 logger.go:67: [0m[1mmodule.ocp_base.ibm_container_vpc_cluster.cluster[0]: Still creating... [35m10s elapsed][0m[0m
TestRunCustomsgExample 2025-07-22T13:22:53+05:30 logger.go:67: [0m[1mmodule.ocp_base.ibm_container_vpc_cluster.cluster[0]: Still creating... [35m20s elapsed][0m[0m
TestRunCustomsgExample 2025-07-22T13:23:03+05:30 logger.go:67: [0m[1mmodule.ocp_base.ibm_container_vpc_cluster.cluster[0]: Still creating... [35m30s elapsed][0m[0m
TestRunCustomsgExample 2025-07-22T13:23:13+05:30 logger.go:67: [0m[1mmodule.ocp_base.ibm_container_vpc_cluster.cluster[0]: Still creating... [35m40s elapsed][0m[0m
TestRunCustomsgExample 2025-07-22T13:23:23+05:30 logger.go:67: [0m[1mmodule.ocp_base.ibm_container_vpc_cluster.cluster[0]: Still creating... [35m50s elapsed][0m[0m
TestRunCustomsgExample 2025-07-22T13:23:33+05:30 logger.go:67: [0m[1mmodule.ocp_base.ibm_container_vpc_cluster.cluster[0]: Still creating... [36m0s elapsed][0m[0m
TestRunCustomsgExample 2025-07-22T13:23:43+05:30 logger.go:67: [0m[1mmodule.ocp_base.ibm_container_vpc_cluster.cluster[0]: Still creating... [36m10s elapsed][0m[0m
TestRunCustomsgExample 2025-07-22T13:23:53+05:30 logger.go:67: [0m[1mmodule.ocp_base.ibm_container_vpc_cluster.cluster[0]: Still creating... [36m20s elapsed][0m[0m
TestRunCustomsgExample 2025-07-22T13:24:03+05:30 logger.go:67: [0m[1mmodule.ocp_base.ibm_container_vpc_cluster.cluster[0]: Still creating... [36m30s elapsed][0m[0m
TestRunCustomsgExample 2025-07-22T13:24:13+05:30 logger.go:67: [0m[1mmodule.ocp_base.ibm_container_vpc_cluster.cluster[0]: Still creating... [36m40s elapsed][0m[0m
TestRunCustomsgExample 2025-07-22T13:24:23+05:30 logger.go:67: [0m[1mmodule.ocp_base.ibm_container_vpc_cluster.cluster[0]: Still creating... [36m50s elapsed][0m[0m
TestRunCustomsgExample 2025-07-22T13:24:33+05:30 logger.go:67: [0m[1mmodule.ocp_base.ibm_container_vpc_cluster.cluster[0]: Still creating... [37m0s elapsed][0m[0m
TestRunCustomsgExample 2025-07-22T13:24:43+05:30 logger.go:67: [0m[1mmodule.ocp_base.ibm_container_vpc_cluster.cluster[0]: Still creating... [37m10s elapsed][0m[0m
TestRunCustomsgExample 2025-07-22T13:24:53+05:30 logger.go:67: [0m[1mmodule.ocp_base.ibm_container_vpc_cluster.cluster[0]: Still creating... [37m20s elapsed][0m[0m
TestRunCustomsgExample 2025-07-22T13:25:03+05:30 logger.go:67: [0m[1mmodule.ocp_base.ibm_container_vpc_cluster.cluster[0]: Still creating... [37m30s elapsed][0m[0m
TestRunCustomsgExample 2025-07-22T13:25:13+05:30 logger.go:67: [0m[1mmodule.ocp_base.ibm_container_vpc_cluster.cluster[0]: Still creating... [37m40s elapsed][0m[0m
TestRunCustomsgExample 2025-07-22T13:25:23+05:30 logger.go:67: [0m[1mmodule.ocp_base.ibm_container_vpc_cluster.cluster[0]: Still creating... [37m50s elapsed][0m[0m
TestRunCustomsgExample 2025-07-22T13:25:33+05:30 logger.go:67: [0m[1mmodule.ocp_base.ibm_container_vpc_cluster.cluster[0]: Still creating... [38m0s elapsed][0m[0m
TestRunCustomsgExample 2025-07-22T13:25:43+05:30 logger.go:67: [0m[1mmodule.ocp_base.ibm_container_vpc_cluster.cluster[0]: Still creating... [38m10s elapsed][0m[0m
TestRunCustomsgExample 2025-07-22T13:25:53+05:30 logger.go:67: [0m[1mmodule.ocp_base.ibm_container_vpc_cluster.cluster[0]: Still creating... [38m20s elapsed][0m[0m
TestRunCustomsgExample 2025-07-22T13:26:03+05:30 logger.go:67: [0m[1mmodule.ocp_base.ibm_container_vpc_cluster.cluster[0]: Still creating... [38m30s elapsed][0m[0m
TestRunCustomsgExample 2025-07-22T13:26:13+05:30 logger.go:67: [0m[1mmodule.ocp_base.ibm_container_vpc_cluster.cluster[0]: Still creating... [38m40s elapsed][0m[0m
TestRunCustomsgExample 2025-07-22T13:26:23+05:30 logger.go:67: [0m[1mmodule.ocp_base.ibm_container_vpc_cluster.cluster[0]: Still creating... [38m50s elapsed][0m[0m
TestRunCustomsgExample 2025-07-22T13:26:33+05:30 logger.go:67: [0m[1mmodule.ocp_base.ibm_container_vpc_cluster.cluster[0]: Still creating... [39m0s elapsed][0m[0m
TestRunCustomsgExample 2025-07-22T13:26:43+05:30 logger.go:67: [0m[1mmodule.ocp_base.ibm_container_vpc_cluster.cluster[0]: Still creating... [39m10s elapsed][0m[0m
TestRunCustomsgExample 2025-07-22T13:26:53+05:30 logger.go:67: [0m[1mmodule.ocp_base.ibm_container_vpc_cluster.cluster[0]: Still creating... [39m20s elapsed][0m[0m
TestRunCustomsgExample 2025-07-22T13:27:03+05:30 logger.go:67: [0m[1mmodule.ocp_base.ibm_container_vpc_cluster.cluster[0]: Still creating... [39m30s elapsed][0m[0m
TestRunCustomsgExample 2025-07-22T13:27:13+05:30 logger.go:67: [0m[1mmodule.ocp_base.ibm_container_vpc_cluster.cluster[0]: Still creating... [39m40s elapsed][0m[0m
TestRunCustomsgExample 2025-07-22T13:27:23+05:30 logger.go:67: [0m[1mmodule.ocp_base.ibm_container_vpc_cluster.cluster[0]: Still creating... [39m50s elapsed][0m[0m
TestRunCustomsgExample 2025-07-22T13:27:33+05:30 logger.go:67: [0m[1mmodule.ocp_base.ibm_container_vpc_cluster.cluster[0]: Still creating... [40m0s elapsed][0m[0m
TestRunCustomsgExample 2025-07-22T13:27:43+05:30 logger.go:67: [0m[1mmodule.ocp_base.ibm_container_vpc_cluster.cluster[0]: Still creating... [40m10s elapsed][0m[0m
TestRunCustomsgExample 2025-07-22T13:27:53+05:30 logger.go:67: [0m[1mmodule.ocp_base.ibm_container_vpc_cluster.cluster[0]: Still creating... [40m20s elapsed][0m[0m
TestRunCustomsgExample 2025-07-22T13:28:03+05:30 logger.go:67: [0m[1mmodule.ocp_base.ibm_container_vpc_cluster.cluster[0]: Still creating... [40m30s elapsed][0m[0m
TestRunCustomsgExample 2025-07-22T13:28:13+05:30 logger.go:67: [0m[1mmodule.ocp_base.ibm_container_vpc_cluster.cluster[0]: Still creating... [40m40s elapsed][0m[0m
TestRunCustomsgExample 2025-07-22T13:28:23+05:30 logger.go:67: [0m[1mmodule.ocp_base.ibm_container_vpc_cluster.cluster[0]: Still creating... [40m50s elapsed][0m[0m
TestRunCustomsgExample 2025-07-22T13:28:33+05:30 logger.go:67: [0m[1mmodule.ocp_base.ibm_container_vpc_cluster.cluster[0]: Still creating... [41m0s elapsed][0m[0m
TestRunCustomsgExample 2025-07-22T13:28:43+05:30 logger.go:67: [0m[1mmodule.ocp_base.ibm_container_vpc_cluster.cluster[0]: Still creating... [41m10s elapsed][0m[0m
TestRunCustomsgExample 2025-07-22T13:28:53+05:30 logger.go:67: [0m[1mmodule.ocp_base.ibm_container_vpc_cluster.cluster[0]: Still creating... [41m20s elapsed][0m[0m
TestRunCustomsgExample 2025-07-22T13:29:03+05:30 logger.go:67: [0m[1mmodule.ocp_base.ibm_container_vpc_cluster.cluster[0]: Still creating... [41m30s elapsed][0m[0m
TestRunCustomsgExample 2025-07-22T13:29:13+05:30 logger.go:67: [0m[1mmodule.ocp_base.ibm_container_vpc_cluster.cluster[0]: Still creating... [41m40s elapsed][0m[0m
TestRunCustomsgExample 2025-07-22T13:29:23+05:30 logger.go:67: [0m[1mmodule.ocp_base.ibm_container_vpc_cluster.cluster[0]: Still creating... [41m50s elapsed][0m[0m
TestRunCustomsgExample 2025-07-22T13:29:33+05:30 logger.go:67: [0m[1mmodule.ocp_base.ibm_container_vpc_cluster.cluster[0]: Still creating... [42m0s elapsed][0m[0m
TestRunCustomsgExample 2025-07-22T13:29:34+05:30 logger.go:67: [0m[1mmodule.ocp_base.ibm_container_vpc_cluster.cluster[0]: Creation complete after 42m2s [id=d1vjm9jo0mot2mfh0k0g][0m
TestRunCustomsgExample 2025-07-22T13:29:34+05:30 logger.go:67: [0m[1mmodule.ocp_base.data.ibm_container_cluster_config.cluster_config[0]: Reading...[0m[0m
TestRunCustomsgExample 2025-07-22T13:29:34+05:30 logger.go:67: [0m[1mmodule.ocp_base.data.ibm_container_addons.existing_addons: Reading...[0m[0m
TestRunCustomsgExample 2025-07-22T13:29:34+05:30 logger.go:67: [0m[1mmodule.ocp_base.ibm_resource_tag.cluster_access_tag[0]: Creating...[0m[0m
TestRunCustomsgExample 2025-07-22T13:29:34+05:30 logger.go:67: [0m[1mmodule.ocp_base.ibm_container_vpc_worker_pool.pool["custom-sg"]: Creating...[0m[0m
TestRunCustomsgExample 2025-07-22T13:29:34+05:30 logger.go:67: [0m[1mmodule.ocp_base.ibm_container_vpc_worker_pool.pool["default"]: Creating...[0m[0m
TestRunCustomsgExample 2025-07-22T13:29:37+05:30 logger.go:67: [0m[1mmodule.ocp_base.data.ibm_container_addons.existing_addons: Read complete after 2s [id=d1vjm9jo0mot2mfh0k0g][0m
TestRunCustomsgExample 2025-07-22T13:29:41+05:30 logger.go:67: [0m[1mmodule.ocp_base.ibm_container_vpc_worker_pool.pool["default"]: Creation complete after 7s [id=d1vjm9jo0mot2mfh0k0g/d1vjm9jo0mot2mfh0k0g-44bcbfb][0m
TestRunCustomsgExample 2025-07-22T13:29:42+05:30 logger.go:67: [0m[1mmodule.ocp_base.data.ibm_container_cluster_config.cluster_config[0]: Read complete after 7s [id=d1vjm9jo0mot2mfh0k0g][0m
TestRunCustomsgExample 2025-07-22T13:29:44+05:30 logger.go:67: [0m[1mmodule.ocp_base.ibm_resource_tag.cluster_access_tag[0]: Still creating... [10s elapsed][0m[0m
TestRunCustomsgExample 2025-07-22T13:29:44+05:30 logger.go:67: [0m[1mmodule.ocp_base.ibm_container_vpc_worker_pool.pool["custom-sg"]: Still creating... [10s elapsed][0m[0m
TestRunCustomsgExample 2025-07-22T13:29:54+05:30 logger.go:67: [0m[1mmodule.ocp_base.ibm_container_vpc_worker_pool.pool["custom-sg"]: Still creating... [20s elapsed][0m[0m
TestRunCustomsgExample 2025-07-22T13:29:54+05:30 logger.go:67: [0m[1mmodule.ocp_base.ibm_resource_tag.cluster_access_tag[0]: Still creating... [20s elapsed][0m[0m
TestRunCustomsgExample 2025-07-22T13:30:04+05:30 logger.go:67: [0m[1mmodule.ocp_base.ibm_resource_tag.cluster_access_tag[0]: Still creating... [30s elapsed][0m[0m
TestRunCustomsgExample 2025-07-22T13:30:04+05:30 logger.go:67: [0m[1mmodule.ocp_base.ibm_container_vpc_worker_pool.pool["custom-sg"]: Still creating... [30s elapsed][0m[0m
TestRunCustomsgExample 2025-07-22T13:30:09+05:30 logger.go:67: [0m[1mmodule.ocp_base.ibm_resource_tag.cluster_access_tag[0]: Creation complete after 34s [id=crn:v1:bluemix:public:containers-kubernetes:jp-osa:a/abac0df06b644a9cabc6e44f55b3880e:d1vjm9jo0mot2mfh0k0g::][0m
TestRunCustomsgExample 2025-07-22T13:30:14+05:30 logger.go:67: [0m[1mmodule.ocp_base.ibm_container_vpc_worker_pool.pool["custom-sg"]: Still creating... [40s elapsed][0m[0m
TestRunCustomsgExample 2025-07-22T13:30:24+05:30 logger.go:67: [0m[1mmodule.ocp_base.ibm_container_vpc_worker_pool.pool["custom-sg"]: Still creating... [50s elapsed][0m[0m
TestRunCustomsgExample 2025-07-22T13:30:34+05:30 logger.go:67: [0m[1mmodule.ocp_base.ibm_container_vpc_worker_pool.pool["custom-sg"]: Still creating... [1m0s elapsed][0m[0m
TestRunCustomsgExample 2025-07-22T13:30:44+05:30 logger.go:67: [0m[1mmodule.ocp_base.ibm_container_vpc_worker_pool.pool["custom-sg"]: Still creating... [1m10s elapsed][0m[0m
TestRunCustomsgExample 2025-07-22T13:30:54+05:30 logger.go:67: [0m[1mmodule.ocp_base.ibm_container_vpc_worker_pool.pool["custom-sg"]: Still creating... [1m20s elapsed][0m[0m
TestRunCustomsgExample 2025-07-22T13:31:04+05:30 logger.go:67: [0m[1mmodule.ocp_base.ibm_container_vpc_worker_pool.pool["custom-sg"]: Still creating... [1m30s elapsed][0m[0m
TestRunCustomsgExample 2025-07-22T13:31:14+05:30 logger.go:67: [0m[1mmodule.ocp_base.ibm_container_vpc_worker_pool.pool["custom-sg"]: Still creating... [1m40s elapsed][0m[0m
TestRunCustomsgExample 2025-07-22T13:31:24+05:30 logger.go:67: [0m[1mmodule.ocp_base.ibm_container_vpc_worker_pool.pool["custom-sg"]: Still creating... [1m50s elapsed][0m[0m
TestRunCustomsgExample 2025-07-22T13:31:34+05:30 logger.go:67: [0m[1mmodule.ocp_base.ibm_container_vpc_worker_pool.pool["custom-sg"]: Still creating... [2m0s elapsed][0m[0m
TestRunCustomsgExample 2025-07-22T13:31:44+05:30 logger.go:67: [0m[1mmodule.ocp_base.ibm_container_vpc_worker_pool.pool["custom-sg"]: Still creating... [2m10s elapsed][0m[0m
TestRunCustomsgExample 2025-07-22T13:31:54+05:30 logger.go:67: [0m[1mmodule.ocp_base.ibm_container_vpc_worker_pool.pool["custom-sg"]: Still creating... [2m20s elapsed][0m[0m
TestRunCustomsgExample 2025-07-22T13:32:04+05:30 logger.go:67: [0m[1mmodule.ocp_base.ibm_container_vpc_worker_pool.pool["custom-sg"]: Still creating... [2m30s elapsed][0m[0m
TestRunCustomsgExample 2025-07-22T13:32:11+05:30 logger.go:67: [31m╷[0m[0m
TestRunCustomsgExample 2025-07-22T13:32:11+05:30 logger.go:67: [31m│[0m [0m[1m[31mError: [0m[0m[1mPost "https://containers.cloud.ibm.com/global/v2/vpc/createWorkerPool": read tcp [2406:7400:94:505b:4d21:37fa:adf3:4050]:53598->[2600:140f:5e00:83::17d3:8e70]:443: read: no route to host[0m
TestRunCustomsgExample 2025-07-22T13:32:11+05:30 logger.go:67: [31m│[0m [0m
TestRunCustomsgExample 2025-07-22T13:32:11+05:30 logger.go:67: [31m│[0m [0m[0m  with module.ocp_base.ibm_container_vpc_worker_pool.pool["custom-sg"],
TestRunCustomsgExample 2025-07-22T13:32:11+05:30 logger.go:67: [31m│[0m [0m  on ../../main.tf line 340, in resource "ibm_container_vpc_worker_pool" "pool":
TestRunCustomsgExample 2025-07-22T13:32:11+05:30 logger.go:67: [31m│[0m [0m 340: resource "ibm_container_vpc_worker_pool" "pool" [4m{[0m[0m
TestRunCustomsgExample 2025-07-22T13:32:11+05:30 logger.go:67: [31m│[0m [0m
TestRunCustomsgExample 2025-07-22T13:32:11+05:30 logger.go:67: [31m│[0m [0m---
TestRunCustomsgExample 2025-07-22T13:32:11+05:30 logger.go:67: [31m│[0m [0mid: terraform-4b844566
TestRunCustomsgExample 2025-07-22T13:32:11+05:30 logger.go:67: [31m│[0m [0msummary: 'Post
TestRunCustomsgExample 2025-07-22T13:32:11+05:30 logger.go:67: [31m│[0m [0m"https://containers.cloud.ibm.com/global/v2/vpc/createWorkerPool":
TestRunCustomsgExample 2025-07-22T13:32:11+05:30 logger.go:67: [31m│[0m [0m  read tcp [2406:7400:94:505b:4d21:37fa:adf3:4050]:53598->[2600:140f:5e00:83::17d3:8e70]:443:
TestRunCustomsgExample 2025-07-22T13:32:11+05:30 logger.go:67: [31m│[0m [0m  read: no route to host'
TestRunCustomsgExample 2025-07-22T13:32:11+05:30 logger.go:67: [31m│[0m [0mseverity: error
TestRunCustomsgExample 2025-07-22T13:32:11+05:30 logger.go:67: [31m│[0m [0mresource: ibm_container_vpc_worker_pool
TestRunCustomsgExample 2025-07-22T13:32:11+05:30 logger.go:67: [31m│[0m [0moperation: create
TestRunCustomsgExample 2025-07-22T13:32:11+05:30 logger.go:67: [31m│[0m [0mcomponent:
TestRunCustomsgExample 2025-07-22T13:32:11+05:30 logger.go:67: [31m│[0m [0m  name: github.com/IBM-Cloud/terraform-provider-ibm
TestRunCustomsgExample 2025-07-22T13:32:11+05:30 logger.go:67: [31m│[0m [0m  version: 1.80.3
TestRunCustomsgExample 2025-07-22T13:32:11+05:30 logger.go:67: [31m│[0m [0m---
TestRunCustomsgExample 2025-07-22T13:32:11+05:30 logger.go:67: [31m│[0m [0m
TestRunCustomsgExample 2025-07-22T13:32:11+05:30 logger.go:67: [31m╵[0m[0m
TestRunCustomsgExample 2025-07-22T13:32:11+05:30 retry.go:99: Returning due to fatal error: FatalError{Underlying: error while running command: exit status 1; [31m╷[0m[0m
[31m│[0m [0m[1m[31mError: [0m[0m[1mPost "https://containers.cloud.ibm.com/global/v2/vpc/createWorkerPool": read tcp [2406:7400:94:505b:4d21:37fa:adf3:4050]:53598->[2600:140f:5e00:83::17d3:8e70]:443: read: no route to host[0m
[31m│[0m [0m
[31m│[0m [0m[0m  with module.ocp_base.ibm_container_vpc_worker_pool.pool["custom-sg"],
[31m│[0m [0m  on ../../main.tf line 340, in resource "ibm_container_vpc_worker_pool" "pool":
[31m│[0m [0m 340: resource "ibm_container_vpc_worker_pool" "pool" [4m{[0m[0m
[31m│[0m [0m
[31m│[0m [0m---
[31m│[0m [0mid: terraform-4b844566
[31m│[0m [0msummary: 'Post
[31m│[0m [0m"https://containers.cloud.ibm.com/global/v2/vpc/createWorkerPool":
[31m│[0m [0m  read tcp [2406:7400:94:505b:4d21:37fa:adf3:4050]:53598->[2600:140f:5e00:83::17d3:8e70]:443:
[31m│[0m [0m  read: no route to host'
[31m│[0m [0mseverity: error
[31m│[0m [0mresource: ibm_container_vpc_worker_pool
[31m│[0m [0moperation: create
[31m│[0m [0mcomponent:
[31m│[0m [0m  name: github.com/IBM-Cloud/terraform-provider-ibm
[31m│[0m [0m  version: 1.80.3
[31m│[0m [0m---
[31m│[0m [0m
[31m╵[0m[0m}
    tests.go:663: 
        	Error Trace:	/Users/aryagirishk/go/pkg/mod/github.com/terraform-ibm-modules/ibmcloud-terratest-wrapper@v1.55.7/testhelper/tests.go:663
        	            				/Users/aryagirishk/go/pkg/mod/github.com/terraform-ibm-modules/ibmcloud-terratest-wrapper@v1.55.7/testhelper/tests.go:583
        	            				/Users/aryagirishk/Desktop/quickstartocp/last/last/terraform-ibm-base-ocp-vpc/tests/pr_test.go:214
        	Error:      	Expected nil, but got: retry.FatalError{Underlying:(*shell.ErrWithCmdOutput)(0x14000686060)}
        	Test:       	TestRunCustomsgExample
        	Messages:   	Failed%!(EXTRA retry.FatalError=FatalError{Underlying: error while running command: exit status 1; [31m╷[0m[0m
        	            	[31m│[0m [0m[1m[31mError: [0m[0m[1mPost "https://containers.cloud.ibm.com/global/v2/vpc/createWorkerPool": read tcp [2406:7400:94:505b:4d21:37fa:adf3:4050]:53598->[2600:140f:5e00:83::17d3:8e70]:443: read: no route to host[0m
        	            	[31m│[0m [0m
        	            	[31m│[0m [0m[0m  with module.ocp_base.ibm_container_vpc_worker_pool.pool["custom-sg"],
        	            	[31m│[0m [0m  on ../../main.tf line 340, in resource "ibm_container_vpc_worker_pool" "pool":
        	            	[31m│[0m [0m 340: resource "ibm_container_vpc_worker_pool" "pool" [4m{[0m[0m
        	            	[31m│[0m [0m
        	            	[31m│[0m [0m---
        	            	[31m│[0m [0mid: terraform-4b844566
        	            	[31m│[0m [0msummary: 'Post
        	            	[31m│[0m [0m"https://containers.cloud.ibm.com/global/v2/vpc/createWorkerPool":
        	            	[31m│[0m [0m  read tcp [2406:7400:94:505b:4d21:37fa:adf3:4050]:53598->[2600:140f:5e00:83::17d3:8e70]:443:
        	            	[31m│[0m [0m  read: no route to host'
        	            	[31m│[0m [0mseverity: error
        	            	[31m│[0m [0mresource: ibm_container_vpc_worker_pool
        	            	[31m│[0m [0moperation: create
        	            	[31m│[0m [0mcomponent:
        	            	[31m│[0m [0m  name: github.com/IBM-Cloud/terraform-provider-ibm
        	            	[31m│[0m [0m  version: 1.80.3
        	            	[31m│[0m [0m---
        	            	[31m│[0m [0m
        	            	[31m╵[0m[0m})
TestRunCustomsgExample 2025-07-22T13:32:11+05:30 tests.go:664: FINISHED: Init / Apply
TestRunCustomsgExample 2025-07-22T13:32:11+05:30 retry.go:91: terraform [output -no-color -json]
2025/07/22 13:32:11 Removing module.ocp_base.null_resource.confirm_network_healthy from Statefile /var/folders/vh/syq93zks0k38v_dhpnypz4hm0000gn/T/terraform-base-ocp-customsg-fs51954832040/examples/custom_sg/terraform.tfstate
2025/07/22 13:32:11 Executing: terraform state rm module.ocp_base.null_resource.confirm_network_healthy
TestRunCustomsgExample 2025-07-22T13:32:11+05:30 tests.go:157: [31m[31m╷[0m[0m
[31m│[0m [0m[1m[31mError: [0m[0m[1mInvalid target address[0m
[31m│[0m [0m
[31m│[0m [0m[0mNo matching objects found. To view the available instances, use "terraform
[31m│[0m [0mstate list". Please modify the address to reference a specific instance.
[31m╵[0m[0m
[0m[0m

2025/07/22 13:32:11 Removing module.ocp_base.null_resource.reset_api_key from Statefile /var/folders/vh/syq93zks0k38v_dhpnypz4hm0000gn/T/terraform-base-ocp-customsg-fs51954832040/examples/custom_sg/terraform.tfstate
2025/07/22 13:32:11 Executing: terraform state rm module.ocp_base.null_resource.reset_api_key
TestRunCustomsgExample 2025-07-22T13:32:12+05:30 tests.go:157: Removed module.ocp_base.null_resource.reset_api_key
Successfully removed 1 resource instance(s).

TestRunCustomsgExample 2025-07-22T13:32:12+05:30 tests.go:196: START: Destroy
TestRunCustomsgExample 2025-07-22T13:32:12+05:30 retry.go:91: terraform [destroy -auto-approve -input=false -var resource_tags=[] -var ocp_version=4.17 -var access_tags=["geretain-dev:permanent-test-tag-1", "geretain-dev-1:permanent-test-tag-4"] -var ocp_entitlement=cloud_pak -var prefix=base-ocp-customsg-fs5 -var region=jp-osa -var resource_group=geretain-test-base-ocp-vpc -lock=false]
TestRunCustomsgExample 2025-07-22T13:32:12+05:30 command.go:121: Running command terraform with args [destroy -auto-approve -input=false -var resource_tags=[] -var ocp_version=4.17 -var access_tags=["geretain-dev:permanent-test-tag-1", "geretain-dev-1:permanent-test-tag-4"] -var ocp_entitlement=cloud_pak -var prefix=base-ocp-customsg-fs5 -var region=jp-osa -var resource_group=geretain-test-base-ocp-vpc -lock=false]
TestRunCustomsgExample 2025-07-22T13:32:13+05:30 command.go:206: [0m[1mmodule.ocp_base.data.ibm_iam_auth_token.reset_api_key_tokendata: Reading...[0m[0m
TestRunCustomsgExample 2025-07-22T13:32:13+05:30 command.go:206: [0m[1mmodule.ocp_base.data.ibm_iam_account_settings.iam_account_settings: Reading...[0m[0m
TestRunCustomsgExample 2025-07-22T13:32:13+05:30 command.go:206: [0m[1mmodule.resource_group.data.ibm_resource_group.existing_resource_group[0]: Reading...[0m[0m
TestRunCustomsgExample 2025-07-22T13:32:13+05:30 command.go:206: [0m[1mmodule.ocp_base.data.ibm_iam_auth_token.reset_api_key_tokendata: Read complete after 0s [id=2025-07-22 08:02:13.896336 +0000 UTC][0m
TestRunCustomsgExample 2025-07-22T13:32:15+05:30 command.go:206: [0m[1mmodule.resource_group.data.ibm_resource_group.existing_resource_group[0]: Read complete after 1s [id=ed293fd4909f4bc69b1e85324b8c39db][0m
TestRunCustomsgExample 2025-07-22T13:32:15+05:30 command.go:206: [0m[1mmodule.ocp_base.data.ibm_container_cluster_versions.cluster_versions: Reading...[0m[0m
TestRunCustomsgExample 2025-07-22T13:32:15+05:30 command.go:206: [0m[1mmodule.ocp_base.module.cos_instance[0].ibm_resource_instance.cos_instance[0]: Refreshing state... [id=crn:v1:bluemix:public:cloud-object-storage:global:a/abac0df06b644a9cabc6e44f55b3880e:f6a5c310-bcff-4d3e-92b6-fb05dc9a0f32::][0m
TestRunCustomsgExample 2025-07-22T13:32:15+05:30 command.go:206: [0m[1mibm_is_vpc.vpc: Refreshing state... [id=r034-f81dad4a-280a-4ff0-823a-ba484b1fc3ea][0m
TestRunCustomsgExample 2025-07-22T13:32:15+05:30 command.go:206: [0m[1mmodule.ocp_base.data.ibm_iam_account_settings.iam_account_settings: Read complete after 1s [id=abac0df06b644a9cabc6e44f55b3880e][0m
TestRunCustomsgExample 2025-07-22T13:32:15+05:30 command.go:206: [0m[1mmodule.ocp_base.data.ibm_container_cluster_versions.cluster_versions: Read complete after 1s [id=2025-07-22 08:02:15.733671 +0000 UTC][0m
TestRunCustomsgExample 2025-07-22T13:32:17+05:30 command.go:206: [0m[1mmodule.ocp_base.ibm_resource_tag.cos_access_tag[0]: Refreshing state... [id=crn:v1:bluemix:public:cloud-object-storage:global:a/abac0df06b644a9cabc6e44f55b3880e:f6a5c310-bcff-4d3e-92b6-fb05dc9a0f32::][0m
TestRunCustomsgExample 2025-07-22T13:32:29+05:30 command.go:206: [0m[1mibm_is_public_gateway.gateway: Refreshing state... [id=r034-aba80141-639c-4cf6-b5eb-c17c1a0fda2c][0m
TestRunCustomsgExample 2025-07-22T13:32:29+05:30 command.go:206: [0m[1mmodule.custom_sg["custom-cluster-sg"].ibm_is_security_group.sg[0]: Refreshing state... [id=r034-28b9e2d6-5176-4a66-aff7-89599c340129][0m
TestRunCustomsgExample 2025-07-22T13:32:29+05:30 command.go:206: [0m[1mmodule.custom_sg["custom-master-vpe-sg"].ibm_is_security_group.sg[0]: Refreshing state... [id=r034-ab38f26e-b232-4e0c-82eb-077af0167d87][0m
TestRunCustomsgExample 2025-07-22T13:32:29+05:30 command.go:206: [0m[1mmodule.custom_sg["custom-kube-api-vpe-sg"].ibm_is_security_group.sg[0]: Refreshing state... [id=r034-1eb1b040-5158-4dd7-ab9d-225267b43c89][0m
TestRunCustomsgExample 2025-07-22T13:32:29+05:30 command.go:206: [0m[1mmodule.custom_sg["custom-lb-sg"].ibm_is_security_group.sg[0]: Refreshing state... [id=r034-294c73e6-6184-4aef-a812-0bd9df0cd1d7][0m
TestRunCustomsgExample 2025-07-22T13:32:29+05:30 command.go:206: [0m[1mmodule.custom_sg["custom-worker-pool-sg"].ibm_is_security_group.sg[0]: Refreshing state... [id=r034-7ca77c7f-9294-461e-a18c-7ad1a0e00c1d][0m
TestRunCustomsgExample 2025-07-22T13:32:29+05:30 command.go:206: [0m[1mmodule.custom_sg["custom-registry-vpe-sg"].ibm_is_security_group.sg[0]: Refreshing state... [id=r034-2b19a406-cbc4-4c1c-ae92-162291bdbdd7][0m
TestRunCustomsgExample 2025-07-22T13:32:35+05:30 command.go:206: [0m[1mibm_is_subnet.subnet_zone_1: Refreshing state... [id=02n7-df761470-ad53-4366-8ff9-10a64c8a391a][0m
TestRunCustomsgExample 2025-07-22T13:32:37+05:30 command.go:206: [0m[1mmodule.ocp_base.ibm_container_vpc_cluster.cluster[0]: Refreshing state... [id=d1vjm9jo0mot2mfh0k0g][0m
TestRunCustomsgExample 2025-07-22T13:32:42+05:30 command.go:206: [0m[1mmodule.ocp_base.ibm_resource_tag.cluster_access_tag[0]: Refreshing state... [id=crn:v1:bluemix:public:containers-kubernetes:jp-osa:a/abac0df06b644a9cabc6e44f55b3880e:d1vjm9jo0mot2mfh0k0g::][0m
TestRunCustomsgExample 2025-07-22T13:32:42+05:30 command.go:206: [0m[1mmodule.ocp_base.data.ibm_container_cluster_config.cluster_config[0]: Reading...[0m[0m
TestRunCustomsgExample 2025-07-22T13:32:42+05:30 command.go:206: [0m[1mmodule.ocp_base.data.ibm_container_addons.existing_addons: Reading...[0m[0m
TestRunCustomsgExample 2025-07-22T13:32:42+05:30 command.go:206: [0m[1mmodule.ocp_base.ibm_container_vpc_worker_pool.pool["default"]: Refreshing state... [id=d1vjm9jo0mot2mfh0k0g/d1vjm9jo0mot2mfh0k0g-44bcbfb][0m
TestRunCustomsgExample 2025-07-22T13:32:44+05:30 command.go:206: [0m[1mmodule.ocp_base.data.ibm_container_addons.existing_addons: Read complete after 1s [id=d1vjm9jo0mot2mfh0k0g][0m
TestRunCustomsgExample 2025-07-22T13:32:49+05:30 command.go:206: [0m[1mmodule.ocp_base.data.ibm_container_cluster_config.cluster_config[0]: Read complete after 6s [id=d1vjm9jo0mot2mfh0k0g][0m
TestRunCustomsgExample 2025-07-22T13:32:50+05:30 command.go:206: 
TestRunCustomsgExample 2025-07-22T13:32:50+05:30 command.go:206: Terraform used the selected providers to generate the following execution
TestRunCustomsgExample 2025-07-22T13:32:50+05:30 command.go:206: plan. Resource actions are indicated with the following symbols:
TestRunCustomsgExample 2025-07-22T13:32:50+05:30 command.go:206:   [31m-[0m destroy[0m
TestRunCustomsgExample 2025-07-22T13:32:50+05:30 command.go:206: 
TestRunCustomsgExample 2025-07-22T13:32:50+05:30 command.go:206: Terraform will perform the following actions:
TestRunCustomsgExample 2025-07-22T13:32:50+05:30 command.go:206: 
TestRunCustomsgExample 2025-07-22T13:32:50+05:30 command.go:206: [1m  # ibm_is_public_gateway.gateway[0m will be [1m[31mdestroyed[0m
TestRunCustomsgExample 2025-07-22T13:32:50+05:30 command.go:206: [0m  [31m-[0m[0m resource "ibm_is_public_gateway" "gateway" {
TestRunCustomsgExample 2025-07-22T13:32:50+05:30 command.go:206:       [31m-[0m[0m access_tags             = [] [90m-> null[0m[0m
TestRunCustomsgExample 2025-07-22T13:32:50+05:30 command.go:206:       [31m-[0m[0m crn                     = "crn:v1:bluemix:public:is:jp-osa-1:a/abac0df06b644a9cabc6e44f55b3880e::public-gateway:r034-aba80141-639c-4cf6-b5eb-c17c1a0fda2c" [90m-> null[0m[0m
TestRunCustomsgExample 2025-07-22T13:32:50+05:30 command.go:206:       [31m-[0m[0m floating_ip             = {
TestRunCustomsgExample 2025-07-22T13:32:50+05:30 command.go:206:           [31m-[0m[0m "address" = "163.68.87.241"
TestRunCustomsgExample 2025-07-22T13:32:50+05:30 command.go:206:           [31m-[0m[0m "id"      = "r034-6b0b9e27-710a-441e-95a7-f65086faee0a"
TestRunCustomsgExample 2025-07-22T13:32:50+05:30 command.go:206:         } [90m-> null[0m[0m
TestRunCustomsgExample 2025-07-22T13:32:50+05:30 command.go:206:       [31m-[0m[0m id                      = "r034-aba80141-639c-4cf6-b5eb-c17c1a0fda2c" [90m-> null[0m[0m
TestRunCustomsgExample 2025-07-22T13:32:50+05:30 command.go:206:       [31m-[0m[0m name                    = "base-ocp-customsg-fs5-gateway-1" [90m-> null[0m[0m
TestRunCustomsgExample 2025-07-22T13:32:50+05:30 command.go:206:       [31m-[0m[0m resource_controller_url = "https://cloud.ibm.com/vpc-ext/network/publicGateways" [90m-> null[0m[0m
TestRunCustomsgExample 2025-07-22T13:32:50+05:30 command.go:206:       [31m-[0m[0m resource_crn            = "crn:v1:bluemix:public:is:jp-osa-1:a/abac0df06b644a9cabc6e44f55b3880e::public-gateway:r034-aba80141-639c-4cf6-b5eb-c17c1a0fda2c" [90m-> null[0m[0m
TestRunCustomsgExample 2025-07-22T13:32:50+05:30 command.go:206:       [31m-[0m[0m resource_group          = "ed293fd4909f4bc69b1e85324b8c39db" [90m-> null[0m[0m
TestRunCustomsgExample 2025-07-22T13:32:50+05:30 command.go:206:       [31m-[0m[0m resource_group_name     = "geretain-test-base-ocp-vpc" [90m-> null[0m[0m
TestRunCustomsgExample 2025-07-22T13:32:50+05:30 command.go:206:       [31m-[0m[0m resource_name           = "base-ocp-customsg-fs5-gateway-1" [90m-> null[0m[0m
TestRunCustomsgExample 2025-07-22T13:32:50+05:30 command.go:206:       [31m-[0m[0m resource_status         = "available" [90m-> null[0m[0m
TestRunCustomsgExample 2025-07-22T13:32:50+05:30 command.go:206:       [31m-[0m[0m status                  = "available" [90m-> null[0m[0m
TestRunCustomsgExample 2025-07-22T13:32:50+05:30 command.go:206:       [31m-[0m[0m tags                    = [] [90m-> null[0m[0m
TestRunCustomsgExample 2025-07-22T13:32:50+05:30 command.go:206:       [31m-[0m[0m vpc                     = "r034-f81dad4a-280a-4ff0-823a-ba484b1fc3ea" [90m-> null[0m[0m
TestRunCustomsgExample 2025-07-22T13:32:50+05:30 command.go:206:       [31m-[0m[0m zone                    = "jp-osa-1" [90m-> null[0m[0m
TestRunCustomsgExample 2025-07-22T13:32:50+05:30 command.go:206:     }
TestRunCustomsgExample 2025-07-22T13:32:50+05:30 command.go:206: 
TestRunCustomsgExample 2025-07-22T13:32:50+05:30 command.go:206: [1m  # ibm_is_subnet.subnet_zone_1[0m will be [1m[31mdestroyed[0m
TestRunCustomsgExample 2025-07-22T13:32:50+05:30 command.go:206: [0m  [31m-[0m[0m resource "ibm_is_subnet" "subnet_zone_1" {
TestRunCustomsgExample 2025-07-22T13:32:50+05:30 command.go:206:       [31m-[0m[0m access_tags                  = [] [90m-> null[0m[0m
TestRunCustomsgExample 2025-07-22T13:32:50+05:30 command.go:206:       [31m-[0m[0m available_ipv4_address_count = 239 [90m-> null[0m[0m
TestRunCustomsgExample 2025-07-22T13:32:50+05:30 command.go:206:       [31m-[0m[0m crn                          = "crn:v1:bluemix:public:is:jp-osa-1:a/abac0df06b644a9cabc6e44f55b3880e::subnet:02n7-df761470-ad53-4366-8ff9-10a64c8a391a" [90m-> null[0m[0m
TestRunCustomsgExample 2025-07-22T13:32:50+05:30 command.go:206:       [31m-[0m[0m id                           = "02n7-df761470-ad53-4366-8ff9-10a64c8a391a" [90m-> null[0m[0m
TestRunCustomsgExample 2025-07-22T13:32:50+05:30 command.go:206:       [31m-[0m[0m ip_version                   = "ipv4" [90m-> null[0m[0m
TestRunCustomsgExample 2025-07-22T13:32:50+05:30 command.go:206:       [31m-[0m[0m ipv4_cidr_block              = "10.248.0.0/24" [90m-> null[0m[0m
TestRunCustomsgExample 2025-07-22T13:32:50+05:30 command.go:206:       [31m-[0m[0m name                         = "base-ocp-customsg-fs5-subnet-1" [90m-> null[0m[0m
TestRunCustomsgExample 2025-07-22T13:32:50+05:30 command.go:206:       [31m-[0m[0m network_acl                  = "r034-878ebcce-65c1-4542-9010-a2cfae843623" [90m-> null[0m[0m
TestRunCustomsgExample 2025-07-22T13:32:50+05:30 command.go:206:       [31m-[0m[0m public_gateway               = "r034-aba80141-639c-4cf6-b5eb-c17c1a0fda2c" [90m-> null[0m[0m
TestRunCustomsgExample 2025-07-22T13:32:50+05:30 command.go:206:       [31m-[0m[0m resource_controller_url      = "https://cloud.ibm.com/vpc-ext/network/subnets" [90m-> null[0m[0m
TestRunCustomsgExample 2025-07-22T13:32:50+05:30 command.go:206:       [31m-[0m[0m resource_crn                 = "crn:v1:bluemix:public:is:jp-osa-1:a/abac0df06b644a9cabc6e44f55b3880e::subnet:02n7-df761470-ad53-4366-8ff9-10a64c8a391a" [90m-> null[0m[0m
TestRunCustomsgExample 2025-07-22T13:32:50+05:30 command.go:206:       [31m-[0m[0m resource_group               = "ed293fd4909f4bc69b1e85324b8c39db" [90m-> null[0m[0m
TestRunCustomsgExample 2025-07-22T13:32:50+05:30 command.go:206:       [31m-[0m[0m resource_group_name          = "geretain-test-base-ocp-vpc" [90m-> null[0m[0m
TestRunCustomsgExample 2025-07-22T13:32:50+05:30 command.go:206:       [31m-[0m[0m resource_name                = "base-ocp-customsg-fs5-subnet-1" [90m-> null[0m[0m
TestRunCustomsgExample 2025-07-22T13:32:50+05:30 command.go:206:       [31m-[0m[0m resource_status              = "available" [90m-> null[0m[0m
TestRunCustomsgExample 2025-07-22T13:32:50+05:30 command.go:206:       [31m-[0m[0m routing_table                = "r034-607eeb53-bacb-4736-ad7a-c3148bf51688" [90m-> null[0m[0m
TestRunCustomsgExample 2025-07-22T13:32:50+05:30 command.go:206:       [31m-[0m[0m routing_table_crn            = "crn:v1:bluemix:public:is:jp-osa:a/abac0df06b644a9cabc6e44f55b3880e::vpc-routing-table:r034-f81dad4a-280a-4ff0-823a-ba484b1fc3ea/r034-607eeb53-bacb-4736-ad7a-c3148bf51688" [90m-> null[0m[0m
TestRunCustomsgExample 2025-07-22T13:32:50+05:30 command.go:206:       [31m-[0m[0m status                       = "available" [90m-> null[0m[0m
TestRunCustomsgExample 2025-07-22T13:32:50+05:30 command.go:206:       [31m-[0m[0m tags                         = [] [90m-> null[0m[0m
TestRunCustomsgExample 2025-07-22T13:32:50+05:30 command.go:206:       [31m-[0m[0m total_ipv4_address_count     = 256 [90m-> null[0m[0m
TestRunCustomsgExample 2025-07-22T13:32:50+05:30 command.go:206:       [31m-[0m[0m vpc                          = "r034-f81dad4a-280a-4ff0-823a-ba484b1fc3ea" [90m-> null[0m[0m
TestRunCustomsgExample 2025-07-22T13:32:50+05:30 command.go:206:       [31m-[0m[0m zone                         = "jp-osa-1" [90m-> null[0m[0m
TestRunCustomsgExample 2025-07-22T13:32:50+05:30 command.go:206:     }
TestRunCustomsgExample 2025-07-22T13:32:50+05:30 command.go:206: 
TestRunCustomsgExample 2025-07-22T13:32:50+05:30 command.go:206: [1m  # ibm_is_vpc.vpc[0m will be [1m[31mdestroyed[0m
TestRunCustomsgExample 2025-07-22T13:32:50+05:30 command.go:206: [0m  [31m-[0m[0m resource "ibm_is_vpc" "vpc" {
TestRunCustomsgExample 2025-07-22T13:32:50+05:30 command.go:206:       [31m-[0m[0m access_tags                 = [] [90m-> null[0m[0m
TestRunCustomsgExample 2025-07-22T13:32:50+05:30 command.go:206:       [31m-[0m[0m address_prefix_management   = "auto" [90m-> null[0m[0m
TestRunCustomsgExample 2025-07-22T13:32:50+05:30 command.go:206:       [31m-[0m[0m classic_access              = false [90m-> null[0m[0m
TestRunCustomsgExample 2025-07-22T13:32:50+05:30 command.go:206:       [31m-[0m[0m crn                         = "crn:v1:bluemix:public:is:jp-osa:a/abac0df06b644a9cabc6e44f55b3880e::vpc:r034-f81dad4a-280a-4ff0-823a-ba484b1fc3ea" [90m-> null[0m[0m
TestRunCustomsgExample 2025-07-22T13:32:50+05:30 command.go:206:       [31m-[0m[0m cse_source_addresses        = [
TestRunCustomsgExample 2025-07-22T13:32:50+05:30 command.go:206:           [31m-[0m[0m {
TestRunCustomsgExample 2025-07-22T13:32:50+05:30 command.go:206:               [31m-[0m[0m address   = "10.12.13.199"
TestRunCustomsgExample 2025-07-22T13:32:50+05:30 command.go:206:               [31m-[0m[0m zone_name = "jp-osa-1"
TestRunCustomsgExample 2025-07-22T13:32:50+05:30 command.go:206:             },
TestRunCustomsgExample 2025-07-22T13:32:50+05:30 command.go:206:           [31m-[0m[0m {
TestRunCustomsgExample 2025-07-22T13:32:50+05:30 command.go:206:               [31m-[0m[0m address   = "10.12.32.25"
TestRunCustomsgExample 2025-07-22T13:32:50+05:30 command.go:206:               [31m-[0m[0m zone_name = "jp-osa-2"
TestRunCustomsgExample 2025-07-22T13:32:50+05:30 command.go:206:             },
TestRunCustomsgExample 2025-07-22T13:32:50+05:30 command.go:206:           [31m-[0m[0m {
TestRunCustomsgExample 2025-07-22T13:32:50+05:30 command.go:206:               [31m-[0m[0m address   = "10.12.41.144"
TestRunCustomsgExample 2025-07-22T13:32:50+05:30 command.go:206:               [31m-[0m[0m zone_name = "jp-osa-3"
TestRunCustomsgExample 2025-07-22T13:32:50+05:30 command.go:206:             },
TestRunCustomsgExample 2025-07-22T13:32:50+05:30 command.go:206:         ] [90m-> null[0m[0m
TestRunCustomsgExample 2025-07-22T13:32:50+05:30 command.go:206:       [31m-[0m[0m default_address_prefixes    = {
TestRunCustomsgExample 2025-07-22T13:32:50+05:30 command.go:206:           [31m-[0m[0m "jp-osa-1" = "10.248.0.0/18"
TestRunCustomsgExample 2025-07-22T13:32:50+05:30 command.go:206:           [31m-[0m[0m "jp-osa-2" = "10.248.64.0/18"
TestRunCustomsgExample 2025-07-22T13:32:50+05:30 command.go:206:           [31m-[0m[0m "jp-osa-3" = "10.248.128.0/18"
TestRunCustomsgExample 2025-07-22T13:32:50+05:30 command.go:206:         } [90m-> null[0m[0m
TestRunCustomsgExample 2025-07-22T13:32:50+05:30 command.go:206:       [31m-[0m[0m default_network_acl         = "r034-878ebcce-65c1-4542-9010-a2cfae843623" [90m-> null[0m[0m
TestRunCustomsgExample 2025-07-22T13:32:50+05:30 command.go:206:       [31m-[0m[0m default_network_acl_crn     = "crn:v1:bluemix:public:is:jp-osa:a/abac0df06b644a9cabc6e44f55b3880e::network-acl:r034-878ebcce-65c1-4542-9010-a2cfae843623" [90m-> null[0m[0m
TestRunCustomsgExample 2025-07-22T13:32:50+05:30 command.go:206:       [31m-[0m[0m default_network_acl_name    = "botanist-oil-uncombed-canary" [90m-> null[0m[0m
TestRunCustomsgExample 2025-07-22T13:32:50+05:30 command.go:206:       [31m-[0m[0m default_routing_table       = "r034-607eeb53-bacb-4736-ad7a-c3148bf51688" [90m-> null[0m[0m
TestRunCustomsgExample 2025-07-22T13:32:50+05:30 command.go:206:       [31m-[0m[0m default_routing_table_crn   = "crn:v1:bluemix:public:is:jp-osa:a/abac0df06b644a9cabc6e44f55b3880e::vpc-routing-table:r034-f81dad4a-280a-4ff0-823a-ba484b1fc3ea/r034-607eeb53-bacb-4736-ad7a-c3148bf51688" [90m-> null[0m[0m
TestRunCustomsgExample 2025-07-22T13:32:50+05:30 command.go:206:       [31m-[0m[0m default_routing_table_name  = "unstable-hatchet-festivity-conjure" [90m-> null[0m[0m
TestRunCustomsgExample 2025-07-22T13:32:50+05:30 command.go:206:       [31m-[0m[0m default_security_group      = "r034-2ce38964-206c-4961-a52a-84325930fc25" [90m-> null[0m[0m
TestRunCustomsgExample 2025-07-22T13:32:50+05:30 command.go:206:       [31m-[0m[0m default_security_group_crn  = "crn:v1:bluemix:public:is:jp-osa:a/abac0df06b644a9cabc6e44f55b3880e::security-group:r034-2ce38964-206c-4961-a52a-84325930fc25" [90m-> null[0m[0m
TestRunCustomsgExample 2025-07-22T13:32:50+05:30 command.go:206:       [31m-[0m[0m default_security_group_name = "postcard-satiable-unused-amount" [90m-> null[0m[0m
TestRunCustomsgExample 2025-07-22T13:32:50+05:30 command.go:206:       [31m-[0m[0m health_reasons              = [] [90m-> null[0m[0m
TestRunCustomsgExample 2025-07-22T13:32:50+05:30 command.go:206:       [31m-[0m[0m health_state                = "ok" [90m-> null[0m[0m
TestRunCustomsgExample 2025-07-22T13:32:50+05:30 command.go:206:       [31m-[0m[0m id                          = "r034-f81dad4a-280a-4ff0-823a-ba484b1fc3ea" [90m-> null[0m[0m
TestRunCustomsgExample 2025-07-22T13:32:50+05:30 command.go:206:       [31m-[0m[0m name                        = "base-ocp-customsg-fs5-vpc" [90m-> null[0m[0m
TestRunCustomsgExample 2025-07-22T13:32:50+05:30 command.go:206:       [31m-[0m[0m no_sg_acl_rules             = false [90m-> null[0m[0m
TestRunCustomsgExample 2025-07-22T13:32:50+05:30 command.go:206:       [31m-[0m[0m resource_controller_url     = "https://cloud.ibm.com/vpc-ext/network/vpcs" [90m-> null[0m[0m
TestRunCustomsgExample 2025-07-22T13:32:50+05:30 command.go:206:       [31m-[0m[0m resource_crn                = "crn:v1:bluemix:public:is:jp-osa:a/abac0df06b644a9cabc6e44f55b3880e::vpc:r034-f81dad4a-280a-4ff0-823a-ba484b1fc3ea" [90m-> null[0m[0m
TestRunCustomsgExample 2025-07-22T13:32:50+05:30 command.go:206:       [31m-[0m[0m resource_group              = "ed293fd4909f4bc69b1e85324b8c39db" [90m-> null[0m[0m
TestRunCustomsgExample 2025-07-22T13:32:50+05:30 command.go:206:       [31m-[0m[0m resource_group_name         = "geretain-test-base-ocp-vpc" [90m-> null[0m[0m
TestRunCustomsgExample 2025-07-22T13:32:50+05:30 command.go:206:       [31m-[0m[0m resource_name               = "base-ocp-customsg-fs5-vpc" [90m-> null[0m[0m
TestRunCustomsgExample 2025-07-22T13:32:50+05:30 command.go:206:       [31m-[0m[0m resource_status             = "available" [90m-> null[0m[0m
TestRunCustomsgExample 2025-07-22T13:32:50+05:30 command.go:206:       [31m-[0m[0m security_group              = [
TestRunCustomsgExample 2025-07-22T13:32:50+05:30 command.go:206:           [31m-[0m[0m {
TestRunCustomsgExample 2025-07-22T13:32:50+05:30 command.go:206:               [31m-[0m[0m group_id   = "r034-d7c8f616-c646-4c0f-b296-6a66613920bb"
TestRunCustomsgExample 2025-07-22T13:32:50+05:30 command.go:206:               [31m-[0m[0m group_name = "kube-lbaas-d1vjm9jo0mot2mfh0k0g"
TestRunCustomsgExample 2025-07-22T13:32:50+05:30 command.go:206:               [31m-[0m[0m rules      = [
TestRunCustomsgExample 2025-07-22T13:32:50+05:30 command.go:206:                   [31m-[0m[0m {
TestRunCustomsgExample 2025-07-22T13:32:50+05:30 command.go:206:                       [31m-[0m[0m code       = 0
TestRunCustomsgExample 2025-07-22T13:32:50+05:30 command.go:206:                       [31m-[0m[0m direction  = "outbound"
TestRunCustomsgExample 2025-07-22T13:32:50+05:30 command.go:206:                       [31m-[0m[0m ip_version = "ipv4"
TestRunCustomsgExample 2025-07-22T13:32:50+05:30 command.go:206:                       [31m-[0m[0m port_max   = 30134
TestRunCustomsgExample 2025-07-22T13:32:50+05:30 command.go:206:                       [31m-[0m[0m port_min   = 30134
TestRunCustomsgExample 2025-07-22T13:32:50+05:30 command.go:206:                       [31m-[0m[0m protocol   = "tcp"
TestRunCustomsgExample 2025-07-22T13:32:50+05:30 command.go:206:                       [31m-[0m[0m remote     = "r034-65a974d1-ea33-4749-a8b0-76b283d430fa"
TestRunCustomsgExample 2025-07-22T13:32:50+05:30 command.go:206:                       [31m-[0m[0m rule_id    = "r034-e11d240d-5951-4141-ba48-6c6c93096fa5"
TestRunCustomsgExample 2025-07-22T13:32:50+05:30 command.go:206:                       [31m-[0m[0m type       = 0
TestRunCustomsgExample 2025-07-22T13:32:50+05:30 command.go:206:                     },
TestRunCustomsgExample 2025-07-22T13:32:50+05:30 command.go:206:                   [31m-[0m[0m {
TestRunCustomsgExample 2025-07-22T13:32:50+05:30 command.go:206:                       [31m-[0m[0m code       = 0
TestRunCustomsgExample 2025-07-22T13:32:50+05:30 command.go:206:                       [31m-[0m[0m direction  = "outbound"
TestRunCustomsgExample 2025-07-22T13:32:50+05:30 command.go:206:                       [31m-[0m[0m ip_version = "ipv4"
TestRunCustomsgExample 2025-07-22T13:32:50+05:30 command.go:206:                       [31m-[0m[0m port_max   = 32203
TestRunCustomsgExample 2025-07-22T13:32:50+05:30 command.go:206:                       [31m-[0m[0m port_min   = 32203
TestRunCustomsgExample 2025-07-22T13:32:50+05:30 command.go:206:                       [31m-[0m[0m protocol   = "tcp"
TestRunCustomsgExample 2025-07-22T13:32:50+05:30 command.go:206:                       [31m-[0m[0m remote     = "r034-65a974d1-ea33-4749-a8b0-76b283d430fa"
TestRunCustomsgExample 2025-07-22T13:32:50+05:30 command.go:206:                       [31m-[0m[0m rule_id    = "r034-725aea9c-421c-4836-bec7-d143adab3ec5"
TestRunCustomsgExample 2025-07-22T13:32:50+05:30 command.go:206:                       [31m-[0m[0m type       = 0
TestRunCustomsgExample 2025-07-22T13:32:50+05:30 command.go:206:                     },
TestRunCustomsgExample 2025-07-22T13:32:50+05:30 command.go:206:                   [31m-[0m[0m {
TestRunCustomsgExample 2025-07-22T13:32:50+05:30 command.go:206:                       [31m-[0m[0m code       = 0
TestRunCustomsgExample 2025-07-22T13:32:50+05:30 command.go:206:                       [31m-[0m[0m direction  = "inbound"
TestRunCustomsgExample 2025-07-22T13:32:50+05:30 command.go:206:                       [31m-[0m[0m ip_version = "ipv4"
TestRunCustomsgExample 2025-07-22T13:32:50+05:30 command.go:206:                       [31m-[0m[0m port_max   = 80
TestRunCustomsgExample 2025-07-22T13:32:50+05:30 command.go:206:                       [31m-[0m[0m port_min   = 80
TestRunCustomsgExample 2025-07-22T13:32:50+05:30 command.go:206:                       [31m-[0m[0m protocol   = "tcp"
TestRunCustomsgExample 2025-07-22T13:32:50+05:30 command.go:206:                       [31m-[0m[0m remote     = "0.0.0.0/0"
TestRunCustomsgExample 2025-07-22T13:32:50+05:30 command.go:206:                       [31m-[0m[0m rule_id    = "r034-5ee1c2d0-60a4-4913-9ee1-958ddd4850f1"
TestRunCustomsgExample 2025-07-22T13:32:50+05:30 command.go:206:                       [31m-[0m[0m type       = 0
TestRunCustomsgExample 2025-07-22T13:32:50+05:30 command.go:206:                     },
TestRunCustomsgExample 2025-07-22T13:32:50+05:30 command.go:206:                   [31m-[0m[0m {
TestRunCustomsgExample 2025-07-22T13:32:50+05:30 command.go:206:                       [31m-[0m[0m code       = 0
TestRunCustomsgExample 2025-07-22T13:32:50+05:30 command.go:206:                       [31m-[0m[0m direction  = "inbound"
TestRunCustomsgExample 2025-07-22T13:32:50+05:30 command.go:206:                       [31m-[0m[0m ip_version = "ipv4"
TestRunCustomsgExample 2025-07-22T13:32:50+05:30 command.go:206:                       [31m-[0m[0m port_max   = 443
TestRunCustomsgExample 2025-07-22T13:32:50+05:30 command.go:206:                       [31m-[0m[0m port_min   = 443
TestRunCustomsgExample 2025-07-22T13:32:50+05:30 command.go:206:                       [31m-[0m[0m protocol   = "tcp"
TestRunCustomsgExample 2025-07-22T13:32:50+05:30 command.go:206:                       [31m-[0m[0m remote     = "0.0.0.0/0"
TestRunCustomsgExample 2025-07-22T13:32:50+05:30 command.go:206:                       [31m-[0m[0m rule_id    = "r034-f5f890a3-abd6-4bfa-a646-59699d32efd0"
TestRunCustomsgExample 2025-07-22T13:32:50+05:30 command.go:206:                       [31m-[0m[0m type       = 0
TestRunCustomsgExample 2025-07-22T13:32:50+05:30 command.go:206:                     },
TestRunCustomsgExample 2025-07-22T13:32:50+05:30 command.go:206:                   [31m-[0m[0m {
TestRunCustomsgExample 2025-07-22T13:32:50+05:30 command.go:206:                       [31m-[0m[0m code       = 0
TestRunCustomsgExample 2025-07-22T13:32:50+05:30 command.go:206:                       [31m-[0m[0m direction  = "inbound"
TestRunCustomsgExample 2025-07-22T13:32:50+05:30 command.go:206:                       [31m-[0m[0m ip_version = "ipv4"
TestRunCustomsgExample 2025-07-22T13:32:50+05:30 command.go:206:                       [31m-[0m[0m port_max   = 443
TestRunCustomsgExample 2025-07-22T13:32:50+05:30 command.go:206:                       [31m-[0m[0m port_min   = 443
TestRunCustomsgExample 2025-07-22T13:32:50+05:30 command.go:206:                       [31m-[0m[0m protocol   = "tcp"
TestRunCustomsgExample 2025-07-22T13:32:50+05:30 command.go:206:                       [31m-[0m[0m remote     = "163.68.87.241"
TestRunCustomsgExample 2025-07-22T13:32:50+05:30 command.go:206:                       [31m-[0m[0m rule_id    = "r034-f7e0287e-0a1d-4ad5-b09f-32616fbd8146"
TestRunCustomsgExample 2025-07-22T13:32:50+05:30 command.go:206:                       [31m-[0m[0m type       = 0
TestRunCustomsgExample 2025-07-22T13:32:50+05:30 command.go:206:                     },
TestRunCustomsgExample 2025-07-22T13:32:50+05:30 command.go:206:                 ]
TestRunCustomsgExample 2025-07-22T13:32:50+05:30 command.go:206:             },
TestRunCustomsgExample 2025-07-22T13:32:50+05:30 command.go:206:           [31m-[0m[0m {
TestRunCustomsgExample 2025-07-22T13:32:50+05:30 command.go:206:               [31m-[0m[0m group_id   = "r034-e94a7557-fb65-4158-8a88-d5a74899a20a"
TestRunCustomsgExample 2025-07-22T13:32:50+05:30 command.go:206:               [31m-[0m[0m group_name = "kube-vpegw-d1vjm9jo0mot2mfh0k0g"
TestRunCustomsgExample 2025-07-22T13:32:50+05:30 command.go:206:               [31m-[0m[0m rules      = [
TestRunCustomsgExample 2025-07-22T13:32:50+05:30 command.go:206:                   [31m-[0m[0m {
TestRunCustomsgExample 2025-07-22T13:32:50+05:30 command.go:206:                       [31m-[0m[0m code       = 0
TestRunCustomsgExample 2025-07-22T13:32:50+05:30 command.go:206:                       [31m-[0m[0m direction  = "inbound"
TestRunCustomsgExample 2025-07-22T13:32:50+05:30 command.go:206:                       [31m-[0m[0m ip_version = "ipv4"
TestRunCustomsgExample 2025-07-22T13:32:50+05:30 command.go:206:                       [31m-[0m[0m port_max   = 32220
TestRunCustomsgExample 2025-07-22T13:32:50+05:30 command.go:206:                       [31m-[0m[0m port_min   = 32220
TestRunCustomsgExample 2025-07-22T13:32:50+05:30 command.go:206:                       [31m-[0m[0m protocol   = "tcp"
TestRunCustomsgExample 2025-07-22T13:32:50+05:30 command.go:206:                       [31m-[0m[0m remote     = "r034-65a974d1-ea33-4749-a8b0-76b283d430fa"
TestRunCustomsgExample 2025-07-22T13:32:50+05:30 command.go:206:                       [31m-[0m[0m rule_id    = "r034-4bf5315f-e01e-4630-ba26-6e98a10aeec8"
TestRunCustomsgExample 2025-07-22T13:32:50+05:30 command.go:206:                       [31m-[0m[0m type       = 0
TestRunCustomsgExample 2025-07-22T13:32:50+05:30 command.go:206:                     },
TestRunCustomsgExample 2025-07-22T13:32:50+05:30 command.go:206:                   [31m-[0m[0m {
TestRunCustomsgExample 2025-07-22T13:32:50+05:30 command.go:206:                       [31m-[0m[0m code       = 0
TestRunCustomsgExample 2025-07-22T13:32:50+05:30 command.go:206:                       [31m-[0m[0m direction  = "inbound"
TestRunCustomsgExample 2025-07-22T13:32:50+05:30 command.go:206:                       [31m-[0m[0m ip_version = "ipv4"
TestRunCustomsgExample 2025-07-22T13:32:50+05:30 command.go:206:                       [31m-[0m[0m port_max   = 30160
TestRunCustomsgExample 2025-07-22T13:32:50+05:30 command.go:206:                       [31m-[0m[0m port_min   = 30160
TestRunCustomsgExample 2025-07-22T13:32:50+05:30 command.go:206:                       [31m-[0m[0m protocol   = "tcp"
TestRunCustomsgExample 2025-07-22T13:32:50+05:30 command.go:206:                       [31m-[0m[0m remote     = "r034-65a974d1-ea33-4749-a8b0-76b283d430fa"
TestRunCustomsgExample 2025-07-22T13:32:50+05:30 command.go:206:                       [31m-[0m[0m rule_id    = "r034-61bbabbf-58f8-4b96-b198-65456be1a9df"
TestRunCustomsgExample 2025-07-22T13:32:50+05:30 command.go:206:                       [31m-[0m[0m type       = 0
TestRunCustomsgExample 2025-07-22T13:32:50+05:30 command.go:206:                     },
TestRunCustomsgExample 2025-07-22T13:32:50+05:30 command.go:206:                   [31m-[0m[0m {
TestRunCustomsgExample 2025-07-22T13:32:50+05:30 command.go:206:                       [31m-[0m[0m code       = 0
TestRunCustomsgExample 2025-07-22T13:32:50+05:30 command.go:206:                       [31m-[0m[0m direction  = "inbound"
TestRunCustomsgExample 2025-07-22T13:32:50+05:30 command.go:206:                       [31m-[0m[0m ip_version = "ipv4"
TestRunCustomsgExample 2025-07-22T13:32:50+05:30 command.go:206:                       [31m-[0m[0m port_max   = 30669
TestRunCustomsgExample 2025-07-22T13:32:50+05:30 command.go:206:                       [31m-[0m[0m port_min   = 30669
TestRunCustomsgExample 2025-07-22T13:32:50+05:30 command.go:206:                       [31m-[0m[0m protocol   = "tcp"
TestRunCustomsgExample 2025-07-22T13:32:50+05:30 command.go:206:                       [31m-[0m[0m remote     = "r034-65a974d1-ea33-4749-a8b0-76b283d430fa"
TestRunCustomsgExample 2025-07-22T13:32:50+05:30 command.go:206:                       [31m-[0m[0m rule_id    = "r034-520e0d04-09fe-4368-8b33-4410927151b3"
TestRunCustomsgExample 2025-07-22T13:32:50+05:30 command.go:206:                       [31m-[0m[0m type       = 0
TestRunCustomsgExample 2025-07-22T13:32:50+05:30 command.go:206:                     },
TestRunCustomsgExample 2025-07-22T13:32:50+05:30 command.go:206:                   [31m-[0m[0m {
TestRunCustomsgExample 2025-07-22T13:32:50+05:30 command.go:206:                       [31m-[0m[0m code       = 0
TestRunCustomsgExample 2025-07-22T13:32:50+05:30 command.go:206:                       [31m-[0m[0m direction  = "inbound"
TestRunCustomsgExample 2025-07-22T13:32:50+05:30 command.go:206:                       [31m-[0m[0m ip_version = "ipv4"
TestRunCustomsgExample 2025-07-22T13:32:50+05:30 command.go:206:                       [31m-[0m[0m port_max   = 32220
TestRunCustomsgExample 2025-07-22T13:32:50+05:30 command.go:206:                       [31m-[0m[0m port_min   = 32220
TestRunCustomsgExample 2025-07-22T13:32:50+05:30 command.go:206:                       [31m-[0m[0m protocol   = "tcp"
TestRunCustomsgExample 2025-07-22T13:32:50+05:30 command.go:206:                       [31m-[0m[0m remote     = "10.248.0.0/24"
TestRunCustomsgExample 2025-07-22T13:32:50+05:30 command.go:206:                       [31m-[0m[0m rule_id    = "r034-77498c97-ff9f-46c3-b9eb-71227bbee5a5"
TestRunCustomsgExample 2025-07-22T13:32:50+05:30 command.go:206:                       [31m-[0m[0m type       = 0
TestRunCustomsgExample 2025-07-22T13:32:50+05:30 command.go:206:                     },
TestRunCustomsgExample 2025-07-22T13:32:50+05:30 command.go:206:                   [31m-[0m[0m {
TestRunCustomsgExample 2025-07-22T13:32:50+05:30 command.go:206:                       [31m-[0m[0m code       = 0
TestRunCustomsgExample 2025-07-22T13:32:50+05:30 command.go:206:                       [31m-[0m[0m direction  = "inbound"
TestRunCustomsgExample 2025-07-22T13:32:50+05:30 command.go:206:                       [31m-[0m[0m ip_version = "ipv4"
TestRunCustomsgExample 2025-07-22T13:32:50+05:30 command.go:206:                       [31m-[0m[0m port_max   = 30669
TestRunCustomsgExample 2025-07-22T13:32:50+05:30 command.go:206:                       [31m-[0m[0m port_min   = 30669
TestRunCustomsgExample 2025-07-22T13:32:50+05:30 command.go:206:                       [31m-[0m[0m protocol   = "tcp"
TestRunCustomsgExample 2025-07-22T13:32:50+05:30 command.go:206:                       [31m-[0m[0m remote     = "10.248.0.0/24"
TestRunCustomsgExample 2025-07-22T13:32:50+05:30 command.go:206:                       [31m-[0m[0m rule_id    = "r034-a112fed6-6ac9-419a-9e40-95517e86aef5"
TestRunCustomsgExample 2025-07-22T13:32:50+05:30 command.go:206:                       [31m-[0m[0m type       = 0
TestRunCustomsgExample 2025-07-22T13:32:50+05:30 command.go:206:                     },
TestRunCustomsgExample 2025-07-22T13:32:50+05:30 command.go:206:                 ]
TestRunCustomsgExample 2025-07-22T13:32:50+05:30 command.go:206:             },
TestRunCustomsgExample 2025-07-22T13:32:50+05:30 command.go:206:           [31m-[0m[0m {
TestRunCustomsgExample 2025-07-22T13:32:50+05:30 command.go:206:               [31m-[0m[0m group_id   = "r034-65a974d1-ea33-4749-a8b0-76b283d430fa"
TestRunCustomsgExample 2025-07-22T13:32:50+05:30 command.go:206:               [31m-[0m[0m group_name = "kube-d1vjm9jo0mot2mfh0k0g"
TestRunCustomsgExample 2025-07-22T13:32:50+05:30 command.go:206:               [31m-[0m[0m rules      = [
TestRunCustomsgExample 2025-07-22T13:32:50+05:30 command.go:206:                   [31m-[0m[0m {
TestRunCustomsgExample 2025-07-22T13:32:50+05:30 command.go:206:                       [31m-[0m[0m code       = 0
TestRunCustomsgExample 2025-07-22T13:32:50+05:30 command.go:206:                       [31m-[0m[0m direction  = "outbound"
TestRunCustomsgExample 2025-07-22T13:32:50+05:30 command.go:206:                       [31m-[0m[0m ip_version = "ipv4"
TestRunCustomsgExample 2025-07-22T13:32:50+05:30 command.go:206:                       [31m-[0m[0m port_max   = 0
TestRunCustomsgExample 2025-07-22T13:32:50+05:30 command.go:206:                       [31m-[0m[0m port_min   = 0
TestRunCustomsgExample 2025-07-22T13:32:50+05:30 command.go:206:                       [31m-[0m[0m protocol   = "all"
TestRunCustomsgExample 2025-07-22T13:32:50+05:30 command.go:206:                       [31m-[0m[0m remote     = "161.26.0.0/16"
TestRunCustomsgExample 2025-07-22T13:32:50+05:30 command.go:206:                       [31m-[0m[0m rule_id    = "r034-fc20c1b6-5f4c-499a-8ac0-2ecd56cf9b01"
TestRunCustomsgExample 2025-07-22T13:32:50+05:30 command.go:206:                       [31m-[0m[0m type       = 0
TestRunCustomsgExample 2025-07-22T13:32:50+05:30 command.go:206:                     },
TestRunCustomsgExample 2025-07-22T13:32:50+05:30 command.go:206:                   [31m-[0m[0m {
TestRunCustomsgExample 2025-07-22T13:32:50+05:30 command.go:206:                       [31m-[0m[0m code       = 0
TestRunCustomsgExample 2025-07-22T13:32:50+05:30 command.go:206:                       [31m-[0m[0m direction  = "outbound"
TestRunCustomsgExample 2025-07-22T13:32:50+05:30 command.go:206:                       [31m-[0m[0m ip_version = "ipv4"
TestRunCustomsgExample 2025-07-22T13:32:50+05:30 command.go:206:                       [31m-[0m[0m port_max   = 0
TestRunCustomsgExample 2025-07-22T13:32:50+05:30 command.go:206:                       [31m-[0m[0m port_min   = 0
TestRunCustomsgExample 2025-07-22T13:32:50+05:30 command.go:206:                       [31m-[0m[0m protocol   = "all"
TestRunCustomsgExample 2025-07-22T13:32:50+05:30 command.go:206:                       [31m-[0m[0m remote     = "r034-d06d472b-939d-4ff7-baa6-275e440f817d"
TestRunCustomsgExample 2025-07-22T13:32:50+05:30 command.go:206:                       [31m-[0m[0m rule_id    = "r034-8f00c08e-0baf-4af8-b224-33bfde9b0281"
TestRunCustomsgExample 2025-07-22T13:32:50+05:30 command.go:206:                       [31m-[0m[0m type       = 0
TestRunCustomsgExample 2025-07-22T13:32:50+05:30 command.go:206:                     },
TestRunCustomsgExample 2025-07-22T13:32:50+05:30 command.go:206:                   [31m-[0m[0m {
TestRunCustomsgExample 2025-07-22T13:32:50+05:30 command.go:206:                       [31m-[0m[0m code       = 0
TestRunCustomsgExample 2025-07-22T13:32:50+05:30 command.go:206:                       [31m-[0m[0m direction  = "outbound"
TestRunCustomsgExample 2025-07-22T13:32:50+05:30 command.go:206:                       [31m-[0m[0m ip_version = "ipv4"
TestRunCustomsgExample 2025-07-22T13:32:50+05:30 command.go:206:                       [31m-[0m[0m port_max   = 0
TestRunCustomsgExample 2025-07-22T13:32:50+05:30 command.go:206:                       [31m-[0m[0m port_min   = 0
TestRunCustomsgExample 2025-07-22T13:32:50+05:30 command.go:206:                       [31m-[0m[0m protocol   = "all"
TestRunCustomsgExample 2025-07-22T13:32:50+05:30 command.go:206:                       [31m-[0m[0m remote     = "166.8.0.0/14"
TestRunCustomsgExample 2025-07-22T13:32:50+05:30 command.go:206:                       [31m-[0m[0m rule_id    = "r034-6832e1ad-3dbb-427a-9cc5-2293e32ba006"
TestRunCustomsgExample 2025-07-22T13:32:50+05:30 command.go:206:                       [31m-[0m[0m type       = 0
TestRunCustomsgExample 2025-07-22T13:32:50+05:30 command.go:206:                     },
TestRunCustomsgExample 2025-07-22T13:32:50+05:30 command.go:206:                   [31m-[0m[0m {
TestRunCustomsgExample 2025-07-22T13:32:50+05:30 command.go:206:                       [31m-[0m[0m code       = 0
TestRunCustomsgExample 2025-07-22T13:32:50+05:30 command.go:206:                       [31m-[0m[0m direction  = "outbound"
TestRunCustomsgExample 2025-07-22T13:32:50+05:30 command.go:206:                       [31m-[0m[0m ip_version = "ipv4"
TestRunCustomsgExample 2025-07-22T13:32:50+05:30 command.go:206:                       [31m-[0m[0m port_max   = 0
TestRunCustomsgExample 2025-07-22T13:32:50+05:30 command.go:206:                       [31m-[0m[0m port_min   = 0
TestRunCustomsgExample 2025-07-22T13:32:50+05:30 command.go:206:                       [31m-[0m[0m protocol   = "all"
TestRunCustomsgExample 2025-07-22T13:32:50+05:30 command.go:206:                       [31m-[0m[0m remote     = "166.9.251.2"
TestRunCustomsgExample 2025-07-22T13:32:50+05:30 command.go:206:                       [31m-[0m[0m rule_id    = "r034-d1d7142c-de8f-43b9-ac67-ffbd847c1bfa"
TestRunCustomsgExample 2025-07-22T13:32:50+05:30 command.go:206:                       [31m-[0m[0m type       = 0
TestRunCustomsgExample 2025-07-22T13:32:50+05:30 command.go:206:                     },
TestRunCustomsgExample 2025-07-22T13:32:50+05:30 command.go:206:                   [31m-[0m[0m {
TestRunCustomsgExample 2025-07-22T13:32:50+05:30 command.go:206:                       [31m-[0m[0m code       = 0
TestRunCustomsgExample 2025-07-22T13:32:50+05:30 command.go:206:                       [31m-[0m[0m direction  = "outbound"
TestRunCustomsgExample 2025-07-22T13:32:50+05:30 command.go:206:                       [31m-[0m[0m ip_version = "ipv4"
TestRunCustomsgExample 2025-07-22T13:32:50+05:30 command.go:206:                       [31m-[0m[0m port_max   = 0
TestRunCustomsgExample 2025-07-22T13:32:50+05:30 command.go:206:                       [31m-[0m[0m port_min   = 0
TestRunCustomsgExample 2025-07-22T13:32:50+05:30 command.go:206:                       [31m-[0m[0m protocol   = "all"
TestRunCustomsgExample 2025-07-22T13:32:50+05:30 command.go:206:                       [31m-[0m[0m remote     = "166.9.250.226"
TestRunCustomsgExample 2025-07-22T13:32:50+05:30 command.go:206:                       [31m-[0m[0m rule_id    = "r034-d5b4e218-66c0-463b-878a-4b9af3166eb7"
TestRunCustomsgExample 2025-07-22T13:32:50+05:30 command.go:206:                       [31m-[0m[0m type       = 0
TestRunCustomsgExample 2025-07-22T13:32:50+05:30 command.go:206:                     },
TestRunCustomsgExample 2025-07-22T13:32:50+05:30 command.go:206:                   [31m-[0m[0m {
TestRunCustomsgExample 2025-07-22T13:32:50+05:30 command.go:206:                       [31m-[0m[0m code       = 0
TestRunCustomsgExample 2025-07-22T13:32:50+05:30 command.go:206:                       [31m-[0m[0m direction  = "outbound"
TestRunCustomsgExample 2025-07-22T13:32:50+05:30 command.go:206:                       [31m-[0m[0m ip_version = "ipv4"
TestRunCustomsgExample 2025-07-22T13:32:50+05:30 command.go:206:                       [31m-[0m[0m port_max   = 0
TestRunCustomsgExample 2025-07-22T13:32:50+05:30 command.go:206:                       [31m-[0m[0m port_min   = 0
TestRunCustomsgExample 2025-07-22T13:32:50+05:30 command.go:206:                       [31m-[0m[0m protocol   = "all"
TestRunCustomsgExample 2025-07-22T13:32:50+05:30 command.go:206:                       [31m-[0m[0m remote     = "166.9.250.194"
TestRunCustomsgExample 2025-07-22T13:32:50+05:30 command.go:206:                       [31m-[0m[0m rule_id    = "r034-fc5bc36d-088a-49ca-900c-40ceab763602"
TestRunCustomsgExample 2025-07-22T13:32:50+05:30 command.go:206:                       [31m-[0m[0m type       = 0
TestRunCustomsgExample 2025-07-22T13:32:50+05:30 command.go:206:                     },
TestRunCustomsgExample 2025-07-22T13:32:50+05:30 command.go:206:                   [31m-[0m[0m {
TestRunCustomsgExample 2025-07-22T13:32:50+05:30 command.go:206:                       [31m-[0m[0m code       = 0
TestRunCustomsgExample 2025-07-22T13:32:50+05:30 command.go:206:                       [31m-[0m[0m direction  = "outbound"
TestRunCustomsgExample 2025-07-22T13:32:50+05:30 command.go:206:                       [31m-[0m[0m ip_version = "ipv4"
TestRunCustomsgExample 2025-07-22T13:32:50+05:30 command.go:206:                       [31m-[0m[0m port_max   = 0
TestRunCustomsgExample 2025-07-22T13:32:50+05:30 command.go:206:                       [31m-[0m[0m port_min   = 0
TestRunCustomsgExample 2025-07-22T13:32:50+05:30 command.go:206:                       [31m-[0m[0m protocol   = "all"
TestRunCustomsgExample 2025-07-22T13:32:50+05:30 command.go:206:                       [31m-[0m[0m remote     = "r034-e94a7557-fb65-4158-8a88-d5a74899a20a"
TestRunCustomsgExample 2025-07-22T13:32:50+05:30 command.go:206:                       [31m-[0m[0m rule_id    = "r034-4f143879-dec5-42a7-9f1b-2e3346a11ef1"
TestRunCustomsgExample 2025-07-22T13:32:50+05:30 command.go:206:                       [31m-[0m[0m type       = 0
TestRunCustomsgExample 2025-07-22T13:32:50+05:30 command.go:206:                     },
TestRunCustomsgExample 2025-07-22T13:32:50+05:30 command.go:206:                   [31m-[0m[0m {
TestRunCustomsgExample 2025-07-22T13:32:50+05:30 command.go:206:                       [31m-[0m[0m code       = 0
TestRunCustomsgExample 2025-07-22T13:32:50+05:30 command.go:206:                       [31m-[0m[0m direction  = "outbound"
TestRunCustomsgExample 2025-07-22T13:32:50+05:30 command.go:206:                       [31m-[0m[0m ip_version = "ipv4"
TestRunCustomsgExample 2025-07-22T13:32:50+05:30 command.go:206:                       [31m-[0m[0m port_max   = 0
TestRunCustomsgExample 2025-07-22T13:32:50+05:30 command.go:206:                       [31m-[0m[0m port_min   = 0
TestRunCustomsgExample 2025-07-22T13:32:50+05:30 command.go:206:                       [31m-[0m[0m protocol   = "all"
TestRunCustomsgExample 2025-07-22T13:32:50+05:30 command.go:206:                       [31m-[0m[0m remote     = "r034-65a974d1-ea33-4749-a8b0-76b283d430fa"
TestRunCustomsgExample 2025-07-22T13:32:50+05:30 command.go:206:                       [31m-[0m[0m rule_id    = "r034-550de43e-63af-4403-bb4f-3c98b23d7f40"
TestRunCustomsgExample 2025-07-22T13:32:50+05:30 command.go:206:                       [31m-[0m[0m type       = 0
TestRunCustomsgExample 2025-07-22T13:32:50+05:30 command.go:206:                     },
TestRunCustomsgExample 2025-07-22T13:32:50+05:30 command.go:206:                   [31m-[0m[0m {
TestRunCustomsgExample 2025-07-22T13:32:50+05:30 command.go:206:                       [31m-[0m[0m code       = 0
TestRunCustomsgExample 2025-07-22T13:32:50+05:30 command.go:206:                       [31m-[0m[0m direction  = "outbound"
TestRunCustomsgExample 2025-07-22T13:32:50+05:30 command.go:206:                       [31m-[0m[0m ip_version = "ipv4"
TestRunCustomsgExample 2025-07-22T13:32:50+05:30 command.go:206:                       [31m-[0m[0m port_max   = 0
TestRunCustomsgExample 2025-07-22T13:32:50+05:30 command.go:206:                       [31m-[0m[0m port_min   = 0
TestRunCustomsgExample 2025-07-22T13:32:50+05:30 command.go:206:                       [31m-[0m[0m protocol   = "all"
TestRunCustomsgExample 2025-07-22T13:32:50+05:30 command.go:206:                       [31m-[0m[0m remote     = "172.17.0.0/18"
TestRunCustomsgExample 2025-07-22T13:32:50+05:30 command.go:206:                       [31m-[0m[0m rule_id    = "r034-48cf28d5-c157-41ff-b8fb-492540b1f9ce"
TestRunCustomsgExample 2025-07-22T13:32:50+05:30 command.go:206:                       [31m-[0m[0m type       = 0
TestRunCustomsgExample 2025-07-22T13:32:50+05:30 command.go:206:                     },
TestRunCustomsgExample 2025-07-22T13:32:50+05:30 command.go:206:                   [31m-[0m[0m {
TestRunCustomsgExample 2025-07-22T13:32:50+05:30 command.go:206:                       [31m-[0m[0m code       = 0
TestRunCustomsgExample 2025-07-22T13:32:50+05:30 command.go:206:                       [31m-[0m[0m direction  = "inbound"
TestRunCustomsgExample 2025-07-22T13:32:50+05:30 command.go:206:                       [31m-[0m[0m ip_version = "ipv4"
TestRunCustomsgExample 2025-07-22T13:32:50+05:30 command.go:206:                       [31m-[0m[0m port_max   = 0
TestRunCustomsgExample 2025-07-22T13:32:50+05:30 command.go:206:                       [31m-[0m[0m port_min   = 0
TestRunCustomsgExample 2025-07-22T13:32:50+05:30 command.go:206:                       [31m-[0m[0m protocol   = "all"
TestRunCustomsgExample 2025-07-22T13:32:50+05:30 command.go:206:                       [31m-[0m[0m remote     = "172.17.0.0/18"
TestRunCustomsgExample 2025-07-22T13:32:50+05:30 command.go:206:                       [31m-[0m[0m rule_id    = "r034-3194d057-4369-45e3-9f18-4ec9b6a9ac9b"
TestRunCustomsgExample 2025-07-22T13:32:50+05:30 command.go:206:                       [31m-[0m[0m type       = 0
TestRunCustomsgExample 2025-07-22T13:32:50+05:30 command.go:206:                     },
TestRunCustomsgExample 2025-07-22T13:32:50+05:30 command.go:206:                   [31m-[0m[0m {
TestRunCustomsgExample 2025-07-22T13:32:50+05:30 command.go:206:                       [31m-[0m[0m code       = 0
TestRunCustomsgExample 2025-07-22T13:32:50+05:30 command.go:206:                       [31m-[0m[0m direction  = "inbound"
TestRunCustomsgExample 2025-07-22T13:32:50+05:30 command.go:206:                       [31m-[0m[0m ip_version = "ipv4"
TestRunCustomsgExample 2025-07-22T13:32:50+05:30 command.go:206:                       [31m-[0m[0m port_max   = 0
TestRunCustomsgExample 2025-07-22T13:32:50+05:30 command.go:206:                       [31m-[0m[0m port_min   = 0
TestRunCustomsgExample 2025-07-22T13:32:50+05:30 command.go:206:                       [31m-[0m[0m protocol   = "all"
TestRunCustomsgExample 2025-07-22T13:32:50+05:30 command.go:206:                       [31m-[0m[0m remote     = "r034-65a974d1-ea33-4749-a8b0-76b283d430fa"
TestRunCustomsgExample 2025-07-22T13:32:50+05:30 command.go:206:                       [31m-[0m[0m rule_id    = "r034-f9c75a22-e09a-4080-9c9a-9d35b0849c7f"
TestRunCustomsgExample 2025-07-22T13:32:50+05:30 command.go:206:                       [31m-[0m[0m type       = 0
TestRunCustomsgExample 2025-07-22T13:32:50+05:30 command.go:206:                     },
TestRunCustomsgExample 2025-07-22T13:32:50+05:30 command.go:206:                   [31m-[0m[0m {
TestRunCustomsgExample 2025-07-22T13:32:50+05:30 command.go:206:                       [31m-[0m[0m code       = 0
TestRunCustomsgExample 2025-07-22T13:32:50+05:30 command.go:206:                       [31m-[0m[0m direction  = "inbound"
TestRunCustomsgExample 2025-07-22T13:32:50+05:30 command.go:206:                       [31m-[0m[0m ip_version = "ipv4"
TestRunCustomsgExample 2025-07-22T13:32:50+05:30 command.go:206:                       [31m-[0m[0m port_max   = 0
TestRunCustomsgExample 2025-07-22T13:32:50+05:30 command.go:206:                       [31m-[0m[0m port_min   = 0
TestRunCustomsgExample 2025-07-22T13:32:50+05:30 command.go:206:                       [31m-[0m[0m protocol   = "icmp"
TestRunCustomsgExample 2025-07-22T13:32:50+05:30 command.go:206:                       [31m-[0m[0m remote     = "0.0.0.0/0"
TestRunCustomsgExample 2025-07-22T13:32:50+05:30 command.go:206:                       [31m-[0m[0m rule_id    = "r034-cba515f3-78a8-4c40-be47-e9ea5c52c7a7"
TestRunCustomsgExample 2025-07-22T13:32:50+05:30 command.go:206:                       [31m-[0m[0m type       = 8
TestRunCustomsgExample 2025-07-22T13:32:50+05:30 command.go:206:                     },
TestRunCustomsgExample 2025-07-22T13:32:50+05:30 command.go:206:                   [31m-[0m[0m {
TestRunCustomsgExample 2025-07-22T13:32:50+05:30 command.go:206:                       [31m-[0m[0m code       = 0
TestRunCustomsgExample 2025-07-22T13:32:50+05:30 command.go:206:                       [31m-[0m[0m direction  = "outbound"
TestRunCustomsgExample 2025-07-22T13:32:50+05:30 command.go:206:                       [31m-[0m[0m ip_version = "ipv4"
TestRunCustomsgExample 2025-07-22T13:32:50+05:30 command.go:206:                       [31m-[0m[0m port_max   = 30669
TestRunCustomsgExample 2025-07-22T13:32:50+05:30 command.go:206:                       [31m-[0m[0m port_min   = 30669
TestRunCustomsgExample 2025-07-22T13:32:50+05:30 command.go:206:                       [31m-[0m[0m protocol   = "tcp"
TestRunCustomsgExample 2025-07-22T13:32:50+05:30 command.go:206:                       [31m-[0m[0m remote     = "163.73.64.250"
TestRunCustomsgExample 2025-07-22T13:32:50+05:30 command.go:206:                       [31m-[0m[0m rule_id    = "r034-be2e9c54-088e-4463-9b19-c97e3d438cbd"
TestRunCustomsgExample 2025-07-22T13:32:50+05:30 command.go:206:                       [31m-[0m[0m type       = 0
TestRunCustomsgExample 2025-07-22T13:32:50+05:30 command.go:206:                     },
TestRunCustomsgExample 2025-07-22T13:32:50+05:30 command.go:206:                   [31m-[0m[0m {
TestRunCustomsgExample 2025-07-22T13:32:50+05:30 command.go:206:                       [31m-[0m[0m code       = 0
TestRunCustomsgExample 2025-07-22T13:32:50+05:30 command.go:206:                       [31m-[0m[0m direction  = "outbound"
TestRunCustomsgExample 2025-07-22T13:32:50+05:30 command.go:206:                       [31m-[0m[0m ip_version = "ipv4"
TestRunCustomsgExample 2025-07-22T13:32:50+05:30 command.go:206:                       [31m-[0m[0m port_max   = 30669
TestRunCustomsgExample 2025-07-22T13:32:50+05:30 command.go:206:                       [31m-[0m[0m port_min   = 30669
TestRunCustomsgExample 2025-07-22T13:32:50+05:30 command.go:206:                       [31m-[0m[0m protocol   = "tcp"
TestRunCustomsgExample 2025-07-22T13:32:50+05:30 command.go:206:                       [31m-[0m[0m remote     = "163.68.69.114"
TestRunCustomsgExample 2025-07-22T13:32:50+05:30 command.go:206:                       [31m-[0m[0m rule_id    = "r034-3473c753-7799-40d9-abce-1cfd60e88371"
TestRunCustomsgExample 2025-07-22T13:32:50+05:30 command.go:206:                       [31m-[0m[0m type       = 0
TestRunCustomsgExample 2025-07-22T13:32:50+05:30 command.go:206:                     },
TestRunCustomsgExample 2025-07-22T13:32:50+05:30 command.go:206:                   [31m-[0m[0m {
TestRunCustomsgExample 2025-07-22T13:32:50+05:30 command.go:206:                       [31m-[0m[0m code       = 0
TestRunCustomsgExample 2025-07-22T13:32:50+05:30 command.go:206:                       [31m-[0m[0m direction  = "outbound"
TestRunCustomsgExample 2025-07-22T13:32:50+05:30 command.go:206:                       [31m-[0m[0m ip_version = "ipv4"
TestRunCustomsgExample 2025-07-22T13:32:50+05:30 command.go:206:                       [31m-[0m[0m port_max   = 30669
TestRunCustomsgExample 2025-07-22T13:32:50+05:30 command.go:206:                       [31m-[0m[0m port_min   = 30669
TestRunCustomsgExample 2025-07-22T13:32:50+05:30 command.go:206:                       [31m-[0m[0m protocol   = "tcp"
TestRunCustomsgExample 2025-07-22T13:32:50+05:30 command.go:206:                       [31m-[0m[0m remote     = "163.69.65.114"
TestRunCustomsgExample 2025-07-22T13:32:50+05:30 command.go:206:                       [31m-[0m[0m rule_id    = "r034-b4c1c790-b651-4772-9c5b-48a4f152073d"
TestRunCustomsgExample 2025-07-22T13:32:50+05:30 command.go:206:                       [31m-[0m[0m type       = 0
TestRunCustomsgExample 2025-07-22T13:32:50+05:30 command.go:206:                     },
TestRunCustomsgExample 2025-07-22T13:32:50+05:30 command.go:206:                   [31m-[0m[0m {
TestRunCustomsgExample 2025-07-22T13:32:50+05:30 command.go:206:                       [31m-[0m[0m code       = 0
TestRunCustomsgExample 2025-07-22T13:32:50+05:30 command.go:206:                       [31m-[0m[0m direction  = "inbound"
TestRunCustomsgExample 2025-07-22T13:32:50+05:30 command.go:206:                       [31m-[0m[0m ip_version = "ipv4"
TestRunCustomsgExample 2025-07-22T13:32:50+05:30 command.go:206:                       [31m-[0m[0m port_max   = 30134
TestRunCustomsgExample 2025-07-22T13:32:50+05:30 command.go:206:                       [31m-[0m[0m port_min   = 30134
TestRunCustomsgExample 2025-07-22T13:32:50+05:30 command.go:206:                       [31m-[0m[0m protocol   = "tcp"
TestRunCustomsgExample 2025-07-22T13:32:50+05:30 command.go:206:                       [31m-[0m[0m remote     = "r034-d7c8f616-c646-4c0f-b296-6a66613920bb"
TestRunCustomsgExample 2025-07-22T13:32:50+05:30 command.go:206:                       [31m-[0m[0m rule_id    = "r034-2e949bfd-dd18-4ba1-b266-820126ffb378"
TestRunCustomsgExample 2025-07-22T13:32:50+05:30 command.go:206:                       [31m-[0m[0m type       = 0
TestRunCustomsgExample 2025-07-22T13:32:50+05:30 command.go:206:                     },
TestRunCustomsgExample 2025-07-22T13:32:50+05:30 command.go:206:                   [31m-[0m[0m {
TestRunCustomsgExample 2025-07-22T13:32:50+05:30 command.go:206:                       [31m-[0m[0m code       = 0
TestRunCustomsgExample 2025-07-22T13:32:50+05:30 command.go:206:                       [31m-[0m[0m direction  = "inbound"
TestRunCustomsgExample 2025-07-22T13:32:50+05:30 command.go:206:                       [31m-[0m[0m ip_version = "ipv4"
TestRunCustomsgExample 2025-07-22T13:32:50+05:30 command.go:206:                       [31m-[0m[0m port_max   = 32203
TestRunCustomsgExample 2025-07-22T13:32:50+05:30 command.go:206:                       [31m-[0m[0m port_min   = 32203
TestRunCustomsgExample 2025-07-22T13:32:50+05:30 command.go:206:                       [31m-[0m[0m protocol   = "tcp"
TestRunCustomsgExample 2025-07-22T13:32:50+05:30 command.go:206:                       [31m-[0m[0m remote     = "r034-d7c8f616-c646-4c0f-b296-6a66613920bb"
TestRunCustomsgExample 2025-07-22T13:32:50+05:30 command.go:206:                       [31m-[0m[0m rule_id    = "r034-659d96b8-f7ff-4932-ab96-76a6e9fe4820"
TestRunCustomsgExample 2025-07-22T13:32:50+05:30 command.go:206:                       [31m-[0m[0m type       = 0
TestRunCustomsgExample 2025-07-22T13:32:50+05:30 command.go:206:                     },
TestRunCustomsgExample 2025-07-22T13:32:50+05:30 command.go:206:                   [31m-[0m[0m {
TestRunCustomsgExample 2025-07-22T13:32:50+05:30 command.go:206:                       [31m-[0m[0m code       = 0
TestRunCustomsgExample 2025-07-22T13:32:50+05:30 command.go:206:                       [31m-[0m[0m direction  = "outbound"
TestRunCustomsgExample 2025-07-22T13:32:50+05:30 command.go:206:                       [31m-[0m[0m ip_version = "ipv4"
TestRunCustomsgExample 2025-07-22T13:32:50+05:30 command.go:206:                       [31m-[0m[0m port_max   = 443
TestRunCustomsgExample 2025-07-22T13:32:50+05:30 command.go:206:                       [31m-[0m[0m port_min   = 443
TestRunCustomsgExample 2025-07-22T13:32:50+05:30 command.go:206:                       [31m-[0m[0m protocol   = "tcp"
TestRunCustomsgExample 2025-07-22T13:32:50+05:30 command.go:206:                       [31m-[0m[0m remote     = "163.68.90.13"
TestRunCustomsgExample 2025-07-22T13:32:50+05:30 command.go:206:                       [31m-[0m[0m rule_id    = "r034-c18ea92b-0da9-4259-9541-232386cb6770"
TestRunCustomsgExample 2025-07-22T13:32:50+05:30 command.go:206:                       [31m-[0m[0m type       = 0
TestRunCustomsgExample 2025-07-22T13:32:50+05:30 command.go:206:                     },
TestRunCustomsgExample 2025-07-22T13:32:50+05:30 command.go:206:                   [31m-[0m[0m {
TestRunCustomsgExample 2025-07-22T13:32:50+05:30 command.go:206:                       [31m-[0m[0m code       = 0
TestRunCustomsgExample 2025-07-22T13:32:50+05:30 command.go:206:                       [31m-[0m[0m direction  = "outbound"
TestRunCustomsgExample 2025-07-22T13:32:50+05:30 command.go:206:                       [31m-[0m[0m ip_version = "ipv4"
TestRunCustomsgExample 2025-07-22T13:32:50+05:30 command.go:206:                       [31m-[0m[0m port_max   = 443
TestRunCustomsgExample 2025-07-22T13:32:50+05:30 command.go:206:                       [31m-[0m[0m port_min   = 443
TestRunCustomsgExample 2025-07-22T13:32:50+05:30 command.go:206:                       [31m-[0m[0m protocol   = "tcp"
TestRunCustomsgExample 2025-07-22T13:32:50+05:30 command.go:206:                       [31m-[0m[0m remote     = "163.68.93.113"
TestRunCustomsgExample 2025-07-22T13:32:50+05:30 command.go:206:                       [31m-[0m[0m rule_id    = "r034-0ed4052e-28b3-4013-bfa0-6434dae34be0"
TestRunCustomsgExample 2025-07-22T13:32:50+05:30 command.go:206:                       [31m-[0m[0m type       = 0
TestRunCustomsgExample 2025-07-22T13:32:50+05:30 command.go:206:                     },
TestRunCustomsgExample 2025-07-22T13:32:50+05:30 command.go:206:                 ]
TestRunCustomsgExample 2025-07-22T13:32:50+05:30 command.go:206:             },
TestRunCustomsgExample 2025-07-22T13:32:50+05:30 command.go:206:           [31m-[0m[0m {
TestRunCustomsgExample 2025-07-22T13:32:50+05:30 command.go:206:               [31m-[0m[0m group_id   = "r034-d06d472b-939d-4ff7-baa6-275e440f817d"
TestRunCustomsgExample 2025-07-22T13:32:50+05:30 command.go:206:               [31m-[0m[0m group_name = "kube-vpegw-r034-f81dad4a-280a-4ff0-823a-ba484b1fc3ea"
TestRunCustomsgExample 2025-07-22T13:32:50+05:30 command.go:206:               [31m-[0m[0m rules      = [
TestRunCustomsgExample 2025-07-22T13:32:50+05:30 command.go:206:                   [31m-[0m[0m {
TestRunCustomsgExample 2025-07-22T13:32:50+05:30 command.go:206:                       [31m-[0m[0m code       = 0
TestRunCustomsgExample 2025-07-22T13:32:50+05:30 command.go:206:                       [31m-[0m[0m direction  = "inbound"
TestRunCustomsgExample 2025-07-22T13:32:50+05:30 command.go:206:                       [31m-[0m[0m ip_version = "ipv4"
TestRunCustomsgExample 2025-07-22T13:32:50+05:30 command.go:206:                       [31m-[0m[0m port_max   = 0
TestRunCustomsgExample 2025-07-22T13:32:50+05:30 command.go:206:                       [31m-[0m[0m port_min   = 0
TestRunCustomsgExample 2025-07-22T13:32:50+05:30 command.go:206:                       [31m-[0m[0m protocol   = "all"
TestRunCustomsgExample 2025-07-22T13:32:50+05:30 command.go:206:                       [31m-[0m[0m remote     = "r034-65a974d1-ea33-4749-a8b0-76b283d430fa"
TestRunCustomsgExample 2025-07-22T13:32:50+05:30 command.go:206:                       [31m-[0m[0m rule_id    = "r034-4a12c537-8e68-428e-aca7-4a530f9e8f33"
TestRunCustomsgExample 2025-07-22T13:32:50+05:30 command.go:206:                       [31m-[0m[0m type       = 0
TestRunCustomsgExample 2025-07-22T13:32:50+05:30 command.go:206:                     },
TestRunCustomsgExample 2025-07-22T13:32:50+05:30 command.go:206:                 ]
TestRunCustomsgExample 2025-07-22T13:32:50+05:30 command.go:206:             },
TestRunCustomsgExample 2025-07-22T13:32:50+05:30 command.go:206:           [31m-[0m[0m {
TestRunCustomsgExample 2025-07-22T13:32:50+05:30 command.go:206:               [31m-[0m[0m group_id   = "r034-1eb1b040-5158-4dd7-ab9d-225267b43c89"
TestRunCustomsgExample 2025-07-22T13:32:50+05:30 command.go:206:               [31m-[0m[0m group_name = "custom-kube-api-vpe-sg"
TestRunCustomsgExample 2025-07-22T13:32:50+05:30 command.go:206:               [31m-[0m[0m rules      = []
TestRunCustomsgExample 2025-07-22T13:32:50+05:30 command.go:206:             },
TestRunCustomsgExample 2025-07-22T13:32:50+05:30 command.go:206:           [31m-[0m[0m {
TestRunCustomsgExample 2025-07-22T13:32:50+05:30 command.go:206:               [31m-[0m[0m group_id   = "r034-28b9e2d6-5176-4a66-aff7-89599c340129"
TestRunCustomsgExample 2025-07-22T13:32:50+05:30 command.go:206:               [31m-[0m[0m group_name = "custom-cluster-sg"
TestRunCustomsgExample 2025-07-22T13:32:50+05:30 command.go:206:               [31m-[0m[0m rules      = []
TestRunCustomsgExample 2025-07-22T13:32:50+05:30 command.go:206:             },
TestRunCustomsgExample 2025-07-22T13:32:50+05:30 command.go:206:           [31m-[0m[0m {
TestRunCustomsgExample 2025-07-22T13:32:50+05:30 command.go:206:               [31m-[0m[0m group_id   = "r034-294c73e6-6184-4aef-a812-0bd9df0cd1d7"
TestRunCustomsgExample 2025-07-22T13:32:50+05:30 command.go:206:               [31m-[0m[0m group_name = "custom-lb-sg"
TestRunCustomsgExample 2025-07-22T13:32:50+05:30 command.go:206:               [31m-[0m[0m rules      = []
TestRunCustomsgExample 2025-07-22T13:32:50+05:30 command.go:206:             },
TestRunCustomsgExample 2025-07-22T13:32:50+05:30 command.go:206:           [31m-[0m[0m {
TestRunCustomsgExample 2025-07-22T13:32:50+05:30 command.go:206:               [31m-[0m[0m group_id   = "r034-2b19a406-cbc4-4c1c-ae92-162291bdbdd7"
TestRunCustomsgExample 2025-07-22T13:32:50+05:30 command.go:206:               [31m-[0m[0m group_name = "custom-registry-vpe-sg"
TestRunCustomsgExample 2025-07-22T13:32:50+05:30 command.go:206:               [31m-[0m[0m rules      = []
TestRunCustomsgExample 2025-07-22T13:32:50+05:30 command.go:206:             },
TestRunCustomsgExample 2025-07-22T13:32:50+05:30 command.go:206:           [31m-[0m[0m {
TestRunCustomsgExample 2025-07-22T13:32:50+05:30 command.go:206:               [31m-[0m[0m group_id   = "r034-7ca77c7f-9294-461e-a18c-7ad1a0e00c1d"
TestRunCustomsgExample 2025-07-22T13:32:50+05:30 command.go:206:               [31m-[0m[0m group_name = "custom-worker-pool-sg"
TestRunCustomsgExample 2025-07-22T13:32:50+05:30 command.go:206:               [31m-[0m[0m rules      = []
TestRunCustomsgExample 2025-07-22T13:32:50+05:30 command.go:206:             },
TestRunCustomsgExample 2025-07-22T13:32:50+05:30 command.go:206:           [31m-[0m[0m {
TestRunCustomsgExample 2025-07-22T13:32:50+05:30 command.go:206:               [31m-[0m[0m group_id   = "r034-ab38f26e-b232-4e0c-82eb-077af0167d87"
TestRunCustomsgExample 2025-07-22T13:32:50+05:30 command.go:206:               [31m-[0m[0m group_name = "custom-master-vpe-sg"
TestRunCustomsgExample 2025-07-22T13:32:50+05:30 command.go:206:               [31m-[0m[0m rules      = []
TestRunCustomsgExample 2025-07-22T13:32:50+05:30 command.go:206:             },
TestRunCustomsgExample 2025-07-22T13:32:50+05:30 command.go:206:           [31m-[0m[0m {
TestRunCustomsgExample 2025-07-22T13:32:50+05:30 command.go:206:               [31m-[0m[0m group_id   = "r034-2ce38964-206c-4961-a52a-84325930fc25"
TestRunCustomsgExample 2025-07-22T13:32:50+05:30 command.go:206:               [31m-[0m[0m group_name = "postcard-satiable-unused-amount"
TestRunCustomsgExample 2025-07-22T13:32:50+05:30 command.go:206:               [31m-[0m[0m rules      = [
TestRunCustomsgExample 2025-07-22T13:32:50+05:30 command.go:206:                   [31m-[0m[0m {
TestRunCustomsgExample 2025-07-22T13:32:50+05:30 command.go:206:                       [31m-[0m[0m code       = 0
TestRunCustomsgExample 2025-07-22T13:32:50+05:30 command.go:206:                       [31m-[0m[0m direction  = "outbound"
TestRunCustomsgExample 2025-07-22T13:32:50+05:30 command.go:206:                       [31m-[0m[0m ip_version = "ipv4"
TestRunCustomsgExample 2025-07-22T13:32:50+05:30 command.go:206:                       [31m-[0m[0m port_max   = 0
TestRunCustomsgExample 2025-07-22T13:32:50+05:30 command.go:206:                       [31m-[0m[0m port_min   = 0
TestRunCustomsgExample 2025-07-22T13:32:50+05:30 command.go:206:                       [31m-[0m[0m protocol   = "all"
TestRunCustomsgExample 2025-07-22T13:32:50+05:30 command.go:206:                       [31m-[0m[0m remote     = "0.0.0.0/0"
TestRunCustomsgExample 2025-07-22T13:32:50+05:30 command.go:206:                       [31m-[0m[0m rule_id    = "r034-38bc3f6a-3900-41e4-9382-5825757b364c"
TestRunCustomsgExample 2025-07-22T13:32:50+05:30 command.go:206:                       [31m-[0m[0m type       = 0
TestRunCustomsgExample 2025-07-22T13:32:50+05:30 command.go:206:                     },
TestRunCustomsgExample 2025-07-22T13:32:50+05:30 command.go:206:                   [31m-[0m[0m {
TestRunCustomsgExample 2025-07-22T13:32:50+05:30 command.go:206:                       [31m-[0m[0m code       = 0
TestRunCustomsgExample 2025-07-22T13:32:50+05:30 command.go:206:                       [31m-[0m[0m direction  = "inbound"
TestRunCustomsgExample 2025-07-22T13:32:50+05:30 command.go:206:                       [31m-[0m[0m ip_version = "ipv4"
TestRunCustomsgExample 2025-07-22T13:32:50+05:30 command.go:206:                       [31m-[0m[0m port_max   = 0
TestRunCustomsgExample 2025-07-22T13:32:50+05:30 command.go:206:                       [31m-[0m[0m port_min   = 0
TestRunCustomsgExample 2025-07-22T13:32:50+05:30 command.go:206:                       [31m-[0m[0m protocol   = "all"
TestRunCustomsgExample 2025-07-22T13:32:50+05:30 command.go:206:                       [31m-[0m[0m remote     = "r034-2ce38964-206c-4961-a52a-84325930fc25"
TestRunCustomsgExample 2025-07-22T13:32:50+05:30 command.go:206:                       [31m-[0m[0m rule_id    = "r034-58e990ad-524c-476f-808a-8f781a32d767"
TestRunCustomsgExample 2025-07-22T13:32:50+05:30 command.go:206:                       [31m-[0m[0m type       = 0
TestRunCustomsgExample 2025-07-22T13:32:50+05:30 command.go:206:                     },
TestRunCustomsgExample 2025-07-22T13:32:50+05:30 command.go:206:                 ]
TestRunCustomsgExample 2025-07-22T13:32:50+05:30 command.go:206:             },
TestRunCustomsgExample 2025-07-22T13:32:50+05:30 command.go:206:         ] [90m-> null[0m[0m
TestRunCustomsgExample 2025-07-22T13:32:50+05:30 command.go:206:       [31m-[0m[0m status                      = "available" [90m-> null[0m[0m
TestRunCustomsgExample 2025-07-22T13:32:50+05:30 command.go:206:       [31m-[0m[0m subnets                     = [
TestRunCustomsgExample 2025-07-22T13:32:50+05:30 command.go:206:           [31m-[0m[0m {
TestRunCustomsgExample 2025-07-22T13:32:50+05:30 command.go:206:               [31m-[0m[0m available_ipv4_address_count = 239
TestRunCustomsgExample 2025-07-22T13:32:50+05:30 command.go:206:               [31m-[0m[0m id                           = "02n7-df761470-ad53-4366-8ff9-10a64c8a391a"
TestRunCustomsgExample 2025-07-22T13:32:50+05:30 command.go:206:               [31m-[0m[0m name                         = "base-ocp-customsg-fs5-subnet-1"
TestRunCustomsgExample 2025-07-22T13:32:50+05:30 command.go:206:               [31m-[0m[0m status                       = "available"
TestRunCustomsgExample 2025-07-22T13:32:50+05:30 command.go:206:               [31m-[0m[0m total_ipv4_address_count     = 256
TestRunCustomsgExample 2025-07-22T13:32:50+05:30 command.go:206:               [31m-[0m[0m zone                         = "jp-osa-1"
TestRunCustomsgExample 2025-07-22T13:32:50+05:30 command.go:206:             },
TestRunCustomsgExample 2025-07-22T13:32:50+05:30 command.go:206:         ] [90m-> null[0m[0m
TestRunCustomsgExample 2025-07-22T13:32:50+05:30 command.go:206:       [31m-[0m[0m tags                        = [] [90m-> null[0m[0m
TestRunCustomsgExample 2025-07-22T13:32:50+05:30 command.go:206: 
TestRunCustomsgExample 2025-07-22T13:32:50+05:30 command.go:206:       [31m-[0m[0m dns {
TestRunCustomsgExample 2025-07-22T13:32:50+05:30 command.go:206:           [31m-[0m[0m enable_hub               = false [90m-> null[0m[0m
TestRunCustomsgExample 2025-07-22T13:32:50+05:30 command.go:206:           [31m-[0m[0m resolution_binding_count = 0 [90m-> null[0m[0m
TestRunCustomsgExample 2025-07-22T13:32:50+05:30 command.go:206: 
TestRunCustomsgExample 2025-07-22T13:32:50+05:30 command.go:206:           [31m-[0m[0m resolver {
TestRunCustomsgExample 2025-07-22T13:32:50+05:30 command.go:206:               [31m-[0m[0m configuration         = "private_resolver" [90m-> null[0m[0m
TestRunCustomsgExample 2025-07-22T13:32:50+05:30 command.go:206:               [31m-[0m[0m servers               = [
TestRunCustomsgExample 2025-07-22T13:32:50+05:30 command.go:206:                   [31m-[0m[0m {
TestRunCustomsgExample 2025-07-22T13:32:50+05:30 command.go:206:                       [31m-[0m[0m address       = "161.26.0.7"
TestRunCustomsgExample 2025-07-22T13:32:50+05:30 command.go:206:                         [90m# (1 unchanged attribute hidden)[0m[0m
TestRunCustomsgExample 2025-07-22T13:32:50+05:30 command.go:206:                     },
TestRunCustomsgExample 2025-07-22T13:32:50+05:30 command.go:206:                   [31m-[0m[0m {
TestRunCustomsgExample 2025-07-22T13:32:50+05:30 command.go:206:                       [31m-[0m[0m address       = "161.26.0.8"
TestRunCustomsgExample 2025-07-22T13:32:50+05:30 command.go:206:                         [90m# (1 unchanged attribute hidden)[0m[0m
TestRunCustomsgExample 2025-07-22T13:32:50+05:30 command.go:206:                     },
TestRunCustomsgExample 2025-07-22T13:32:50+05:30 command.go:206:                 ] [90m-> null[0m[0m
TestRunCustomsgExample 2025-07-22T13:32:50+05:30 command.go:206:               [31m-[0m[0m type                  = "system" [90m-> null[0m[0m
TestRunCustomsgExample 2025-07-22T13:32:50+05:30 command.go:206:                 [90m# (7 unchanged attributes hidden)[0m[0m
TestRunCustomsgExample 2025-07-22T13:32:50+05:30 command.go:206:             }
TestRunCustomsgExample 2025-07-22T13:32:50+05:30 command.go:206:         }
TestRunCustomsgExample 2025-07-22T13:32:50+05:30 command.go:206:     }
TestRunCustomsgExample 2025-07-22T13:32:50+05:30 command.go:206: 
TestRunCustomsgExample 2025-07-22T13:32:50+05:30 command.go:206: [1m  # module.custom_sg["custom-cluster-sg"].ibm_is_security_group.sg[0][0m will be [1m[31mdestroyed[0m
TestRunCustomsgExample 2025-07-22T13:32:50+05:30 command.go:206: [0m  [31m-[0m[0m resource "ibm_is_security_group" "sg" {
TestRunCustomsgExample 2025-07-22T13:32:50+05:30 command.go:206:       [31m-[0m[0m access_tags             = [] [90m-> null[0m[0m
TestRunCustomsgExample 2025-07-22T13:32:50+05:30 command.go:206:       [31m-[0m[0m crn                     = "crn:v1:bluemix:public:is:jp-osa:a/abac0df06b644a9cabc6e44f55b3880e::security-group:r034-28b9e2d6-5176-4a66-aff7-89599c340129" [90m-> null[0m[0m
TestRunCustomsgExample 2025-07-22T13:32:50+05:30 command.go:206:       [31m-[0m[0m id                      = "r034-28b9e2d6-5176-4a66-aff7-89599c340129" [90m-> null[0m[0m
TestRunCustomsgExample 2025-07-22T13:32:50+05:30 command.go:206:       [31m-[0m[0m name                    = "custom-cluster-sg" [90m-> null[0m[0m
TestRunCustomsgExample 2025-07-22T13:32:50+05:30 command.go:206:       [31m-[0m[0m resource_controller_url = "https://cloud.ibm.com/vpc-ext/network/securityGroups" [90m-> null[0m[0m
TestRunCustomsgExample 2025-07-22T13:32:50+05:30 command.go:206:       [31m-[0m[0m resource_crn            = "crn:v1:bluemix:public:is:jp-osa:a/abac0df06b644a9cabc6e44f55b3880e::security-group:r034-28b9e2d6-5176-4a66-aff7-89599c340129" [90m-> null[0m[0m
TestRunCustomsgExample 2025-07-22T13:32:50+05:30 command.go:206:       [31m-[0m[0m resource_group          = "ed293fd4909f4bc69b1e85324b8c39db" [90m-> null[0m[0m
TestRunCustomsgExample 2025-07-22T13:32:50+05:30 command.go:206:       [31m-[0m[0m resource_group_name     = "geretain-test-base-ocp-vpc" [90m-> null[0m[0m
TestRunCustomsgExample 2025-07-22T13:32:50+05:30 command.go:206:       [31m-[0m[0m resource_name           = "custom-cluster-sg" [90m-> null[0m[0m
TestRunCustomsgExample 2025-07-22T13:32:50+05:30 command.go:206:       [31m-[0m[0m rules                   = [] [90m-> null[0m[0m
TestRunCustomsgExample 2025-07-22T13:32:50+05:30 command.go:206:       [31m-[0m[0m tags                    = [] [90m-> null[0m[0m
TestRunCustomsgExample 2025-07-22T13:32:50+05:30 command.go:206:       [31m-[0m[0m vpc                     = "r034-f81dad4a-280a-4ff0-823a-ba484b1fc3ea" [90m-> null[0m[0m
TestRunCustomsgExample 2025-07-22T13:32:50+05:30 command.go:206:     }
TestRunCustomsgExample 2025-07-22T13:32:50+05:30 command.go:206: 
TestRunCustomsgExample 2025-07-22T13:32:50+05:30 command.go:206: [1m  # module.custom_sg["custom-kube-api-vpe-sg"].ibm_is_security_group.sg[0][0m will be [1m[31mdestroyed[0m
TestRunCustomsgExample 2025-07-22T13:32:50+05:30 command.go:206: [0m  [31m-[0m[0m resource "ibm_is_security_group" "sg" {
TestRunCustomsgExample 2025-07-22T13:32:50+05:30 command.go:206:       [31m-[0m[0m access_tags             = [] [90m-> null[0m[0m
TestRunCustomsgExample 2025-07-22T13:32:50+05:30 command.go:206:       [31m-[0m[0m crn                     = "crn:v1:bluemix:public:is:jp-osa:a/abac0df06b644a9cabc6e44f55b3880e::security-group:r034-1eb1b040-5158-4dd7-ab9d-225267b43c89" [90m-> null[0m[0m
TestRunCustomsgExample 2025-07-22T13:32:50+05:30 command.go:206:       [31m-[0m[0m id                      = "r034-1eb1b040-5158-4dd7-ab9d-225267b43c89" [90m-> null[0m[0m
TestRunCustomsgExample 2025-07-22T13:32:50+05:30 command.go:206:       [31m-[0m[0m name                    = "custom-kube-api-vpe-sg" [90m-> null[0m[0m
TestRunCustomsgExample 2025-07-22T13:32:50+05:30 command.go:206:       [31m-[0m[0m resource_controller_url = "https://cloud.ibm.com/vpc-ext/network/securityGroups" [90m-> null[0m[0m
TestRunCustomsgExample 2025-07-22T13:32:50+05:30 command.go:206:       [31m-[0m[0m resource_crn            = "crn:v1:bluemix:public:is:jp-osa:a/abac0df06b644a9cabc6e44f55b3880e::security-group:r034-1eb1b040-5158-4dd7-ab9d-225267b43c89" [90m-> null[0m[0m
TestRunCustomsgExample 2025-07-22T13:32:50+05:30 command.go:206:       [31m-[0m[0m resource_group          = "ed293fd4909f4bc69b1e85324b8c39db" [90m-> null[0m[0m
TestRunCustomsgExample 2025-07-22T13:32:50+05:30 command.go:206:       [31m-[0m[0m resource_group_name     = "geretain-test-base-ocp-vpc" [90m-> null[0m[0m
TestRunCustomsgExample 2025-07-22T13:32:50+05:30 command.go:206:       [31m-[0m[0m resource_name           = "custom-kube-api-vpe-sg" [90m-> null[0m[0m
TestRunCustomsgExample 2025-07-22T13:32:50+05:30 command.go:206:       [31m-[0m[0m rules                   = [] [90m-> null[0m[0m
TestRunCustomsgExample 2025-07-22T13:32:50+05:30 command.go:206:       [31m-[0m[0m tags                    = [] [90m-> null[0m[0m
TestRunCustomsgExample 2025-07-22T13:32:50+05:30 command.go:206:       [31m-[0m[0m vpc                     = "r034-f81dad4a-280a-4ff0-823a-ba484b1fc3ea" [90m-> null[0m[0m
TestRunCustomsgExample 2025-07-22T13:32:50+05:30 command.go:206:     }
TestRunCustomsgExample 2025-07-22T13:32:50+05:30 command.go:206: 
TestRunCustomsgExample 2025-07-22T13:32:50+05:30 command.go:206: [1m  # module.custom_sg["custom-lb-sg"].ibm_is_security_group.sg[0][0m will be [1m[31mdestroyed[0m
TestRunCustomsgExample 2025-07-22T13:32:50+05:30 command.go:206: [0m  [31m-[0m[0m resource "ibm_is_security_group" "sg" {
TestRunCustomsgExample 2025-07-22T13:32:50+05:30 command.go:206:       [31m-[0m[0m access_tags             = [] [90m-> null[0m[0m
TestRunCustomsgExample 2025-07-22T13:32:50+05:30 command.go:206:       [31m-[0m[0m crn                     = "crn:v1:bluemix:public:is:jp-osa:a/abac0df06b644a9cabc6e44f55b3880e::security-group:r034-294c73e6-6184-4aef-a812-0bd9df0cd1d7" [90m-> null[0m[0m
TestRunCustomsgExample 2025-07-22T13:32:50+05:30 command.go:206:       [31m-[0m[0m id                      = "r034-294c73e6-6184-4aef-a812-0bd9df0cd1d7" [90m-> null[0m[0m
TestRunCustomsgExample 2025-07-22T13:32:50+05:30 command.go:206:       [31m-[0m[0m name                    = "custom-lb-sg" [90m-> null[0m[0m
TestRunCustomsgExample 2025-07-22T13:32:50+05:30 command.go:206:       [31m-[0m[0m resource_controller_url = "https://cloud.ibm.com/vpc-ext/network/securityGroups" [90m-> null[0m[0m
TestRunCustomsgExample 2025-07-22T13:32:50+05:30 command.go:206:       [31m-[0m[0m resource_crn            = "crn:v1:bluemix:public:is:jp-osa:a/abac0df06b644a9cabc6e44f55b3880e::security-group:r034-294c73e6-6184-4aef-a812-0bd9df0cd1d7" [90m-> null[0m[0m
TestRunCustomsgExample 2025-07-22T13:32:50+05:30 command.go:206:       [31m-[0m[0m resource_group          = "ed293fd4909f4bc69b1e85324b8c39db" [90m-> null[0m[0m
TestRunCustomsgExample 2025-07-22T13:32:50+05:30 command.go:206:       [31m-[0m[0m resource_group_name     = "geretain-test-base-ocp-vpc" [90m-> null[0m[0m
TestRunCustomsgExample 2025-07-22T13:32:50+05:30 command.go:206:       [31m-[0m[0m resource_name           = "custom-lb-sg" [90m-> null[0m[0m
TestRunCustomsgExample 2025-07-22T13:32:50+05:30 command.go:206:       [31m-[0m[0m rules                   = [] [90m-> null[0m[0m
TestRunCustomsgExample 2025-07-22T13:32:50+05:30 command.go:206:       [31m-[0m[0m tags                    = [] [90m-> null[0m[0m
TestRunCustomsgExample 2025-07-22T13:32:50+05:30 command.go:206:       [31m-[0m[0m vpc                     = "r034-f81dad4a-280a-4ff0-823a-ba484b1fc3ea" [90m-> null[0m[0m
TestRunCustomsgExample 2025-07-22T13:32:50+05:30 command.go:206:     }
TestRunCustomsgExample 2025-07-22T13:32:50+05:30 command.go:206: 
TestRunCustomsgExample 2025-07-22T13:32:50+05:30 command.go:206: [1m  # module.custom_sg["custom-master-vpe-sg"].ibm_is_security_group.sg[0][0m will be [1m[31mdestroyed[0m
TestRunCustomsgExample 2025-07-22T13:32:50+05:30 command.go:206: [0m  [31m-[0m[0m resource "ibm_is_security_group" "sg" {
TestRunCustomsgExample 2025-07-22T13:32:50+05:30 command.go:206:       [31m-[0m[0m access_tags             = [] [90m-> null[0m[0m
TestRunCustomsgExample 2025-07-22T13:32:50+05:30 command.go:206:       [31m-[0m[0m crn                     = "crn:v1:bluemix:public:is:jp-osa:a/abac0df06b644a9cabc6e44f55b3880e::security-group:r034-ab38f26e-b232-4e0c-82eb-077af0167d87" [90m-> null[0m[0m
TestRunCustomsgExample 2025-07-22T13:32:50+05:30 command.go:206:       [31m-[0m[0m id                      = "r034-ab38f26e-b232-4e0c-82eb-077af0167d87" [90m-> null[0m[0m
TestRunCustomsgExample 2025-07-22T13:32:50+05:30 command.go:206:       [31m-[0m[0m name                    = "custom-master-vpe-sg" [90m-> null[0m[0m
TestRunCustomsgExample 2025-07-22T13:32:50+05:30 command.go:206:       [31m-[0m[0m resource_controller_url = "https://cloud.ibm.com/vpc-ext/network/securityGroups" [90m-> null[0m[0m
TestRunCustomsgExample 2025-07-22T13:32:50+05:30 command.go:206:       [31m-[0m[0m resource_crn            = "crn:v1:bluemix:public:is:jp-osa:a/abac0df06b644a9cabc6e44f55b3880e::security-group:r034-ab38f26e-b232-4e0c-82eb-077af0167d87" [90m-> null[0m[0m
TestRunCustomsgExample 2025-07-22T13:32:50+05:30 command.go:206:       [31m-[0m[0m resource_group          = "ed293fd4909f4bc69b1e85324b8c39db" [90m-> null[0m[0m
TestRunCustomsgExample 2025-07-22T13:32:50+05:30 command.go:206:       [31m-[0m[0m resource_group_name     = "geretain-test-base-ocp-vpc" [90m-> null[0m[0m
TestRunCustomsgExample 2025-07-22T13:32:50+05:30 command.go:206:       [31m-[0m[0m resource_name           = "custom-master-vpe-sg" [90m-> null[0m[0m
TestRunCustomsgExample 2025-07-22T13:32:50+05:30 command.go:206:       [31m-[0m[0m rules                   = [] [90m-> null[0m[0m
TestRunCustomsgExample 2025-07-22T13:32:50+05:30 command.go:206:       [31m-[0m[0m tags                    = [] [90m-> null[0m[0m
TestRunCustomsgExample 2025-07-22T13:32:50+05:30 command.go:206:       [31m-[0m[0m vpc                     = "r034-f81dad4a-280a-4ff0-823a-ba484b1fc3ea" [90m-> null[0m[0m
TestRunCustomsgExample 2025-07-22T13:32:50+05:30 command.go:206:     }
TestRunCustomsgExample 2025-07-22T13:32:50+05:30 command.go:206: 
TestRunCustomsgExample 2025-07-22T13:32:50+05:30 command.go:206: [1m  # module.custom_sg["custom-registry-vpe-sg"].ibm_is_security_group.sg[0][0m will be [1m[31mdestroyed[0m
TestRunCustomsgExample 2025-07-22T13:32:50+05:30 command.go:206: [0m  [31m-[0m[0m resource "ibm_is_security_group" "sg" {
TestRunCustomsgExample 2025-07-22T13:32:50+05:30 command.go:206:       [31m-[0m[0m access_tags             = [] [90m-> null[0m[0m
TestRunCustomsgExample 2025-07-22T13:32:50+05:30 command.go:206:       [31m-[0m[0m crn                     = "crn:v1:bluemix:public:is:jp-osa:a/abac0df06b644a9cabc6e44f55b3880e::security-group:r034-2b19a406-cbc4-4c1c-ae92-162291bdbdd7" [90m-> null[0m[0m
TestRunCustomsgExample 2025-07-22T13:32:50+05:30 command.go:206:       [31m-[0m[0m id                      = "r034-2b19a406-cbc4-4c1c-ae92-162291bdbdd7" [90m-> null[0m[0m
TestRunCustomsgExample 2025-07-22T13:32:50+05:30 command.go:206:       [31m-[0m[0m name                    = "custom-registry-vpe-sg" [90m-> null[0m[0m
TestRunCustomsgExample 2025-07-22T13:32:50+05:30 command.go:206:       [31m-[0m[0m resource_controller_url = "https://cloud.ibm.com/vpc-ext/network/securityGroups" [90m-> null[0m[0m
TestRunCustomsgExample 2025-07-22T13:32:50+05:30 command.go:206:       [31m-[0m[0m resource_crn            = "crn:v1:bluemix:public:is:jp-osa:a/abac0df06b644a9cabc6e44f55b3880e::security-group:r034-2b19a406-cbc4-4c1c-ae92-162291bdbdd7" [90m-> null[0m[0m
TestRunCustomsgExample 2025-07-22T13:32:50+05:30 command.go:206:       [31m-[0m[0m resource_group          = "ed293fd4909f4bc69b1e85324b8c39db" [90m-> null[0m[0m
TestRunCustomsgExample 2025-07-22T13:32:50+05:30 command.go:206:       [31m-[0m[0m resource_group_name     = "geretain-test-base-ocp-vpc" [90m-> null[0m[0m
TestRunCustomsgExample 2025-07-22T13:32:50+05:30 command.go:206:       [31m-[0m[0m resource_name           = "custom-registry-vpe-sg" [90m-> null[0m[0m
TestRunCustomsgExample 2025-07-22T13:32:50+05:30 command.go:206:       [31m-[0m[0m rules                   = [] [90m-> null[0m[0m
TestRunCustomsgExample 2025-07-22T13:32:50+05:30 command.go:206:       [31m-[0m[0m tags                    = [] [90m-> null[0m[0m
TestRunCustomsgExample 2025-07-22T13:32:50+05:30 command.go:206:       [31m-[0m[0m vpc                     = "r034-f81dad4a-280a-4ff0-823a-ba484b1fc3ea" [90m-> null[0m[0m
TestRunCustomsgExample 2025-07-22T13:32:50+05:30 command.go:206:     }
TestRunCustomsgExample 2025-07-22T13:32:50+05:30 command.go:206: 
TestRunCustomsgExample 2025-07-22T13:32:50+05:30 command.go:206: [1m  # module.custom_sg["custom-worker-pool-sg"].ibm_is_security_group.sg[0][0m will be [1m[31mdestroyed[0m
TestRunCustomsgExample 2025-07-22T13:32:50+05:30 command.go:206: [0m  [31m-[0m[0m resource "ibm_is_security_group" "sg" {
TestRunCustomsgExample 2025-07-22T13:32:50+05:30 command.go:206:       [31m-[0m[0m access_tags             = [] [90m-> null[0m[0m
TestRunCustomsgExample 2025-07-22T13:32:50+05:30 command.go:206:       [31m-[0m[0m crn                     = "crn:v1:bluemix:public:is:jp-osa:a/abac0df06b644a9cabc6e44f55b3880e::security-group:r034-7ca77c7f-9294-461e-a18c-7ad1a0e00c1d" [90m-> null[0m[0m
TestRunCustomsgExample 2025-07-22T13:32:50+05:30 command.go:206:       [31m-[0m[0m id                      = "r034-7ca77c7f-9294-461e-a18c-7ad1a0e00c1d" [90m-> null[0m[0m
TestRunCustomsgExample 2025-07-22T13:32:50+05:30 command.go:206:       [31m-[0m[0m name                    = "custom-worker-pool-sg" [90m-> null[0m[0m
TestRunCustomsgExample 2025-07-22T13:32:50+05:30 command.go:206:       [31m-[0m[0m resource_controller_url = "https://cloud.ibm.com/vpc-ext/network/securityGroups" [90m-> null[0m[0m
TestRunCustomsgExample 2025-07-22T13:32:50+05:30 command.go:206:       [31m-[0m[0m resource_crn            = "crn:v1:bluemix:public:is:jp-osa:a/abac0df06b644a9cabc6e44f55b3880e::security-group:r034-7ca77c7f-9294-461e-a18c-7ad1a0e00c1d" [90m-> null[0m[0m
TestRunCustomsgExample 2025-07-22T13:32:50+05:30 command.go:206:       [31m-[0m[0m resource_group          = "ed293fd4909f4bc69b1e85324b8c39db" [90m-> null[0m[0m
TestRunCustomsgExample 2025-07-22T13:32:50+05:30 command.go:206:       [31m-[0m[0m resource_group_name     = "geretain-test-base-ocp-vpc" [90m-> null[0m[0m
TestRunCustomsgExample 2025-07-22T13:32:50+05:30 command.go:206:       [31m-[0m[0m resource_name           = "custom-worker-pool-sg" [90m-> null[0m[0m
TestRunCustomsgExample 2025-07-22T13:32:50+05:30 command.go:206:       [31m-[0m[0m rules                   = [] [90m-> null[0m[0m
TestRunCustomsgExample 2025-07-22T13:32:50+05:30 command.go:206:       [31m-[0m[0m tags                    = [] [90m-> null[0m[0m
TestRunCustomsgExample 2025-07-22T13:32:50+05:30 command.go:206:       [31m-[0m[0m vpc                     = "r034-f81dad4a-280a-4ff0-823a-ba484b1fc3ea" [90m-> null[0m[0m
TestRunCustomsgExample 2025-07-22T13:32:50+05:30 command.go:206:     }
TestRunCustomsgExample 2025-07-22T13:32:50+05:30 command.go:206: 
TestRunCustomsgExample 2025-07-22T13:32:50+05:30 command.go:206: [1m  # module.ocp_base.ibm_container_vpc_cluster.cluster[0][0m will be [1m[31mdestroyed[0m
TestRunCustomsgExample 2025-07-22T13:32:50+05:30 command.go:206: [0m  [31m-[0m[0m resource "ibm_container_vpc_cluster" "cluster" {
TestRunCustomsgExample 2025-07-22T13:32:50+05:30 command.go:206:       [31m-[0m[0m albs                                = [] [90m-> null[0m[0m
TestRunCustomsgExample 2025-07-22T13:32:50+05:30 command.go:206:       [31m-[0m[0m cos_instance_crn                    = "crn:v1:bluemix:public:cloud-object-storage:global:a/abac0df06b644a9cabc6e44f55b3880e:f6a5c310-bcff-4d3e-92b6-fb05dc9a0f32::" [90m-> null[0m[0m
TestRunCustomsgExample 2025-07-22T13:32:50+05:30 command.go:206:       [31m-[0m[0m crn                                 = "crn:v1:bluemix:public:containers-kubernetes:jp-osa:a/abac0df06b644a9cabc6e44f55b3880e:d1vjm9jo0mot2mfh0k0g::" [90m-> null[0m[0m
TestRunCustomsgExample 2025-07-22T13:32:50+05:30 command.go:206:       [31m-[0m[0m disable_outbound_traffic_protection = false [90m-> null[0m[0m
TestRunCustomsgExample 2025-07-22T13:32:50+05:30 command.go:206:       [31m-[0m[0m disable_public_service_endpoint     = false [90m-> null[0m[0m
TestRunCustomsgExample 2025-07-22T13:32:50+05:30 command.go:206:       [31m-[0m[0m entitlement                         = "cloud_pak" [90m-> null[0m[0m
TestRunCustomsgExample 2025-07-22T13:32:50+05:30 command.go:206:       [31m-[0m[0m flavor                              = "bx2.4x16" [90m-> null[0m[0m
TestRunCustomsgExample 2025-07-22T13:32:50+05:30 command.go:206:       [31m-[0m[0m force_delete_storage                = true [90m-> null[0m[0m
TestRunCustomsgExample 2025-07-22T13:32:50+05:30 command.go:206:       [31m-[0m[0m id                                  = "d1vjm9jo0mot2mfh0k0g" [90m-> null[0m[0m
TestRunCustomsgExample 2025-07-22T13:32:50+05:30 command.go:206:       [31m-[0m[0m image_security_enforcement          = false [90m-> null[0m[0m
TestRunCustomsgExample 2025-07-22T13:32:50+05:30 command.go:206:       [31m-[0m[0m ingress_hostname                    = "base-ocp-customsg-fs5-3b5bf5f75003778663c521c8c35ad277-0000.jp-osa.containers.appdomain.cloud" [90m-> null[0m[0m
TestRunCustomsgExample 2025-07-22T13:32:50+05:30 command.go:206:       [31m-[0m[0m ingress_secret                      = (sensitive value) [90m-> null[0m[0m
TestRunCustomsgExample 2025-07-22T13:32:50+05:30 command.go:206:       [31m-[0m[0m kube_version                        = "4.17.28_openshift" [90m-> null[0m[0m
TestRunCustomsgExample 2025-07-22T13:32:50+05:30 command.go:206:       [31m-[0m[0m master_status                       = "Ready" [90m-> null[0m[0m
TestRunCustomsgExample 2025-07-22T13:32:50+05:30 command.go:206:       [31m-[0m[0m master_url                          = "https://c101-e.jp-osa.containers.cloud.ibm.com:32220" [90m-> null[0m[0m
TestRunCustomsgExample 2025-07-22T13:32:50+05:30 command.go:206:       [31m-[0m[0m name                                = "base-ocp-customsg-fs5" [90m-> null[0m[0m
TestRunCustomsgExample 2025-07-22T13:32:50+05:30 command.go:206:       [31m-[0m[0m operating_system                    = "REDHAT_8_64" [90m-> null[0m[0m
TestRunCustomsgExample 2025-07-22T13:32:50+05:30 command.go:206:       [31m-[0m[0m pod_subnet                          = "172.17.0.0/18" [90m-> null[0m[0m
TestRunCustomsgExample 2025-07-22T13:32:50+05:30 command.go:206:       [31m-[0m[0m private_service_endpoint_url        = "https://c101.private.jp-osa.containers.cloud.ibm.com:32220" [90m-> null[0m[0m
TestRunCustomsgExample 2025-07-22T13:32:50+05:30 command.go:206:       [31m-[0m[0m public_service_endpoint_url         = "https://c101-e.jp-osa.containers.cloud.ibm.com:32220" [90m-> null[0m[0m
TestRunCustomsgExample 2025-07-22T13:32:50+05:30 command.go:206:       [31m-[0m[0m resource_controller_url             = "https://cloud.ibm.com/kubernetes/clusters" [90m-> null[0m[0m
TestRunCustomsgExample 2025-07-22T13:32:50+05:30 command.go:206:       [31m-[0m[0m resource_crn                        = "crn:v1:bluemix:public:containers-kubernetes:jp-osa:a/abac0df06b644a9cabc6e44f55b3880e:d1vjm9jo0mot2mfh0k0g::" [90m-> null[0m[0m
TestRunCustomsgExample 2025-07-22T13:32:50+05:30 command.go:206:       [31m-[0m[0m resource_group_id                   = "ed293fd4909f4bc69b1e85324b8c39db" [90m-> null[0m[0m
TestRunCustomsgExample 2025-07-22T13:32:50+05:30 command.go:206:       [31m-[0m[0m resource_group_name                 = "geretain-test-base-ocp-vpc" [90m-> null[0m[0m
TestRunCustomsgExample 2025-07-22T13:32:50+05:30 command.go:206:       [31m-[0m[0m resource_name                       = "base-ocp-customsg-fs5" [90m-> null[0m[0m
TestRunCustomsgExample 2025-07-22T13:32:50+05:30 command.go:206:       [31m-[0m[0m resource_status                     = "normal" [90m-> null[0m[0m
TestRunCustomsgExample 2025-07-22T13:32:50+05:30 command.go:206:       [31m-[0m[0m security_groups                     = [
TestRunCustomsgExample 2025-07-22T13:32:50+05:30 command.go:206:           [31m-[0m[0m "cluster",
TestRunCustomsgExample 2025-07-22T13:32:50+05:30 command.go:206:           [31m-[0m[0m "r034-28b9e2d6-5176-4a66-aff7-89599c340129",
TestRunCustomsgExample 2025-07-22T13:32:50+05:30 command.go:206:         ] [90m-> null[0m[0m
TestRunCustomsgExample 2025-07-22T13:32:50+05:30 command.go:206:       [31m-[0m[0m service_subnet                      = "172.21.0.0/16" [90m-> null[0m[0m
TestRunCustomsgExample 2025-07-22T13:32:50+05:30 command.go:206:       [31m-[0m[0m state                               = "normal" [90m-> null[0m[0m
TestRunCustomsgExample 2025-07-22T13:32:50+05:30 command.go:206:       [31m-[0m[0m tags                                = [] [90m-> null[0m[0m
TestRunCustomsgExample 2025-07-22T13:32:50+05:30 command.go:206:       [31m-[0m[0m update_all_workers                  = false [90m-> null[0m[0m
TestRunCustomsgExample 2025-07-22T13:32:50+05:30 command.go:206:       [31m-[0m[0m vpc_id                              = "r034-f81dad4a-280a-4ff0-823a-ba484b1fc3ea" [90m-> null[0m[0m
TestRunCustomsgExample 2025-07-22T13:32:50+05:30 command.go:206:       [31m-[0m[0m vpe_service_endpoint_url            = "https://d1vjm9jo0mot2mfh0k0g.vpe.private.jp-osa.containers.cloud.ibm.com:32220" [90m-> null[0m[0m
TestRunCustomsgExample 2025-07-22T13:32:50+05:30 command.go:206:       [31m-[0m[0m wait_for_worker_update              = true [90m-> null[0m[0m
TestRunCustomsgExample 2025-07-22T13:32:50+05:30 command.go:206:       [31m-[0m[0m wait_till                           = "IngressReady" [90m-> null[0m[0m
TestRunCustomsgExample 2025-07-22T13:32:50+05:30 command.go:206:       [31m-[0m[0m worker_count                        = 2 [90m-> null[0m[0m
TestRunCustomsgExample 2025-07-22T13:32:50+05:30 command.go:206: 
TestRunCustomsgExample 2025-07-22T13:32:50+05:30 command.go:206:       [31m-[0m[0m timeouts {
TestRunCustomsgExample 2025-07-22T13:32:50+05:30 command.go:206:           [31m-[0m[0m create = "3h" [90m-> null[0m[0m
TestRunCustomsgExample 2025-07-22T13:32:50+05:30 command.go:206:           [31m-[0m[0m delete = "2h" [90m-> null[0m[0m
TestRunCustomsgExample 2025-07-22T13:32:50+05:30 command.go:206:           [31m-[0m[0m update = "3h" [90m-> null[0m[0m
TestRunCustomsgExample 2025-07-22T13:32:50+05:30 command.go:206:         }
TestRunCustomsgExample 2025-07-22T13:32:50+05:30 command.go:206: 
TestRunCustomsgExample 2025-07-22T13:32:50+05:30 command.go:206:       [31m-[0m[0m zones {
TestRunCustomsgExample 2025-07-22T13:32:50+05:30 command.go:206:           [31m-[0m[0m name      = "jp-osa-1" [90m-> null[0m[0m
TestRunCustomsgExample 2025-07-22T13:32:50+05:30 command.go:206:           [31m-[0m[0m subnet_id = "02n7-df761470-ad53-4366-8ff9-10a64c8a391a" [90m-> null[0m[0m
TestRunCustomsgExample 2025-07-22T13:32:50+05:30 command.go:206:         }
TestRunCustomsgExample 2025-07-22T13:32:50+05:30 command.go:206:     }
TestRunCustomsgExample 2025-07-22T13:32:50+05:30 command.go:206: 
TestRunCustomsgExample 2025-07-22T13:32:50+05:30 command.go:206: [1m  # module.ocp_base.ibm_container_vpc_worker_pool.pool["default"][0m will be [1m[31mdestroyed[0m
TestRunCustomsgExample 2025-07-22T13:32:50+05:30 command.go:206: [0m  [31m-[0m[0m resource "ibm_container_vpc_worker_pool" "pool" {
TestRunCustomsgExample 2025-07-22T13:32:50+05:30 command.go:206:       [31m-[0m[0m autoscale_enabled       = false [90m-> null[0m[0m
TestRunCustomsgExample 2025-07-22T13:32:50+05:30 command.go:206:       [31m-[0m[0m cluster                 = "d1vjm9jo0mot2mfh0k0g" [90m-> null[0m[0m
TestRunCustomsgExample 2025-07-22T13:32:50+05:30 command.go:206:       [31m-[0m[0m entitlement             = "cloud_pak" [90m-> null[0m[0m
TestRunCustomsgExample 2025-07-22T13:32:50+05:30 command.go:206:       [31m-[0m[0m flavor                  = "bx2.4x16" [90m-> null[0m[0m
TestRunCustomsgExample 2025-07-22T13:32:50+05:30 command.go:206:       [31m-[0m[0m id                      = "d1vjm9jo0mot2mfh0k0g/d1vjm9jo0mot2mfh0k0g-44bcbfb" [90m-> null[0m[0m
TestRunCustomsgExample 2025-07-22T13:32:50+05:30 command.go:206:       [31m-[0m[0m import_on_create        = true [90m-> null[0m[0m
TestRunCustomsgExample 2025-07-22T13:32:50+05:30 command.go:206:       [31m-[0m[0m labels                  = {} [90m-> null[0m[0m
TestRunCustomsgExample 2025-07-22T13:32:50+05:30 command.go:206:       [31m-[0m[0m operating_system        = "REDHAT_8_64" [90m-> null[0m[0m
TestRunCustomsgExample 2025-07-22T13:32:50+05:30 command.go:206:       [31m-[0m[0m orphan_on_delete        = true [90m-> null[0m[0m
TestRunCustomsgExample 2025-07-22T13:32:50+05:30 command.go:206:       [31m-[0m[0m resource_controller_url = "https://cloud.ibm.com/kubernetes/clusters" [90m-> null[0m[0m
TestRunCustomsgExample 2025-07-22T13:32:50+05:30 command.go:206:       [31m-[0m[0m resource_group_id       = "ed293fd4909f4bc69b1e85324b8c39db" [90m-> null[0m[0m
TestRunCustomsgExample 2025-07-22T13:32:50+05:30 command.go:206:       [31m-[0m[0m vpc_id                  = "r034-f81dad4a-280a-4ff0-823a-ba484b1fc3ea" [90m-> null[0m[0m
TestRunCustomsgExample 2025-07-22T13:32:50+05:30 command.go:206:       [31m-[0m[0m worker_count            = 2 [90m-> null[0m[0m
TestRunCustomsgExample 2025-07-22T13:32:50+05:30 command.go:206:       [31m-[0m[0m worker_pool_id          = "d1vjm9jo0mot2mfh0k0g-44bcbfb" [90m-> null[0m[0m
TestRunCustomsgExample 2025-07-22T13:32:50+05:30 command.go:206:       [31m-[0m[0m worker_pool_name        = "default" [90m-> null[0m[0m
TestRunCustomsgExample 2025-07-22T13:32:50+05:30 command.go:206:         [90m# (1 unchanged attribute hidden)[0m[0m
TestRunCustomsgExample 2025-07-22T13:32:50+05:30 command.go:206: 
TestRunCustomsgExample 2025-07-22T13:32:50+05:30 command.go:206:       [31m-[0m[0m timeouts {
TestRunCustomsgExample 2025-07-22T13:32:50+05:30 command.go:206:           [31m-[0m[0m create = "2h" [90m-> null[0m[0m
TestRunCustomsgExample 2025-07-22T13:32:50+05:30 command.go:206:           [31m-[0m[0m delete = "2h" [90m-> null[0m[0m
TestRunCustomsgExample 2025-07-22T13:32:50+05:30 command.go:206:         }
TestRunCustomsgExample 2025-07-22T13:32:50+05:30 command.go:206: 
TestRunCustomsgExample 2025-07-22T13:32:50+05:30 command.go:206:       [31m-[0m[0m zones {
TestRunCustomsgExample 2025-07-22T13:32:50+05:30 command.go:206:           [31m-[0m[0m name      = "jp-osa-1" [90m-> null[0m[0m
TestRunCustomsgExample 2025-07-22T13:32:50+05:30 command.go:206:           [31m-[0m[0m subnet_id = "02n7-df761470-ad53-4366-8ff9-10a64c8a391a" [90m-> null[0m[0m
TestRunCustomsgExample 2025-07-22T13:32:50+05:30 command.go:206:         }
TestRunCustomsgExample 2025-07-22T13:32:50+05:30 command.go:206:     }
TestRunCustomsgExample 2025-07-22T13:32:50+05:30 command.go:206: 
TestRunCustomsgExample 2025-07-22T13:32:50+05:30 command.go:206: [1m  # module.ocp_base.ibm_resource_tag.cluster_access_tag[0][0m will be [1m[31mdestroyed[0m
TestRunCustomsgExample 2025-07-22T13:32:50+05:30 command.go:206: [0m  [31m-[0m[0m resource "ibm_resource_tag" "cluster_access_tag" {
TestRunCustomsgExample 2025-07-22T13:32:50+05:30 command.go:206:       [31m-[0m[0m id            = "crn:v1:bluemix:public:containers-kubernetes:jp-osa:a/abac0df06b644a9cabc6e44f55b3880e:d1vjm9jo0mot2mfh0k0g::" [90m-> null[0m[0m
TestRunCustomsgExample 2025-07-22T13:32:50+05:30 command.go:206:       [31m-[0m[0m replace       = false [90m-> null[0m[0m
TestRunCustomsgExample 2025-07-22T13:32:50+05:30 command.go:206:       [31m-[0m[0m resource_id   = "crn:v1:bluemix:public:containers-kubernetes:jp-osa:a/abac0df06b644a9cabc6e44f55b3880e:d1vjm9jo0mot2mfh0k0g::" [90m-> null[0m[0m
TestRunCustomsgExample 2025-07-22T13:32:50+05:30 command.go:206:       [31m-[0m[0m tag_type      = "access" [90m-> null[0m[0m
TestRunCustomsgExample 2025-07-22T13:32:50+05:30 command.go:206:       [31m-[0m[0m tags          = [
TestRunCustomsgExample 2025-07-22T13:32:50+05:30 command.go:206:           [31m-[0m[0m "geretain-dev-1:permanent-test-tag-4",
TestRunCustomsgExample 2025-07-22T13:32:50+05:30 command.go:206:           [31m-[0m[0m "geretain-dev:permanent-test-tag-1",
TestRunCustomsgExample 2025-07-22T13:32:50+05:30 command.go:206:         ] [90m-> null[0m[0m
TestRunCustomsgExample 2025-07-22T13:32:50+05:30 command.go:206:         [90m# (1 unchanged attribute hidden)[0m[0m
TestRunCustomsgExample 2025-07-22T13:32:50+05:30 command.go:206:     }
TestRunCustomsgExample 2025-07-22T13:32:50+05:30 command.go:206: 
TestRunCustomsgExample 2025-07-22T13:32:50+05:30 command.go:206: [1m  # module.ocp_base.ibm_resource_tag.cos_access_tag[0][0m will be [1m[31mdestroyed[0m
TestRunCustomsgExample 2025-07-22T13:32:50+05:30 command.go:206: [0m  [31m-[0m[0m resource "ibm_resource_tag" "cos_access_tag" {
TestRunCustomsgExample 2025-07-22T13:32:50+05:30 command.go:206:       [31m-[0m[0m id            = "crn:v1:bluemix:public:cloud-object-storage:global:a/abac0df06b644a9cabc6e44f55b3880e:f6a5c310-bcff-4d3e-92b6-fb05dc9a0f32::" [90m-> null[0m[0m
TestRunCustomsgExample 2025-07-22T13:32:50+05:30 command.go:206:       [31m-[0m[0m replace       = false [90m-> null[0m[0m
TestRunCustomsgExample 2025-07-22T13:32:50+05:30 command.go:206:       [31m-[0m[0m resource_id   = "crn:v1:bluemix:public:cloud-object-storage:global:a/abac0df06b644a9cabc6e44f55b3880e:f6a5c310-bcff-4d3e-92b6-fb05dc9a0f32::" [90m-> null[0m[0m
TestRunCustomsgExample 2025-07-22T13:32:50+05:30 command.go:206:       [31m-[0m[0m tag_type      = "access" [90m-> null[0m[0m
TestRunCustomsgExample 2025-07-22T13:32:50+05:30 command.go:206:       [31m-[0m[0m tags          = [
TestRunCustomsgExample 2025-07-22T13:32:50+05:30 command.go:206:           [31m-[0m[0m "geretain-dev-1:permanent-test-tag-4",
TestRunCustomsgExample 2025-07-22T13:32:50+05:30 command.go:206:           [31m-[0m[0m "geretain-dev:permanent-test-tag-1",
TestRunCustomsgExample 2025-07-22T13:32:50+05:30 command.go:206:         ] [90m-> null[0m[0m
TestRunCustomsgExample 2025-07-22T13:32:50+05:30 command.go:206:         [90m# (1 unchanged attribute hidden)[0m[0m
TestRunCustomsgExample 2025-07-22T13:32:50+05:30 command.go:206:     }
TestRunCustomsgExample 2025-07-22T13:32:50+05:30 command.go:206: 
TestRunCustomsgExample 2025-07-22T13:32:50+05:30 command.go:206: [1m  # module.ocp_base.module.cos_instance[0].ibm_resource_instance.cos_instance[0][0m will be [1m[31mdestroyed[0m
TestRunCustomsgExample 2025-07-22T13:32:50+05:30 command.go:206: [0m  [31m-[0m[0m resource "ibm_resource_instance" "cos_instance" {
TestRunCustomsgExample 2025-07-22T13:32:50+05:30 command.go:206:       [31m-[0m[0m account_id              = "abac0df06b644a9cabc6e44f55b3880e" [90m-> null[0m[0m
TestRunCustomsgExample 2025-07-22T13:32:50+05:30 command.go:206:       [31m-[0m[0m allow_cleanup           = false [90m-> null[0m[0m
TestRunCustomsgExample 2025-07-22T13:32:50+05:30 command.go:206:       [31m-[0m[0m created_at              = "2025-07-22T07:16:38.175Z" [90m-> null[0m[0m
TestRunCustomsgExample 2025-07-22T13:32:50+05:30 command.go:206:       [31m-[0m[0m created_by              = "IBMid-693000KKB0" [90m-> null[0m[0m
TestRunCustomsgExample 2025-07-22T13:32:50+05:30 command.go:206:       [31m-[0m[0m crn                     = "crn:v1:bluemix:public:cloud-object-storage:global:a/abac0df06b644a9cabc6e44f55b3880e:f6a5c310-bcff-4d3e-92b6-fb05dc9a0f32::" [90m-> null[0m[0m
TestRunCustomsgExample 2025-07-22T13:32:50+05:30 command.go:206:       [31m-[0m[0m dashboard_url           = "https://cloud.ibm.com/objectstorage/crn%3Av1%3Abluemix%3Apublic%3Acloud-object-storage%3Aglobal%3Aa%2Fabac0df06b644a9cabc6e44f55b3880e%3Af6a5c310-bcff-4d3e-92b6-fb05dc9a0f32%3A%3A" [90m-> null[0m[0m
TestRunCustomsgExample 2025-07-22T13:32:50+05:30 command.go:206:       [31m-[0m[0m extensions              = {} [90m-> null[0m[0m
TestRunCustomsgExample 2025-07-22T13:32:50+05:30 command.go:206:       [31m-[0m[0m guid                    = "f6a5c310-bcff-4d3e-92b6-fb05dc9a0f32" [90m-> null[0m[0m
TestRunCustomsgExample 2025-07-22T13:32:50+05:30 command.go:206:       [31m-[0m[0m id                      = "crn:v1:bluemix:public:cloud-object-storage:global:a/abac0df06b644a9cabc6e44f55b3880e:f6a5c310-bcff-4d3e-92b6-fb05dc9a0f32::" [90m-> null[0m[0m
TestRunCustomsgExample 2025-07-22T13:32:50+05:30 command.go:206:       [31m-[0m[0m last_operation          = {
TestRunCustomsgExample 2025-07-22T13:32:50+05:30 command.go:206:           [31m-[0m[0m "async"       = "false"
TestRunCustomsgExample 2025-07-22T13:32:50+05:30 command.go:206:           [31m-[0m[0m "cancelable"  = "false"
TestRunCustomsgExample 2025-07-22T13:32:50+05:30 command.go:206:           [31m-[0m[0m "description" = "Completed create instance operation"
TestRunCustomsgExample 2025-07-22T13:32:50+05:30 command.go:206:           [31m-[0m[0m "poll"        = "false"
TestRunCustomsgExample 2025-07-22T13:32:50+05:30 command.go:206:           [31m-[0m[0m "state"       = "succeeded"
TestRunCustomsgExample 2025-07-22T13:32:50+05:30 command.go:206:           [31m-[0m[0m "type"        = "create"
TestRunCustomsgExample 2025-07-22T13:32:50+05:30 command.go:206:         } [90m-> null[0m[0m
TestRunCustomsgExample 2025-07-22T13:32:50+05:30 command.go:206:       [31m-[0m[0m location                = "global" [90m-> null[0m[0m
TestRunCustomsgExample 2025-07-22T13:32:50+05:30 command.go:206:       [31m-[0m[0m locked                  = false [90m-> null[0m[0m
TestRunCustomsgExample 2025-07-22T13:32:50+05:30 command.go:206:       [31m-[0m[0m name                    = "base-ocp-customsg-fs5_cos" [90m-> null[0m[0m
TestRunCustomsgExample 2025-07-22T13:32:50+05:30 command.go:206:       [31m-[0m[0m onetime_credentials     = false [90m-> null[0m[0m
TestRunCustomsgExample 2025-07-22T13:32:50+05:30 command.go:206:       [31m-[0m[0m plan                    = "standard" [90m-> null[0m[0m
TestRunCustomsgExample 2025-07-22T13:32:50+05:30 command.go:206:       [31m-[0m[0m plan_history            = [
TestRunCustomsgExample 2025-07-22T13:32:50+05:30 command.go:206:           [31m-[0m[0m {
TestRunCustomsgExample 2025-07-22T13:32:50+05:30 command.go:206:               [31m-[0m[0m resource_plan_id = "744bfc56-d12c-4866-88d5-dac9139e0e5d"
TestRunCustomsgExample 2025-07-22T13:32:50+05:30 command.go:206:               [31m-[0m[0m start_date       = "2025-07-22T07:16:38.175Z"
TestRunCustomsgExample 2025-07-22T13:32:50+05:30 command.go:206:             },
TestRunCustomsgExample 2025-07-22T13:32:50+05:30 command.go:206:         ] [90m-> null[0m[0m
TestRunCustomsgExample 2025-07-22T13:32:50+05:30 command.go:206:       [31m-[0m[0m resource_aliases_url    = "/v2/resource_instances/f6a5c310-bcff-4d3e-92b6-fb05dc9a0f32/resource_aliases" [90m-> null[0m[0m
TestRunCustomsgExample 2025-07-22T13:32:50+05:30 command.go:206:       [31m-[0m[0m resource_bindings_url   = "/v2/resource_instances/f6a5c310-bcff-4d3e-92b6-fb05dc9a0f32/resource_bindings" [90m-> null[0m[0m
TestRunCustomsgExample 2025-07-22T13:32:50+05:30 command.go:206:       [31m-[0m[0m resource_controller_url = "https://cloud.ibm.com/services/" [90m-> null[0m[0m
TestRunCustomsgExample 2025-07-22T13:32:50+05:30 command.go:206:       [31m-[0m[0m resource_crn            = "crn:v1:bluemix:public:cloud-object-storage:global:a/abac0df06b644a9cabc6e44f55b3880e:f6a5c310-bcff-4d3e-92b6-fb05dc9a0f32::" [90m-> null[0m[0m
TestRunCustomsgExample 2025-07-22T13:32:50+05:30 command.go:206:       [31m-[0m[0m resource_group_crn      = "crn:v1:bluemix:public:resource-controller::a/abac0df06b644a9cabc6e44f55b3880e::resource-group:ed293fd4909f4bc69b1e85324b8c39db" [90m-> null[0m[0m
TestRunCustomsgExample 2025-07-22T13:32:50+05:30 command.go:206:       [31m-[0m[0m resource_group_id       = "ed293fd4909f4bc69b1e85324b8c39db" [90m-> null[0m[0m
TestRunCustomsgExample 2025-07-22T13:32:50+05:30 command.go:206:       [31m-[0m[0m resource_group_name     = "crn:v1:bluemix:public:resource-controller::a/abac0df06b644a9cabc6e44f55b3880e::resource-group:ed293fd4909f4bc69b1e85324b8c39db" [90m-> null[0m[0m
TestRunCustomsgExample 2025-07-22T13:32:50+05:30 command.go:206:       [31m-[0m[0m resource_id             = "dff97f5c-bc5e-4455-b470-411c3edbe49c" [90m-> null[0m[0m
TestRunCustomsgExample 2025-07-22T13:32:50+05:30 command.go:206:       [31m-[0m[0m resource_keys_url       = "/v2/resource_instances/f6a5c310-bcff-4d3e-92b6-fb05dc9a0f32/resource_keys" [90m-> null[0m[0m
TestRunCustomsgExample 2025-07-22T13:32:50+05:30 command.go:206:       [31m-[0m[0m resource_name           = "base-ocp-customsg-fs5_cos" [90m-> null[0m[0m
TestRunCustomsgExample 2025-07-22T13:32:50+05:30 command.go:206:       [31m-[0m[0m resource_plan_id        = "744bfc56-d12c-4866-88d5-dac9139e0e5d" [90m-> null[0m[0m
TestRunCustomsgExample 2025-07-22T13:32:50+05:30 command.go:206:       [31m-[0m[0m resource_status         = "active" [90m-> null[0m[0m
TestRunCustomsgExample 2025-07-22T13:32:50+05:30 command.go:206:       [31m-[0m[0m service                 = "cloud-object-storage" [90m-> null[0m[0m
TestRunCustomsgExample 2025-07-22T13:32:50+05:30 command.go:206:       [31m-[0m[0m state                   = "active" [90m-> null[0m[0m
TestRunCustomsgExample 2025-07-22T13:32:50+05:30 command.go:206:       [31m-[0m[0m status                  = "active" [90m-> null[0m[0m
TestRunCustomsgExample 2025-07-22T13:32:50+05:30 command.go:206:       [31m-[0m[0m tags                    = [] [90m-> null[0m[0m
TestRunCustomsgExample 2025-07-22T13:32:50+05:30 command.go:206:       [31m-[0m[0m target_crn              = "crn:v1:bluemix:public:globalcatalog::::deployment:744bfc56-d12c-4866-88d5-dac9139e0e5d%3Aglobal" [90m-> null[0m[0m
TestRunCustomsgExample 2025-07-22T13:32:50+05:30 command.go:206:       [31m-[0m[0m type                    = "service_instance" [90m-> null[0m[0m
TestRunCustomsgExample 2025-07-22T13:32:50+05:30 command.go:206:       [31m-[0m[0m update_at               = "2025-07-22T07:16:40.426Z" [90m-> null[0m[0m
TestRunCustomsgExample 2025-07-22T13:32:50+05:30 command.go:206:         [90m# (5 unchanged attributes hidden)[0m[0m
TestRunCustomsgExample 2025-07-22T13:32:50+05:30 command.go:206:     }
TestRunCustomsgExample 2025-07-22T13:32:50+05:30 command.go:206: 
TestRunCustomsgExample 2025-07-22T13:32:50+05:30 command.go:206: [1mPlan:[0m 0 to add, 0 to change, 14 to destroy.
TestRunCustomsgExample 2025-07-22T13:32:50+05:30 command.go:206: [0m
TestRunCustomsgExample 2025-07-22T13:32:50+05:30 command.go:206: Changes to Outputs:
TestRunCustomsgExample 2025-07-22T13:32:50+05:30 command.go:206:   [31m-[0m[0m cluster_name = "base-ocp-customsg-fs5" [90m-> null[0m[0m
TestRunCustomsgExample 2025-07-22T13:32:50+05:30 command.go:206: [0m[1mmodule.ocp_base.ibm_resource_tag.cluster_access_tag[0]: Destroying... [id=crn:v1:bluemix:public:containers-kubernetes:jp-osa:a/abac0df06b644a9cabc6e44f55b3880e:d1vjm9jo0mot2mfh0k0g::][0m[0m
TestRunCustomsgExample 2025-07-22T13:32:50+05:30 command.go:206: [0m[1mmodule.ocp_base.ibm_resource_tag.cos_access_tag[0]: Destroying... [id=crn:v1:bluemix:public:cloud-object-storage:global:a/abac0df06b644a9cabc6e44f55b3880e:f6a5c310-bcff-4d3e-92b6-fb05dc9a0f32::][0m[0m
TestRunCustomsgExample 2025-07-22T13:32:50+05:30 command.go:206: [0m[1mmodule.ocp_base.ibm_container_vpc_worker_pool.pool["default"]: Destroying... [id=d1vjm9jo0mot2mfh0k0g/d1vjm9jo0mot2mfh0k0g-44bcbfb][0m[0m
TestRunCustomsgExample 2025-07-22T13:32:50+05:30 command.go:206: [0m[1mmodule.ocp_base.ibm_container_vpc_worker_pool.pool["default"]: Destruction complete after 0s[0m
TestRunCustomsgExample 2025-07-22T13:32:52+05:30 command.go:206: [0m[1mmodule.ocp_base.ibm_resource_tag.cos_access_tag[0]: Destruction complete after 2s[0m
TestRunCustomsgExample 2025-07-22T13:32:53+05:30 command.go:206: [0m[1mmodule.ocp_base.ibm_resource_tag.cluster_access_tag[0]: Destruction complete after 2s[0m
TestRunCustomsgExample 2025-07-22T13:32:53+05:30 command.go:206: [0m[1mmodule.ocp_base.ibm_container_vpc_cluster.cluster[0]: Destroying... [id=d1vjm9jo0mot2mfh0k0g][0m[0m
TestRunCustomsgExample 2025-07-22T13:33:03+05:30 command.go:206: [0m[1mmodule.ocp_base.ibm_container_vpc_cluster.cluster[0]: Still destroying... [id=d1vjm9jo0mot2mfh0k0g, 10s elapsed][0m[0m
TestRunCustomsgExample 2025-07-22T13:33:13+05:30 command.go:206: [0m[1mmodule.ocp_base.ibm_container_vpc_cluster.cluster[0]: Still destroying... [id=d1vjm9jo0mot2mfh0k0g, 20s elapsed][0m[0m
TestRunCustomsgExample 2025-07-22T13:33:23+05:30 command.go:206: [0m[1mmodule.ocp_base.ibm_container_vpc_cluster.cluster[0]: Still destroying... [id=d1vjm9jo0mot2mfh0k0g, 30s elapsed][0m[0m
TestRunCustomsgExample 2025-07-22T13:33:33+05:30 command.go:206: [0m[1mmodule.ocp_base.ibm_container_vpc_cluster.cluster[0]: Still destroying... [id=d1vjm9jo0mot2mfh0k0g, 40s elapsed][0m[0m
TestRunCustomsgExample 2025-07-22T13:33:43+05:30 command.go:206: [0m[1mmodule.ocp_base.ibm_container_vpc_cluster.cluster[0]: Still destroying... [id=d1vjm9jo0mot2mfh0k0g, 50s elapsed][0m[0m
TestRunCustomsgExample 2025-07-22T13:33:53+05:30 command.go:206: [0m[1mmodule.ocp_base.ibm_container_vpc_cluster.cluster[0]: Still destroying... [id=d1vjm9jo0mot2mfh0k0g, 1m0s elapsed][0m[0m
TestRunCustomsgExample 2025-07-22T13:34:03+05:30 command.go:206: [0m[1mmodule.ocp_base.ibm_container_vpc_cluster.cluster[0]: Still destroying... [id=d1vjm9jo0mot2mfh0k0g, 1m10s elapsed][0m[0m
TestRunCustomsgExample 2025-07-22T13:34:13+05:30 command.go:206: [0m[1mmodule.ocp_base.ibm_container_vpc_cluster.cluster[0]: Still destroying... [id=d1vjm9jo0mot2mfh0k0g, 1m20s elapsed][0m[0m
TestRunCustomsgExample 2025-07-22T13:34:23+05:30 command.go:206: [0m[1mmodule.ocp_base.ibm_container_vpc_cluster.cluster[0]: Still destroying... [id=d1vjm9jo0mot2mfh0k0g, 1m30s elapsed][0m[0m
TestRunCustomsgExample 2025-07-22T13:34:33+05:30 command.go:206: [0m[1mmodule.ocp_base.ibm_container_vpc_cluster.cluster[0]: Still destroying... [id=d1vjm9jo0mot2mfh0k0g, 1m40s elapsed][0m[0m
TestRunCustomsgExample 2025-07-22T13:34:43+05:30 command.go:206: [0m[1mmodule.ocp_base.ibm_container_vpc_cluster.cluster[0]: Still destroying... [id=d1vjm9jo0mot2mfh0k0g, 1m50s elapsed][0m[0m
TestRunCustomsgExample 2025-07-22T13:34:53+05:30 command.go:206: [0m[1mmodule.ocp_base.ibm_container_vpc_cluster.cluster[0]: Still destroying... [id=d1vjm9jo0mot2mfh0k0g, 2m0s elapsed][0m[0m
TestRunCustomsgExample 2025-07-22T13:35:03+05:30 command.go:206: [0m[1mmodule.ocp_base.ibm_container_vpc_cluster.cluster[0]: Still destroying... [id=d1vjm9jo0mot2mfh0k0g, 2m10s elapsed][0m[0m
TestRunCustomsgExample 2025-07-22T13:35:13+05:30 command.go:206: [0m[1mmodule.ocp_base.ibm_container_vpc_cluster.cluster[0]: Still destroying... [id=d1vjm9jo0mot2mfh0k0g, 2m20s elapsed][0m[0m
TestRunCustomsgExample 2025-07-22T13:35:23+05:30 command.go:206: [0m[1mmodule.ocp_base.ibm_container_vpc_cluster.cluster[0]: Still destroying... [id=d1vjm9jo0mot2mfh0k0g, 2m30s elapsed][0m[0m
TestRunCustomsgExample 2025-07-22T13:35:33+05:30 command.go:206: [0m[1mmodule.ocp_base.ibm_container_vpc_cluster.cluster[0]: Still destroying... [id=d1vjm9jo0mot2mfh0k0g, 2m40s elapsed][0m[0m
TestRunCustomsgExample 2025-07-22T13:35:43+05:30 command.go:206: [0m[1mmodule.ocp_base.ibm_container_vpc_cluster.cluster[0]: Still destroying... [id=d1vjm9jo0mot2mfh0k0g, 2m50s elapsed][0m[0m
TestRunCustomsgExample 2025-07-22T13:35:53+05:30 command.go:206: [0m[1mmodule.ocp_base.ibm_container_vpc_cluster.cluster[0]: Still destroying... [id=d1vjm9jo0mot2mfh0k0g, 3m0s elapsed][0m[0m
TestRunCustomsgExample 2025-07-22T13:36:03+05:30 command.go:206: [0m[1mmodule.ocp_base.ibm_container_vpc_cluster.cluster[0]: Still destroying... [id=d1vjm9jo0mot2mfh0k0g, 3m10s elapsed][0m[0m
TestRunCustomsgExample 2025-07-22T13:36:13+05:30 command.go:206: [0m[1mmodule.ocp_base.ibm_container_vpc_cluster.cluster[0]: Still destroying... [id=d1vjm9jo0mot2mfh0k0g, 3m20s elapsed][0m[0m
TestRunCustomsgExample 2025-07-22T13:36:23+05:30 command.go:206: [0m[1mmodule.ocp_base.ibm_container_vpc_cluster.cluster[0]: Still destroying... [id=d1vjm9jo0mot2mfh0k0g, 3m30s elapsed][0m[0m
TestRunCustomsgExample 2025-07-22T13:36:33+05:30 command.go:206: [0m[1mmodule.ocp_base.ibm_container_vpc_cluster.cluster[0]: Still destroying... [id=d1vjm9jo0mot2mfh0k0g, 3m40s elapsed][0m[0m
TestRunCustomsgExample 2025-07-22T13:36:43+05:30 command.go:206: [0m[1mmodule.ocp_base.ibm_container_vpc_cluster.cluster[0]: Still destroying... [id=d1vjm9jo0mot2mfh0k0g, 3m50s elapsed][0m[0m
TestRunCustomsgExample 2025-07-22T13:36:53+05:30 command.go:206: [0m[1mmodule.ocp_base.ibm_container_vpc_cluster.cluster[0]: Still destroying... [id=d1vjm9jo0mot2mfh0k0g, 4m0s elapsed][0m[0m
TestRunCustomsgExample 2025-07-22T13:37:03+05:30 command.go:206: [0m[1mmodule.ocp_base.ibm_container_vpc_cluster.cluster[0]: Still destroying... [id=d1vjm9jo0mot2mfh0k0g, 4m10s elapsed][0m[0m
TestRunCustomsgExample 2025-07-22T13:37:13+05:30 command.go:206: [0m[1mmodule.ocp_base.ibm_container_vpc_cluster.cluster[0]: Still destroying... [id=d1vjm9jo0mot2mfh0k0g, 4m20s elapsed][0m[0m
TestRunCustomsgExample 2025-07-22T13:37:23+05:30 command.go:206: [0m[1mmodule.ocp_base.ibm_container_vpc_cluster.cluster[0]: Still destroying... [id=d1vjm9jo0mot2mfh0k0g, 4m30s elapsed][0m[0m
TestRunCustomsgExample 2025-07-22T13:37:33+05:30 command.go:206: [0m[1mmodule.ocp_base.ibm_container_vpc_cluster.cluster[0]: Still destroying... [id=d1vjm9jo0mot2mfh0k0g, 4m40s elapsed][0m[0m
TestRunCustomsgExample 2025-07-22T13:37:43+05:30 command.go:206: [0m[1mmodule.ocp_base.ibm_container_vpc_cluster.cluster[0]: Still destroying... [id=d1vjm9jo0mot2mfh0k0g, 4m50s elapsed][0m[0m
TestRunCustomsgExample 2025-07-22T13:37:53+05:30 command.go:206: [0m[1mmodule.ocp_base.ibm_container_vpc_cluster.cluster[0]: Still destroying... [id=d1vjm9jo0mot2mfh0k0g, 5m0s elapsed][0m[0m
TestRunCustomsgExample 2025-07-22T13:38:03+05:30 command.go:206: [0m[1mmodule.ocp_base.ibm_container_vpc_cluster.cluster[0]: Still destroying... [id=d1vjm9jo0mot2mfh0k0g, 5m10s elapsed][0m[0m
TestRunCustomsgExample 2025-07-22T13:38:13+05:30 command.go:206: [0m[1mmodule.ocp_base.ibm_container_vpc_cluster.cluster[0]: Still destroying... [id=d1vjm9jo0mot2mfh0k0g, 5m20s elapsed][0m[0m
TestRunCustomsgExample 2025-07-22T13:38:23+05:30 command.go:206: [0m[1mmodule.ocp_base.ibm_container_vpc_cluster.cluster[0]: Still destroying... [id=d1vjm9jo0mot2mfh0k0g, 5m30s elapsed][0m[0m
TestRunCustomsgExample 2025-07-22T13:38:33+05:30 command.go:206: [0m[1mmodule.ocp_base.ibm_container_vpc_cluster.cluster[0]: Still destroying... [id=d1vjm9jo0mot2mfh0k0g, 5m40s elapsed][0m[0m
TestRunCustomsgExample 2025-07-22T13:38:43+05:30 command.go:206: [0m[1mmodule.ocp_base.ibm_container_vpc_cluster.cluster[0]: Still destroying... [id=d1vjm9jo0mot2mfh0k0g, 5m50s elapsed][0m[0m
TestRunCustomsgExample 2025-07-22T13:38:53+05:30 command.go:206: [0m[1mmodule.ocp_base.ibm_container_vpc_cluster.cluster[0]: Still destroying... [id=d1vjm9jo0mot2mfh0k0g, 6m0s elapsed][0m[0m
TestRunCustomsgExample 2025-07-22T13:39:03+05:30 command.go:206: [0m[1mmodule.ocp_base.ibm_container_vpc_cluster.cluster[0]: Still destroying... [id=d1vjm9jo0mot2mfh0k0g, 6m10s elapsed][0m[0m
TestRunCustomsgExample 2025-07-22T13:39:13+05:30 command.go:206: [0m[1mmodule.ocp_base.ibm_container_vpc_cluster.cluster[0]: Still destroying... [id=d1vjm9jo0mot2mfh0k0g, 6m20s elapsed][0m[0m
TestRunCustomsgExample 2025-07-22T13:39:23+05:30 command.go:206: [0m[1mmodule.ocp_base.ibm_container_vpc_cluster.cluster[0]: Still destroying... [id=d1vjm9jo0mot2mfh0k0g, 6m30s elapsed][0m[0m
TestRunCustomsgExample 2025-07-22T13:39:33+05:30 command.go:206: [0m[1mmodule.ocp_base.ibm_container_vpc_cluster.cluster[0]: Still destroying... [id=d1vjm9jo0mot2mfh0k0g, 6m40s elapsed][0m[0m
TestRunCustomsgExample 2025-07-22T13:39:43+05:30 command.go:206: [0m[1mmodule.ocp_base.ibm_container_vpc_cluster.cluster[0]: Still destroying... [id=d1vjm9jo0mot2mfh0k0g, 6m50s elapsed][0m[0m
TestRunCustomsgExample 2025-07-22T13:39:53+05:30 command.go:206: [0m[1mmodule.ocp_base.ibm_container_vpc_cluster.cluster[0]: Still destroying... [id=d1vjm9jo0mot2mfh0k0g, 7m0s elapsed][0m[0m
TestRunCustomsgExample 2025-07-22T13:40:03+05:30 command.go:206: [0m[1mmodule.ocp_base.ibm_container_vpc_cluster.cluster[0]: Still destroying... [id=d1vjm9jo0mot2mfh0k0g, 7m10s elapsed][0m[0m
TestRunCustomsgExample 2025-07-22T13:40:13+05:30 command.go:206: [0m[1mmodule.ocp_base.ibm_container_vpc_cluster.cluster[0]: Still destroying... [id=d1vjm9jo0mot2mfh0k0g, 7m20s elapsed][0m[0m
TestRunCustomsgExample 2025-07-22T13:40:23+05:30 command.go:206: [0m[1mmodule.ocp_base.ibm_container_vpc_cluster.cluster[0]: Still destroying... [id=d1vjm9jo0mot2mfh0k0g, 7m30s elapsed][0m[0m
TestRunCustomsgExample 2025-07-22T13:40:30+05:30 command.go:206: [0m[1mmodule.ocp_base.ibm_container_vpc_cluster.cluster[0]: Destruction complete after 7m37s[0m
TestRunCustomsgExample 2025-07-22T13:40:30+05:30 command.go:206: [0m[1mmodule.custom_sg["custom-lb-sg"].ibm_is_security_group.sg[0]: Destroying... [id=r034-294c73e6-6184-4aef-a812-0bd9df0cd1d7][0m[0m
TestRunCustomsgExample 2025-07-22T13:40:30+05:30 command.go:206: [0m[1mmodule.custom_sg["custom-master-vpe-sg"].ibm_is_security_group.sg[0]: Destroying... [id=r034-ab38f26e-b232-4e0c-82eb-077af0167d87][0m[0m
TestRunCustomsgExample 2025-07-22T13:40:30+05:30 command.go:206: [0m[1mmodule.custom_sg["custom-registry-vpe-sg"].ibm_is_security_group.sg[0]: Destroying... [id=r034-2b19a406-cbc4-4c1c-ae92-162291bdbdd7][0m[0m
TestRunCustomsgExample 2025-07-22T13:40:30+05:30 command.go:206: [0m[1mmodule.custom_sg["custom-worker-pool-sg"].ibm_is_security_group.sg[0]: Destroying... [id=r034-7ca77c7f-9294-461e-a18c-7ad1a0e00c1d][0m[0m
TestRunCustomsgExample 2025-07-22T13:40:30+05:30 command.go:206: [0m[1mibm_is_subnet.subnet_zone_1: Destroying... [id=02n7-df761470-ad53-4366-8ff9-10a64c8a391a][0m[0m
TestRunCustomsgExample 2025-07-22T13:40:30+05:30 command.go:206: [0m[1mmodule.ocp_base.module.cos_instance[0].ibm_resource_instance.cos_instance[0]: Destroying... [id=crn:v1:bluemix:public:cloud-object-storage:global:a/abac0df06b644a9cabc6e44f55b3880e:f6a5c310-bcff-4d3e-92b6-fb05dc9a0f32::][0m[0m
TestRunCustomsgExample 2025-07-22T13:40:30+05:30 command.go:206: [0m[1mmodule.custom_sg["custom-kube-api-vpe-sg"].ibm_is_security_group.sg[0]: Destroying... [id=r034-1eb1b040-5158-4dd7-ab9d-225267b43c89][0m[0m
TestRunCustomsgExample 2025-07-22T13:40:30+05:30 command.go:206: [0m[1mmodule.custom_sg["custom-cluster-sg"].ibm_is_security_group.sg[0]: Destroying... [id=r034-28b9e2d6-5176-4a66-aff7-89599c340129][0m[0m
TestRunCustomsgExample 2025-07-22T13:40:38+05:30 command.go:206: [0m[1mmodule.custom_sg["custom-registry-vpe-sg"].ibm_is_security_group.sg[0]: Destruction complete after 9s[0m
TestRunCustomsgExample 2025-07-22T13:40:38+05:30 command.go:206: [0m[1mmodule.custom_sg["custom-cluster-sg"].ibm_is_security_group.sg[0]: Destruction complete after 9s[0m
TestRunCustomsgExample 2025-07-22T13:40:39+05:30 command.go:206: [0m[1mmodule.custom_sg["custom-kube-api-vpe-sg"].ibm_is_security_group.sg[0]: Destruction complete after 9s[0m
TestRunCustomsgExample 2025-07-22T13:40:39+05:30 command.go:206: [0m[1mmodule.custom_sg["custom-lb-sg"].ibm_is_security_group.sg[0]: Destruction complete after 9s[0m
TestRunCustomsgExample 2025-07-22T13:40:39+05:30 command.go:206: [0m[1mmodule.custom_sg["custom-master-vpe-sg"].ibm_is_security_group.sg[0]: Destruction complete after 9s[0m
TestRunCustomsgExample 2025-07-22T13:40:40+05:30 command.go:206: [0m[1mmodule.custom_sg["custom-worker-pool-sg"].ibm_is_security_group.sg[0]: Destruction complete after 10s[0m
TestRunCustomsgExample 2025-07-22T13:40:40+05:30 command.go:206: [0m[1mmodule.ocp_base.module.cos_instance[0].ibm_resource_instance.cos_instance[0]: Still destroying... [id=crn:v1:bluemix:public:cloud-object-stor...f6a5c310-bcff-4d3e-92b6-fb05dc9a0f32::, 10s elapsed][0m[0m
TestRunCustomsgExample 2025-07-22T13:40:40+05:30 command.go:206: [0m[1mibm_is_subnet.subnet_zone_1: Still destroying... [id=02n7-df761470-ad53-4366-8ff9-10a64c8a391a, 10s elapsed][0m[0m
TestRunCustomsgExample 2025-07-22T13:40:50+05:30 command.go:206: [0m[1mibm_is_subnet.subnet_zone_1: Still destroying... [id=02n7-df761470-ad53-4366-8ff9-10a64c8a391a, 20s elapsed][0m[0m
TestRunCustomsgExample 2025-07-22T13:40:50+05:30 command.go:206: [0m[1mmodule.ocp_base.module.cos_instance[0].ibm_resource_instance.cos_instance[0]: Still destroying... [id=crn:v1:bluemix:public:cloud-object-stor...f6a5c310-bcff-4d3e-92b6-fb05dc9a0f32::, 20s elapsed][0m[0m
TestRunCustomsgExample 2025-07-22T13:40:52+05:30 command.go:206: [0m[1mmodule.ocp_base.module.cos_instance[0].ibm_resource_instance.cos_instance[0]: Destruction complete after 22s[0m
TestRunCustomsgExample 2025-07-22T13:41:00+05:30 command.go:206: [0m[1mibm_is_subnet.subnet_zone_1: Still destroying... [id=02n7-df761470-ad53-4366-8ff9-10a64c8a391a, 30s elapsed][0m[0m
TestRunCustomsgExample 2025-07-22T13:41:02+05:30 command.go:206: [0m[1mibm_is_subnet.subnet_zone_1: Destruction complete after 33s[0m
TestRunCustomsgExample 2025-07-22T13:41:02+05:30 command.go:206: [0m[1mibm_is_public_gateway.gateway: Destroying... [id=r034-aba80141-639c-4cf6-b5eb-c17c1a0fda2c][0m[0m
TestRunCustomsgExample 2025-07-22T13:41:12+05:30 command.go:206: [0m[1mibm_is_public_gateway.gateway: Still destroying... [id=r034-aba80141-639c-4cf6-b5eb-c17c1a0fda2c, 10s elapsed][0m[0m
TestRunCustomsgExample 2025-07-22T13:41:14+05:30 command.go:206: [0m[1mibm_is_public_gateway.gateway: Destruction complete after 11s[0m
TestRunCustomsgExample 2025-07-22T13:41:14+05:30 command.go:206: [0m[1mibm_is_vpc.vpc: Destroying... [id=r034-f81dad4a-280a-4ff0-823a-ba484b1fc3ea][0m[0m
TestRunCustomsgExample 2025-07-22T13:41:24+05:30 command.go:206: [0m[1mibm_is_vpc.vpc: Still destroying... [id=r034-f81dad4a-280a-4ff0-823a-ba484b1fc3ea, 10s elapsed][0m[0m
TestRunCustomsgExample 2025-07-22T13:41:26+05:30 command.go:206: [0m[1mibm_is_vpc.vpc: Destruction complete after 13s[0m
TestRunCustomsgExample 2025-07-22T13:41:26+05:30 command.go:206: [0m[1m[32m
TestRunCustomsgExample 2025-07-22T13:41:26+05:30 command.go:206: Destroy complete! Resources: 14 destroyed.
TestRunCustomsgExample 2025-07-22T13:41:26+05:30 command.go:206: [0m
TestRunCustomsgExample 2025-07-22T13:41:26+05:30 tests.go:261: [0m[1mmodule.ocp_base.data.ibm_iam_auth_token.reset_api_key_tokendata: Reading...[0m[0m
[0m[1mmodule.ocp_base.data.ibm_iam_account_settings.iam_account_settings: Reading...[0m[0m
[0m[1mmodule.resource_group.data.ibm_resource_group.existing_resource_group[0]: Reading...[0m[0m
[0m[1mmodule.ocp_base.data.ibm_iam_auth_token.reset_api_key_tokendata: Read complete after 0s [id=2025-07-22 08:02:13.896336 +0000 UTC][0m
[0m[1mmodule.resource_group.data.ibm_resource_group.existing_resource_group[0]: Read complete after 1s [id=ed293fd4909f4bc69b1e85324b8c39db][0m
[0m[1mmodule.ocp_base.data.ibm_container_cluster_versions.cluster_versions: Reading...[0m[0m
[0m[1mmodule.ocp_base.module.cos_instance[0].ibm_resource_instance.cos_instance[0]: Refreshing state... [id=crn:v1:bluemix:public:cloud-object-storage:global:a/abac0df06b644a9cabc6e44f55b3880e:f6a5c310-bcff-4d3e-92b6-fb05dc9a0f32::][0m
[0m[1mibm_is_vpc.vpc: Refreshing state... [id=r034-f81dad4a-280a-4ff0-823a-ba484b1fc3ea][0m
[0m[1mmodule.ocp_base.data.ibm_iam_account_settings.iam_account_settings: Read complete after 1s [id=abac0df06b644a9cabc6e44f55b3880e][0m
[0m[1mmodule.ocp_base.data.ibm_container_cluster_versions.cluster_versions: Read complete after 1s [id=2025-07-22 08:02:15.733671 +0000 UTC][0m
[0m[1mmodule.ocp_base.ibm_resource_tag.cos_access_tag[0]: Refreshing state... [id=crn:v1:bluemix:public:cloud-object-storage:global:a/abac0df06b644a9cabc6e44f55b3880e:f6a5c310-bcff-4d3e-92b6-fb05dc9a0f32::][0m
[0m[1mibm_is_public_gateway.gateway: Refreshing state... [id=r034-aba80141-639c-4cf6-b5eb-c17c1a0fda2c][0m
[0m[1mmodule.custom_sg["custom-cluster-sg"].ibm_is_security_group.sg[0]: Refreshing state... [id=r034-28b9e2d6-5176-4a66-aff7-89599c340129][0m
[0m[1mmodule.custom_sg["custom-master-vpe-sg"].ibm_is_security_group.sg[0]: Refreshing state... [id=r034-ab38f26e-b232-4e0c-82eb-077af0167d87][0m
[0m[1mmodule.custom_sg["custom-kube-api-vpe-sg"].ibm_is_security_group.sg[0]: Refreshing state... [id=r034-1eb1b040-5158-4dd7-ab9d-225267b43c89][0m
[0m[1mmodule.custom_sg["custom-lb-sg"].ibm_is_security_group.sg[0]: Refreshing state... [id=r034-294c73e6-6184-4aef-a812-0bd9df0cd1d7][0m
[0m[1mmodule.custom_sg["custom-worker-pool-sg"].ibm_is_security_group.sg[0]: Refreshing state... [id=r034-7ca77c7f-9294-461e-a18c-7ad1a0e00c1d][0m
[0m[1mmodule.custom_sg["custom-registry-vpe-sg"].ibm_is_security_group.sg[0]: Refreshing state... [id=r034-2b19a406-cbc4-4c1c-ae92-162291bdbdd7][0m
[0m[1mibm_is_subnet.subnet_zone_1: Refreshing state... [id=02n7-df761470-ad53-4366-8ff9-10a64c8a391a][0m
[0m[1mmodule.ocp_base.ibm_container_vpc_cluster.cluster[0]: Refreshing state... [id=d1vjm9jo0mot2mfh0k0g][0m
[0m[1mmodule.ocp_base.ibm_resource_tag.cluster_access_tag[0]: Refreshing state... [id=crn:v1:bluemix:public:containers-kubernetes:jp-osa:a/abac0df06b644a9cabc6e44f55b3880e:d1vjm9jo0mot2mfh0k0g::][0m
[0m[1mmodule.ocp_base.data.ibm_container_cluster_config.cluster_config[0]: Reading...[0m[0m
[0m[1mmodule.ocp_base.data.ibm_container_addons.existing_addons: Reading...[0m[0m
[0m[1mmodule.ocp_base.ibm_container_vpc_worker_pool.pool["default"]: Refreshing state... [id=d1vjm9jo0mot2mfh0k0g/d1vjm9jo0mot2mfh0k0g-44bcbfb][0m
[0m[1mmodule.ocp_base.data.ibm_container_addons.existing_addons: Read complete after 1s [id=d1vjm9jo0mot2mfh0k0g][0m
[0m[1mmodule.ocp_base.data.ibm_container_cluster_config.cluster_config[0]: Read complete after 6s [id=d1vjm9jo0mot2mfh0k0g][0m

Terraform used the selected providers to generate the following execution
plan. Resource actions are indicated with the following symbols:
  [31m-[0m destroy[0m

Terraform will perform the following actions:

[1m  # ibm_is_public_gateway.gateway[0m will be [1m[31mdestroyed[0m
[0m  [31m-[0m[0m resource "ibm_is_public_gateway" "gateway" {
      [31m-[0m[0m access_tags             = [] [90m-> null[0m[0m
      [31m-[0m[0m crn                     = "crn:v1:bluemix:public:is:jp-osa-1:a/abac0df06b644a9cabc6e44f55b3880e::public-gateway:r034-aba80141-639c-4cf6-b5eb-c17c1a0fda2c" [90m-> null[0m[0m
      [31m-[0m[0m floating_ip             = {
          [31m-[0m[0m "address" = "163.68.87.241"
          [31m-[0m[0m "id"      = "r034-6b0b9e27-710a-441e-95a7-f65086faee0a"
        } [90m-> null[0m[0m
      [31m-[0m[0m id                      = "r034-aba80141-639c-4cf6-b5eb-c17c1a0fda2c" [90m-> null[0m[0m
      [31m-[0m[0m name                    = "base-ocp-customsg-fs5-gateway-1" [90m-> null[0m[0m
      [31m-[0m[0m resource_controller_url = "https://cloud.ibm.com/vpc-ext/network/publicGateways" [90m-> null[0m[0m
      [31m-[0m[0m resource_crn            = "crn:v1:bluemix:public:is:jp-osa-1:a/abac0df06b644a9cabc6e44f55b3880e::public-gateway:r034-aba80141-639c-4cf6-b5eb-c17c1a0fda2c" [90m-> null[0m[0m
      [31m-[0m[0m resource_group          = "ed293fd4909f4bc69b1e85324b8c39db" [90m-> null[0m[0m
      [31m-[0m[0m resource_group_name     = "geretain-test-base-ocp-vpc" [90m-> null[0m[0m
      [31m-[0m[0m resource_name           = "base-ocp-customsg-fs5-gateway-1" [90m-> null[0m[0m
      [31m-[0m[0m resource_status         = "available" [90m-> null[0m[0m
      [31m-[0m[0m status                  = "available" [90m-> null[0m[0m
      [31m-[0m[0m tags                    = [] [90m-> null[0m[0m
      [31m-[0m[0m vpc                     = "r034-f81dad4a-280a-4ff0-823a-ba484b1fc3ea" [90m-> null[0m[0m
      [31m-[0m[0m zone                    = "jp-osa-1" [90m-> null[0m[0m
    }

[1m  # ibm_is_subnet.subnet_zone_1[0m will be [1m[31mdestroyed[0m
[0m  [31m-[0m[0m resource "ibm_is_subnet" "subnet_zone_1" {
      [31m-[0m[0m access_tags                  = [] [90m-> null[0m[0m
      [31m-[0m[0m available_ipv4_address_count = 239 [90m-> null[0m[0m
      [31m-[0m[0m crn                          = "crn:v1:bluemix:public:is:jp-osa-1:a/abac0df06b644a9cabc6e44f55b3880e::subnet:02n7-df761470-ad53-4366-8ff9-10a64c8a391a" [90m-> null[0m[0m
      [31m-[0m[0m id                           = "02n7-df761470-ad53-4366-8ff9-10a64c8a391a" [90m-> null[0m[0m
      [31m-[0m[0m ip_version                   = "ipv4" [90m-> null[0m[0m
      [31m-[0m[0m ipv4_cidr_block              = "10.248.0.0/24" [90m-> null[0m[0m
      [31m-[0m[0m name                         = "base-ocp-customsg-fs5-subnet-1" [90m-> null[0m[0m
      [31m-[0m[0m network_acl                  = "r034-878ebcce-65c1-4542-9010-a2cfae843623" [90m-> null[0m[0m
      [31m-[0m[0m public_gateway               = "r034-aba80141-639c-4cf6-b5eb-c17c1a0fda2c" [90m-> null[0m[0m
      [31m-[0m[0m resource_controller_url      = "https://cloud.ibm.com/vpc-ext/network/subnets" [90m-> null[0m[0m
      [31m-[0m[0m resource_crn                 = "crn:v1:bluemix:public:is:jp-osa-1:a/abac0df06b644a9cabc6e44f55b3880e::subnet:02n7-df761470-ad53-4366-8ff9-10a64c8a391a" [90m-> null[0m[0m
      [31m-[0m[0m resource_group               = "ed293fd4909f4bc69b1e85324b8c39db" [90m-> null[0m[0m
      [31m-[0m[0m resource_group_name          = "geretain-test-base-ocp-vpc" [90m-> null[0m[0m
      [31m-[0m[0m resource_name                = "base-ocp-customsg-fs5-subnet-1" [90m-> null[0m[0m
      [31m-[0m[0m resource_status              = "available" [90m-> null[0m[0m
      [31m-[0m[0m routing_table                = "r034-607eeb53-bacb-4736-ad7a-c3148bf51688" [90m-> null[0m[0m
      [31m-[0m[0m routing_table_crn            = "crn:v1:bluemix:public:is:jp-osa:a/abac0df06b644a9cabc6e44f55b3880e::vpc-routing-table:r034-f81dad4a-280a-4ff0-823a-ba484b1fc3ea/r034-607eeb53-bacb-4736-ad7a-c3148bf51688" [90m-> null[0m[0m
      [31m-[0m[0m status                       = "available" [90m-> null[0m[0m
      [31m-[0m[0m tags                         = [] [90m-> null[0m[0m
      [31m-[0m[0m total_ipv4_address_count     = 256 [90m-> null[0m[0m
      [31m-[0m[0m vpc                          = "r034-f81dad4a-280a-4ff0-823a-ba484b1fc3ea" [90m-> null[0m[0m
      [31m-[0m[0m zone                         = "jp-osa-1" [90m-> null[0m[0m
    }

[1m  # ibm_is_vpc.vpc[0m will be [1m[31mdestroyed[0m
[0m  [31m-[0m[0m resource "ibm_is_vpc" "vpc" {
      [31m-[0m[0m access_tags                 = [] [90m-> null[0m[0m
      [31m-[0m[0m address_prefix_management   = "auto" [90m-> null[0m[0m
      [31m-[0m[0m classic_access              = false [90m-> null[0m[0m
      [31m-[0m[0m crn                         = "crn:v1:bluemix:public:is:jp-osa:a/abac0df06b644a9cabc6e44f55b3880e::vpc:r034-f81dad4a-280a-4ff0-823a-ba484b1fc3ea" [90m-> null[0m[0m
      [31m-[0m[0m cse_source_addresses        = [
          [31m-[0m[0m {
              [31m-[0m[0m address   = "10.12.13.199"
              [31m-[0m[0m zone_name = "jp-osa-1"
            },
          [31m-[0m[0m {
              [31m-[0m[0m address   = "10.12.32.25"
              [31m-[0m[0m zone_name = "jp-osa-2"
            },
          [31m-[0m[0m {
              [31m-[0m[0m address   = "10.12.41.144"
              [31m-[0m[0m zone_name = "jp-osa-3"
            },
        ] [90m-> null[0m[0m
      [31m-[0m[0m default_address_prefixes    = {
          [31m-[0m[0m "jp-osa-1" = "10.248.0.0/18"
          [31m-[0m[0m "jp-osa-2" = "10.248.64.0/18"
          [31m-[0m[0m "jp-osa-3" = "10.248.128.0/18"
        } [90m-> null[0m[0m
      [31m-[0m[0m default_network_acl         = "r034-878ebcce-65c1-4542-9010-a2cfae843623" [90m-> null[0m[0m
      [31m-[0m[0m default_network_acl_crn     = "crn:v1:bluemix:public:is:jp-osa:a/abac0df06b644a9cabc6e44f55b3880e::network-acl:r034-878ebcce-65c1-4542-9010-a2cfae843623" [90m-> null[0m[0m
      [31m-[0m[0m default_network_acl_name    = "botanist-oil-uncombed-canary" [90m-> null[0m[0m
      [31m-[0m[0m default_routing_table       = "r034-607eeb53-bacb-4736-ad7a-c3148bf51688" [90m-> null[0m[0m
      [31m-[0m[0m default_routing_table_crn   = "crn:v1:bluemix:public:is:jp-osa:a/abac0df06b644a9cabc6e44f55b3880e::vpc-routing-table:r034-f81dad4a-280a-4ff0-823a-ba484b1fc3ea/r034-607eeb53-bacb-4736-ad7a-c3148bf51688" [90m-> null[0m[0m
      [31m-[0m[0m default_routing_table_name  = "unstable-hatchet-festivity-conjure" [90m-> null[0m[0m
      [31m-[0m[0m default_security_group      = "r034-2ce38964-206c-4961-a52a-84325930fc25" [90m-> null[0m[0m
      [31m-[0m[0m default_security_group_crn  = "crn:v1:bluemix:public:is:jp-osa:a/abac0df06b644a9cabc6e44f55b3880e::security-group:r034-2ce38964-206c-4961-a52a-84325930fc25" [90m-> null[0m[0m
      [31m-[0m[0m default_security_group_name = "postcard-satiable-unused-amount" [90m-> null[0m[0m
      [31m-[0m[0m health_reasons              = [] [90m-> null[0m[0m
      [31m-[0m[0m health_state                = "ok" [90m-> null[0m[0m
      [31m-[0m[0m id                          = "r034-f81dad4a-280a-4ff0-823a-ba484b1fc3ea" [90m-> null[0m[0m
      [31m-[0m[0m name                        = "base-ocp-customsg-fs5-vpc" [90m-> null[0m[0m
      [31m-[0m[0m no_sg_acl_rules             = false [90m-> null[0m[0m
      [31m-[0m[0m resource_controller_url     = "https://cloud.ibm.com/vpc-ext/network/vpcs" [90m-> null[0m[0m
      [31m-[0m[0m resource_crn                = "crn:v1:bluemix:public:is:jp-osa:a/abac0df06b644a9cabc6e44f55b3880e::vpc:r034-f81dad4a-280a-4ff0-823a-ba484b1fc3ea" [90m-> null[0m[0m
      [31m-[0m[0m resource_group              = "ed293fd4909f4bc69b1e85324b8c39db" [90m-> null[0m[0m
      [31m-[0m[0m resource_group_name         = "geretain-test-base-ocp-vpc" [90m-> null[0m[0m
      [31m-[0m[0m resource_name               = "base-ocp-customsg-fs5-vpc" [90m-> null[0m[0m
      [31m-[0m[0m resource_status             = "available" [90m-> null[0m[0m
      [31m-[0m[0m security_group              = [
          [31m-[0m[0m {
              [31m-[0m[0m group_id   = "r034-d7c8f616-c646-4c0f-b296-6a66613920bb"
              [31m-[0m[0m group_name = "kube-lbaas-d1vjm9jo0mot2mfh0k0g"
              [31m-[0m[0m rules      = [
                  [31m-[0m[0m {
                      [31m-[0m[0m code       = 0
                      [31m-[0m[0m direction  = "outbound"
                      [31m-[0m[0m ip_version = "ipv4"
                      [31m-[0m[0m port_max   = 30134
                      [31m-[0m[0m port_min   = 30134
                      [31m-[0m[0m protocol   = "tcp"
                      [31m-[0m[0m remote     = "r034-65a974d1-ea33-4749-a8b0-76b283d430fa"
                      [31m-[0m[0m rule_id    = "r034-e11d240d-5951-4141-ba48-6c6c93096fa5"
                      [31m-[0m[0m type       = 0
                    },
                  [31m-[0m[0m {
                      [31m-[0m[0m code       = 0
                      [31m-[0m[0m direction  = "outbound"
                      [31m-[0m[0m ip_version = "ipv4"
                      [31m-[0m[0m port_max   = 32203
                      [31m-[0m[0m port_min   = 32203
                      [31m-[0m[0m protocol   = "tcp"
                      [31m-[0m[0m remote     = "r034-65a974d1-ea33-4749-a8b0-76b283d430fa"
                      [31m-[0m[0m rule_id    = "r034-725aea9c-421c-4836-bec7-d143adab3ec5"
                      [31m-[0m[0m type       = 0
                    },
                  [31m-[0m[0m {
                      [31m-[0m[0m code       = 0
                      [31m-[0m[0m direction  = "inbound"
                      [31m-[0m[0m ip_version = "ipv4"
                      [31m-[0m[0m port_max   = 80
                      [31m-[0m[0m port_min   = 80
                      [31m-[0m[0m protocol   = "tcp"
                      [31m-[0m[0m remote     = "0.0.0.0/0"
                      [31m-[0m[0m rule_id    = "r034-5ee1c2d0-60a4-4913-9ee1-958ddd4850f1"
                      [31m-[0m[0m type       = 0
                    },
                  [31m-[0m[0m {
                      [31m-[0m[0m code       = 0
                      [31m-[0m[0m direction  = "inbound"
                      [31m-[0m[0m ip_version = "ipv4"
                      [31m-[0m[0m port_max   = 443
                      [31m-[0m[0m port_min   = 443
                      [31m-[0m[0m protocol   = "tcp"
                      [31m-[0m[0m remote     = "0.0.0.0/0"
                      [31m-[0m[0m rule_id    = "r034-f5f890a3-abd6-4bfa-a646-59699d32efd0"
                      [31m-[0m[0m type       = 0
                    },
                  [31m-[0m[0m {
                      [31m-[0m[0m code       = 0
                      [31m-[0m[0m direction  = "inbound"
                      [31m-[0m[0m ip_version = "ipv4"
                      [31m-[0m[0m port_max   = 443
                      [31m-[0m[0m port_min   = 443
                      [31m-[0m[0m protocol   = "tcp"
                      [31m-[0m[0m remote     = "163.68.87.241"
                      [31m-[0m[0m rule_id    = "r034-f7e0287e-0a1d-4ad5-b09f-32616fbd8146"
                      [31m-[0m[0m type       = 0
                    },
                ]
            },
          [31m-[0m[0m {
              [31m-[0m[0m group_id   = "r034-e94a7557-fb65-4158-8a88-d5a74899a20a"
              [31m-[0m[0m group_name = "kube-vpegw-d1vjm9jo0mot2mfh0k0g"
              [31m-[0m[0m rules      = [
                  [31m-[0m[0m {
                      [31m-[0m[0m code       = 0
                      [31m-[0m[0m direction  = "inbound"
                      [31m-[0m[0m ip_version = "ipv4"
                      [31m-[0m[0m port_max   = 32220
                      [31m-[0m[0m port_min   = 32220
                      [31m-[0m[0m protocol   = "tcp"
                      [31m-[0m[0m remote     = "r034-65a974d1-ea33-4749-a8b0-76b283d430fa"
                      [31m-[0m[0m rule_id    = "r034-4bf5315f-e01e-4630-ba26-6e98a10aeec8"
                      [31m-[0m[0m type       = 0
                    },
                  [31m-[0m[0m {
                      [31m-[0m[0m code       = 0
                      [31m-[0m[0m direction  = "inbound"
                      [31m-[0m[0m ip_version = "ipv4"
                      [31m-[0m[0m port_max   = 30160
                      [31m-[0m[0m port_min   = 30160
                      [31m-[0m[0m protocol   = "tcp"
                      [31m-[0m[0m remote     = "r034-65a974d1-ea33-4749-a8b0-76b283d430fa"
                      [31m-[0m[0m rule_id    = "r034-61bbabbf-58f8-4b96-b198-65456be1a9df"
                      [31m-[0m[0m type       = 0
                    },
                  [31m-[0m[0m {
                      [31m-[0m[0m code       = 0
                      [31m-[0m[0m direction  = "inbound"
                      [31m-[0m[0m ip_version = "ipv4"
                      [31m-[0m[0m port_max   = 30669
                      [31m-[0m[0m port_min   = 30669
                      [31m-[0m[0m protocol   = "tcp"
                      [31m-[0m[0m remote     = "r034-65a974d1-ea33-4749-a8b0-76b283d430fa"
                      [31m-[0m[0m rule_id    = "r034-520e0d04-09fe-4368-8b33-4410927151b3"
                      [31m-[0m[0m type       = 0
                    },
                  [31m-[0m[0m {
                      [31m-[0m[0m code       = 0
                      [31m-[0m[0m direction  = "inbound"
                      [31m-[0m[0m ip_version = "ipv4"
                      [31m-[0m[0m port_max   = 32220
                      [31m-[0m[0m port_min   = 32220
                      [31m-[0m[0m protocol   = "tcp"
                      [31m-[0m[0m remote     = "10.248.0.0/24"
                      [31m-[0m[0m rule_id    = "r034-77498c97-ff9f-46c3-b9eb-71227bbee5a5"
                      [31m-[0m[0m type       = 0
                    },
                  [31m-[0m[0m {
                      [31m-[0m[0m code       = 0
                      [31m-[0m[0m direction  = "inbound"
                      [31m-[0m[0m ip_version = "ipv4"
                      [31m-[0m[0m port_max   = 30669
                      [31m-[0m[0m port_min   = 30669
                      [31m-[0m[0m protocol   = "tcp"
                      [31m-[0m[0m remote     = "10.248.0.0/24"
                      [31m-[0m[0m rule_id    = "r034-a112fed6-6ac9-419a-9e40-95517e86aef5"
                      [31m-[0m[0m type       = 0
                    },
                ]
            },
          [31m-[0m[0m {
              [31m-[0m[0m group_id   = "r034-65a974d1-ea33-4749-a8b0-76b283d430fa"
              [31m-[0m[0m group_name = "kube-d1vjm9jo0mot2mfh0k0g"
              [31m-[0m[0m rules      = [
                  [31m-[0m[0m {
                      [31m-[0m[0m code       = 0
                      [31m-[0m[0m direction  = "outbound"
                      [31m-[0m[0m ip_version = "ipv4"
                      [31m-[0m[0m port_max   = 0
                      [31m-[0m[0m port_min   = 0
                      [31m-[0m[0m protocol   = "all"
                      [31m-[0m[0m remote     = "161.26.0.0/16"
                      [31m-[0m[0m rule_id    = "r034-fc20c1b6-5f4c-499a-8ac0-2ecd56cf9b01"
                      [31m-[0m[0m type       = 0
                    },
                  [31m-[0m[0m {
                      [31m-[0m[0m code       = 0
                      [31m-[0m[0m direction  = "outbound"
                      [31m-[0m[0m ip_version = "ipv4"
                      [31m-[0m[0m port_max   = 0
                      [31m-[0m[0m port_min   = 0
                      [31m-[0m[0m protocol   = "all"
                      [31m-[0m[0m remote     = "r034-d06d472b-939d-4ff7-baa6-275e440f817d"
                      [31m-[0m[0m rule_id    = "r034-8f00c08e-0baf-4af8-b224-33bfde9b0281"
                      [31m-[0m[0m type       = 0
                    },
                  [31m-[0m[0m {
                      [31m-[0m[0m code       = 0
                      [31m-[0m[0m direction  = "outbound"
                      [31m-[0m[0m ip_version = "ipv4"
                      [31m-[0m[0m port_max   = 0
                      [31m-[0m[0m port_min   = 0
                      [31m-[0m[0m protocol   = "all"
                      [31m-[0m[0m remote     = "166.8.0.0/14"
                      [31m-[0m[0m rule_id    = "r034-6832e1ad-3dbb-427a-9cc5-2293e32ba006"
                      [31m-[0m[0m type       = 0
                    },
                  [31m-[0m[0m {
                      [31m-[0m[0m code       = 0
                      [31m-[0m[0m direction  = "outbound"
                      [31m-[0m[0m ip_version = "ipv4"
                      [31m-[0m[0m port_max   = 0
                      [31m-[0m[0m port_min   = 0
                      [31m-[0m[0m protocol   = "all"
                      [31m-[0m[0m remote     = "166.9.251.2"
                      [31m-[0m[0m rule_id    = "r034-d1d7142c-de8f-43b9-ac67-ffbd847c1bfa"
                      [31m-[0m[0m type       = 0
                    },
                  [31m-[0m[0m {
                      [31m-[0m[0m code       = 0
                      [31m-[0m[0m direction  = "outbound"
                      [31m-[0m[0m ip_version = "ipv4"
                      [31m-[0m[0m port_max   = 0
                      [31m-[0m[0m port_min   = 0
                      [31m-[0m[0m protocol   = "all"
                      [31m-[0m[0m remote     = "166.9.250.226"
                      [31m-[0m[0m rule_id    = "r034-d5b4e218-66c0-463b-878a-4b9af3166eb7"
                      [31m-[0m[0m type       = 0
                    },
                  [31m-[0m[0m {
                      [31m-[0m[0m code       = 0
                      [31m-[0m[0m direction  = "outbound"
                      [31m-[0m[0m ip_version = "ipv4"
                      [31m-[0m[0m port_max   = 0
                      [31m-[0m[0m port_min   = 0
                      [31m-[0m[0m protocol   = "all"
                      [31m-[0m[0m remote     = "166.9.250.194"
                      [31m-[0m[0m rule_id    = "r034-fc5bc36d-088a-49ca-900c-40ceab763602"
                      [31m-[0m[0m type       = 0
                    },
                  [31m-[0m[0m {
                      [31m-[0m[0m code       = 0
                      [31m-[0m[0m direction  = "outbound"
                      [31m-[0m[0m ip_version = "ipv4"
                      [31m-[0m[0m port_max   = 0
                      [31m-[0m[0m port_min   = 0
                      [31m-[0m[0m protocol   = "all"
                      [31m-[0m[0m remote     = "r034-e94a7557-fb65-4158-8a88-d5a74899a20a"
                      [31m-[0m[0m rule_id    = "r034-4f143879-dec5-42a7-9f1b-2e3346a11ef1"
                      [31m-[0m[0m type       = 0
                    },
                  [31m-[0m[0m {
                      [31m-[0m[0m code       = 0
                      [31m-[0m[0m direction  = "outbound"
                      [31m-[0m[0m ip_version = "ipv4"
                      [31m-[0m[0m port_max   = 0
                      [31m-[0m[0m port_min   = 0
                      [31m-[0m[0m protocol   = "all"
                      [31m-[0m[0m remote     = "r034-65a974d1-ea33-4749-a8b0-76b283d430fa"
                      [31m-[0m[0m rule_id    = "r034-550de43e-63af-4403-bb4f-3c98b23d7f40"
                      [31m-[0m[0m type       = 0
                    },
                  [31m-[0m[0m {
                      [31m-[0m[0m code       = 0
                      [31m-[0m[0m direction  = "outbound"
                      [31m-[0m[0m ip_version = "ipv4"
                      [31m-[0m[0m port_max   = 0
                      [31m-[0m[0m port_min   = 0
                      [31m-[0m[0m protocol   = "all"
                      [31m-[0m[0m remote     = "172.17.0.0/18"
                      [31m-[0m[0m rule_id    = "r034-48cf28d5-c157-41ff-b8fb-492540b1f9ce"
                      [31m-[0m[0m type       = 0
                    },
                  [31m-[0m[0m {
                      [31m-[0m[0m code       = 0
                      [31m-[0m[0m direction  = "inbound"
                      [31m-[0m[0m ip_version = "ipv4"
                      [31m-[0m[0m port_max   = 0
                      [31m-[0m[0m port_min   = 0
                      [31m-[0m[0m protocol   = "all"
                      [31m-[0m[0m remote     = "172.17.0.0/18"
                      [31m-[0m[0m rule_id    = "r034-3194d057-4369-45e3-9f18-4ec9b6a9ac9b"
                      [31m-[0m[0m type       = 0
                    },
                  [31m-[0m[0m {
                      [31m-[0m[0m code       = 0
                      [31m-[0m[0m direction  = "inbound"
                      [31m-[0m[0m ip_version = "ipv4"
                      [31m-[0m[0m port_max   = 0
                      [31m-[0m[0m port_min   = 0
                      [31m-[0m[0m protocol   = "all"
                      [31m-[0m[0m remote     = "r034-65a974d1-ea33-4749-a8b0-76b283d430fa"
                      [31m-[0m[0m rule_id    = "r034-f9c75a22-e09a-4080-9c9a-9d35b0849c7f"
                      [31m-[0m[0m type       = 0
                    },
                  [31m-[0m[0m {
                      [31m-[0m[0m code       = 0
                      [31m-[0m[0m direction  = "inbound"
                      [31m-[0m[0m ip_version = "ipv4"
                      [31m-[0m[0m port_max   = 0
                      [31m-[0m[0m port_min   = 0
                      [31m-[0m[0m protocol   = "icmp"
                      [31m-[0m[0m remote     = "0.0.0.0/0"
                      [31m-[0m[0m rule_id    = "r034-cba515f3-78a8-4c40-be47-e9ea5c52c7a7"
                      [31m-[0m[0m type       = 8
                    },
                  [31m-[0m[0m {
                      [31m-[0m[0m code       = 0
                      [31m-[0m[0m direction  = "outbound"
                      [31m-[0m[0m ip_version = "ipv4"
                      [31m-[0m[0m port_max   = 30669
                      [31m-[0m[0m port_min   = 30669
                      [31m-[0m[0m protocol   = "tcp"
                      [31m-[0m[0m remote     = "163.73.64.250"
                      [31m-[0m[0m rule_id    = "r034-be2e9c54-088e-4463-9b19-c97e3d438cbd"
                      [31m-[0m[0m type       = 0
                    },
                  [31m-[0m[0m {
                      [31m-[0m[0m code       = 0
                      [31m-[0m[0m direction  = "outbound"
                      [31m-[0m[0m ip_version = "ipv4"
                      [31m-[0m[0m port_max   = 30669
                      [31m-[0m[0m port_min   = 30669
                      [31m-[0m[0m protocol   = "tcp"
                      [31m-[0m[0m remote     = "163.68.69.114"
                      [31m-[0m[0m rule_id    = "r034-3473c753-7799-40d9-abce-1cfd60e88371"
                      [31m-[0m[0m type       = 0
                    },
                  [31m-[0m[0m {
                      [31m-[0m[0m code       = 0
                      [31m-[0m[0m direction  = "outbound"
                      [31m-[0m[0m ip_version = "ipv4"
                      [31m-[0m[0m port_max   = 30669
                      [31m-[0m[0m port_min   = 30669
                      [31m-[0m[0m protocol   = "tcp"
                      [31m-[0m[0m remote     = "163.69.65.114"
                      [31m-[0m[0m rule_id    = "r034-b4c1c790-b651-4772-9c5b-48a4f152073d"
                      [31m-[0m[0m type       = 0
                    },
                  [31m-[0m[0m {
                      [31m-[0m[0m code       = 0
                      [31m-[0m[0m direction  = "inbound"
                      [31m-[0m[0m ip_version = "ipv4"
                      [31m-[0m[0m port_max   = 30134
                      [31m-[0m[0m port_min   = 30134
                      [31m-[0m[0m protocol   = "tcp"
                      [31m-[0m[0m remote     = "r034-d7c8f616-c646-4c0f-b296-6a66613920bb"
                      [31m-[0m[0m rule_id    = "r034-2e949bfd-dd18-4ba1-b266-820126ffb378"
                      [31m-[0m[0m type       = 0
                    },
                  [31m-[0m[0m {
                      [31m-[0m[0m code       = 0
                      [31m-[0m[0m direction  = "inbound"
                      [31m-[0m[0m ip_version = "ipv4"
                      [31m-[0m[0m port_max   = 32203
                      [31m-[0m[0m port_min   = 32203
                      [31m-[0m[0m protocol   = "tcp"
                      [31m-[0m[0m remote     = "r034-d7c8f616-c646-4c0f-b296-6a66613920bb"
                      [31m-[0m[0m rule_id    = "r034-659d96b8-f7ff-4932-ab96-76a6e9fe4820"
                      [31m-[0m[0m type       = 0
                    },
                  [31m-[0m[0m {
                      [31m-[0m[0m code       = 0
                      [31m-[0m[0m direction  = "outbound"
                      [31m-[0m[0m ip_version = "ipv4"
                      [31m-[0m[0m port_max   = 443
                      [31m-[0m[0m port_min   = 443
                      [31m-[0m[0m protocol   = "tcp"
                      [31m-[0m[0m remote     = "163.68.90.13"
                      [31m-[0m[0m rule_id    = "r034-c18ea92b-0da9-4259-9541-232386cb6770"
                      [31m-[0m[0m type       = 0
                    },
                  [31m-[0m[0m {
                      [31m-[0m[0m code       = 0
                      [31m-[0m[0m direction  = "outbound"
                      [31m-[0m[0m ip_version = "ipv4"
                      [31m-[0m[0m port_max   = 443
                      [31m-[0m[0m port_min   = 443
                      [31m-[0m[0m protocol   = "tcp"
                      [31m-[0m[0m remote     = "163.68.93.113"
                      [31m-[0m[0m rule_id    = "r034-0ed4052e-28b3-4013-bfa0-6434dae34be0"
                      [31m-[0m[0m type       = 0
                    },
                ]
            },
          [31m-[0m[0m {
              [31m-[0m[0m group_id   = "r034-d06d472b-939d-4ff7-baa6-275e440f817d"
              [31m-[0m[0m group_name = "kube-vpegw-r034-f81dad4a-280a-4ff0-823a-ba484b1fc3ea"
              [31m-[0m[0m rules      = [
                  [31m-[0m[0m {
                      [31m-[0m[0m code       = 0
                      [31m-[0m[0m direction  = "inbound"
                      [31m-[0m[0m ip_version = "ipv4"
                      [31m-[0m[0m port_max   = 0
                      [31m-[0m[0m port_min   = 0
                      [31m-[0m[0m protocol   = "all"
                      [31m-[0m[0m remote     = "r034-65a974d1-ea33-4749-a8b0-76b283d430fa"
                      [31m-[0m[0m rule_id    = "r034-4a12c537-8e68-428e-aca7-4a530f9e8f33"
                      [31m-[0m[0m type       = 0
                    },
                ]
            },
          [31m-[0m[0m {
              [31m-[0m[0m group_id   = "r034-1eb1b040-5158-4dd7-ab9d-225267b43c89"
              [31m-[0m[0m group_name = "custom-kube-api-vpe-sg"
              [31m-[0m[0m rules      = []
            },
          [31m-[0m[0m {
              [31m-[0m[0m group_id   = "r034-28b9e2d6-5176-4a66-aff7-89599c340129"
              [31m-[0m[0m group_name = "custom-cluster-sg"
              [31m-[0m[0m rules      = []
            },
          [31m-[0m[0m {
              [31m-[0m[0m group_id   = "r034-294c73e6-6184-4aef-a812-0bd9df0cd1d7"
              [31m-[0m[0m group_name = "custom-lb-sg"
              [31m-[0m[0m rules      = []
            },
          [31m-[0m[0m {
              [31m-[0m[0m group_id   = "r034-2b19a406-cbc4-4c1c-ae92-162291bdbdd7"
              [31m-[0m[0m group_name = "custom-registry-vpe-sg"
              [31m-[0m[0m rules      = []
            },
          [31m-[0m[0m {
              [31m-[0m[0m group_id   = "r034-7ca77c7f-9294-461e-a18c-7ad1a0e00c1d"
              [31m-[0m[0m group_name = "custom-worker-pool-sg"
              [31m-[0m[0m rules      = []
            },
          [31m-[0m[0m {
              [31m-[0m[0m group_id   = "r034-ab38f26e-b232-4e0c-82eb-077af0167d87"
              [31m-[0m[0m group_name = "custom-master-vpe-sg"
              [31m-[0m[0m rules      = []
            },
          [31m-[0m[0m {
              [31m-[0m[0m group_id   = "r034-2ce38964-206c-4961-a52a-84325930fc25"
              [31m-[0m[0m group_name = "postcard-satiable-unused-amount"
              [31m-[0m[0m rules      = [
                  [31m-[0m[0m {
                      [31m-[0m[0m code       = 0
                      [31m-[0m[0m direction  = "outbound"
                      [31m-[0m[0m ip_version = "ipv4"
                      [31m-[0m[0m port_max   = 0
                      [31m-[0m[0m port_min   = 0
                      [31m-[0m[0m protocol   = "all"
                      [31m-[0m[0m remote     = "0.0.0.0/0"
                      [31m-[0m[0m rule_id    = "r034-38bc3f6a-3900-41e4-9382-5825757b364c"
                      [31m-[0m[0m type       = 0
                    },
                  [31m-[0m[0m {
                      [31m-[0m[0m code       = 0
                      [31m-[0m[0m direction  = "inbound"
                      [31m-[0m[0m ip_version = "ipv4"
                      [31m-[0m[0m port_max   = 0
                      [31m-[0m[0m port_min   = 0
                      [31m-[0m[0m protocol   = "all"
                      [31m-[0m[0m remote     = "r034-2ce38964-206c-4961-a52a-84325930fc25"
                      [31m-[0m[0m rule_id    = "r034-58e990ad-524c-476f-808a-8f781a32d767"
                      [31m-[0m[0m type       = 0
                    },
                ]
            },
        ] [90m-> null[0m[0m
      [31m-[0m[0m status                      = "available" [90m-> null[0m[0m
      [31m-[0m[0m subnets                     = [
          [31m-[0m[0m {
              [31m-[0m[0m available_ipv4_address_count = 239
              [31m-[0m[0m id                           = "02n7-df761470-ad53-4366-8ff9-10a64c8a391a"
              [31m-[0m[0m name                         = "base-ocp-customsg-fs5-subnet-1"
              [31m-[0m[0m status                       = "available"
              [31m-[0m[0m total_ipv4_address_count     = 256
              [31m-[0m[0m zone                         = "jp-osa-1"
            },
        ] [90m-> null[0m[0m
      [31m-[0m[0m tags                        = [] [90m-> null[0m[0m

      [31m-[0m[0m dns {
          [31m-[0m[0m enable_hub               = false [90m-> null[0m[0m
          [31m-[0m[0m resolution_binding_count = 0 [90m-> null[0m[0m

          [31m-[0m[0m resolver {
              [31m-[0m[0m configuration         = "private_resolver" [90m-> null[0m[0m
              [31m-[0m[0m servers               = [
                  [31m-[0m[0m {
                      [31m-[0m[0m address       = "161.26.0.7"
                        [90m# (1 unchanged attribute hidden)[0m[0m
                    },
                  [31m-[0m[0m {
                      [31m-[0m[0m address       = "161.26.0.8"
                        [90m# (1 unchanged attribute hidden)[0m[0m
                    },
                ] [90m-> null[0m[0m
              [31m-[0m[0m type                  = "system" [90m-> null[0m[0m
                [90m# (7 unchanged attributes hidden)[0m[0m
            }
        }
    }

[1m  # module.custom_sg["custom-cluster-sg"].ibm_is_security_group.sg[0][0m will be [1m[31mdestroyed[0m
[0m  [31m-[0m[0m resource "ibm_is_security_group" "sg" {
      [31m-[0m[0m access_tags             = [] [90m-> null[0m[0m
      [31m-[0m[0m crn                     = "crn:v1:bluemix:public:is:jp-osa:a/abac0df06b644a9cabc6e44f55b3880e::security-group:r034-28b9e2d6-5176-4a66-aff7-89599c340129" [90m-> null[0m[0m
      [31m-[0m[0m id                      = "r034-28b9e2d6-5176-4a66-aff7-89599c340129" [90m-> null[0m[0m
      [31m-[0m[0m name                    = "custom-cluster-sg" [90m-> null[0m[0m
      [31m-[0m[0m resource_controller_url = "https://cloud.ibm.com/vpc-ext/network/securityGroups" [90m-> null[0m[0m
      [31m-[0m[0m resource_crn            = "crn:v1:bluemix:public:is:jp-osa:a/abac0df06b644a9cabc6e44f55b3880e::security-group:r034-28b9e2d6-5176-4a66-aff7-89599c340129" [90m-> null[0m[0m
      [31m-[0m[0m resource_group          = "ed293fd4909f4bc69b1e85324b8c39db" [90m-> null[0m[0m
      [31m-[0m[0m resource_group_name     = "geretain-test-base-ocp-vpc" [90m-> null[0m[0m
      [31m-[0m[0m resource_name           = "custom-cluster-sg" [90m-> null[0m[0m
      [31m-[0m[0m rules                   = [] [90m-> null[0m[0m
      [31m-[0m[0m tags                    = [] [90m-> null[0m[0m
      [31m-[0m[0m vpc                     = "r034-f81dad4a-280a-4ff0-823a-ba484b1fc3ea" [90m-> null[0m[0m
    }

[1m  # module.custom_sg["custom-kube-api-vpe-sg"].ibm_is_security_group.sg[0][0m will be [1m[31mdestroyed[0m
[0m  [31m-[0m[0m resource "ibm_is_security_group" "sg" {
      [31m-[0m[0m access_tags             = [] [90m-> null[0m[0m
      [31m-[0m[0m crn                     = "crn:v1:bluemix:public:is:jp-osa:a/abac0df06b644a9cabc6e44f55b3880e::security-group:r034-1eb1b040-5158-4dd7-ab9d-225267b43c89" [90m-> null[0m[0m
      [31m-[0m[0m id                      = "r034-1eb1b040-5158-4dd7-ab9d-225267b43c89" [90m-> null[0m[0m
      [31m-[0m[0m name                    = "custom-kube-api-vpe-sg" [90m-> null[0m[0m
      [31m-[0m[0m resource_controller_url = "https://cloud.ibm.com/vpc-ext/network/securityGroups" [90m-> null[0m[0m
      [31m-[0m[0m resource_crn            = "crn:v1:bluemix:public:is:jp-osa:a/abac0df06b644a9cabc6e44f55b3880e::security-group:r034-1eb1b040-5158-4dd7-ab9d-225267b43c89" [90m-> null[0m[0m
      [31m-[0m[0m resource_group          = "ed293fd4909f4bc69b1e85324b8c39db" [90m-> null[0m[0m
      [31m-[0m[0m resource_group_name     = "geretain-test-base-ocp-vpc" [90m-> null[0m[0m
      [31m-[0m[0m resource_name           = "custom-kube-api-vpe-sg" [90m-> null[0m[0m
      [31m-[0m[0m rules                   = [] [90m-> null[0m[0m
      [31m-[0m[0m tags                    = [] [90m-> null[0m[0m
      [31m-[0m[0m vpc                     = "r034-f81dad4a-280a-4ff0-823a-ba484b1fc3ea" [90m-> null[0m[0m
    }

[1m  # module.custom_sg["custom-lb-sg"].ibm_is_security_group.sg[0][0m will be [1m[31mdestroyed[0m
[0m  [31m-[0m[0m resource "ibm_is_security_group" "sg" {
      [31m-[0m[0m access_tags             = [] [90m-> null[0m[0m
      [31m-[0m[0m crn                     = "crn:v1:bluemix:public:is:jp-osa:a/abac0df06b644a9cabc6e44f55b3880e::security-group:r034-294c73e6-6184-4aef-a812-0bd9df0cd1d7" [90m-> null[0m[0m
      [31m-[0m[0m id                      = "r034-294c73e6-6184-4aef-a812-0bd9df0cd1d7" [90m-> null[0m[0m
      [31m-[0m[0m name                    = "custom-lb-sg" [90m-> null[0m[0m
      [31m-[0m[0m resource_controller_url = "https://cloud.ibm.com/vpc-ext/network/securityGroups" [90m-> null[0m[0m
      [31m-[0m[0m resource_crn            = "crn:v1:bluemix:public:is:jp-osa:a/abac0df06b644a9cabc6e44f55b3880e::security-group:r034-294c73e6-6184-4aef-a812-0bd9df0cd1d7" [90m-> null[0m[0m
      [31m-[0m[0m resource_group          = "ed293fd4909f4bc69b1e85324b8c39db" [90m-> null[0m[0m
      [31m-[0m[0m resource_group_name     = "geretain-test-base-ocp-vpc" [90m-> null[0m[0m
      [31m-[0m[0m resource_name           = "custom-lb-sg" [90m-> null[0m[0m
      [31m-[0m[0m rules                   = [] [90m-> null[0m[0m
      [31m-[0m[0m tags                    = [] [90m-> null[0m[0m
      [31m-[0m[0m vpc                     = "r034-f81dad4a-280a-4ff0-823a-ba484b1fc3ea" [90m-> null[0m[0m
    }

[1m  # module.custom_sg["custom-master-vpe-sg"].ibm_is_security_group.sg[0][0m will be [1m[31mdestroyed[0m
[0m  [31m-[0m[0m resource "ibm_is_security_group" "sg" {
      [31m-[0m[0m access_tags             = [] [90m-> null[0m[0m
      [31m-[0m[0m crn                     = "crn:v1:bluemix:public:is:jp-osa:a/abac0df06b644a9cabc6e44f55b3880e::security-group:r034-ab38f26e-b232-4e0c-82eb-077af0167d87" [90m-> null[0m[0m
      [31m-[0m[0m id                      = "r034-ab38f26e-b232-4e0c-82eb-077af0167d87" [90m-> null[0m[0m
      [31m-[0m[0m name                    = "custom-master-vpe-sg" [90m-> null[0m[0m
      [31m-[0m[0m resource_controller_url = "https://cloud.ibm.com/vpc-ext/network/securityGroups" [90m-> null[0m[0m
      [31m-[0m[0m resource_crn            = "crn:v1:bluemix:public:is:jp-osa:a/abac0df06b644a9cabc6e44f55b3880e::security-group:r034-ab38f26e-b232-4e0c-82eb-077af0167d87" [90m-> null[0m[0m
      [31m-[0m[0m resource_group          = "ed293fd4909f4bc69b1e85324b8c39db" [90m-> null[0m[0m
      [31m-[0m[0m resource_group_name     = "geretain-test-base-ocp-vpc" [90m-> null[0m[0m
      [31m-[0m[0m resource_name           = "custom-master-vpe-sg" [90m-> null[0m[0m
      [31m-[0m[0m rules                   = [] [90m-> null[0m[0m
      [31m-[0m[0m tags                    = [] [90m-> null[0m[0m
      [31m-[0m[0m vpc                     = "r034-f81dad4a-280a-4ff0-823a-ba484b1fc3ea" [90m-> null[0m[0m
    }

[1m  # module.custom_sg["custom-registry-vpe-sg"].ibm_is_security_group.sg[0][0m will be [1m[31mdestroyed[0m
[0m  [31m-[0m[0m resource "ibm_is_security_group" "sg" {
      [31m-[0m[0m access_tags             = [] [90m-> null[0m[0m
      [31m-[0m[0m crn                     = "crn:v1:bluemix:public:is:jp-osa:a/abac0df06b644a9cabc6e44f55b3880e::security-group:r034-2b19a406-cbc4-4c1c-ae92-162291bdbdd7" [90m-> null[0m[0m
      [31m-[0m[0m id                      = "r034-2b19a406-cbc4-4c1c-ae92-162291bdbdd7" [90m-> null[0m[0m
      [31m-[0m[0m name                    = "custom-registry-vpe-sg" [90m-> null[0m[0m
      [31m-[0m[0m resource_controller_url = "https://cloud.ibm.com/vpc-ext/network/securityGroups" [90m-> null[0m[0m
      [31m-[0m[0m resource_crn            = "crn:v1:bluemix:public:is:jp-osa:a/abac0df06b644a9cabc6e44f55b3880e::security-group:r034-2b19a406-cbc4-4c1c-ae92-162291bdbdd7" [90m-> null[0m[0m
      [31m-[0m[0m resource_group          = "ed293fd4909f4bc69b1e85324b8c39db" [90m-> null[0m[0m
      [31m-[0m[0m resource_group_name     = "geretain-test-base-ocp-vpc" [90m-> null[0m[0m
      [31m-[0m[0m resource_name           = "custom-registry-vpe-sg" [90m-> null[0m[0m
      [31m-[0m[0m rules                   = [] [90m-> null[0m[0m
      [31m-[0m[0m tags                    = [] [90m-> null[0m[0m
      [31m-[0m[0m vpc                     = "r034-f81dad4a-280a-4ff0-823a-ba484b1fc3ea" [90m-> null[0m[0m
    }

[1m  # module.custom_sg["custom-worker-pool-sg"].ibm_is_security_group.sg[0][0m will be [1m[31mdestroyed[0m
[0m  [31m-[0m[0m resource "ibm_is_security_group" "sg" {
      [31m-[0m[0m access_tags             = [] [90m-> null[0m[0m
      [31m-[0m[0m crn                     = "crn:v1:bluemix:public:is:jp-osa:a/abac0df06b644a9cabc6e44f55b3880e::security-group:r034-7ca77c7f-9294-461e-a18c-7ad1a0e00c1d" [90m-> null[0m[0m
      [31m-[0m[0m id                      = "r034-7ca77c7f-9294-461e-a18c-7ad1a0e00c1d" [90m-> null[0m[0m
      [31m-[0m[0m name                    = "custom-worker-pool-sg" [90m-> null[0m[0m
      [31m-[0m[0m resource_controller_url = "https://cloud.ibm.com/vpc-ext/network/securityGroups" [90m-> null[0m[0m
      [31m-[0m[0m resource_crn            = "crn:v1:bluemix:public:is:jp-osa:a/abac0df06b644a9cabc6e44f55b3880e::security-group:r034-7ca77c7f-9294-461e-a18c-7ad1a0e00c1d" [90m-> null[0m[0m
      [31m-[0m[0m resource_group          = "ed293fd4909f4bc69b1e85324b8c39db" [90m-> null[0m[0m
      [31m-[0m[0m resource_group_name     = "geretain-test-base-ocp-vpc" [90m-> null[0m[0m
      [31m-[0m[0m resource_name           = "custom-worker-pool-sg" [90m-> null[0m[0m
      [31m-[0m[0m rules                   = [] [90m-> null[0m[0m
      [31m-[0m[0m tags                    = [] [90m-> null[0m[0m
      [31m-[0m[0m vpc                     = "r034-f81dad4a-280a-4ff0-823a-ba484b1fc3ea" [90m-> null[0m[0m
    }

[1m  # module.ocp_base.ibm_container_vpc_cluster.cluster[0][0m will be [1m[31mdestroyed[0m
[0m  [31m-[0m[0m resource "ibm_container_vpc_cluster" "cluster" {
      [31m-[0m[0m albs                                = [] [90m-> null[0m[0m
      [31m-[0m[0m cos_instance_crn                    = "crn:v1:bluemix:public:cloud-object-storage:global:a/abac0df06b644a9cabc6e44f55b3880e:f6a5c310-bcff-4d3e-92b6-fb05dc9a0f32::" [90m-> null[0m[0m
      [31m-[0m[0m crn                                 = "crn:v1:bluemix:public:containers-kubernetes:jp-osa:a/abac0df06b644a9cabc6e44f55b3880e:d1vjm9jo0mot2mfh0k0g::" [90m-> null[0m[0m
      [31m-[0m[0m disable_outbound_traffic_protection = false [90m-> null[0m[0m
      [31m-[0m[0m disable_public_service_endpoint     = false [90m-> null[0m[0m
      [31m-[0m[0m entitlement                         = "cloud_pak" [90m-> null[0m[0m
      [31m-[0m[0m flavor                              = "bx2.4x16" [90m-> null[0m[0m
      [31m-[0m[0m force_delete_storage                = true [90m-> null[0m[0m
      [31m-[0m[0m id                                  = "d1vjm9jo0mot2mfh0k0g" [90m-> null[0m[0m
      [31m-[0m[0m image_security_enforcement          = false [90m-> null[0m[0m
      [31m-[0m[0m ingress_hostname                    = "base-ocp-customsg-fs5-3b5bf5f75003778663c521c8c35ad277-0000.jp-osa.containers.appdomain.cloud" [90m-> null[0m[0m
      [31m-[0m[0m ingress_secret                      = (sensitive value) [90m-> null[0m[0m
      [31m-[0m[0m kube_version                        = "4.17.28_openshift" [90m-> null[0m[0m
      [31m-[0m[0m master_status                       = "Ready" [90m-> null[0m[0m
      [31m-[0m[0m master_url                          = "https://c101-e.jp-osa.containers.cloud.ibm.com:32220" [90m-> null[0m[0m
      [31m-[0m[0m name                                = "base-ocp-customsg-fs5" [90m-> null[0m[0m
      [31m-[0m[0m operating_system                    = "REDHAT_8_64" [90m-> null[0m[0m
      [31m-[0m[0m pod_subnet                          = "172.17.0.0/18" [90m-> null[0m[0m
      [31m-[0m[0m private_service_endpoint_url        = "https://c101.private.jp-osa.containers.cloud.ibm.com:32220" [90m-> null[0m[0m
      [31m-[0m[0m public_service_endpoint_url         = "https://c101-e.jp-osa.containers.cloud.ibm.com:32220" [90m-> null[0m[0m
      [31m-[0m[0m resource_controller_url             = "https://cloud.ibm.com/kubernetes/clusters" [90m-> null[0m[0m
      [31m-[0m[0m resource_crn                        = "crn:v1:bluemix:public:containers-kubernetes:jp-osa:a/abac0df06b644a9cabc6e44f55b3880e:d1vjm9jo0mot2mfh0k0g::" [90m-> null[0m[0m
      [31m-[0m[0m resource_group_id                   = "ed293fd4909f4bc69b1e85324b8c39db" [90m-> null[0m[0m
      [31m-[0m[0m resource_group_name                 = "geretain-test-base-ocp-vpc" [90m-> null[0m[0m
      [31m-[0m[0m resource_name                       = "base-ocp-customsg-fs5" [90m-> null[0m[0m
      [31m-[0m[0m resource_status                     = "normal" [90m-> null[0m[0m
      [31m-[0m[0m security_groups                     = [
          [31m-[0m[0m "cluster",
          [31m-[0m[0m "r034-28b9e2d6-5176-4a66-aff7-89599c340129",
        ] [90m-> null[0m[0m
      [31m-[0m[0m service_subnet                      = "172.21.0.0/16" [90m-> null[0m[0m
      [31m-[0m[0m state                               = "normal" [90m-> null[0m[0m
      [31m-[0m[0m tags                                = [] [90m-> null[0m[0m
      [31m-[0m[0m update_all_workers                  = false [90m-> null[0m[0m
      [31m-[0m[0m vpc_id                              = "r034-f81dad4a-280a-4ff0-823a-ba484b1fc3ea" [90m-> null[0m[0m
      [31m-[0m[0m vpe_service_endpoint_url            = "https://d1vjm9jo0mot2mfh0k0g.vpe.private.jp-osa.containers.cloud.ibm.com:32220" [90m-> null[0m[0m
      [31m-[0m[0m wait_for_worker_update              = true [90m-> null[0m[0m
      [31m-[0m[0m wait_till                           = "IngressReady" [90m-> null[0m[0m
      [31m-[0m[0m worker_count                        = 2 [90m-> null[0m[0m

      [31m-[0m[0m timeouts {
          [31m-[0m[0m create = "3h" [90m-> null[0m[0m
          [31m-[0m[0m delete = "2h" [90m-> null[0m[0m
          [31m-[0m[0m update = "3h" [90m-> null[0m[0m
        }

      [31m-[0m[0m zones {
          [31m-[0m[0m name      = "jp-osa-1" [90m-> null[0m[0m
          [31m-[0m[0m subnet_id = "02n7-df761470-ad53-4366-8ff9-10a64c8a391a" [90m-> null[0m[0m
        }
    }

[1m  # module.ocp_base.ibm_container_vpc_worker_pool.pool["default"][0m will be [1m[31mdestroyed[0m
[0m  [31m-[0m[0m resource "ibm_container_vpc_worker_pool" "pool" {
      [31m-[0m[0m autoscale_enabled       = false [90m-> null[0m[0m
      [31m-[0m[0m cluster                 = "d1vjm9jo0mot2mfh0k0g" [90m-> null[0m[0m
      [31m-[0m[0m entitlement             = "cloud_pak" [90m-> null[0m[0m
      [31m-[0m[0m flavor                  = "bx2.4x16" [90m-> null[0m[0m
      [31m-[0m[0m id                      = "d1vjm9jo0mot2mfh0k0g/d1vjm9jo0mot2mfh0k0g-44bcbfb" [90m-> null[0m[0m
      [31m-[0m[0m import_on_create        = true [90m-> null[0m[0m
      [31m-[0m[0m labels                  = {} [90m-> null[0m[0m
      [31m-[0m[0m operating_system        = "REDHAT_8_64" [90m-> null[0m[0m
      [31m-[0m[0m orphan_on_delete        = true [90m-> null[0m[0m
      [31m-[0m[0m resource_controller_url = "https://cloud.ibm.com/kubernetes/clusters" [90m-> null[0m[0m
      [31m-[0m[0m resource_group_id       = "ed293fd4909f4bc69b1e85324b8c39db" [90m-> null[0m[0m
      [31m-[0m[0m vpc_id                  = "r034-f81dad4a-280a-4ff0-823a-ba484b1fc3ea" [90m-> null[0m[0m
      [31m-[0m[0m worker_count            = 2 [90m-> null[0m[0m
      [31m-[0m[0m worker_pool_id          = "d1vjm9jo0mot2mfh0k0g-44bcbfb" [90m-> null[0m[0m
      [31m-[0m[0m worker_pool_name        = "default" [90m-> null[0m[0m
        [90m# (1 unchanged attribute hidden)[0m[0m

      [31m-[0m[0m timeouts {
          [31m-[0m[0m create = "2h" [90m-> null[0m[0m
          [31m-[0m[0m delete = "2h" [90m-> null[0m[0m
        }

      [31m-[0m[0m zones {
          [31m-[0m[0m name      = "jp-osa-1" [90m-> null[0m[0m
          [31m-[0m[0m subnet_id = "02n7-df761470-ad53-4366-8ff9-10a64c8a391a" [90m-> null[0m[0m
        }
    }

[1m  # module.ocp_base.ibm_resource_tag.cluster_access_tag[0][0m will be [1m[31mdestroyed[0m
[0m  [31m-[0m[0m resource "ibm_resource_tag" "cluster_access_tag" {
      [31m-[0m[0m id            = "crn:v1:bluemix:public:containers-kubernetes:jp-osa:a/abac0df06b644a9cabc6e44f55b3880e:d1vjm9jo0mot2mfh0k0g::" [90m-> null[0m[0m
      [31m-[0m[0m replace       = false [90m-> null[0m[0m
      [31m-[0m[0m resource_id   = "crn:v1:bluemix:public:containers-kubernetes:jp-osa:a/abac0df06b644a9cabc6e44f55b3880e:d1vjm9jo0mot2mfh0k0g::" [90m-> null[0m[0m
      [31m-[0m[0m tag_type      = "access" [90m-> null[0m[0m
      [31m-[0m[0m tags          = [
          [31m-[0m[0m "geretain-dev-1:permanent-test-tag-4",
          [31m-[0m[0m "geretain-dev:permanent-test-tag-1",
        ] [90m-> null[0m[0m
        [90m# (1 unchanged attribute hidden)[0m[0m
    }

[1m  # module.ocp_base.ibm_resource_tag.cos_access_tag[0][0m will be [1m[31mdestroyed[0m
[0m  [31m-[0m[0m resource "ibm_resource_tag" "cos_access_tag" {
      [31m-[0m[0m id            = "crn:v1:bluemix:public:cloud-object-storage:global:a/abac0df06b644a9cabc6e44f55b3880e:f6a5c310-bcff-4d3e-92b6-fb05dc9a0f32::" [90m-> null[0m[0m
      [31m-[0m[0m replace       = false [90m-> null[0m[0m
      [31m-[0m[0m resource_id   = "crn:v1:bluemix:public:cloud-object-storage:global:a/abac0df06b644a9cabc6e44f55b3880e:f6a5c310-bcff-4d3e-92b6-fb05dc9a0f32::" [90m-> null[0m[0m
      [31m-[0m[0m tag_type      = "access" [90m-> null[0m[0m
      [31m-[0m[0m tags          = [
          [31m-[0m[0m "geretain-dev-1:permanent-test-tag-4",
          [31m-[0m[0m "geretain-dev:permanent-test-tag-1",
        ] [90m-> null[0m[0m
        [90m# (1 unchanged attribute hidden)[0m[0m
    }

[1m  # module.ocp_base.module.cos_instance[0].ibm_resource_instance.cos_instance[0][0m will be [1m[31mdestroyed[0m
[0m  [31m-[0m[0m resource "ibm_resource_instance" "cos_instance" {
      [31m-[0m[0m account_id              = "abac0df06b644a9cabc6e44f55b3880e" [90m-> null[0m[0m
      [31m-[0m[0m allow_cleanup           = false [90m-> null[0m[0m
      [31m-[0m[0m created_at              = "2025-07-22T07:16:38.175Z" [90m-> null[0m[0m
      [31m-[0m[0m created_by              = "IBMid-693000KKB0" [90m-> null[0m[0m
      [31m-[0m[0m crn                     = "crn:v1:bluemix:public:cloud-object-storage:global:a/abac0df06b644a9cabc6e44f55b3880e:f6a5c310-bcff-4d3e-92b6-fb05dc9a0f32::" [90m-> null[0m[0m
      [31m-[0m[0m dashboard_url           = "https://cloud.ibm.com/objectstorage/crn%3Av1%3Abluemix%3Apublic%3Acloud-object-storage%3Aglobal%3Aa%2Fabac0df06b644a9cabc6e44f55b3880e%3Af6a5c310-bcff-4d3e-92b6-fb05dc9a0f32%3A%3A" [90m-> null[0m[0m
      [31m-[0m[0m extensions              = {} [90m-> null[0m[0m
      [31m-[0m[0m guid                    = "f6a5c310-bcff-4d3e-92b6-fb05dc9a0f32" [90m-> null[0m[0m
      [31m-[0m[0m id                      = "crn:v1:bluemix:public:cloud-object-storage:global:a/abac0df06b644a9cabc6e44f55b3880e:f6a5c310-bcff-4d3e-92b6-fb05dc9a0f32::" [90m-> null[0m[0m
      [31m-[0m[0m last_operation          = {
          [31m-[0m[0m "async"       = "false"
          [31m-[0m[0m "cancelable"  = "false"
          [31m-[0m[0m "description" = "Completed create instance operation"
          [31m-[0m[0m "poll"        = "false"
          [31m-[0m[0m "state"       = "succeeded"
          [31m-[0m[0m "type"        = "create"
        } [90m-> null[0m[0m
      [31m-[0m[0m location                = "global" [90m-> null[0m[0m
      [31m-[0m[0m locked                  = false [90m-> null[0m[0m
      [31m-[0m[0m name                    = "base-ocp-customsg-fs5_cos" [90m-> null[0m[0m
      [31m-[0m[0m onetime_credentials     = false [90m-> null[0m[0m
      [31m-[0m[0m plan                    = "standard" [90m-> null[0m[0m
      [31m-[0m[0m plan_history            = [
          [31m-[0m[0m {
              [31m-[0m[0m resource_plan_id = "744bfc56-d12c-4866-88d5-dac9139e0e5d"
              [31m-[0m[0m start_date       = "2025-07-22T07:16:38.175Z"
            },
        ] [90m-> null[0m[0m
      [31m-[0m[0m resource_aliases_url    = "/v2/resource_instances/f6a5c310-bcff-4d3e-92b6-fb05dc9a0f32/resource_aliases" [90m-> null[0m[0m
      [31m-[0m[0m resource_bindings_url   = "/v2/resource_instances/f6a5c310-bcff-4d3e-92b6-fb05dc9a0f32/resource_bindings" [90m-> null[0m[0m
      [31m-[0m[0m resource_controller_url = "https://cloud.ibm.com/services/" [90m-> null[0m[0m
      [31m-[0m[0m resource_crn            = "crn:v1:bluemix:public:cloud-object-storage:global:a/abac0df06b644a9cabc6e44f55b3880e:f6a5c310-bcff-4d3e-92b6-fb05dc9a0f32::" [90m-> null[0m[0m
      [31m-[0m[0m resource_group_crn      = "crn:v1:bluemix:public:resource-controller::a/abac0df06b644a9cabc6e44f55b3880e::resource-group:ed293fd4909f4bc69b1e85324b8c39db" [90m-> null[0m[0m
      [31m-[0m[0m resource_group_id       = "ed293fd4909f4bc69b1e85324b8c39db" [90m-> null[0m[0m
      [31m-[0m[0m resource_group_name     = "crn:v1:bluemix:public:resource-controller::a/abac0df06b644a9cabc6e44f55b3880e::resource-group:ed293fd4909f4bc69b1e85324b8c39db" [90m-> null[0m[0m
      [31m-[0m[0m resource_id             = "dff97f5c-bc5e-4455-b470-411c3edbe49c" [90m-> null[0m[0m
      [31m-[0m[0m resource_keys_url       = "/v2/resource_instances/f6a5c310-bcff-4d3e-92b6-fb05dc9a0f32/resource_keys" [90m-> null[0m[0m
      [31m-[0m[0m resource_name           = "base-ocp-customsg-fs5_cos" [90m-> null[0m[0m
      [31m-[0m[0m resource_plan_id        = "744bfc56-d12c-4866-88d5-dac9139e0e5d" [90m-> null[0m[0m
      [31m-[0m[0m resource_status         = "active" [90m-> null[0m[0m
      [31m-[0m[0m service                 = "cloud-object-storage" [90m-> null[0m[0m
      [31m-[0m[0m state                   = "active" [90m-> null[0m[0m
      [31m-[0m[0m status                  = "active" [90m-> null[0m[0m
      [31m-[0m[0m tags                    = [] [90m-> null[0m[0m
      [31m-[0m[0m target_crn              = "crn:v1:bluemix:public:globalcatalog::::deployment:744bfc56-d12c-4866-88d5-dac9139e0e5d%3Aglobal" [90m-> null[0m[0m
      [31m-[0m[0m type                    = "service_instance" [90m-> null[0m[0m
      [31m-[0m[0m update_at               = "2025-07-22T07:16:40.426Z" [90m-> null[0m[0m
        [90m# (5 unchanged attributes hidden)[0m[0m
    }

[1mPlan:[0m 0 to add, 0 to change, 14 to destroy.
[0m
Changes to Outputs:
  [31m-[0m[0m cluster_name = "base-ocp-customsg-fs5" [90m-> null[0m[0m
[0m[1mmodule.ocp_base.ibm_resource_tag.cluster_access_tag[0]: Destroying... [id=crn:v1:bluemix:public:containers-kubernetes:jp-osa:a/abac0df06b644a9cabc6e44f55b3880e:d1vjm9jo0mot2mfh0k0g::][0m[0m
[0m[1mmodule.ocp_base.ibm_resource_tag.cos_access_tag[0]: Destroying... [id=crn:v1:bluemix:public:cloud-object-storage:global:a/abac0df06b644a9cabc6e44f55b3880e:f6a5c310-bcff-4d3e-92b6-fb05dc9a0f32::][0m[0m
[0m[1mmodule.ocp_base.ibm_container_vpc_worker_pool.pool["default"]: Destroying... [id=d1vjm9jo0mot2mfh0k0g/d1vjm9jo0mot2mfh0k0g-44bcbfb][0m[0m
[0m[1mmodule.ocp_base.ibm_container_vpc_worker_pool.pool["default"]: Destruction complete after 0s[0m
[0m[1mmodule.ocp_base.ibm_resource_tag.cos_access_tag[0]: Destruction complete after 2s[0m
[0m[1mmodule.ocp_base.ibm_resource_tag.cluster_access_tag[0]: Destruction complete after 2s[0m
[0m[1mmodule.ocp_base.ibm_container_vpc_cluster.cluster[0]: Destroying... [id=d1vjm9jo0mot2mfh0k0g][0m[0m
[0m[1mmodule.ocp_base.ibm_container_vpc_cluster.cluster[0]: Still destroying... [id=d1vjm9jo0mot2mfh0k0g, 10s elapsed][0m[0m
[0m[1mmodule.ocp_base.ibm_container_vpc_cluster.cluster[0]: Still destroying... [id=d1vjm9jo0mot2mfh0k0g, 20s elapsed][0m[0m
[0m[1mmodule.ocp_base.ibm_container_vpc_cluster.cluster[0]: Still destroying... [id=d1vjm9jo0mot2mfh0k0g, 30s elapsed][0m[0m
[0m[1mmodule.ocp_base.ibm_container_vpc_cluster.cluster[0]: Still destroying... [id=d1vjm9jo0mot2mfh0k0g, 40s elapsed][0m[0m
[0m[1mmodule.ocp_base.ibm_container_vpc_cluster.cluster[0]: Still destroying... [id=d1vjm9jo0mot2mfh0k0g, 50s elapsed][0m[0m
[0m[1mmodule.ocp_base.ibm_container_vpc_cluster.cluster[0]: Still destroying... [id=d1vjm9jo0mot2mfh0k0g, 1m0s elapsed][0m[0m
[0m[1mmodule.ocp_base.ibm_container_vpc_cluster.cluster[0]: Still destroying... [id=d1vjm9jo0mot2mfh0k0g, 1m10s elapsed][0m[0m
[0m[1mmodule.ocp_base.ibm_container_vpc_cluster.cluster[0]: Still destroying... [id=d1vjm9jo0mot2mfh0k0g, 1m20s elapsed][0m[0m
[0m[1mmodule.ocp_base.ibm_container_vpc_cluster.cluster[0]: Still destroying... [id=d1vjm9jo0mot2mfh0k0g, 1m30s elapsed][0m[0m
[0m[1mmodule.ocp_base.ibm_container_vpc_cluster.cluster[0]: Still destroying... [id=d1vjm9jo0mot2mfh0k0g, 1m40s elapsed][0m[0m
[0m[1mmodule.ocp_base.ibm_container_vpc_cluster.cluster[0]: Still destroying... [id=d1vjm9jo0mot2mfh0k0g, 1m50s elapsed][0m[0m
[0m[1mmodule.ocp_base.ibm_container_vpc_cluster.cluster[0]: Still destroying... [id=d1vjm9jo0mot2mfh0k0g, 2m0s elapsed][0m[0m
[0m[1mmodule.ocp_base.ibm_container_vpc_cluster.cluster[0]: Still destroying... [id=d1vjm9jo0mot2mfh0k0g, 2m10s elapsed][0m[0m
[0m[1mmodule.ocp_base.ibm_container_vpc_cluster.cluster[0]: Still destroying... [id=d1vjm9jo0mot2mfh0k0g, 2m20s elapsed][0m[0m
[0m[1mmodule.ocp_base.ibm_container_vpc_cluster.cluster[0]: Still destroying... [id=d1vjm9jo0mot2mfh0k0g, 2m30s elapsed][0m[0m
[0m[1mmodule.ocp_base.ibm_container_vpc_cluster.cluster[0]: Still destroying... [id=d1vjm9jo0mot2mfh0k0g, 2m40s elapsed][0m[0m
[0m[1mmodule.ocp_base.ibm_container_vpc_cluster.cluster[0]: Still destroying... [id=d1vjm9jo0mot2mfh0k0g, 2m50s elapsed][0m[0m
[0m[1mmodule.ocp_base.ibm_container_vpc_cluster.cluster[0]: Still destroying... [id=d1vjm9jo0mot2mfh0k0g, 3m0s elapsed][0m[0m
[0m[1mmodule.ocp_base.ibm_container_vpc_cluster.cluster[0]: Still destroying... [id=d1vjm9jo0mot2mfh0k0g, 3m10s elapsed][0m[0m
[0m[1mmodule.ocp_base.ibm_container_vpc_cluster.cluster[0]: Still destroying... [id=d1vjm9jo0mot2mfh0k0g, 3m20s elapsed][0m[0m
[0m[1mmodule.ocp_base.ibm_container_vpc_cluster.cluster[0]: Still destroying... [id=d1vjm9jo0mot2mfh0k0g, 3m30s elapsed][0m[0m
[0m[1mmodule.ocp_base.ibm_container_vpc_cluster.cluster[0]: Still destroying... [id=d1vjm9jo0mot2mfh0k0g, 3m40s elapsed][0m[0m
[0m[1mmodule.ocp_base.ibm_container_vpc_cluster.cluster[0]: Still destroying... [id=d1vjm9jo0mot2mfh0k0g, 3m50s elapsed][0m[0m
[0m[1mmodule.ocp_base.ibm_container_vpc_cluster.cluster[0]: Still destroying... [id=d1vjm9jo0mot2mfh0k0g, 4m0s elapsed][0m[0m
[0m[1mmodule.ocp_base.ibm_container_vpc_cluster.cluster[0]: Still destroying... [id=d1vjm9jo0mot2mfh0k0g, 4m10s elapsed][0m[0m
[0m[1mmodule.ocp_base.ibm_container_vpc_cluster.cluster[0]: Still destroying... [id=d1vjm9jo0mot2mfh0k0g, 4m20s elapsed][0m[0m
[0m[1mmodule.ocp_base.ibm_container_vpc_cluster.cluster[0]: Still destroying... [id=d1vjm9jo0mot2mfh0k0g, 4m30s elapsed][0m[0m
[0m[1mmodule.ocp_base.ibm_container_vpc_cluster.cluster[0]: Still destroying... [id=d1vjm9jo0mot2mfh0k0g, 4m40s elapsed][0m[0m
[0m[1mmodule.ocp_base.ibm_container_vpc_cluster.cluster[0]: Still destroying... [id=d1vjm9jo0mot2mfh0k0g, 4m50s elapsed][0m[0m
[0m[1mmodule.ocp_base.ibm_container_vpc_cluster.cluster[0]: Still destroying... [id=d1vjm9jo0mot2mfh0k0g, 5m0s elapsed][0m[0m
[0m[1mmodule.ocp_base.ibm_container_vpc_cluster.cluster[0]: Still destroying... [id=d1vjm9jo0mot2mfh0k0g, 5m10s elapsed][0m[0m
[0m[1mmodule.ocp_base.ibm_container_vpc_cluster.cluster[0]: Still destroying... [id=d1vjm9jo0mot2mfh0k0g, 5m20s elapsed][0m[0m
[0m[1mmodule.ocp_base.ibm_container_vpc_cluster.cluster[0]: Still destroying... [id=d1vjm9jo0mot2mfh0k0g, 5m30s elapsed][0m[0m
[0m[1mmodule.ocp_base.ibm_container_vpc_cluster.cluster[0]: Still destroying... [id=d1vjm9jo0mot2mfh0k0g, 5m40s elapsed][0m[0m
[0m[1mmodule.ocp_base.ibm_container_vpc_cluster.cluster[0]: Still destroying... [id=d1vjm9jo0mot2mfh0k0g, 5m50s elapsed][0m[0m
[0m[1mmodule.ocp_base.ibm_container_vpc_cluster.cluster[0]: Still destroying... [id=d1vjm9jo0mot2mfh0k0g, 6m0s elapsed][0m[0m
[0m[1mmodule.ocp_base.ibm_container_vpc_cluster.cluster[0]: Still destroying... [id=d1vjm9jo0mot2mfh0k0g, 6m10s elapsed][0m[0m
[0m[1mmodule.ocp_base.ibm_container_vpc_cluster.cluster[0]: Still destroying... [id=d1vjm9jo0mot2mfh0k0g, 6m20s elapsed][0m[0m
[0m[1mmodule.ocp_base.ibm_container_vpc_cluster.cluster[0]: Still destroying... [id=d1vjm9jo0mot2mfh0k0g, 6m30s elapsed][0m[0m
[0m[1mmodule.ocp_base.ibm_container_vpc_cluster.cluster[0]: Still destroying... [id=d1vjm9jo0mot2mfh0k0g, 6m40s elapsed][0m[0m
[0m[1mmodule.ocp_base.ibm_container_vpc_cluster.cluster[0]: Still destroying... [id=d1vjm9jo0mot2mfh0k0g, 6m50s elapsed][0m[0m
[0m[1mmodule.ocp_base.ibm_container_vpc_cluster.cluster[0]: Still destroying... [id=d1vjm9jo0mot2mfh0k0g, 7m0s elapsed][0m[0m
[0m[1mmodule.ocp_base.ibm_container_vpc_cluster.cluster[0]: Still destroying... [id=d1vjm9jo0mot2mfh0k0g, 7m10s elapsed][0m[0m
[0m[1mmodule.ocp_base.ibm_container_vpc_cluster.cluster[0]: Still destroying... [id=d1vjm9jo0mot2mfh0k0g, 7m20s elapsed][0m[0m
[0m[1mmodule.ocp_base.ibm_container_vpc_cluster.cluster[0]: Still destroying... [id=d1vjm9jo0mot2mfh0k0g, 7m30s elapsed][0m[0m
[0m[1mmodule.ocp_base.ibm_container_vpc_cluster.cluster[0]: Destruction complete after 7m37s[0m
[0m[1mmodule.custom_sg["custom-lb-sg"].ibm_is_security_group.sg[0]: Destroying... [id=r034-294c73e6-6184-4aef-a812-0bd9df0cd1d7][0m[0m
[0m[1mmodule.custom_sg["custom-master-vpe-sg"].ibm_is_security_group.sg[0]: Destroying... [id=r034-ab38f26e-b232-4e0c-82eb-077af0167d87][0m[0m
[0m[1mmodule.custom_sg["custom-registry-vpe-sg"].ibm_is_security_group.sg[0]: Destroying... [id=r034-2b19a406-cbc4-4c1c-ae92-162291bdbdd7][0m[0m
[0m[1mmodule.custom_sg["custom-worker-pool-sg"].ibm_is_security_group.sg[0]: Destroying... [id=r034-7ca77c7f-9294-461e-a18c-7ad1a0e00c1d][0m[0m
[0m[1mibm_is_subnet.subnet_zone_1: Destroying... [id=02n7-df761470-ad53-4366-8ff9-10a64c8a391a][0m[0m
[0m[1mmodule.ocp_base.module.cos_instance[0].ibm_resource_instance.cos_instance[0]: Destroying... [id=crn:v1:bluemix:public:cloud-object-storage:global:a/abac0df06b644a9cabc6e44f55b3880e:f6a5c310-bcff-4d3e-92b6-fb05dc9a0f32::][0m[0m
[0m[1mmodule.custom_sg["custom-kube-api-vpe-sg"].ibm_is_security_group.sg[0]: Destroying... [id=r034-1eb1b040-5158-4dd7-ab9d-225267b43c89][0m[0m
[0m[1mmodule.custom_sg["custom-cluster-sg"].ibm_is_security_group.sg[0]: Destroying... [id=r034-28b9e2d6-5176-4a66-aff7-89599c340129][0m[0m
[0m[1mmodule.custom_sg["custom-registry-vpe-sg"].ibm_is_security_group.sg[0]: Destruction complete after 9s[0m
[0m[1mmodule.custom_sg["custom-cluster-sg"].ibm_is_security_group.sg[0]: Destruction complete after 9s[0m
[0m[1mmodule.custom_sg["custom-kube-api-vpe-sg"].ibm_is_security_group.sg[0]: Destruction complete after 9s[0m
[0m[1mmodule.custom_sg["custom-lb-sg"].ibm_is_security_group.sg[0]: Destruction complete after 9s[0m
[0m[1mmodule.custom_sg["custom-master-vpe-sg"].ibm_is_security_group.sg[0]: Destruction complete after 9s[0m
[0m[1mmodule.custom_sg["custom-worker-pool-sg"].ibm_is_security_group.sg[0]: Destruction complete after 10s[0m
[0m[1mmodule.ocp_base.module.cos_instance[0].ibm_resource_instance.cos_instance[0]: Still destroying... [id=crn:v1:bluemix:public:cloud-object-stor...f6a5c310-bcff-4d3e-92b6-fb05dc9a0f32::, 10s elapsed][0m[0m
[0m[1mibm_is_subnet.subnet_zone_1: Still destroying... [id=02n7-df761470-ad53-4366-8ff9-10a64c8a391a, 10s elapsed][0m[0m
[0m[1mibm_is_subnet.subnet_zone_1: Still destroying... [id=02n7-df761470-ad53-4366-8ff9-10a64c8a391a, 20s elapsed][0m[0m
[0m[1mmodule.ocp_base.module.cos_instance[0].ibm_resource_instance.cos_instance[0]: Still destroying... [id=crn:v1:bluemix:public:cloud-object-stor...f6a5c310-bcff-4d3e-92b6-fb05dc9a0f32::, 20s elapsed][0m[0m
[0m[1mmodule.ocp_base.module.cos_instance[0].ibm_resource_instance.cos_instance[0]: Destruction complete after 22s[0m
[0m[1mibm_is_subnet.subnet_zone_1: Still destroying... [id=02n7-df761470-ad53-4366-8ff9-10a64c8a391a, 30s elapsed][0m[0m
[0m[1mibm_is_subnet.subnet_zone_1: Destruction complete after 33s[0m
[0m[1mibm_is_public_gateway.gateway: Destroying... [id=r034-aba80141-639c-4cf6-b5eb-c17c1a0fda2c][0m[0m
[0m[1mibm_is_public_gateway.gateway: Still destroying... [id=r034-aba80141-639c-4cf6-b5eb-c17c1a0fda2c, 10s elapsed][0m[0m
[0m[1mibm_is_public_gateway.gateway: Destruction complete after 11s[0m
[0m[1mibm_is_vpc.vpc: Destroying... [id=r034-f81dad4a-280a-4ff0-823a-ba484b1fc3ea][0m[0m
[0m[1mibm_is_vpc.vpc: Still destroying... [id=r034-f81dad4a-280a-4ff0-823a-ba484b1fc3ea, 10s elapsed][0m[0m
[0m[1mibm_is_vpc.vpc: Destruction complete after 13s[0m
[0m[1m[32m
Destroy complete! Resources: 14 destroyed.
[0m
TestRunCustomsgExample 2025-07-22T13:41:26+05:30 tests.go:266: END: Destroy
    pr_test.go:216: 
        	Error Trace:	/Users/aryagirishk/Desktop/quickstartocp/last/last/terraform-ibm-base-ocp-vpc/tests/pr_test.go:216
        	Error:      	Expected nil, but got: retry.FatalError{Underlying:(*shell.ErrWithCmdOutput)(0x14000686060)}
        	Test:       	TestRunCustomsgExample
        	Messages:   	This should not have errored
    pr_test.go:217: 
        	Error Trace:	/Users/aryagirishk/Desktop/quickstartocp/last/last/terraform-ibm-base-ocp-vpc/tests/pr_test.go:217
        	Error:      	Expected value not to be nil.
        	Test:       	TestRunCustomsgExample
        	Messages:   	Expected some output
--- FAIL: TestRunCustomsgExample (3376.66s)
FAIL
exit status 1
FAIL	github.com/terraform-ibm-modules/terraform-ibm-base-ocp-vpc	3379.241s
