cd tests && go test -run TestRunFullyConfigurableInSchematics -count=1 -v -timeout 600m
=== RUN   TestRunFullyConfigurableInSchematics
=== PAUSE TestRunFullyConfigurableInSchematics
=== CONT  TestRunFullyConfigurableInSchematics
2025/07/29 11:14:18 Region au-syd VPC count: 9
2025/07/29 11:14:18 --- new best region is au-syd
2025/07/29 11:14:22 Region ca-tor VPC count: 8
2025/07/29 11:14:22 --- new best region is ca-tor
2025/07/29 11:14:27 Region br-sao VPC count: 15
2025/07/29 11:14:33 Region eu-de VPC count: 12
2025/07/29 11:14:39 Region eu-es VPC count: 8
2025/07/29 11:14:44 Region eu-gb VPC count: 8
2025/07/29 11:14:48 Region us-east VPC count: 27
2025/07/29 11:14:54 Region us-south VPC count: 25
2025/07/29 11:14:59 Region jp-osa VPC count: 8
2025/07/29 11:15:04 Region jp-tok VPC count: 8
2025/07/29 11:15:04 Best region was found!: ca-tor
TestRunFullyConfigurableInSchematics 2025-07-29T11:15:04+05:30 retry.go:91: terraform [workspace list]
TestRunFullyConfigurableInSchematics 2025-07-29T11:15:04+05:30 logger.go:67: Running command terraform with args [workspace list]
TestRunFullyConfigurableInSchematics 2025-07-29T11:15:04+05:30 logger.go:67: * default
TestRunFullyConfigurableInSchematics 2025-07-29T11:15:04+05:30 logger.go:67: 
TestRunFullyConfigurableInSchematics 2025-07-29T11:15:04+05:30 retry.go:91: terraform [workspace new ocp-fc-j7yffx]
TestRunFullyConfigurableInSchematics 2025-07-29T11:15:04+05:30 logger.go:67: Running command terraform with args [workspace new ocp-fc-j7yffx]
TestRunFullyConfigurableInSchematics 2025-07-29T11:15:04+05:30 logger.go:67: [0m[32m[1mCreated and switched to workspace "ocp-fc-j7yffx"![0m[32m
TestRunFullyConfigurableInSchematics 2025-07-29T11:15:04+05:30 logger.go:67: 
TestRunFullyConfigurableInSchematics 2025-07-29T11:15:04+05:30 logger.go:67: You're now on a new, empty workspace. Workspaces isolate their state,
TestRunFullyConfigurableInSchematics 2025-07-29T11:15:04+05:30 logger.go:67: so if you run "terraform plan" Terraform will not see any existing state
TestRunFullyConfigurableInSchematics 2025-07-29T11:15:04+05:30 logger.go:67: for this configuration.[0m
TestRunFullyConfigurableInSchematics 2025-07-29T11:15:04+05:30 retry.go:91: terraform [workspace show]
TestRunFullyConfigurableInSchematics 2025-07-29T11:15:04+05:30 logger.go:67: Running command terraform with args [workspace show]
TestRunFullyConfigurableInSchematics 2025-07-29T11:15:04+05:30 logger.go:67: ocp-fc-j7yffx
TestRunFullyConfigurableInSchematics 2025-07-29T11:15:04+05:30 retry.go:91: terraform [init -upgrade=true]
TestRunFullyConfigurableInSchematics 2025-07-29T11:15:04+05:30 logger.go:67: Running command terraform with args [init -upgrade=true]
TestRunFullyConfigurableInSchematics 2025-07-29T11:15:04+05:30 logger.go:67: [0m[1mInitializing the backend...[0m
TestRunFullyConfigurableInSchematics 2025-07-29T11:15:04+05:30 logger.go:67: [0m[1mUpgrading modules...[0m
TestRunFullyConfigurableInSchematics 2025-07-29T11:15:05+05:30 logger.go:67: Downloading registry.terraform.io/terraform-ibm-modules/cos/ibm 8.21.25 for cos...
TestRunFullyConfigurableInSchematics 2025-07-29T11:15:07+05:30 logger.go:67: - cos in .terraform/modules/cos
TestRunFullyConfigurableInSchematics 2025-07-29T11:15:07+05:30 logger.go:67: Downloading registry.terraform.io/terraform-ibm-modules/cbr/ibm 1.31.0 for cos.bucket_cbr_rule...
TestRunFullyConfigurableInSchematics 2025-07-29T11:15:10+05:30 logger.go:67: - cos.bucket_cbr_rule in .terraform/modules/cos.bucket_cbr_rule/modules/cbr-rule-module
TestRunFullyConfigurableInSchematics 2025-07-29T11:15:10+05:30 logger.go:67: Downloading registry.terraform.io/terraform-ibm-modules/cbr/ibm 1.31.0 for cos.instance_cbr_rule...
TestRunFullyConfigurableInSchematics 2025-07-29T11:15:10+05:30 logger.go:67: - cos.instance_cbr_rule in .terraform/modules/cos.instance_cbr_rule/modules/cbr-rule-module
TestRunFullyConfigurableInSchematics 2025-07-29T11:15:10+05:30 logger.go:67: Downloading registry.terraform.io/terraform-ibm-modules/resource-group/ibm 1.2.1 for resource_group...
TestRunFullyConfigurableInSchematics 2025-07-29T11:15:12+05:30 logger.go:67: - resource_group in .terraform/modules/resource_group
TestRunFullyConfigurableInSchematics 2025-07-29T11:15:12+05:30 logger.go:67: Downloading registry.terraform.io/terraform-ibm-modules/landing-zone-vpc/ibm 7.25.12 for vpc...
TestRunFullyConfigurableInSchematics 2025-07-29T11:15:15+05:30 logger.go:67: - vpc in .terraform/modules/vpc
TestRunFullyConfigurableInSchematics 2025-07-29T11:15:15+05:30 logger.go:67: - vpc.dynamic_values in .terraform/modules/vpc/dynamic_values
TestRunFullyConfigurableInSchematics 2025-07-29T11:15:15+05:30 logger.go:67: - vpc.dynamic_values.address_prefixes in .terraform/modules/vpc/dynamic_values/config_modules/list_to_map
TestRunFullyConfigurableInSchematics 2025-07-29T11:15:15+05:30 logger.go:67: - vpc.dynamic_values.prefix_map in .terraform/modules/vpc/dynamic_values/config_modules/list_to_map
TestRunFullyConfigurableInSchematics 2025-07-29T11:15:15+05:30 logger.go:67: - vpc.dynamic_values.routes in .terraform/modules/vpc/dynamic_values/config_modules/list_to_map
TestRunFullyConfigurableInSchematics 2025-07-29T11:15:15+05:30 logger.go:67: - vpc.unit_tests in .terraform/modules/vpc/dynamic_values
TestRunFullyConfigurableInSchematics 2025-07-29T11:15:15+05:30 logger.go:67: - vpc.unit_tests.address_prefixes in .terraform/modules/vpc/dynamic_values/config_modules/list_to_map
TestRunFullyConfigurableInSchematics 2025-07-29T11:15:15+05:30 logger.go:67: - vpc.unit_tests.prefix_map in .terraform/modules/vpc/dynamic_values/config_modules/list_to_map
TestRunFullyConfigurableInSchematics 2025-07-29T11:15:15+05:30 logger.go:67: - vpc.unit_tests.routes in .terraform/modules/vpc/dynamic_values/config_modules/list_to_map
TestRunFullyConfigurableInSchematics 2025-07-29T11:15:15+05:30 logger.go:67: [0m[1mInitializing provider plugins...[0m
TestRunFullyConfigurableInSchematics 2025-07-29T11:15:15+05:30 logger.go:67: - Finding ibm-cloud/ibm versions matching ">= 1.64.1, >= 1.70.0, >= 1.76.0, >= 1.79.0, < 2.0.0"...
TestRunFullyConfigurableInSchematics 2025-07-29T11:15:15+05:30 logger.go:67: - Finding hashicorp/time versions matching ">= 0.9.1, < 1.0.0"...
TestRunFullyConfigurableInSchematics 2025-07-29T11:15:15+05:30 logger.go:67: - Finding hashicorp/random versions matching ">= 3.5.1, < 4.0.0"...
TestRunFullyConfigurableInSchematics 2025-07-29T11:15:16+05:30 logger.go:67: - Installing ibm-cloud/ibm v1.80.4...
TestRunFullyConfigurableInSchematics 2025-07-29T11:15:20+05:30 logger.go:67: - Installed ibm-cloud/ibm v1.80.4 (self-signed, key ID [0m[1mAAD3B791C49CC253[0m[0m)
TestRunFullyConfigurableInSchematics 2025-07-29T11:15:20+05:30 logger.go:67: - Installing hashicorp/time v0.13.1...
TestRunFullyConfigurableInSchematics 2025-07-29T11:15:21+05:30 logger.go:67: - Installed hashicorp/time v0.13.1 (signed by HashiCorp)
TestRunFullyConfigurableInSchematics 2025-07-29T11:15:21+05:30 logger.go:67: - Installing hashicorp/random v3.7.2...
TestRunFullyConfigurableInSchematics 2025-07-29T11:15:22+05:30 logger.go:67: - Installed hashicorp/random v3.7.2 (signed by HashiCorp)
TestRunFullyConfigurableInSchematics 2025-07-29T11:15:22+05:30 logger.go:67: Partner and community providers are signed by their developers.
TestRunFullyConfigurableInSchematics 2025-07-29T11:15:22+05:30 logger.go:67: If you'd like to know more about provider signing, you can read about it here:
TestRunFullyConfigurableInSchematics 2025-07-29T11:15:22+05:30 logger.go:67: https://developer.hashicorp.com/terraform/cli/plugins/signing
TestRunFullyConfigurableInSchematics 2025-07-29T11:15:22+05:30 logger.go:67: Terraform has created a lock file [1m.terraform.lock.hcl[0m to record the provider
TestRunFullyConfigurableInSchematics 2025-07-29T11:15:22+05:30 logger.go:67: selections it made above. Include this file in your version control repository
TestRunFullyConfigurableInSchematics 2025-07-29T11:15:22+05:30 logger.go:67: so that Terraform can guarantee to make the same selections by default when
TestRunFullyConfigurableInSchematics 2025-07-29T11:15:22+05:30 logger.go:67: you run "terraform init" in the future.[0m
TestRunFullyConfigurableInSchematics 2025-07-29T11:15:22+05:30 logger.go:67: 
TestRunFullyConfigurableInSchematics 2025-07-29T11:15:22+05:30 logger.go:67: [0m[1m[32mTerraform has been successfully initialized![0m[32m[0m
TestRunFullyConfigurableInSchematics 2025-07-29T11:15:22+05:30 logger.go:67: [0m[32m
TestRunFullyConfigurableInSchematics 2025-07-29T11:15:22+05:30 logger.go:67: You may now begin working with Terraform. Try running "terraform plan" to see
TestRunFullyConfigurableInSchematics 2025-07-29T11:15:22+05:30 logger.go:67: any changes that are required for your infrastructure. All Terraform commands
TestRunFullyConfigurableInSchematics 2025-07-29T11:15:22+05:30 logger.go:67: should now work.
TestRunFullyConfigurableInSchematics 2025-07-29T11:15:22+05:30 logger.go:67: 
TestRunFullyConfigurableInSchematics 2025-07-29T11:15:22+05:30 logger.go:67: If you ever set or change modules or backend configuration for Terraform,
TestRunFullyConfigurableInSchematics 2025-07-29T11:15:22+05:30 logger.go:67: rerun this command to reinitialize your working directory. If you forget, other
TestRunFullyConfigurableInSchematics 2025-07-29T11:15:22+05:30 logger.go:67: commands will detect it and remind you to do so if necessary.[0m
TestRunFullyConfigurableInSchematics 2025-07-29T11:15:22+05:30 retry.go:91: terraform [apply -input=false -auto-approve -var prefix=ocp-fc-j7yffx -var region=ca-tor -lock=false]
TestRunFullyConfigurableInSchematics 2025-07-29T11:15:22+05:30 logger.go:67: Running command terraform with args [apply -input=false -auto-approve -var prefix=ocp-fc-j7yffx -var region=ca-tor -lock=false]
TestRunFullyConfigurableInSchematics 2025-07-29T11:15:25+05:30 logger.go:67: [0m[1mmodule.vpc.data.ibm_iam_account_settings.iam_account_settings: Reading...[0m[0m
TestRunFullyConfigurableInSchematics 2025-07-29T11:15:26+05:30 logger.go:67: [0m[1mmodule.vpc.data.ibm_iam_account_settings.iam_account_settings: Read complete after 2s [id=abac0df06b644a9cabc6e44f55b3880e][0m
TestRunFullyConfigurableInSchematics 2025-07-29T11:15:28+05:30 logger.go:67: 
TestRunFullyConfigurableInSchematics 2025-07-29T11:15:28+05:30 logger.go:67: Terraform used the selected providers to generate the following execution
TestRunFullyConfigurableInSchematics 2025-07-29T11:15:28+05:30 logger.go:67: plan. Resource actions are indicated with the following symbols:
TestRunFullyConfigurableInSchematics 2025-07-29T11:15:28+05:30 logger.go:67:   [32m+[0m create[0m
TestRunFullyConfigurableInSchematics 2025-07-29T11:15:28+05:30 logger.go:67:  [36m<=[0m read (data resources)[0m
TestRunFullyConfigurableInSchematics 2025-07-29T11:15:28+05:30 logger.go:67: 
TestRunFullyConfigurableInSchematics 2025-07-29T11:15:28+05:30 logger.go:67: Terraform will perform the following actions:
TestRunFullyConfigurableInSchematics 2025-07-29T11:15:28+05:30 logger.go:67: 
TestRunFullyConfigurableInSchematics 2025-07-29T11:15:28+05:30 logger.go:67: [1m  # module.cos.ibm_cos_bucket.cos_bucket1[0][0m will be created
TestRunFullyConfigurableInSchematics 2025-07-29T11:15:28+05:30 logger.go:67: [0m  [32m+[0m[0m resource "ibm_cos_bucket" "cos_bucket1" {
TestRunFullyConfigurableInSchematics 2025-07-29T11:15:28+05:30 logger.go:67:       [32m+[0m[0m bucket_name          = "ocp-fc-j7yffx-bucket"
TestRunFullyConfigurableInSchematics 2025-07-29T11:15:28+05:30 logger.go:67:       [32m+[0m[0m crn                  = (known after apply)
TestRunFullyConfigurableInSchematics 2025-07-29T11:15:28+05:30 logger.go:67:       [32m+[0m[0m endpoint_type        = "public"
TestRunFullyConfigurableInSchematics 2025-07-29T11:15:28+05:30 logger.go:67:       [32m+[0m[0m force_delete         = true
TestRunFullyConfigurableInSchematics 2025-07-29T11:15:28+05:30 logger.go:67:       [32m+[0m[0m id                   = (known after apply)
TestRunFullyConfigurableInSchematics 2025-07-29T11:15:28+05:30 logger.go:67:       [32m+[0m[0m region_location      = "ca-tor"
TestRunFullyConfigurableInSchematics 2025-07-29T11:15:28+05:30 logger.go:67:       [32m+[0m[0m resource_instance_id = (known after apply)
TestRunFullyConfigurableInSchematics 2025-07-29T11:15:28+05:30 logger.go:67:       [32m+[0m[0m s3_endpoint_direct   = (known after apply)
TestRunFullyConfigurableInSchematics 2025-07-29T11:15:28+05:30 logger.go:67:       [32m+[0m[0m s3_endpoint_private  = (known after apply)
TestRunFullyConfigurableInSchematics 2025-07-29T11:15:28+05:30 logger.go:67:       [32m+[0m[0m s3_endpoint_public   = (known after apply)
TestRunFullyConfigurableInSchematics 2025-07-29T11:15:28+05:30 logger.go:67:       [32m+[0m[0m storage_class        = "standard"
TestRunFullyConfigurableInSchematics 2025-07-29T11:15:28+05:30 logger.go:67: 
TestRunFullyConfigurableInSchematics 2025-07-29T11:15:28+05:30 logger.go:67:       [32m+[0m[0m activity_tracking {
TestRunFullyConfigurableInSchematics 2025-07-29T11:15:28+05:30 logger.go:67:           [32m+[0m[0m management_events = true
TestRunFullyConfigurableInSchematics 2025-07-29T11:15:28+05:30 logger.go:67:           [32m+[0m[0m read_data_events  = true
TestRunFullyConfigurableInSchematics 2025-07-29T11:15:28+05:30 logger.go:67:           [32m+[0m[0m write_data_events = true
TestRunFullyConfigurableInSchematics 2025-07-29T11:15:28+05:30 logger.go:67:         }
TestRunFullyConfigurableInSchematics 2025-07-29T11:15:28+05:30 logger.go:67: 
TestRunFullyConfigurableInSchematics 2025-07-29T11:15:28+05:30 logger.go:67:       [32m+[0m[0m metrics_monitoring {
TestRunFullyConfigurableInSchematics 2025-07-29T11:15:28+05:30 logger.go:67:           [32m+[0m[0m request_metrics_enabled = true
TestRunFullyConfigurableInSchematics 2025-07-29T11:15:28+05:30 logger.go:67:           [32m+[0m[0m usage_metrics_enabled   = true
TestRunFullyConfigurableInSchematics 2025-07-29T11:15:28+05:30 logger.go:67:         }
TestRunFullyConfigurableInSchematics 2025-07-29T11:15:28+05:30 logger.go:67:     }
TestRunFullyConfigurableInSchematics 2025-07-29T11:15:28+05:30 logger.go:67: 
TestRunFullyConfigurableInSchematics 2025-07-29T11:15:28+05:30 logger.go:67: [1m  # module.cos.ibm_cos_bucket_lifecycle_configuration.cos_bucket_lifecycle[0][0m will be created
TestRunFullyConfigurableInSchematics 2025-07-29T11:15:28+05:30 logger.go:67: [0m  [32m+[0m[0m resource "ibm_cos_bucket_lifecycle_configuration" "cos_bucket_lifecycle" {
TestRunFullyConfigurableInSchematics 2025-07-29T11:15:28+05:30 logger.go:67:       [32m+[0m[0m bucket_crn      = (known after apply)
TestRunFullyConfigurableInSchematics 2025-07-29T11:15:28+05:30 logger.go:67:       [32m+[0m[0m bucket_location = "ca-tor"
TestRunFullyConfigurableInSchematics 2025-07-29T11:15:28+05:30 logger.go:67:       [32m+[0m[0m endpoint_type   = "public"
TestRunFullyConfigurableInSchematics 2025-07-29T11:15:28+05:30 logger.go:67:       [32m+[0m[0m id              = (known after apply)
TestRunFullyConfigurableInSchematics 2025-07-29T11:15:28+05:30 logger.go:67: 
TestRunFullyConfigurableInSchematics 2025-07-29T11:15:28+05:30 logger.go:67:       [32m+[0m[0m lifecycle_rule {
TestRunFullyConfigurableInSchematics 2025-07-29T11:15:28+05:30 logger.go:67:           [32m+[0m[0m rule_id = "expiry-rule"
TestRunFullyConfigurableInSchematics 2025-07-29T11:15:28+05:30 logger.go:67:           [32m+[0m[0m status  = "enable"
TestRunFullyConfigurableInSchematics 2025-07-29T11:15:28+05:30 logger.go:67: 
TestRunFullyConfigurableInSchematics 2025-07-29T11:15:28+05:30 logger.go:67:           [32m+[0m[0m expiration {
TestRunFullyConfigurableInSchematics 2025-07-29T11:15:28+05:30 logger.go:67:               [32m+[0m[0m days                         = 365
TestRunFullyConfigurableInSchematics 2025-07-29T11:15:28+05:30 logger.go:67:               [32m+[0m[0m expired_object_delete_marker = (known after apply)
TestRunFullyConfigurableInSchematics 2025-07-29T11:15:28+05:30 logger.go:67:             }
TestRunFullyConfigurableInSchematics 2025-07-29T11:15:28+05:30 logger.go:67: 
TestRunFullyConfigurableInSchematics 2025-07-29T11:15:28+05:30 logger.go:67:           [32m+[0m[0m filter {
TestRunFullyConfigurableInSchematics 2025-07-29T11:15:28+05:30 logger.go:67:                 [90m# (1 unchanged attribute hidden)[0m[0m
TestRunFullyConfigurableInSchematics 2025-07-29T11:15:28+05:30 logger.go:67:             }
TestRunFullyConfigurableInSchematics 2025-07-29T11:15:28+05:30 logger.go:67:         }
TestRunFullyConfigurableInSchematics 2025-07-29T11:15:28+05:30 logger.go:67:       [32m+[0m[0m lifecycle_rule {
TestRunFullyConfigurableInSchematics 2025-07-29T11:15:28+05:30 logger.go:67:           [32m+[0m[0m rule_id = "archive-rule"
TestRunFullyConfigurableInSchematics 2025-07-29T11:15:28+05:30 logger.go:67:           [32m+[0m[0m status  = "enable"
TestRunFullyConfigurableInSchematics 2025-07-29T11:15:28+05:30 logger.go:67: 
TestRunFullyConfigurableInSchematics 2025-07-29T11:15:28+05:30 logger.go:67:           [32m+[0m[0m filter {
TestRunFullyConfigurableInSchematics 2025-07-29T11:15:28+05:30 logger.go:67:                 [90m# (1 unchanged attribute hidden)[0m[0m
TestRunFullyConfigurableInSchematics 2025-07-29T11:15:28+05:30 logger.go:67:             }
TestRunFullyConfigurableInSchematics 2025-07-29T11:15:28+05:30 logger.go:67: 
TestRunFullyConfigurableInSchematics 2025-07-29T11:15:28+05:30 logger.go:67:           [32m+[0m[0m transition {
TestRunFullyConfigurableInSchematics 2025-07-29T11:15:28+05:30 logger.go:67:               [32m+[0m[0m days          = 90
TestRunFullyConfigurableInSchematics 2025-07-29T11:15:28+05:30 logger.go:67:               [32m+[0m[0m storage_class = "GLACIER"
TestRunFullyConfigurableInSchematics 2025-07-29T11:15:28+05:30 logger.go:67:             }
TestRunFullyConfigurableInSchematics 2025-07-29T11:15:28+05:30 logger.go:67:         }
TestRunFullyConfigurableInSchematics 2025-07-29T11:15:28+05:30 logger.go:67:     }
TestRunFullyConfigurableInSchematics 2025-07-29T11:15:28+05:30 logger.go:67: 
TestRunFullyConfigurableInSchematics 2025-07-29T11:15:28+05:30 logger.go:67: [1m  # module.cos.ibm_resource_instance.cos_instance[0][0m will be created
TestRunFullyConfigurableInSchematics 2025-07-29T11:15:28+05:30 logger.go:67: [0m  [32m+[0m[0m resource "ibm_resource_instance" "cos_instance" {
TestRunFullyConfigurableInSchematics 2025-07-29T11:15:28+05:30 logger.go:67:       [32m+[0m[0m account_id              = (known after apply)
TestRunFullyConfigurableInSchematics 2025-07-29T11:15:28+05:30 logger.go:67:       [32m+[0m[0m allow_cleanup           = (known after apply)
TestRunFullyConfigurableInSchematics 2025-07-29T11:15:28+05:30 logger.go:67:       [32m+[0m[0m created_at              = (known after apply)
TestRunFullyConfigurableInSchematics 2025-07-29T11:15:28+05:30 logger.go:67:       [32m+[0m[0m created_by              = (known after apply)
TestRunFullyConfigurableInSchematics 2025-07-29T11:15:28+05:30 logger.go:67:       [32m+[0m[0m crn                     = (known after apply)
TestRunFullyConfigurableInSchematics 2025-07-29T11:15:28+05:30 logger.go:67:       [32m+[0m[0m dashboard_url           = (known after apply)
TestRunFullyConfigurableInSchematics 2025-07-29T11:15:28+05:30 logger.go:67:       [32m+[0m[0m deleted_at              = (known after apply)
TestRunFullyConfigurableInSchematics 2025-07-29T11:15:28+05:30 logger.go:67:       [32m+[0m[0m deleted_by              = (known after apply)
TestRunFullyConfigurableInSchematics 2025-07-29T11:15:28+05:30 logger.go:67:       [32m+[0m[0m extensions              = (known after apply)
TestRunFullyConfigurableInSchematics 2025-07-29T11:15:28+05:30 logger.go:67:       [32m+[0m[0m guid                    = (known after apply)
TestRunFullyConfigurableInSchematics 2025-07-29T11:15:28+05:30 logger.go:67:       [32m+[0m[0m id                      = (known after apply)
TestRunFullyConfigurableInSchematics 2025-07-29T11:15:28+05:30 logger.go:67:       [32m+[0m[0m last_operation          = (known after apply)
TestRunFullyConfigurableInSchematics 2025-07-29T11:15:28+05:30 logger.go:67:       [32m+[0m[0m location                = "global"
TestRunFullyConfigurableInSchematics 2025-07-29T11:15:28+05:30 logger.go:67:       [32m+[0m[0m locked                  = (known after apply)
TestRunFullyConfigurableInSchematics 2025-07-29T11:15:28+05:30 logger.go:67:       [32m+[0m[0m name                    = "ocp-fc-j7yffx-cos"
TestRunFullyConfigurableInSchematics 2025-07-29T11:15:28+05:30 logger.go:67:       [32m+[0m[0m onetime_credentials     = (known after apply)
TestRunFullyConfigurableInSchematics 2025-07-29T11:15:28+05:30 logger.go:67:       [32m+[0m[0m plan                    = "standard"
TestRunFullyConfigurableInSchematics 2025-07-29T11:15:28+05:30 logger.go:67:       [32m+[0m[0m plan_history            = (known after apply)
TestRunFullyConfigurableInSchematics 2025-07-29T11:15:28+05:30 logger.go:67:       [32m+[0m[0m resource_aliases_url    = (known after apply)
TestRunFullyConfigurableInSchematics 2025-07-29T11:15:28+05:30 logger.go:67:       [32m+[0m[0m resource_bindings_url   = (known after apply)
TestRunFullyConfigurableInSchematics 2025-07-29T11:15:28+05:30 logger.go:67:       [32m+[0m[0m resource_controller_url = (known after apply)
TestRunFullyConfigurableInSchematics 2025-07-29T11:15:28+05:30 logger.go:67:       [32m+[0m[0m resource_crn            = (known after apply)
TestRunFullyConfigurableInSchematics 2025-07-29T11:15:28+05:30 logger.go:67:       [32m+[0m[0m resource_group_crn      = (known after apply)
TestRunFullyConfigurableInSchematics 2025-07-29T11:15:28+05:30 logger.go:67:       [32m+[0m[0m resource_group_id       = (known after apply)
TestRunFullyConfigurableInSchematics 2025-07-29T11:15:28+05:30 logger.go:67:       [32m+[0m[0m resource_group_name     = (known after apply)
TestRunFullyConfigurableInSchematics 2025-07-29T11:15:28+05:30 logger.go:67:       [32m+[0m[0m resource_id             = (known after apply)
TestRunFullyConfigurableInSchematics 2025-07-29T11:15:28+05:30 logger.go:67:       [32m+[0m[0m resource_keys_url       = (known after apply)
TestRunFullyConfigurableInSchematics 2025-07-29T11:15:28+05:30 logger.go:67:       [32m+[0m[0m resource_name           = (known after apply)
TestRunFullyConfigurableInSchematics 2025-07-29T11:15:28+05:30 logger.go:67:       [32m+[0m[0m resource_plan_id        = (known after apply)
TestRunFullyConfigurableInSchematics 2025-07-29T11:15:28+05:30 logger.go:67:       [32m+[0m[0m resource_status         = (known after apply)
TestRunFullyConfigurableInSchematics 2025-07-29T11:15:28+05:30 logger.go:67:       [32m+[0m[0m restored_at             = (known after apply)
TestRunFullyConfigurableInSchematics 2025-07-29T11:15:28+05:30 logger.go:67:       [32m+[0m[0m restored_by             = (known after apply)
TestRunFullyConfigurableInSchematics 2025-07-29T11:15:28+05:30 logger.go:67:       [32m+[0m[0m scheduled_reclaim_at    = (known after apply)
TestRunFullyConfigurableInSchematics 2025-07-29T11:15:28+05:30 logger.go:67:       [32m+[0m[0m scheduled_reclaim_by    = (known after apply)
TestRunFullyConfigurableInSchematics 2025-07-29T11:15:28+05:30 logger.go:67:       [32m+[0m[0m service                 = "cloud-object-storage"
TestRunFullyConfigurableInSchematics 2025-07-29T11:15:28+05:30 logger.go:67:       [32m+[0m[0m service_endpoints       = (known after apply)
TestRunFullyConfigurableInSchematics 2025-07-29T11:15:28+05:30 logger.go:67:       [32m+[0m[0m state                   = (known after apply)
TestRunFullyConfigurableInSchematics 2025-07-29T11:15:28+05:30 logger.go:67:       [32m+[0m[0m status                  = (known after apply)
TestRunFullyConfigurableInSchematics 2025-07-29T11:15:28+05:30 logger.go:67:       [32m+[0m[0m sub_type                = (known after apply)
TestRunFullyConfigurableInSchematics 2025-07-29T11:15:28+05:30 logger.go:67:       [32m+[0m[0m tags                    = (known after apply)
TestRunFullyConfigurableInSchematics 2025-07-29T11:15:28+05:30 logger.go:67:       [32m+[0m[0m target_crn              = (known after apply)
TestRunFullyConfigurableInSchematics 2025-07-29T11:15:28+05:30 logger.go:67:       [32m+[0m[0m type                    = (known after apply)
TestRunFullyConfigurableInSchematics 2025-07-29T11:15:28+05:30 logger.go:67:       [32m+[0m[0m update_at               = (known after apply)
TestRunFullyConfigurableInSchematics 2025-07-29T11:15:28+05:30 logger.go:67:       [32m+[0m[0m update_by               = (known after apply)
TestRunFullyConfigurableInSchematics 2025-07-29T11:15:28+05:30 logger.go:67:     }
TestRunFullyConfigurableInSchematics 2025-07-29T11:15:28+05:30 logger.go:67: 
TestRunFullyConfigurableInSchematics 2025-07-29T11:15:28+05:30 logger.go:67: [1m  # module.cos.time_sleep.wait_for_cos_bucket_lifecycle[0][0m will be created
TestRunFullyConfigurableInSchematics 2025-07-29T11:15:28+05:30 logger.go:67: [0m  [32m+[0m[0m resource "time_sleep" "wait_for_cos_bucket_lifecycle" {
TestRunFullyConfigurableInSchematics 2025-07-29T11:15:28+05:30 logger.go:67:       [32m+[0m[0m create_duration = "90s"
TestRunFullyConfigurableInSchematics 2025-07-29T11:15:28+05:30 logger.go:67:       [32m+[0m[0m id              = (known after apply)
TestRunFullyConfigurableInSchematics 2025-07-29T11:15:28+05:30 logger.go:67:     }
TestRunFullyConfigurableInSchematics 2025-07-29T11:15:28+05:30 logger.go:67: 
TestRunFullyConfigurableInSchematics 2025-07-29T11:15:28+05:30 logger.go:67: [1m  # module.resource_group.ibm_resource_group.resource_group[0][0m will be created
TestRunFullyConfigurableInSchematics 2025-07-29T11:15:28+05:30 logger.go:67: [0m  [32m+[0m[0m resource "ibm_resource_group" "resource_group" {
TestRunFullyConfigurableInSchematics 2025-07-29T11:15:28+05:30 logger.go:67:       [32m+[0m[0m created_at          = (known after apply)
TestRunFullyConfigurableInSchematics 2025-07-29T11:15:28+05:30 logger.go:67:       [32m+[0m[0m crn                 = (known after apply)
TestRunFullyConfigurableInSchematics 2025-07-29T11:15:28+05:30 logger.go:67:       [32m+[0m[0m default             = (known after apply)
TestRunFullyConfigurableInSchematics 2025-07-29T11:15:28+05:30 logger.go:67:       [32m+[0m[0m id                  = (known after apply)
TestRunFullyConfigurableInSchematics 2025-07-29T11:15:28+05:30 logger.go:67:       [32m+[0m[0m name                = "ocp-fc-j7yffx-resource-group"
TestRunFullyConfigurableInSchematics 2025-07-29T11:15:28+05:30 logger.go:67:       [32m+[0m[0m payment_methods_url = (known after apply)
TestRunFullyConfigurableInSchematics 2025-07-29T11:15:28+05:30 logger.go:67:       [32m+[0m[0m quota_id            = (known after apply)
TestRunFullyConfigurableInSchematics 2025-07-29T11:15:28+05:30 logger.go:67:       [32m+[0m[0m quota_url           = (known after apply)
TestRunFullyConfigurableInSchematics 2025-07-29T11:15:28+05:30 logger.go:67:       [32m+[0m[0m resource_linkages   = (known after apply)
TestRunFullyConfigurableInSchematics 2025-07-29T11:15:28+05:30 logger.go:67:       [32m+[0m[0m state               = (known after apply)
TestRunFullyConfigurableInSchematics 2025-07-29T11:15:28+05:30 logger.go:67:       [32m+[0m[0m teams_url           = (known after apply)
TestRunFullyConfigurableInSchematics 2025-07-29T11:15:28+05:30 logger.go:67:       [32m+[0m[0m updated_at          = (known after apply)
TestRunFullyConfigurableInSchematics 2025-07-29T11:15:28+05:30 logger.go:67:     }
TestRunFullyConfigurableInSchematics 2025-07-29T11:15:28+05:30 logger.go:67: 
TestRunFullyConfigurableInSchematics 2025-07-29T11:15:28+05:30 logger.go:67: [1m  # module.vpc.data.ibm_is_vpc.vpc[0m will be read during apply
TestRunFullyConfigurableInSchematics 2025-07-29T11:15:28+05:30 logger.go:67:   # (config refers to values not yet known)
TestRunFullyConfigurableInSchematics 2025-07-29T11:15:28+05:30 logger.go:67: [0m [36m<=[0m[0m data "ibm_is_vpc" "vpc" {
TestRunFullyConfigurableInSchematics 2025-07-29T11:15:28+05:30 logger.go:67:       [32m+[0m[0m access_tags                 = (known after apply)
TestRunFullyConfigurableInSchematics 2025-07-29T11:15:28+05:30 logger.go:67:       [32m+[0m[0m classic_access              = (known after apply)
TestRunFullyConfigurableInSchematics 2025-07-29T11:15:28+05:30 logger.go:67:       [32m+[0m[0m crn                         = (known after apply)
TestRunFullyConfigurableInSchematics 2025-07-29T11:15:28+05:30 logger.go:67:       [32m+[0m[0m cse_source_addresses        = (known after apply)
TestRunFullyConfigurableInSchematics 2025-07-29T11:15:28+05:30 logger.go:67:       [32m+[0m[0m default_address_prefixes    = (known after apply)
TestRunFullyConfigurableInSchematics 2025-07-29T11:15:28+05:30 logger.go:67:       [32m+[0m[0m default_network_acl         = (known after apply)
TestRunFullyConfigurableInSchematics 2025-07-29T11:15:28+05:30 logger.go:67:       [32m+[0m[0m default_network_acl_crn     = (known after apply)
TestRunFullyConfigurableInSchematics 2025-07-29T11:15:28+05:30 logger.go:67:       [32m+[0m[0m default_network_acl_name    = (known after apply)
TestRunFullyConfigurableInSchematics 2025-07-29T11:15:28+05:30 logger.go:67:       [32m+[0m[0m default_routing_table       = (known after apply)
TestRunFullyConfigurableInSchematics 2025-07-29T11:15:28+05:30 logger.go:67:       [32m+[0m[0m default_routing_table_name  = (known after apply)
TestRunFullyConfigurableInSchematics 2025-07-29T11:15:28+05:30 logger.go:67:       [32m+[0m[0m default_security_group      = (known after apply)
TestRunFullyConfigurableInSchematics 2025-07-29T11:15:28+05:30 logger.go:67:       [32m+[0m[0m default_security_group_crn  = (known after apply)
TestRunFullyConfigurableInSchematics 2025-07-29T11:15:28+05:30 logger.go:67:       [32m+[0m[0m default_security_group_name = (known after apply)
TestRunFullyConfigurableInSchematics 2025-07-29T11:15:28+05:30 logger.go:67:       [32m+[0m[0m dns                         = (known after apply)
TestRunFullyConfigurableInSchematics 2025-07-29T11:15:28+05:30 logger.go:67:       [32m+[0m[0m health_reasons              = (known after apply)
TestRunFullyConfigurableInSchematics 2025-07-29T11:15:28+05:30 logger.go:67:       [32m+[0m[0m health_state                = (known after apply)
TestRunFullyConfigurableInSchematics 2025-07-29T11:15:28+05:30 logger.go:67:       [32m+[0m[0m id                          = (known after apply)
TestRunFullyConfigurableInSchematics 2025-07-29T11:15:28+05:30 logger.go:67:       [32m+[0m[0m identifier                  = (known after apply)
TestRunFullyConfigurableInSchematics 2025-07-29T11:15:28+05:30 logger.go:67:       [32m+[0m[0m resource_controller_url     = (known after apply)
TestRunFullyConfigurableInSchematics 2025-07-29T11:15:28+05:30 logger.go:67:       [32m+[0m[0m resource_crn                = (known after apply)
TestRunFullyConfigurableInSchematics 2025-07-29T11:15:28+05:30 logger.go:67:       [32m+[0m[0m resource_group              = (known after apply)
TestRunFullyConfigurableInSchematics 2025-07-29T11:15:28+05:30 logger.go:67:       [32m+[0m[0m resource_group_name         = (known after apply)
TestRunFullyConfigurableInSchematics 2025-07-29T11:15:28+05:30 logger.go:67:       [32m+[0m[0m resource_name               = (known after apply)
TestRunFullyConfigurableInSchematics 2025-07-29T11:15:28+05:30 logger.go:67:       [32m+[0m[0m resource_status             = (known after apply)
TestRunFullyConfigurableInSchematics 2025-07-29T11:15:28+05:30 logger.go:67:       [32m+[0m[0m security_group              = (known after apply)
TestRunFullyConfigurableInSchematics 2025-07-29T11:15:28+05:30 logger.go:67:       [32m+[0m[0m status                      = (known after apply)
TestRunFullyConfigurableInSchematics 2025-07-29T11:15:28+05:30 logger.go:67:       [32m+[0m[0m subnets                     = (known after apply)
TestRunFullyConfigurableInSchematics 2025-07-29T11:15:28+05:30 logger.go:67:       [32m+[0m[0m tags                        = (known after apply)
TestRunFullyConfigurableInSchematics 2025-07-29T11:15:28+05:30 logger.go:67:     }
TestRunFullyConfigurableInSchematics 2025-07-29T11:15:28+05:30 logger.go:67: 
TestRunFullyConfigurableInSchematics 2025-07-29T11:15:28+05:30 logger.go:67: [1m  # module.vpc.data.ibm_is_vpc_address_prefixes.get_address_prefixes[0m will be read during apply
TestRunFullyConfigurableInSchematics 2025-07-29T11:15:28+05:30 logger.go:67:   # (config refers to values not yet known)
TestRunFullyConfigurableInSchematics 2025-07-29T11:15:28+05:30 logger.go:67: [0m [36m<=[0m[0m data "ibm_is_vpc_address_prefixes" "get_address_prefixes" {
TestRunFullyConfigurableInSchematics 2025-07-29T11:15:28+05:30 logger.go:67:       [32m+[0m[0m address_prefixes = (known after apply)
TestRunFullyConfigurableInSchematics 2025-07-29T11:15:28+05:30 logger.go:67:       [32m+[0m[0m id               = (known after apply)
TestRunFullyConfigurableInSchematics 2025-07-29T11:15:28+05:30 logger.go:67:       [32m+[0m[0m vpc              = (known after apply)
TestRunFullyConfigurableInSchematics 2025-07-29T11:15:28+05:30 logger.go:67:     }
TestRunFullyConfigurableInSchematics 2025-07-29T11:15:28+05:30 logger.go:67: 
TestRunFullyConfigurableInSchematics 2025-07-29T11:15:28+05:30 logger.go:67: [1m  # module.vpc.ibm_is_network_acl.network_acl["vpc-acl"][0m will be created
TestRunFullyConfigurableInSchematics 2025-07-29T11:15:28+05:30 logger.go:67: [0m  [32m+[0m[0m resource "ibm_is_network_acl" "network_acl" {
TestRunFullyConfigurableInSchematics 2025-07-29T11:15:28+05:30 logger.go:67:       [32m+[0m[0m access_tags             = (known after apply)
TestRunFullyConfigurableInSchematics 2025-07-29T11:15:28+05:30 logger.go:67:       [32m+[0m[0m crn                     = (known after apply)
TestRunFullyConfigurableInSchematics 2025-07-29T11:15:28+05:30 logger.go:67:       [32m+[0m[0m id                      = (known after apply)
TestRunFullyConfigurableInSchematics 2025-07-29T11:15:28+05:30 logger.go:67:       [32m+[0m[0m name                    = "ocp-fc-j7yffx-vpc-acl"
TestRunFullyConfigurableInSchematics 2025-07-29T11:15:28+05:30 logger.go:67:       [32m+[0m[0m resource_controller_url = (known after apply)
TestRunFullyConfigurableInSchematics 2025-07-29T11:15:28+05:30 logger.go:67:       [32m+[0m[0m resource_crn            = (known after apply)
TestRunFullyConfigurableInSchematics 2025-07-29T11:15:28+05:30 logger.go:67:       [32m+[0m[0m resource_group          = (known after apply)
TestRunFullyConfigurableInSchematics 2025-07-29T11:15:28+05:30 logger.go:67:       [32m+[0m[0m resource_group_name     = (known after apply)
TestRunFullyConfigurableInSchematics 2025-07-29T11:15:28+05:30 logger.go:67:       [32m+[0m[0m resource_name           = (known after apply)
TestRunFullyConfigurableInSchematics 2025-07-29T11:15:28+05:30 logger.go:67:       [32m+[0m[0m tags                    = (known after apply)
TestRunFullyConfigurableInSchematics 2025-07-29T11:15:28+05:30 logger.go:67:       [32m+[0m[0m vpc                     = (known after apply)
TestRunFullyConfigurableInSchematics 2025-07-29T11:15:28+05:30 logger.go:67: 
TestRunFullyConfigurableInSchematics 2025-07-29T11:15:28+05:30 logger.go:67:       [32m+[0m[0m rules (known after apply)
TestRunFullyConfigurableInSchematics 2025-07-29T11:15:28+05:30 logger.go:67:     }
TestRunFullyConfigurableInSchematics 2025-07-29T11:15:28+05:30 logger.go:67: 
TestRunFullyConfigurableInSchematics 2025-07-29T11:15:28+05:30 logger.go:67: [1m  # module.vpc.ibm_is_public_gateway.gateway["zone-1"][0m will be created
TestRunFullyConfigurableInSchematics 2025-07-29T11:15:28+05:30 logger.go:67: [0m  [32m+[0m[0m resource "ibm_is_public_gateway" "gateway" {
TestRunFullyConfigurableInSchematics 2025-07-29T11:15:28+05:30 logger.go:67:       [32m+[0m[0m access_tags             = (known after apply)
TestRunFullyConfigurableInSchematics 2025-07-29T11:15:28+05:30 logger.go:67:       [32m+[0m[0m crn                     = (known after apply)
TestRunFullyConfigurableInSchematics 2025-07-29T11:15:28+05:30 logger.go:67:       [32m+[0m[0m floating_ip             = (known after apply)
TestRunFullyConfigurableInSchematics 2025-07-29T11:15:28+05:30 logger.go:67:       [32m+[0m[0m id                      = (known after apply)
TestRunFullyConfigurableInSchematics 2025-07-29T11:15:28+05:30 logger.go:67:       [32m+[0m[0m name                    = "ocp-fc-j7yffx-vpc-public-gateway-zone-1"
TestRunFullyConfigurableInSchematics 2025-07-29T11:15:28+05:30 logger.go:67:       [32m+[0m[0m resource_controller_url = (known after apply)
TestRunFullyConfigurableInSchematics 2025-07-29T11:15:28+05:30 logger.go:67:       [32m+[0m[0m resource_crn            = (known after apply)
TestRunFullyConfigurableInSchematics 2025-07-29T11:15:28+05:30 logger.go:67:       [32m+[0m[0m resource_group          = (known after apply)
TestRunFullyConfigurableInSchematics 2025-07-29T11:15:28+05:30 logger.go:67:       [32m+[0m[0m resource_group_name     = (known after apply)
TestRunFullyConfigurableInSchematics 2025-07-29T11:15:28+05:30 logger.go:67:       [32m+[0m[0m resource_name           = (known after apply)
TestRunFullyConfigurableInSchematics 2025-07-29T11:15:28+05:30 logger.go:67:       [32m+[0m[0m resource_status         = (known after apply)
TestRunFullyConfigurableInSchematics 2025-07-29T11:15:28+05:30 logger.go:67:       [32m+[0m[0m status                  = (known after apply)
TestRunFullyConfigurableInSchematics 2025-07-29T11:15:28+05:30 logger.go:67:       [32m+[0m[0m tags                    = (known after apply)
TestRunFullyConfigurableInSchematics 2025-07-29T11:15:28+05:30 logger.go:67:       [32m+[0m[0m vpc                     = (known after apply)
TestRunFullyConfigurableInSchematics 2025-07-29T11:15:28+05:30 logger.go:67:       [32m+[0m[0m zone                    = "ca-tor-1"
TestRunFullyConfigurableInSchematics 2025-07-29T11:15:28+05:30 logger.go:67:     }
TestRunFullyConfigurableInSchematics 2025-07-29T11:15:28+05:30 logger.go:67: 
TestRunFullyConfigurableInSchematics 2025-07-29T11:15:28+05:30 logger.go:67: [1m  # module.vpc.ibm_is_subnet.subnet["ocp-fc-j7yffx-vpc-subnet-a"][0m will be created
TestRunFullyConfigurableInSchematics 2025-07-29T11:15:28+05:30 logger.go:67: [0m  [32m+[0m[0m resource "ibm_is_subnet" "subnet" {
TestRunFullyConfigurableInSchematics 2025-07-29T11:15:28+05:30 logger.go:67:       [32m+[0m[0m access_tags                  = (known after apply)
TestRunFullyConfigurableInSchematics 2025-07-29T11:15:28+05:30 logger.go:67:       [32m+[0m[0m available_ipv4_address_count = (known after apply)
TestRunFullyConfigurableInSchematics 2025-07-29T11:15:28+05:30 logger.go:67:       [32m+[0m[0m crn                          = (known after apply)
TestRunFullyConfigurableInSchematics 2025-07-29T11:15:28+05:30 logger.go:67:       [32m+[0m[0m id                           = (known after apply)
TestRunFullyConfigurableInSchematics 2025-07-29T11:15:28+05:30 logger.go:67:       [32m+[0m[0m ip_version                   = "ipv4"
TestRunFullyConfigurableInSchematics 2025-07-29T11:15:28+05:30 logger.go:67:       [32m+[0m[0m ipv4_cidr_block              = "10.10.10.0/24"
TestRunFullyConfigurableInSchematics 2025-07-29T11:15:28+05:30 logger.go:67:       [32m+[0m[0m name                         = "ocp-fc-j7yffx-vpc-subnet-a"
TestRunFullyConfigurableInSchematics 2025-07-29T11:15:28+05:30 logger.go:67:       [32m+[0m[0m network_acl                  = (known after apply)
TestRunFullyConfigurableInSchematics 2025-07-29T11:15:28+05:30 logger.go:67:       [32m+[0m[0m public_gateway               = (known after apply)
TestRunFullyConfigurableInSchematics 2025-07-29T11:15:28+05:30 logger.go:67:       [32m+[0m[0m resource_controller_url      = (known after apply)
TestRunFullyConfigurableInSchematics 2025-07-29T11:15:28+05:30 logger.go:67:       [32m+[0m[0m resource_crn                 = (known after apply)
TestRunFullyConfigurableInSchematics 2025-07-29T11:15:28+05:30 logger.go:67:       [32m+[0m[0m resource_group               = (known after apply)
TestRunFullyConfigurableInSchematics 2025-07-29T11:15:28+05:30 logger.go:67:       [32m+[0m[0m resource_group_name          = (known after apply)
TestRunFullyConfigurableInSchematics 2025-07-29T11:15:28+05:30 logger.go:67:       [32m+[0m[0m resource_name                = (known after apply)
TestRunFullyConfigurableInSchematics 2025-07-29T11:15:28+05:30 logger.go:67:       [32m+[0m[0m resource_status              = (known after apply)
TestRunFullyConfigurableInSchematics 2025-07-29T11:15:28+05:30 logger.go:67:       [32m+[0m[0m routing_table                = (known after apply)
TestRunFullyConfigurableInSchematics 2025-07-29T11:15:28+05:30 logger.go:67:       [32m+[0m[0m routing_table_crn            = (known after apply)
TestRunFullyConfigurableInSchematics 2025-07-29T11:15:28+05:30 logger.go:67:       [32m+[0m[0m status                       = (known after apply)
TestRunFullyConfigurableInSchematics 2025-07-29T11:15:28+05:30 logger.go:67:       [32m+[0m[0m tags                         = (known after apply)
TestRunFullyConfigurableInSchematics 2025-07-29T11:15:28+05:30 logger.go:67:       [32m+[0m[0m total_ipv4_address_count     = (known after apply)
TestRunFullyConfigurableInSchematics 2025-07-29T11:15:28+05:30 logger.go:67:       [32m+[0m[0m vpc                          = (known after apply)
TestRunFullyConfigurableInSchematics 2025-07-29T11:15:28+05:30 logger.go:67:       [32m+[0m[0m zone                         = "ca-tor-1"
TestRunFullyConfigurableInSchematics 2025-07-29T11:15:28+05:30 logger.go:67:     }
TestRunFullyConfigurableInSchematics 2025-07-29T11:15:28+05:30 logger.go:67: 
TestRunFullyConfigurableInSchematics 2025-07-29T11:15:28+05:30 logger.go:67: [1m  # module.vpc.ibm_is_vpc.vpc[0][0m will be created
TestRunFullyConfigurableInSchematics 2025-07-29T11:15:28+05:30 logger.go:67: [0m  [32m+[0m[0m resource "ibm_is_vpc" "vpc" {
TestRunFullyConfigurableInSchematics 2025-07-29T11:15:28+05:30 logger.go:67:       [32m+[0m[0m access_tags                 = (known after apply)
TestRunFullyConfigurableInSchematics 2025-07-29T11:15:28+05:30 logger.go:67:       [32m+[0m[0m address_prefix_management   = "manual"
TestRunFullyConfigurableInSchematics 2025-07-29T11:15:28+05:30 logger.go:67:       [32m+[0m[0m classic_access              = false
TestRunFullyConfigurableInSchematics 2025-07-29T11:15:28+05:30 logger.go:67:       [32m+[0m[0m crn                         = (known after apply)
TestRunFullyConfigurableInSchematics 2025-07-29T11:15:28+05:30 logger.go:67:       [32m+[0m[0m cse_source_addresses        = (known after apply)
TestRunFullyConfigurableInSchematics 2025-07-29T11:15:28+05:30 logger.go:67:       [32m+[0m[0m default_address_prefixes    = (known after apply)
TestRunFullyConfigurableInSchematics 2025-07-29T11:15:28+05:30 logger.go:67:       [32m+[0m[0m default_network_acl         = (known after apply)
TestRunFullyConfigurableInSchematics 2025-07-29T11:15:28+05:30 logger.go:67:       [32m+[0m[0m default_network_acl_crn     = (known after apply)
TestRunFullyConfigurableInSchematics 2025-07-29T11:15:28+05:30 logger.go:67:       [32m+[0m[0m default_network_acl_name    = (known after apply)
TestRunFullyConfigurableInSchematics 2025-07-29T11:15:28+05:30 logger.go:67:       [32m+[0m[0m default_routing_table       = (known after apply)
TestRunFullyConfigurableInSchematics 2025-07-29T11:15:28+05:30 logger.go:67:       [32m+[0m[0m default_routing_table_crn   = (known after apply)
TestRunFullyConfigurableInSchematics 2025-07-29T11:15:28+05:30 logger.go:67:       [32m+[0m[0m default_routing_table_name  = (known after apply)
TestRunFullyConfigurableInSchematics 2025-07-29T11:15:28+05:30 logger.go:67:       [32m+[0m[0m default_security_group      = (known after apply)
TestRunFullyConfigurableInSchematics 2025-07-29T11:15:28+05:30 logger.go:67:       [32m+[0m[0m default_security_group_crn  = (known after apply)
TestRunFullyConfigurableInSchematics 2025-07-29T11:15:28+05:30 logger.go:67:       [32m+[0m[0m default_security_group_name = (known after apply)
TestRunFullyConfigurableInSchematics 2025-07-29T11:15:28+05:30 logger.go:67:       [32m+[0m[0m health_reasons              = (known after apply)
TestRunFullyConfigurableInSchematics 2025-07-29T11:15:28+05:30 logger.go:67:       [32m+[0m[0m health_state                = (known after apply)
TestRunFullyConfigurableInSchematics 2025-07-29T11:15:28+05:30 logger.go:67:       [32m+[0m[0m id                          = (known after apply)
TestRunFullyConfigurableInSchematics 2025-07-29T11:15:28+05:30 logger.go:67:       [32m+[0m[0m name                        = "ocp-fc-j7yffx-vpc"
TestRunFullyConfigurableInSchematics 2025-07-29T11:15:28+05:30 logger.go:67:       [32m+[0m[0m no_sg_acl_rules             = false
TestRunFullyConfigurableInSchematics 2025-07-29T11:15:28+05:30 logger.go:67:       [32m+[0m[0m resource_controller_url     = (known after apply)
TestRunFullyConfigurableInSchematics 2025-07-29T11:15:28+05:30 logger.go:67:       [32m+[0m[0m resource_crn                = (known after apply)
TestRunFullyConfigurableInSchematics 2025-07-29T11:15:28+05:30 logger.go:67:       [32m+[0m[0m resource_group              = (known after apply)
TestRunFullyConfigurableInSchematics 2025-07-29T11:15:28+05:30 logger.go:67:       [32m+[0m[0m resource_group_name         = (known after apply)
TestRunFullyConfigurableInSchematics 2025-07-29T11:15:28+05:30 logger.go:67:       [32m+[0m[0m resource_name               = (known after apply)
TestRunFullyConfigurableInSchematics 2025-07-29T11:15:28+05:30 logger.go:67:       [32m+[0m[0m resource_status             = (known after apply)
TestRunFullyConfigurableInSchematics 2025-07-29T11:15:28+05:30 logger.go:67:       [32m+[0m[0m security_group              = (known after apply)
TestRunFullyConfigurableInSchematics 2025-07-29T11:15:28+05:30 logger.go:67:       [32m+[0m[0m status                      = (known after apply)
TestRunFullyConfigurableInSchematics 2025-07-29T11:15:28+05:30 logger.go:67:       [32m+[0m[0m subnets                     = (known after apply)
TestRunFullyConfigurableInSchematics 2025-07-29T11:15:28+05:30 logger.go:67:       [32m+[0m[0m tags                        = (known after apply)
TestRunFullyConfigurableInSchematics 2025-07-29T11:15:28+05:30 logger.go:67: 
TestRunFullyConfigurableInSchematics 2025-07-29T11:15:28+05:30 logger.go:67:       [32m+[0m[0m dns {
TestRunFullyConfigurableInSchematics 2025-07-29T11:15:28+05:30 logger.go:67:           [32m+[0m[0m enable_hub               = false
TestRunFullyConfigurableInSchematics 2025-07-29T11:15:28+05:30 logger.go:67:           [32m+[0m[0m resolution_binding_count = (known after apply)
TestRunFullyConfigurableInSchematics 2025-07-29T11:15:28+05:30 logger.go:67: 
TestRunFullyConfigurableInSchematics 2025-07-29T11:15:28+05:30 logger.go:67:           [32m+[0m[0m resolver (known after apply)
TestRunFullyConfigurableInSchematics 2025-07-29T11:15:28+05:30 logger.go:67:         }
TestRunFullyConfigurableInSchematics 2025-07-29T11:15:28+05:30 logger.go:67:     }
TestRunFullyConfigurableInSchematics 2025-07-29T11:15:28+05:30 logger.go:67: 
TestRunFullyConfigurableInSchematics 2025-07-29T11:15:28+05:30 logger.go:67: [1m  # module.vpc.ibm_is_vpc_address_prefix.subnet_prefix["ocp-fc-j7yffx-vpc-subnet-a"][0m will be created
TestRunFullyConfigurableInSchematics 2025-07-29T11:15:28+05:30 logger.go:67: [0m  [32m+[0m[0m resource "ibm_is_vpc_address_prefix" "subnet_prefix" {
TestRunFullyConfigurableInSchematics 2025-07-29T11:15:28+05:30 logger.go:67:       [32m+[0m[0m address_prefix = (known after apply)
TestRunFullyConfigurableInSchematics 2025-07-29T11:15:28+05:30 logger.go:67:       [32m+[0m[0m cidr           = "10.10.10.0/24"
TestRunFullyConfigurableInSchematics 2025-07-29T11:15:28+05:30 logger.go:67:       [32m+[0m[0m has_subnets    = (known after apply)
TestRunFullyConfigurableInSchematics 2025-07-29T11:15:28+05:30 logger.go:67:       [32m+[0m[0m id             = (known after apply)
TestRunFullyConfigurableInSchematics 2025-07-29T11:15:28+05:30 logger.go:67:       [32m+[0m[0m is_default     = false
TestRunFullyConfigurableInSchematics 2025-07-29T11:15:28+05:30 logger.go:67:       [32m+[0m[0m name           = "ocp-fc-j7yffx-vpc-subnet-a"
TestRunFullyConfigurableInSchematics 2025-07-29T11:15:28+05:30 logger.go:67:       [32m+[0m[0m related_crn    = (known after apply)
TestRunFullyConfigurableInSchematics 2025-07-29T11:15:28+05:30 logger.go:67:       [32m+[0m[0m vpc            = (known after apply)
TestRunFullyConfigurableInSchematics 2025-07-29T11:15:28+05:30 logger.go:67:       [32m+[0m[0m zone           = "ca-tor-1"
TestRunFullyConfigurableInSchematics 2025-07-29T11:15:28+05:30 logger.go:67:     }
TestRunFullyConfigurableInSchematics 2025-07-29T11:15:28+05:30 logger.go:67: 
TestRunFullyConfigurableInSchematics 2025-07-29T11:15:28+05:30 logger.go:67: [1m  # module.vpc.time_sleep.wait_for_vpc_creation_data[0][0m will be created
TestRunFullyConfigurableInSchematics 2025-07-29T11:15:28+05:30 logger.go:67: [0m  [32m+[0m[0m resource "time_sleep" "wait_for_vpc_creation_data" {
TestRunFullyConfigurableInSchematics 2025-07-29T11:15:28+05:30 logger.go:67:       [32m+[0m[0m create_duration = "30s"
TestRunFullyConfigurableInSchematics 2025-07-29T11:15:28+05:30 logger.go:67:       [32m+[0m[0m id              = (known after apply)
TestRunFullyConfigurableInSchematics 2025-07-29T11:15:28+05:30 logger.go:67:     }
TestRunFullyConfigurableInSchematics 2025-07-29T11:15:28+05:30 logger.go:67: 
TestRunFullyConfigurableInSchematics 2025-07-29T11:15:28+05:30 logger.go:67: [1mPlan:[0m 11 to add, 0 to change, 0 to destroy.
TestRunFullyConfigurableInSchematics 2025-07-29T11:15:28+05:30 logger.go:67: [0m
TestRunFullyConfigurableInSchematics 2025-07-29T11:15:28+05:30 logger.go:67: Changes to Outputs:
TestRunFullyConfigurableInSchematics 2025-07-29T11:15:28+05:30 logger.go:67:   [32m+[0m[0m cos_crn             = (known after apply)
TestRunFullyConfigurableInSchematics 2025-07-29T11:15:28+05:30 logger.go:67:   [32m+[0m[0m cos_instance_id     = (known after apply)
TestRunFullyConfigurableInSchematics 2025-07-29T11:15:28+05:30 logger.go:67:   [32m+[0m[0m resource_group_id   = (known after apply)
TestRunFullyConfigurableInSchematics 2025-07-29T11:15:28+05:30 logger.go:67:   [32m+[0m[0m resource_group_name = "ocp-fc-j7yffx-resource-group"
TestRunFullyConfigurableInSchematics 2025-07-29T11:15:28+05:30 logger.go:67:   [32m+[0m[0m vpc_crn             = (known after apply)
TestRunFullyConfigurableInSchematics 2025-07-29T11:15:28+05:30 logger.go:67:   [32m+[0m[0m vpc_id              = (known after apply)
TestRunFullyConfigurableInSchematics 2025-07-29T11:15:28+05:30 logger.go:67: [0m[1mmodule.cos.time_sleep.wait_for_cos_bucket_lifecycle[0]: Creating...[0m[0m
TestRunFullyConfigurableInSchematics 2025-07-29T11:15:29+05:30 logger.go:67: [0m[1mmodule.resource_group.ibm_resource_group.resource_group[0]: Creating...[0m[0m
TestRunFullyConfigurableInSchematics 2025-07-29T11:15:34+05:30 logger.go:67: [0m[1mmodule.resource_group.ibm_resource_group.resource_group[0]: Creation complete after 5s [id=4885fb8717464a0aa03e08a301865bda][0m
TestRunFullyConfigurableInSchematics 2025-07-29T11:15:34+05:30 logger.go:67: [0m[1mmodule.cos.ibm_resource_instance.cos_instance[0]: Creating...[0m[0m
TestRunFullyConfigurableInSchematics 2025-07-29T11:15:34+05:30 logger.go:67: [0m[1mmodule.vpc.ibm_is_vpc.vpc[0]: Creating...[0m[0m
TestRunFullyConfigurableInSchematics 2025-07-29T11:15:38+05:30 logger.go:67: [0m[1mmodule.cos.time_sleep.wait_for_cos_bucket_lifecycle[0]: Still creating... [00m10s elapsed][0m[0m
TestRunFullyConfigurableInSchematics 2025-07-29T11:15:44+05:30 logger.go:67: [0m[1mmodule.cos.ibm_resource_instance.cos_instance[0]: Still creating... [00m10s elapsed][0m[0m
TestRunFullyConfigurableInSchematics 2025-07-29T11:15:44+05:30 logger.go:67: [0m[1mmodule.vpc.ibm_is_vpc.vpc[0]: Still creating... [00m10s elapsed][0m[0m
TestRunFullyConfigurableInSchematics 2025-07-29T11:15:48+05:30 logger.go:67: [0m[1mmodule.cos.time_sleep.wait_for_cos_bucket_lifecycle[0]: Still creating... [00m20s elapsed][0m[0m
TestRunFullyConfigurableInSchematics 2025-07-29T11:15:50+05:30 logger.go:67: [0m[1mmodule.cos.ibm_resource_instance.cos_instance[0]: Creation complete after 17s [id=crn:v1:bluemix:public:cloud-object-storage:global:a/abac0df06b644a9cabc6e44f55b3880e:e9514e57-86dd-4caf-bdfc-d1303be9f832::][0m
TestRunFullyConfigurableInSchematics 2025-07-29T11:15:51+05:30 logger.go:67: [0m[1mmodule.cos.ibm_cos_bucket.cos_bucket1[0]: Creating...[0m[0m
TestRunFullyConfigurableInSchematics 2025-07-29T11:15:54+05:30 logger.go:67: [0m[1mmodule.vpc.ibm_is_vpc.vpc[0]: Still creating... [00m20s elapsed][0m[0m
TestRunFullyConfigurableInSchematics 2025-07-29T11:15:58+05:30 logger.go:67: [0m[1mmodule.cos.time_sleep.wait_for_cos_bucket_lifecycle[0]: Still creating... [00m30s elapsed][0m[0m
TestRunFullyConfigurableInSchematics 2025-07-29T11:16:00+05:30 logger.go:67: [0m[1mmodule.cos.ibm_cos_bucket.cos_bucket1[0]: Creation complete after 9s [id=crn:v1:bluemix:public:cloud-object-storage:global:a/abac0df06b644a9cabc6e44f55b3880e:e9514e57-86dd-4caf-bdfc-d1303be9f832:bucket:ocp-fc-j7yffx-bucket:meta:rl:ca-tor:public][0m
TestRunFullyConfigurableInSchematics 2025-07-29T11:16:00+05:30 logger.go:67: [0m[1mmodule.vpc.ibm_is_vpc.vpc[0]: Creation complete after 25s [id=r038-af957598-165f-4c76-a6b1-58e4aaf202ce][0m
TestRunFullyConfigurableInSchematics 2025-07-29T11:16:00+05:30 logger.go:67: [0m[1mmodule.vpc.ibm_is_public_gateway.gateway["zone-1"]: Creating...[0m[0m
TestRunFullyConfigurableInSchematics 2025-07-29T11:16:08+05:30 logger.go:67: [0m[1mmodule.cos.time_sleep.wait_for_cos_bucket_lifecycle[0]: Still creating... [00m40s elapsed][0m[0m
TestRunFullyConfigurableInSchematics 2025-07-29T11:16:10+05:30 logger.go:67: [0m[1mmodule.vpc.ibm_is_public_gateway.gateway["zone-1"]: Still creating... [00m10s elapsed][0m[0m
TestRunFullyConfigurableInSchematics 2025-07-29T11:16:14+05:30 logger.go:67: [0m[1mmodule.vpc.ibm_is_public_gateway.gateway["zone-1"]: Creation complete after 14s [id=r038-2b952bfe-c031-437c-b939-2bc6ad31ecdc][0m
TestRunFullyConfigurableInSchematics 2025-07-29T11:16:14+05:30 logger.go:67: [0m[1mmodule.vpc.ibm_is_vpc_address_prefix.subnet_prefix["ocp-fc-j7yffx-vpc-subnet-a"]: Creating...[0m[0m
TestRunFullyConfigurableInSchematics 2025-07-29T11:16:17+05:30 logger.go:67: [0m[1mmodule.vpc.ibm_is_vpc_address_prefix.subnet_prefix["ocp-fc-j7yffx-vpc-subnet-a"]: Creation complete after 3s [id=r038-af957598-165f-4c76-a6b1-58e4aaf202ce/r038-d2bbbc38-da04-4588-a64f-c18d70439325][0m
TestRunFullyConfigurableInSchematics 2025-07-29T11:16:17+05:30 logger.go:67: [0m[1mmodule.vpc.data.ibm_is_vpc_address_prefixes.get_address_prefixes: Reading...[0m[0m
TestRunFullyConfigurableInSchematics 2025-07-29T11:16:17+05:30 logger.go:67: [0m[1mmodule.vpc.data.ibm_is_vpc_address_prefixes.get_address_prefixes: Read complete after 0s [id=2025-07-29 05:46:17.938353 +0000 UTC][0m
TestRunFullyConfigurableInSchematics 2025-07-29T11:16:18+05:30 logger.go:67: [0m[1mmodule.vpc.ibm_is_network_acl.network_acl["vpc-acl"]: Creating...[0m[0m
TestRunFullyConfigurableInSchematics 2025-07-29T11:16:18+05:30 logger.go:67: [0m[1mmodule.cos.time_sleep.wait_for_cos_bucket_lifecycle[0]: Still creating... [00m50s elapsed][0m[0m
TestRunFullyConfigurableInSchematics 2025-07-29T11:16:25+05:30 logger.go:67: [0m[1mmodule.vpc.ibm_is_network_acl.network_acl["vpc-acl"]: Creation complete after 7s [id=r038-92002815-37a3-438b-9da0-182781ee8ece][0m
TestRunFullyConfigurableInSchematics 2025-07-29T11:16:25+05:30 logger.go:67: [0m[1mmodule.vpc.ibm_is_subnet.subnet["ocp-fc-j7yffx-vpc-subnet-a"]: Creating...[0m[0m
TestRunFullyConfigurableInSchematics 2025-07-29T11:16:28+05:30 logger.go:67: [0m[1mmodule.cos.time_sleep.wait_for_cos_bucket_lifecycle[0]: Still creating... [01m00s elapsed][0m[0m
TestRunFullyConfigurableInSchematics 2025-07-29T11:16:35+05:30 logger.go:67: [0m[1mmodule.vpc.ibm_is_subnet.subnet["ocp-fc-j7yffx-vpc-subnet-a"]: Still creating... [00m10s elapsed][0m[0m
TestRunFullyConfigurableInSchematics 2025-07-29T11:16:38+05:30 logger.go:67: [0m[1mmodule.vpc.ibm_is_subnet.subnet["ocp-fc-j7yffx-vpc-subnet-a"]: Creation complete after 13s [id=02q7-dfd9da00-89b3-462c-9393-ae3ef12e19f0][0m
TestRunFullyConfigurableInSchematics 2025-07-29T11:16:38+05:30 logger.go:67: [0m[1mmodule.vpc.time_sleep.wait_for_vpc_creation_data[0]: Creating...[0m[0m
TestRunFullyConfigurableInSchematics 2025-07-29T11:16:38+05:30 logger.go:67: [0m[1mmodule.cos.time_sleep.wait_for_cos_bucket_lifecycle[0]: Still creating... [01m10s elapsed][0m[0m
TestRunFullyConfigurableInSchematics 2025-07-29T11:16:48+05:30 logger.go:67: [0m[1mmodule.vpc.time_sleep.wait_for_vpc_creation_data[0]: Still creating... [00m10s elapsed][0m[0m
TestRunFullyConfigurableInSchematics 2025-07-29T11:16:48+05:30 logger.go:67: [0m[1mmodule.cos.time_sleep.wait_for_cos_bucket_lifecycle[0]: Still creating... [01m20s elapsed][0m[0m
TestRunFullyConfigurableInSchematics 2025-07-29T11:16:58+05:30 logger.go:67: [0m[1mmodule.vpc.time_sleep.wait_for_vpc_creation_data[0]: Still creating... [00m20s elapsed][0m[0m
TestRunFullyConfigurableInSchematics 2025-07-29T11:16:58+05:30 logger.go:67: [0m[1mmodule.cos.time_sleep.wait_for_cos_bucket_lifecycle[0]: Creation complete after 1m30s [id=2025-07-29T05:46:58Z][0m
TestRunFullyConfigurableInSchematics 2025-07-29T11:16:58+05:30 logger.go:67: [0m[1mmodule.cos.ibm_cos_bucket_lifecycle_configuration.cos_bucket_lifecycle[0]: Creating...[0m[0m
TestRunFullyConfigurableInSchematics 2025-07-29T11:17:01+05:30 logger.go:67: [0m[1mmodule.cos.ibm_cos_bucket_lifecycle_configuration.cos_bucket_lifecycle[0]: Creation complete after 2s [id=crn:v1:bluemix:public:cloud-object-storage:global:a/abac0df06b644a9cabc6e44f55b3880e:e9514e57-86dd-4caf-bdfc-d1303be9f832:bucket:ocp-fc-j7yffx-bucket:meta:ca-tor:public][0m
TestRunFullyConfigurableInSchematics 2025-07-29T11:17:08+05:30 logger.go:67: [0m[1mmodule.vpc.time_sleep.wait_for_vpc_creation_data[0]: Still creating... [00m30s elapsed][0m[0m
TestRunFullyConfigurableInSchematics 2025-07-29T11:17:08+05:30 logger.go:67: [0m[1mmodule.vpc.time_sleep.wait_for_vpc_creation_data[0]: Creation complete after 30s [id=2025-07-29T05:47:08Z][0m
TestRunFullyConfigurableInSchematics 2025-07-29T11:17:08+05:30 logger.go:67: [0m[1mmodule.vpc.data.ibm_is_vpc.vpc: Reading...[0m[0m
TestRunFullyConfigurableInSchematics 2025-07-29T11:17:13+05:30 logger.go:67: [0m[1mmodule.vpc.data.ibm_is_vpc.vpc: Read complete after 5s [id=r038-af957598-165f-4c76-a6b1-58e4aaf202ce][0m
TestRunFullyConfigurableInSchematics 2025-07-29T11:17:13+05:30 logger.go:67: [0m[1m[32m
TestRunFullyConfigurableInSchematics 2025-07-29T11:17:13+05:30 logger.go:67: Apply complete! Resources: 11 added, 0 changed, 0 destroyed.
TestRunFullyConfigurableInSchematics 2025-07-29T11:17:13+05:30 logger.go:67: [0m[0m[1m[32m
TestRunFullyConfigurableInSchematics 2025-07-29T11:17:13+05:30 logger.go:67: Outputs:
TestRunFullyConfigurableInSchematics 2025-07-29T11:17:13+05:30 logger.go:67: 
TestRunFullyConfigurableInSchematics 2025-07-29T11:17:13+05:30 logger.go:67: [0mcos_crn = "crn:v1:bluemix:public:cloud-object-storage:global:a/abac0df06b644a9cabc6e44f55b3880e:e9514e57-86dd-4caf-bdfc-d1303be9f832::"
TestRunFullyConfigurableInSchematics 2025-07-29T11:17:13+05:30 logger.go:67: cos_instance_id = "crn:v1:bluemix:public:cloud-object-storage:global:a/abac0df06b644a9cabc6e44f55b3880e:e9514e57-86dd-4caf-bdfc-d1303be9f832::"
TestRunFullyConfigurableInSchematics 2025-07-29T11:17:13+05:30 logger.go:67: resource_group_id = "4885fb8717464a0aa03e08a301865bda"
TestRunFullyConfigurableInSchematics 2025-07-29T11:17:13+05:30 logger.go:67: resource_group_name = "ocp-fc-j7yffx-resource-group"
TestRunFullyConfigurableInSchematics 2025-07-29T11:17:13+05:30 logger.go:67: vpc_crn = "crn:v1:bluemix:public:is:ca-tor:a/abac0df06b644a9cabc6e44f55b3880e::vpc:r038-af957598-165f-4c76-a6b1-58e4aaf202ce"
TestRunFullyConfigurableInSchematics 2025-07-29T11:17:13+05:30 logger.go:67: vpc_id = "r038-af957598-165f-4c76-a6b1-58e4aaf202ce"
2025/07/29 11:17:24 Region au-syd VPC count: 9
2025/07/29 11:17:24 --- new best region is au-syd
2025/07/29 11:17:28 Region ca-tor VPC count: 9
2025/07/29 11:17:34 Region br-sao VPC count: 15
2025/07/29 11:17:39 Region eu-de VPC count: 12
2025/07/29 11:17:44 Region eu-es VPC count: 8
2025/07/29 11:17:44 --- new best region is eu-es
2025/07/29 11:17:49 Region eu-gb VPC count: 8
2025/07/29 11:17:53 Region us-east VPC count: 27
2025/07/29 11:17:57 Region us-south VPC count: 25
2025/07/29 11:18:02 Region jp-osa VPC count: 8
2025/07/29 11:18:07 Region jp-tok VPC count: 8
2025/07/29 11:18:07 Best region was found!: eu-es
TestRunFullyConfigurableInSchematics 2025-07-29T11:18:07+05:30 retry.go:91: terraform [output -no-color -json resource_group_name]
TestRunFullyConfigurableInSchematics 2025-07-29T11:18:07+05:30 logger.go:67: Running command terraform with args [output -no-color -json resource_group_name]
TestRunFullyConfigurableInSchematics 2025-07-29T11:18:07+05:30 logger.go:67: "ocp-fc-j7yffx-resource-group"
TestRunFullyConfigurableInSchematics 2025-07-29T11:18:07+05:30 retry.go:91: terraform [output -no-color -json cos_instance_id]
TestRunFullyConfigurableInSchematics 2025-07-29T11:18:07+05:30 logger.go:67: Running command terraform with args [output -no-color -json cos_instance_id]
TestRunFullyConfigurableInSchematics 2025-07-29T11:18:07+05:30 logger.go:67: "crn:v1:bluemix:public:cloud-object-storage:global:a/abac0df06b644a9cabc6e44f55b3880e:e9514e57-86dd-4caf-bdfc-d1303be9f832::"
TestRunFullyConfigurableInSchematics 2025-07-29T11:18:07+05:30 retry.go:91: terraform [output -no-color -json vpc_crn]
TestRunFullyConfigurableInSchematics 2025-07-29T11:18:07+05:30 logger.go:67: Running command terraform with args [output -no-color -json vpc_crn]
TestRunFullyConfigurableInSchematics 2025-07-29T11:18:07+05:30 logger.go:67: "crn:v1:bluemix:public:is:ca-tor:a/abac0df06b644a9cabc6e44f55b3880e::vpc:r038-af957598-165f-4c76-a6b1-58e4aaf202ce"
    tests.go:347: [SCHEMATICS] Random Workspace region chosen: us
    schematics.go:137: [SCHEMATICS] Schematics API for region us: https://us.schematics.cloud.ibm.com
    tests.go:101: [SCHEMATICS] Creating Test Workspace
    tests.go:107: [SCHEMATICS] Workspace Created: ocp-fc-kum (us-east.workspace.ocp-fc-kum.e3c2c4ce)
    tests.go:124: Starting with variable validation for branch: issue-13896 
    schematics.go:234: [SCHEMATICS] Creating TAR file
    schematics.go:240: [SCHEMATICS] Uploading TAR file
    schematics.go:558: [SCHEMATICS] ... still waiting for job TAR_WORKSPACE_UPLOAD to complete: 1 minutes
    schematics.go:567: [SCHEMATICS] The status of job TAR_WORKSPACE_UPLOAD is: COMPLETED
    tests.go:146: [SCHEMATICS] Updating Workspace Variablestore
    tests.go:162: [SCHEMATICS] Starting PLAN job ...
    schematics.go:558: [SCHEMATICS] ... still waiting for job PLAN to complete: 1 minutes
    schematics.go:558: [SCHEMATICS] ... still waiting for job PLAN to complete: 2 minutes
    schematics.go:558: [SCHEMATICS] ... still waiting for job PLAN to complete: 3 minutes
    schematics.go:567: [SCHEMATICS] The status of job PLAN is: COMPLETED
    tests.go:196: [SCHEMATICS] Starting APPLY job ...
    schematics.go:558: [SCHEMATICS] ... still waiting for job APPLY to complete: 1 minutes
    schematics.go:558: [SCHEMATICS] ... still waiting for job APPLY to complete: 2 minutes
    schematics.go:558: [SCHEMATICS] ... still waiting for job APPLY to complete: 3 minutes
    schematics.go:558: [SCHEMATICS] ... still waiting for job APPLY to complete: 4 minutes
    schematics.go:558: [SCHEMATICS] ... still waiting for job APPLY to complete: 5 minutes
    schematics.go:558: [SCHEMATICS] ... still waiting for job APPLY to complete: 6 minutes
    schematics.go:558: [SCHEMATICS] ... still waiting for job APPLY to complete: 7 minutes
    schematics.go:558: [SCHEMATICS] ... still waiting for job APPLY to complete: 8 minutes
    schematics.go:558: [SCHEMATICS] ... still waiting for job APPLY to complete: 9 minutes
    schematics.go:558: [SCHEMATICS] ... still waiting for job APPLY to complete: 10 minutes
    schematics.go:558: [SCHEMATICS] ... still waiting for job APPLY to complete: 11 minutes
    schematics.go:558: [SCHEMATICS] ... still waiting for job APPLY to complete: 12 minutes
    schematics.go:558: [SCHEMATICS] ... still waiting for job APPLY to complete: 13 minutes
    schematics.go:558: [SCHEMATICS] ... still waiting for job APPLY to complete: 14 minutes
    schematics.go:558: [SCHEMATICS] ... still waiting for job APPLY to complete: 15 minutes
    schematics.go:558: [SCHEMATICS] ... still waiting for job APPLY to complete: 16 minutes
    schematics.go:558: [SCHEMATICS] ... still waiting for job APPLY to complete: 17 minutes
    schematics.go:558: [SCHEMATICS] ... still waiting for job APPLY to complete: 18 minutes
    schematics.go:558: [SCHEMATICS] ... still waiting for job APPLY to complete: 19 minutes
    schematics.go:558: [SCHEMATICS] ... still waiting for job APPLY to complete: 20 minutes
    schematics.go:558: [SCHEMATICS] ... still waiting for job APPLY to complete: 21 minutes
    schematics.go:558: [SCHEMATICS] ... still waiting for job APPLY to complete: 22 minutes
    schematics.go:558: [SCHEMATICS] ... still waiting for job APPLY to complete: 23 minutes
    schematics.go:558: [SCHEMATICS] ... still waiting for job APPLY to complete: 24 minutes
    schematics.go:558: [SCHEMATICS] ... still waiting for job APPLY to complete: 25 minutes
    schematics.go:558: [SCHEMATICS] ... still waiting for job APPLY to complete: 26 minutes
    schematics.go:558: [SCHEMATICS] ... still waiting for job APPLY to complete: 27 minutes
    schematics.go:558: [SCHEMATICS] ... still waiting for job APPLY to complete: 28 minutes
    schematics.go:558: [SCHEMATICS] ... still waiting for job APPLY to complete: 29 minutes
    schematics.go:558: [SCHEMATICS] ... still waiting for job APPLY to complete: 30 minutes
    schematics.go:558: [SCHEMATICS] ... still waiting for job APPLY to complete: 31 minutes
    schematics.go:558: [SCHEMATICS] ... still waiting for job APPLY to complete: 32 minutes
    schematics.go:558: [SCHEMATICS] ... still waiting for job APPLY to complete: 33 minutes
    schematics.go:558: [SCHEMATICS] ... still waiting for job APPLY to complete: 34 minutes
    schematics.go:558: [SCHEMATICS] ... still waiting for job APPLY to complete: 35 minutes
    schematics.go:558: [SCHEMATICS] ... still waiting for job APPLY to complete: 36 minutes
    schematics.go:558: [SCHEMATICS] ... still waiting for job APPLY to complete: 37 minutes
    schematics.go:558: [SCHEMATICS] ... still waiting for job APPLY to complete: 38 minutes
    schematics.go:558: [SCHEMATICS] ... still waiting for job APPLY to complete: 39 minutes
    schematics.go:558: [SCHEMATICS] ... still waiting for job APPLY to complete: 40 minutes
    schematics.go:558: [SCHEMATICS] ... still waiting for job APPLY to complete: 41 minutes
    schematics.go:558: [SCHEMATICS] ... still waiting for job APPLY to complete: 42 minutes
signal: interrupt
FAIL	github.com/terraform-ibm-modules/terraform-ibm-base-ocp-vpc	3084.898s
